{
  "version": 4,
  "terraform_version": "1.2.7",
  "serial": 906,
  "lineage": "4580faf3-4c10-54c0-789c-6184818d4c92",
  "outputs": {
    "DSNA_bastion_eip": {
      "value": "148.253.99.233",
      "type": "string"
    },
    "DSNA_bastion_ip": {
      "value": [
        [
          "10.1.0.5"
        ]
      ],
      "type": [
        "tuple",
        [
          [
            "list",
            "string"
          ]
        ]
      ]
    },
    "DSNA_db_ip": {
      "value": [
        [
          "10.1.0.40"
        ]
      ],
      "type": [
        "tuple",
        [
          [
            "list",
            "string"
          ]
        ]
      ]
    },
    "DSNA_rancher_eip": {
      "value": "80.247.12.48",
      "type": "string"
    },
    "DSNA_rancher_ip": {
      "value": [
        [
          "10.1.0.6"
        ]
      ],
      "type": [
        "tuple",
        [
          [
            "list",
            "string"
          ]
        ]
      ]
    },
    "DSNA_storage_ip": {
      "value": [
        [
          "10.1.0.60"
        ],
        [
          "10.1.0.61"
        ],
        [
          "10.1.0.62"
        ]
      ],
      "type": [
        "tuple",
        [
          [
            "list",
            "string"
          ],
          [
            "list",
            "string"
          ],
          [
            "list",
            "string"
          ]
        ]
      ]
    },
    "DSNA_vpc_eip": {
      "value": "148.253.96.152",
      "type": "string"
    },
    "DSNA_ws_ip": {
      "value": [
        [
          "10.1.0.20"
        ],
        [
          "10.1.0.21"
        ],
        [
          "10.1.0.22"
        ]
      ],
      "type": [
        "tuple",
        [
          [
            "list",
            "string"
          ],
          [
            "list",
            "string"
          ],
          [
            "list",
            "string"
          ]
        ]
      ]
    }
  },
  "resources": [
    {
      "mode": "managed",
      "type": "outscale_internet_service",
      "name": "is_BACKUP",
      "provider": "provider[\"registry.terraform.io/outscale-dev/outscale\"]",
      "instances": [
        {
          "schema_version": 0,
          "attributes": {
            "id": "igw-bda111eb",
            "internet_service_id": "igw-bda111eb",
            "net_id": "",
            "request_id": null,
            "state": "",
            "tags": []
          },
          "sensitive_attributes": [],
          "private": "bnVsbA=="
        }
      ]
    },
    {
      "mode": "managed",
      "type": "outscale_internet_service",
      "name": "is_DSNA",
      "provider": "provider[\"registry.terraform.io/outscale-dev/outscale\"]",
      "instances": [
        {
          "schema_version": 0,
          "attributes": {
            "id": "igw-8b2e3900",
            "internet_service_id": "igw-8b2e3900",
            "net_id": "",
            "request_id": null,
            "state": "",
            "tags": []
          },
          "sensitive_attributes": [],
          "private": "bnVsbA=="
        }
      ]
    },
    {
      "mode": "managed",
      "type": "outscale_internet_service_link",
      "name": "is_link_1",
      "provider": "provider[\"registry.terraform.io/outscale-dev/outscale\"]",
      "instances": [
        {
          "schema_version": 0,
          "attributes": {
            "id": "igw-8b2e3900",
            "internet_service_id": "igw-8b2e3900",
            "net_id": "vpc-5e62a91b",
            "request_id": null,
            "state": "available",
            "tags": []
          },
          "sensitive_attributes": [],
          "private": "bnVsbA==",
          "dependencies": [
            "outscale_internet_service.is_DSNA",
            "outscale_net.vpc_DSNA"
          ]
        }
      ]
    },
    {
      "mode": "managed",
      "type": "outscale_internet_service_link",
      "name": "is_link_BACKUP",
      "provider": "provider[\"registry.terraform.io/outscale-dev/outscale\"]",
      "instances": [
        {
          "schema_version": 0,
          "attributes": {
            "id": "igw-bda111eb",
            "internet_service_id": "igw-bda111eb",
            "net_id": "vpc-dad517b2",
            "request_id": null,
            "state": "available",
            "tags": []
          },
          "sensitive_attributes": [],
          "private": "bnVsbA==",
          "dependencies": [
            "outscale_internet_service.is_BACKUP",
            "outscale_net.vpc_BACKUP"
          ]
        }
      ]
    },
    {
      "mode": "managed",
      "type": "outscale_net",
      "name": "vpc_BACKUP",
      "provider": "provider[\"registry.terraform.io/outscale-dev/outscale\"]",
      "instances": [
        {
          "schema_version": 0,
          "attributes": {
            "dhcp_options_set_id": "dopt-909f43aa",
            "id": "vpc-dad517b2",
            "ip_range": "10.2.0.0/16",
            "net_id": "vpc-dad517b2",
            "request_id": null,
            "state": "available",
            "tags": [
              {
                "key": "name",
                "value": "BACKUP"
              }
            ],
            "tenancy": "default"
          },
          "sensitive_attributes": [],
          "private": "bnVsbA=="
        }
      ]
    },
    {
      "mode": "managed",
      "type": "outscale_net",
      "name": "vpc_DSNA",
      "provider": "provider[\"registry.terraform.io/outscale-dev/outscale\"]",
      "instances": [
        {
          "schema_version": 0,
          "attributes": {
            "dhcp_options_set_id": "dopt-909f43aa",
            "id": "vpc-5e62a91b",
            "ip_range": "10.1.0.0/16",
            "net_id": "vpc-5e62a91b",
            "request_id": null,
            "state": "available",
            "tags": [
              {
                "key": "name",
                "value": "DSNA"
              }
            ],
            "tenancy": "default"
          },
          "sensitive_attributes": [],
          "private": "bnVsbA=="
        }
      ]
    },
    {
      "mode": "managed",
      "type": "outscale_net_peering",
      "name": "net_peering_BACKUP",
      "provider": "provider[\"registry.terraform.io/outscale-dev/outscale\"]",
      "instances": [
        {
          "schema_version": 0,
          "attributes": {
            "accepter_net": {
              "account_id": "289079107901",
              "ip_range": "10.2.0.0/16",
              "net_id": "vpc-dad517b2"
            },
            "accepter_net_id": "vpc-dad517b2",
            "id": "pcx-fc40da02",
            "net_peering_id": "pcx-fc40da02",
            "request_id": null,
            "source_net": {
              "account_id": "289079107901",
              "ip_range": "10.1.0.0/16",
              "net_id": "vpc-5e62a91b"
            },
            "source_net_account_id": null,
            "source_net_id": "vpc-5e62a91b",
            "state": {
              "message": "Pending acceptance by 289079107901",
              "name": "pending-acceptance"
            },
            "tags": [
              {
                "key": "name",
                "value": "backup"
              }
            ]
          },
          "sensitive_attributes": [],
          "private": "bnVsbA==",
          "dependencies": [
            "outscale_net.vpc_BACKUP",
            "outscale_net.vpc_DSNA"
          ]
        }
      ]
    },
    {
      "mode": "managed",
      "type": "outscale_net_peering_acceptation",
      "name": "net_peering_acceptation",
      "provider": "provider[\"registry.terraform.io/outscale-dev/outscale\"]",
      "instances": [
        {
          "schema_version": 0,
          "attributes": {
            "accepter_net": {
              "account_id": "289079107901",
              "ip_range": "10.2.0.0/16",
              "net_id": "vpc-dad517b2"
            },
            "accepter_net_id": "vpc-dad517b2",
            "id": "pcx-fc40da02",
            "net_peering_id": "pcx-fc40da02",
            "request_id": null,
            "source_net": {
              "account_id": "289079107901",
              "ip_range": "10.1.0.0/16",
              "net_id": "vpc-5e62a91b"
            },
            "source_net_id": "vpc-5e62a91b",
            "state": {
              "message": "Active",
              "name": "active"
            },
            "tags": [
              {
                "key": "name",
                "value": "backup"
              }
            ]
          },
          "sensitive_attributes": [],
          "private": "bnVsbA==",
          "dependencies": [
            "outscale_net.vpc_BACKUP",
            "outscale_net.vpc_DSNA",
            "outscale_net_peering.net_peering_BACKUP"
          ]
        }
      ]
    },
    {
      "mode": "managed",
      "type": "outscale_public_ip",
      "name": "eip_BACKUP",
      "provider": "provider[\"registry.terraform.io/outscale-dev/outscale\"]",
      "instances": [
        {
          "schema_version": 0,
          "attributes": {
            "id": "eipalloc-f11978ae",
            "link_public_ip_id": "",
            "nic_account_id": "",
            "nic_id": "",
            "private_ip": "",
            "public_ip": "80.247.15.84",
            "public_ip_id": "eipalloc-f11978ae",
            "request_id": null,
            "tags": [
              {
                "key": "name",
                "value": "BACKUP"
              }
            ],
            "timeouts": null,
            "vm_id": ""
          },
          "sensitive_attributes": [],
          "private": "eyJlMmJmYjczMC1lY2FhLTExZTYtOGY4OC0zNDM2M2JjN2M0YzAiOnsiY3JlYXRlIjoxODAwMDAwMDAwMDAwLCJkZWxldGUiOjE4MDAwMDAwMDAwMDB9fQ=="
        }
      ]
    },
    {
      "mode": "managed",
      "type": "outscale_public_ip",
      "name": "eip_DSNA",
      "provider": "provider[\"registry.terraform.io/outscale-dev/outscale\"]",
      "instances": [
        {
          "schema_version": 0,
          "attributes": {
            "id": "eipalloc-2a406ba9",
            "link_public_ip_id": "",
            "nic_account_id": "",
            "nic_id": "",
            "private_ip": "",
            "public_ip": "148.253.96.152",
            "public_ip_id": "eipalloc-2a406ba9",
            "request_id": null,
            "tags": [
              {
                "key": "name",
                "value": "DSNA"
              }
            ],
            "timeouts": null,
            "vm_id": ""
          },
          "sensitive_attributes": [],
          "private": "eyJlMmJmYjczMC1lY2FhLTExZTYtOGY4OC0zNDM2M2JjN2M0YzAiOnsiY3JlYXRlIjoxODAwMDAwMDAwMDAwLCJkZWxldGUiOjE4MDAwMDAwMDAwMDB9fQ=="
        }
      ]
    },
    {
      "mode": "managed",
      "type": "outscale_public_ip",
      "name": "eip_bastion",
      "provider": "provider[\"registry.terraform.io/outscale-dev/outscale\"]",
      "instances": [
        {
          "schema_version": 0,
          "attributes": {
            "id": "eipalloc-5b8eaf58",
            "link_public_ip_id": "",
            "nic_account_id": "",
            "nic_id": "",
            "private_ip": "",
            "public_ip": "148.253.99.233",
            "public_ip_id": "eipalloc-5b8eaf58",
            "request_id": null,
            "tags": [
              {
                "key": "name",
                "value": "DSNA_bastion"
              }
            ],
            "timeouts": null,
            "vm_id": ""
          },
          "sensitive_attributes": [],
          "private": "eyJlMmJmYjczMC1lY2FhLTExZTYtOGY4OC0zNDM2M2JjN2M0YzAiOnsiY3JlYXRlIjoxODAwMDAwMDAwMDAwLCJkZWxldGUiOjE4MDAwMDAwMDAwMDB9fQ=="
        }
      ]
    },
    {
      "mode": "managed",
      "type": "outscale_public_ip",
      "name": "eip_rancher",
      "provider": "provider[\"registry.terraform.io/outscale-dev/outscale\"]",
      "instances": [
        {
          "schema_version": 0,
          "attributes": {
            "id": "eipalloc-a03dbe95",
            "link_public_ip_id": "",
            "nic_account_id": "",
            "nic_id": "",
            "private_ip": "",
            "public_ip": "80.247.12.48",
            "public_ip_id": "eipalloc-a03dbe95",
            "request_id": null,
            "tags": [
              {
                "key": "name",
                "value": "DSNA_rancher"
              }
            ],
            "timeouts": null,
            "vm_id": ""
          },
          "sensitive_attributes": [],
          "private": "eyJlMmJmYjczMC1lY2FhLTExZTYtOGY4OC0zNDM2M2JjN2M0YzAiOnsiY3JlYXRlIjoxODAwMDAwMDAwMDAwLCJkZWxldGUiOjE4MDAwMDAwMDAwMDB9fQ=="
        }
      ]
    },
    {
      "mode": "managed",
      "type": "outscale_public_ip_link",
      "name": "eip_bastion_link",
      "provider": "provider[\"registry.terraform.io/outscale-dev/outscale\"]",
      "instances": [
        {
          "schema_version": 0,
          "attributes": {
            "allow_relink": null,
            "id": "eipassoc-badffb07",
            "link_public_ip_id": "eipassoc-badffb07",
            "nic_account_id": "289079107901",
            "nic_id": "eni-8849f2e1",
            "private_ip": "10.1.0.5",
            "public_ip": "148.253.99.233",
            "public_ip_id": "eipalloc-5b8eaf58",
            "request_id": null,
            "tags": [
              {
                "key": "name",
                "value": "DSNA_bastion"
              }
            ],
            "timeouts": null,
            "vm_id": "i-36cbf136"
          },
          "sensitive_attributes": [],
          "private": "eyJlMmJmYjczMC1lY2FhLTExZTYtOGY4OC0zNDM2M2JjN2M0YzAiOnsiY3JlYXRlIjo2MDAwMDAwMDAwMDAsImRlbGV0ZSI6NjAwMDAwMDAwMDAwfX0=",
          "dependencies": [
            "outscale_net.vpc_DSNA",
            "outscale_public_ip.eip_bastion",
            "outscale_security_group.sg_DSNA",
            "outscale_subnet.subnet_1",
            "outscale_vm.scdsnabastion"
          ]
        }
      ]
    },
    {
      "mode": "managed",
      "type": "outscale_public_ip_link",
      "name": "eip_rancher_link",
      "provider": "provider[\"registry.terraform.io/outscale-dev/outscale\"]",
      "instances": [
        {
          "schema_version": 0,
          "attributes": {
            "allow_relink": null,
            "id": "eipassoc-cfd5850a",
            "link_public_ip_id": "eipassoc-cfd5850a",
            "nic_account_id": "289079107901",
            "nic_id": "eni-6e8fc786",
            "private_ip": "10.1.0.6",
            "public_ip": "80.247.12.48",
            "public_ip_id": "eipalloc-a03dbe95",
            "request_id": null,
            "tags": [
              {
                "key": "name",
                "value": "DSNA_rancher"
              }
            ],
            "timeouts": null,
            "vm_id": "i-93773dce"
          },
          "sensitive_attributes": [],
          "private": "eyJlMmJmYjczMC1lY2FhLTExZTYtOGY4OC0zNDM2M2JjN2M0YzAiOnsiY3JlYXRlIjo2MDAwMDAwMDAwMDAsImRlbGV0ZSI6NjAwMDAwMDAwMDAwfX0=",
          "dependencies": [
            "outscale_net.vpc_DSNA",
            "outscale_public_ip.eip_rancher",
            "outscale_security_group.sg_DSNA",
            "outscale_subnet.subnet_1",
            "outscale_vm.scdsnarancher"
          ]
        }
      ]
    },
    {
      "mode": "managed",
      "type": "outscale_route",
      "name": "route_1",
      "provider": "provider[\"registry.terraform.io/outscale-dev/outscale\"]",
      "instances": []
    },
    {
      "mode": "managed",
      "type": "outscale_route",
      "name": "route_BACKUP",
      "provider": "provider[\"registry.terraform.io/outscale-dev/outscale\"]",
      "instances": []
    },
    {
      "mode": "managed",
      "type": "outscale_route",
      "name": "route_DSNA_to_BACKUP",
      "provider": "provider[\"registry.terraform.io/outscale-dev/outscale\"]",
      "instances": [
        {
          "schema_version": 0,
          "attributes": {
            "await_active_state": true,
            "creation_method": "CreateRoute",
            "destination_ip_range": "10.1.0.0/16",
            "destination_service_id": "",
            "gateway_id": "",
            "id": "rtb-626bd0e1",
            "nat_access_point": "",
            "nat_service_id": "",
            "net_peering_id": "pcx-fc40da02",
            "nic_id": "",
            "request_id": null,
            "route_table_id": "rtb-626bd0e1",
            "state": "active",
            "vm_account_id": "",
            "vm_id": ""
          },
          "sensitive_attributes": [],
          "private": "bnVsbA==",
          "dependencies": [
            "outscale_net.vpc_BACKUP",
            "outscale_net.vpc_DSNA",
            "outscale_net_peering.net_peering_BACKUP",
            "outscale_route_table.rt_BACKUP"
          ]
        }
      ]
    },
    {
      "mode": "managed",
      "type": "outscale_route_table",
      "name": "rt_BACKUP",
      "provider": "provider[\"registry.terraform.io/outscale-dev/outscale\"]",
      "instances": [
        {
          "schema_version": 0,
          "attributes": {
            "id": "rtb-626bd0e1",
            "link_route_tables": [],
            "net_id": "vpc-dad517b2",
            "request_id": null,
            "route_propagating_virtual_gateways": [],
            "route_table_id": "rtb-626bd0e1",
            "routes": [
              {
                "creation_method": "CreateRouteTable",
                "destination_ip_range": "10.2.0.0/16",
                "destination_service_id": "",
                "gateway_id": "",
                "nat_service_id": "",
                "net_access_point_id": "",
                "net_peering_id": "",
                "nic_id": "",
                "state": "active",
                "vm_account_id": "",
                "vm_id": ""
              }
            ],
            "tags": [
              {
                "key": "name",
                "value": "BACKUP"
              }
            ]
          },
          "sensitive_attributes": [],
          "private": "bnVsbA==",
          "dependencies": [
            "outscale_net.vpc_BACKUP"
          ]
        }
      ]
    },
    {
      "mode": "managed",
      "type": "outscale_route_table",
      "name": "rt_DSNA",
      "provider": "provider[\"registry.terraform.io/outscale-dev/outscale\"]",
      "instances": [
        {
          "schema_version": 0,
          "attributes": {
            "id": "rtb-41853e6d",
            "link_route_tables": [],
            "net_id": "vpc-5e62a91b",
            "request_id": null,
            "route_propagating_virtual_gateways": [],
            "route_table_id": "rtb-41853e6d",
            "routes": [
              {
                "creation_method": "CreateRouteTable",
                "destination_ip_range": "10.1.0.0/16",
                "destination_service_id": "",
                "gateway_id": "",
                "nat_service_id": "",
                "net_access_point_id": "",
                "net_peering_id": "",
                "nic_id": "",
                "state": "active",
                "vm_account_id": "",
                "vm_id": ""
              }
            ],
            "tags": [
              {
                "key": "name",
                "value": "DSNA"
              }
            ]
          },
          "sensitive_attributes": [],
          "private": "bnVsbA==",
          "dependencies": [
            "outscale_net.vpc_DSNA"
          ]
        }
      ]
    },
    {
      "mode": "managed",
      "type": "outscale_route_table_link",
      "name": "rt_link_1",
      "provider": "provider[\"registry.terraform.io/outscale-dev/outscale\"]",
      "instances": [
        {
          "schema_version": 0,
          "attributes": {
            "id": "rtbassoc-ad3d2c0c",
            "link_route_table_id": "rtbassoc-ad3d2c0c",
            "main": false,
            "request_id": null,
            "route_table_id": "rtb-41853e6d",
            "subnet_id": "subnet-946ade84"
          },
          "sensitive_attributes": [],
          "private": "bnVsbA==",
          "dependencies": [
            "outscale_net.vpc_DSNA",
            "outscale_route_table.rt_DSNA",
            "outscale_subnet.subnet_1"
          ]
        }
      ]
    },
    {
      "mode": "managed",
      "type": "outscale_route_table_link",
      "name": "rt_link_BACKUP",
      "provider": "provider[\"registry.terraform.io/outscale-dev/outscale\"]",
      "instances": [
        {
          "schema_version": 0,
          "attributes": {
            "id": "rtbassoc-e33c59db",
            "link_route_table_id": "rtbassoc-e33c59db",
            "main": false,
            "request_id": null,
            "route_table_id": "rtb-626bd0e1",
            "subnet_id": "subnet-42c02214"
          },
          "sensitive_attributes": [],
          "private": "bnVsbA==",
          "dependencies": [
            "outscale_net.vpc_BACKUP",
            "outscale_route_table.rt_BACKUP",
            "outscale_subnet.subnet_BACKUP"
          ]
        }
      ]
    },
    {
      "mode": "managed",
      "type": "outscale_security_group",
      "name": "sg_BACKUP",
      "provider": "provider[\"registry.terraform.io/outscale-dev/outscale\"]",
      "instances": [
        {
          "schema_version": 0,
          "attributes": {
            "account_id": "289079107901",
            "description": "Security Group for BACKUP",
            "id": "sg-7f845921",
            "inbound_rules": [],
            "net_id": "vpc-dad517b2",
            "outbound_rules": [
              {
                "from_port_range": -1,
                "ip_protocol": "-1",
                "ip_ranges": [
                  "0.0.0.0/0"
                ],
                "security_groups_members": [],
                "to_port_range": -1
              }
            ],
            "request_id": null,
            "security_group_id": "sg-7f845921",
            "security_group_name": "BACKUP",
            "tag": null,
            "tags": []
          },
          "sensitive_attributes": [],
          "private": "bnVsbA==",
          "dependencies": [
            "outscale_net.vpc_BACKUP"
          ]
        }
      ]
    },
    {
      "mode": "managed",
      "type": "outscale_security_group",
      "name": "sg_DSNA",
      "provider": "provider[\"registry.terraform.io/outscale-dev/outscale\"]",
      "instances": [
        {
          "schema_version": 0,
          "attributes": {
            "account_id": "289079107901",
            "description": "Security Group for DSNA",
            "id": "sg-721ed93d",
            "inbound_rules": [],
            "net_id": "vpc-5e62a91b",
            "outbound_rules": [
              {
                "from_port_range": -1,
                "ip_protocol": "-1",
                "ip_ranges": [
                  "0.0.0.0/0"
                ],
                "security_groups_members": [],
                "to_port_range": -1
              }
            ],
            "request_id": null,
            "security_group_id": "sg-721ed93d",
            "security_group_name": "DSNA",
            "tag": null,
            "tags": []
          },
          "sensitive_attributes": [],
          "private": "bnVsbA==",
          "dependencies": [
            "outscale_net.vpc_DSNA"
          ]
        }
      ]
    },
    {
      "mode": "managed",
      "type": "outscale_security_group_rule",
      "name": "sg_rule_inbound",
      "provider": "provider[\"registry.terraform.io/outscale-dev/outscale\"]",
      "instances": [
        {
          "index_key": 0,
          "schema_version": 0,
          "attributes": {
            "flow": "Inbound",
            "from_port_range": 80,
            "id": "sg-721ed93d",
            "inbound_rules": [
              {
                "from_port_range": 80,
                "ip_protocol": "tcp",
                "ip_ranges": [
                  "51.15.190.162/32"
                ],
                "security_groups_members": [],
                "service_ids": [],
                "to_port_range": 80
              }
            ],
            "ip_protocol": "tcp",
            "ip_range": "51.15.190.162/32",
            "net_id": "vpc-5e62a91b",
            "outbound_rules": [
              {
                "from_port_range": -1,
                "ip_protocol": "-1",
                "ip_ranges": [
                  "0.0.0.0/0"
                ],
                "security_groups_members": [],
                "service_ids": [],
                "to_port_range": -1
              }
            ],
            "request_id": null,
            "rules": [],
            "security_group_account_id_to_link": null,
            "security_group_id": "sg-721ed93d",
            "security_group_name": "DSNA",
            "security_group_name_to_link": null,
            "to_port_range": 80
          },
          "sensitive_attributes": [],
          "private": "bnVsbA==",
          "dependencies": [
            "outscale_net.vpc_DSNA",
            "outscale_security_group.sg_DSNA"
          ]
        },
        {
          "index_key": 1,
          "schema_version": 0,
          "attributes": {
            "flow": "Inbound",
            "from_port_range": 443,
            "id": "sg-721ed93d",
            "inbound_rules": [
              {
                "from_port_range": 80,
                "ip_protocol": "tcp",
                "ip_ranges": [
                  "51.15.190.162/32"
                ],
                "security_groups_members": [],
                "service_ids": [],
                "to_port_range": 80
              },
              {
                "from_port_range": 443,
                "ip_protocol": "tcp",
                "ip_ranges": [
                  "51.15.190.162/32"
                ],
                "security_groups_members": [],
                "service_ids": [],
                "to_port_range": 443
              },
              {
                "from_port_range": 722,
                "ip_protocol": "tcp",
                "ip_ranges": [
                  "51.15.190.162/32"
                ],
                "security_groups_members": [],
                "service_ids": [],
                "to_port_range": 722
              },
              {
                "from_port_range": 9090,
                "ip_protocol": "tcp",
                "ip_ranges": [
                  "51.15.190.162/32"
                ],
                "security_groups_members": [],
                "service_ids": [],
                "to_port_range": 9090
              }
            ],
            "ip_protocol": "tcp",
            "ip_range": "51.15.190.162/32",
            "net_id": "vpc-5e62a91b",
            "outbound_rules": [
              {
                "from_port_range": -1,
                "ip_protocol": "-1",
                "ip_ranges": [
                  "0.0.0.0/0"
                ],
                "security_groups_members": [],
                "service_ids": [],
                "to_port_range": -1
              }
            ],
            "request_id": null,
            "rules": [],
            "security_group_account_id_to_link": null,
            "security_group_id": "sg-721ed93d",
            "security_group_name": "DSNA",
            "security_group_name_to_link": null,
            "to_port_range": 443
          },
          "sensitive_attributes": [],
          "private": "bnVsbA==",
          "dependencies": [
            "outscale_net.vpc_DSNA",
            "outscale_security_group.sg_DSNA"
          ]
        },
        {
          "index_key": 2,
          "schema_version": 0,
          "attributes": {
            "flow": "Inbound",
            "from_port_range": 722,
            "id": "sg-721ed93d",
            "inbound_rules": [
              {
                "from_port_range": 80,
                "ip_protocol": "tcp",
                "ip_ranges": [
                  "51.15.190.162/32"
                ],
                "security_groups_members": [],
                "service_ids": [],
                "to_port_range": 80
              },
              {
                "from_port_range": 722,
                "ip_protocol": "tcp",
                "ip_ranges": [
                  "51.15.190.162/32"
                ],
                "security_groups_members": [],
                "service_ids": [],
                "to_port_range": 722
              },
              {
                "from_port_range": 9090,
                "ip_protocol": "tcp",
                "ip_ranges": [
                  "51.15.190.162/32"
                ],
                "security_groups_members": [],
                "service_ids": [],
                "to_port_range": 9090
              }
            ],
            "ip_protocol": "tcp",
            "ip_range": "51.15.190.162/32",
            "net_id": "vpc-5e62a91b",
            "outbound_rules": [
              {
                "from_port_range": -1,
                "ip_protocol": "-1",
                "ip_ranges": [
                  "0.0.0.0/0"
                ],
                "security_groups_members": [],
                "service_ids": [],
                "to_port_range": -1
              }
            ],
            "request_id": null,
            "rules": [],
            "security_group_account_id_to_link": null,
            "security_group_id": "sg-721ed93d",
            "security_group_name": "DSNA",
            "security_group_name_to_link": null,
            "to_port_range": 722
          },
          "sensitive_attributes": [],
          "private": "bnVsbA==",
          "dependencies": [
            "outscale_net.vpc_DSNA",
            "outscale_security_group.sg_DSNA"
          ]
        },
        {
          "index_key": 3,
          "schema_version": 0,
          "attributes": {
            "flow": "Inbound",
            "from_port_range": 9090,
            "id": "sg-721ed93d",
            "inbound_rules": [
              {
                "from_port_range": 80,
                "ip_protocol": "tcp",
                "ip_ranges": [
                  "51.15.190.162/32"
                ],
                "security_groups_members": [],
                "service_ids": [],
                "to_port_range": 80
              },
              {
                "from_port_range": 9090,
                "ip_protocol": "tcp",
                "ip_ranges": [
                  "51.15.190.162/32"
                ],
                "security_groups_members": [],
                "service_ids": [],
                "to_port_range": 9090
              }
            ],
            "ip_protocol": "tcp",
            "ip_range": "51.15.190.162/32",
            "net_id": "vpc-5e62a91b",
            "outbound_rules": [
              {
                "from_port_range": -1,
                "ip_protocol": "-1",
                "ip_ranges": [
                  "0.0.0.0/0"
                ],
                "security_groups_members": [],
                "service_ids": [],
                "to_port_range": -1
              }
            ],
            "request_id": null,
            "rules": [],
            "security_group_account_id_to_link": null,
            "security_group_id": "sg-721ed93d",
            "security_group_name": "DSNA",
            "security_group_name_to_link": null,
            "to_port_range": 9090
          },
          "sensitive_attributes": [],
          "private": "bnVsbA==",
          "dependencies": [
            "outscale_net.vpc_DSNA",
            "outscale_security_group.sg_DSNA"
          ]
        }
      ]
    },
    {
      "mode": "managed",
      "type": "outscale_security_group_rule",
      "name": "sg_rule_inbound_BACKUP",
      "provider": "provider[\"registry.terraform.io/outscale-dev/outscale\"]",
      "instances": [
        {
          "index_key": 0,
          "schema_version": 0,
          "attributes": {
            "flow": "Inbound",
            "from_port_range": 80,
            "id": "sg-7f845921",
            "inbound_rules": [
              {
                "from_port_range": 80,
                "ip_protocol": "tcp",
                "ip_ranges": [
                  "51.15.190.162/32"
                ],
                "security_groups_members": [],
                "service_ids": [],
                "to_port_range": 80
              },
              {
                "from_port_range": 443,
                "ip_protocol": "tcp",
                "ip_ranges": [
                  "51.15.190.162/32"
                ],
                "security_groups_members": [],
                "service_ids": [],
                "to_port_range": 443
              }
            ],
            "ip_protocol": "tcp",
            "ip_range": "51.15.190.162/32",
            "net_id": "vpc-dad517b2",
            "outbound_rules": [
              {
                "from_port_range": -1,
                "ip_protocol": "-1",
                "ip_ranges": [
                  "0.0.0.0/0"
                ],
                "security_groups_members": [],
                "service_ids": [],
                "to_port_range": -1
              }
            ],
            "request_id": null,
            "rules": [],
            "security_group_account_id_to_link": null,
            "security_group_id": "sg-7f845921",
            "security_group_name": "BACKUP",
            "security_group_name_to_link": null,
            "to_port_range": 80
          },
          "sensitive_attributes": [],
          "private": "bnVsbA==",
          "dependencies": [
            "outscale_net.vpc_BACKUP",
            "outscale_security_group.sg_BACKUP"
          ]
        },
        {
          "index_key": 1,
          "schema_version": 0,
          "attributes": {
            "flow": "Inbound",
            "from_port_range": 443,
            "id": "sg-7f845921",
            "inbound_rules": [
              {
                "from_port_range": 80,
                "ip_protocol": "tcp",
                "ip_ranges": [
                  "51.15.190.162/32"
                ],
                "security_groups_members": [],
                "service_ids": [],
                "to_port_range": 80
              },
              {
                "from_port_range": 443,
                "ip_protocol": "tcp",
                "ip_ranges": [
                  "51.15.190.162/32"
                ],
                "security_groups_members": [],
                "service_ids": [],
                "to_port_range": 443
              },
              {
                "from_port_range": 9000,
                "ip_protocol": "tcp",
                "ip_ranges": [
                  "10.1.0.0/16"
                ],
                "security_groups_members": [],
                "service_ids": [],
                "to_port_range": 9000
              }
            ],
            "ip_protocol": "tcp",
            "ip_range": "51.15.190.162/32",
            "net_id": "vpc-dad517b2",
            "outbound_rules": [
              {
                "from_port_range": -1,
                "ip_protocol": "-1",
                "ip_ranges": [
                  "0.0.0.0/0"
                ],
                "security_groups_members": [],
                "service_ids": [],
                "to_port_range": -1
              }
            ],
            "request_id": null,
            "rules": [],
            "security_group_account_id_to_link": null,
            "security_group_id": "sg-7f845921",
            "security_group_name": "BACKUP",
            "security_group_name_to_link": null,
            "to_port_range": 443
          },
          "sensitive_attributes": [],
          "private": "bnVsbA==",
          "dependencies": [
            "outscale_net.vpc_BACKUP",
            "outscale_security_group.sg_BACKUP"
          ]
        },
        {
          "index_key": 2,
          "schema_version": 0,
          "attributes": {
            "flow": "Inbound",
            "from_port_range": 722,
            "id": "sg-7f845921",
            "inbound_rules": [
              {
                "from_port_range": 80,
                "ip_protocol": "tcp",
                "ip_ranges": [
                  "51.15.190.162/32"
                ],
                "security_groups_members": [],
                "service_ids": [],
                "to_port_range": 80
              },
              {
                "from_port_range": 443,
                "ip_protocol": "tcp",
                "ip_ranges": [
                  "51.15.190.162/32"
                ],
                "security_groups_members": [],
                "service_ids": [],
                "to_port_range": 443
              },
              {
                "from_port_range": 722,
                "ip_protocol": "tcp",
                "ip_ranges": [
                  "51.15.190.162/32"
                ],
                "security_groups_members": [],
                "service_ids": [],
                "to_port_range": 722
              },
              {
                "from_port_range": 9000,
                "ip_protocol": "tcp",
                "ip_ranges": [
                  "10.1.0.0/16"
                ],
                "security_groups_members": [],
                "service_ids": [],
                "to_port_range": 9000
              },
              {
                "from_port_range": 9090,
                "ip_protocol": "tcp",
                "ip_ranges": [
                  "51.15.190.162/32"
                ],
                "security_groups_members": [],
                "service_ids": [],
                "to_port_range": 9090
              }
            ],
            "ip_protocol": "tcp",
            "ip_range": "51.15.190.162/32",
            "net_id": "vpc-dad517b2",
            "outbound_rules": [
              {
                "from_port_range": -1,
                "ip_protocol": "-1",
                "ip_ranges": [
                  "0.0.0.0/0"
                ],
                "security_groups_members": [],
                "service_ids": [],
                "to_port_range": -1
              }
            ],
            "request_id": null,
            "rules": [],
            "security_group_account_id_to_link": null,
            "security_group_id": "sg-7f845921",
            "security_group_name": "BACKUP",
            "security_group_name_to_link": null,
            "to_port_range": 722
          },
          "sensitive_attributes": [],
          "private": "bnVsbA==",
          "dependencies": [
            "outscale_net.vpc_BACKUP",
            "outscale_security_group.sg_BACKUP"
          ]
        },
        {
          "index_key": 3,
          "schema_version": 0,
          "attributes": {
            "flow": "Inbound",
            "from_port_range": 9090,
            "id": "sg-7f845921",
            "inbound_rules": [
              {
                "from_port_range": 80,
                "ip_protocol": "tcp",
                "ip_ranges": [
                  "51.15.190.162/32"
                ],
                "security_groups_members": [],
                "service_ids": [],
                "to_port_range": 80
              },
              {
                "from_port_range": 443,
                "ip_protocol": "tcp",
                "ip_ranges": [
                  "51.15.190.162/32"
                ],
                "security_groups_members": [],
                "service_ids": [],
                "to_port_range": 443
              },
              {
                "from_port_range": 9000,
                "ip_protocol": "tcp",
                "ip_ranges": [
                  "10.1.0.0/16"
                ],
                "security_groups_members": [],
                "service_ids": [],
                "to_port_range": 9000
              },
              {
                "from_port_range": 9090,
                "ip_protocol": "tcp",
                "ip_ranges": [
                  "51.15.190.162/32"
                ],
                "security_groups_members": [],
                "service_ids": [],
                "to_port_range": 9090
              }
            ],
            "ip_protocol": "tcp",
            "ip_range": "51.15.190.162/32",
            "net_id": "vpc-dad517b2",
            "outbound_rules": [
              {
                "from_port_range": -1,
                "ip_protocol": "-1",
                "ip_ranges": [
                  "0.0.0.0/0"
                ],
                "security_groups_members": [],
                "service_ids": [],
                "to_port_range": -1
              }
            ],
            "request_id": null,
            "rules": [],
            "security_group_account_id_to_link": null,
            "security_group_id": "sg-7f845921",
            "security_group_name": "BACKUP",
            "security_group_name_to_link": null,
            "to_port_range": 9090
          },
          "sensitive_attributes": [],
          "private": "bnVsbA==",
          "dependencies": [
            "outscale_net.vpc_BACKUP",
            "outscale_security_group.sg_BACKUP"
          ]
        }
      ]
    },
    {
      "mode": "managed",
      "type": "outscale_security_group_rule",
      "name": "sg_rule_inbound_DSNA_to_BACKUP",
      "provider": "provider[\"registry.terraform.io/outscale-dev/outscale\"]",
      "instances": [
        {
          "schema_version": 0,
          "attributes": {
            "flow": "Inbound",
            "from_port_range": 9000,
            "id": "sg-7f845921",
            "inbound_rules": [
              {
                "from_port_range": 80,
                "ip_protocol": "tcp",
                "ip_ranges": [
                  "51.15.190.162/32"
                ],
                "security_groups_members": [],
                "service_ids": [],
                "to_port_range": 80
              },
              {
                "from_port_range": 443,
                "ip_protocol": "tcp",
                "ip_ranges": [
                  "51.15.190.162/32"
                ],
                "security_groups_members": [],
                "service_ids": [],
                "to_port_range": 443
              },
              {
                "from_port_range": 9000,
                "ip_protocol": "tcp",
                "ip_ranges": [
                  "10.1.0.0/16"
                ],
                "security_groups_members": [],
                "service_ids": [],
                "to_port_range": 9000
              },
              {
                "from_port_range": 9090,
                "ip_protocol": "tcp",
                "ip_ranges": [
                  "51.15.190.162/32"
                ],
                "security_groups_members": [],
                "service_ids": [],
                "to_port_range": 9090
              }
            ],
            "ip_protocol": "tcp",
            "ip_range": "10.1.0.0/16",
            "net_id": "vpc-dad517b2",
            "outbound_rules": [
              {
                "from_port_range": -1,
                "ip_protocol": "-1",
                "ip_ranges": [
                  "0.0.0.0/0"
                ],
                "security_groups_members": [],
                "service_ids": [],
                "to_port_range": -1
              }
            ],
            "request_id": null,
            "rules": [],
            "security_group_account_id_to_link": null,
            "security_group_id": "sg-7f845921",
            "security_group_name": "BACKUP",
            "security_group_name_to_link": null,
            "to_port_range": 9000
          },
          "sensitive_attributes": [],
          "private": "bnVsbA==",
          "dependencies": [
            "outscale_net.vpc_BACKUP",
            "outscale_security_group.sg_BACKUP"
          ]
        }
      ]
    },
    {
      "mode": "managed",
      "type": "outscale_subnet",
      "name": "subnet_1",
      "provider": "provider[\"registry.terraform.io/outscale-dev/outscale\"]",
      "instances": [
        {
          "schema_version": 0,
          "attributes": {
            "available_ips_count": 251,
            "id": "subnet-946ade84",
            "ip_range": "10.1.0.0/24",
            "map_public_ip_on_launch": false,
            "net_id": "vpc-5e62a91b",
            "request_id": null,
            "state": "available",
            "subnet_id": "subnet-946ade84",
            "subregion_name": "cloudgouv-eu-west-1a",
            "tags": [
              {
                "key": "name",
                "value": "1"
              }
            ],
            "timeouts": null
          },
          "sensitive_attributes": [],
          "private": "eyJlMmJmYjczMC1lY2FhLTExZTYtOGY4OC0zNDM2M2JjN2M0YzAiOnsiY3JlYXRlIjo2MDAwMDAwMDAwMDAsImRlbGV0ZSI6NjAwMDAwMDAwMDAwfX0=",
          "dependencies": [
            "outscale_net.vpc_DSNA"
          ]
        }
      ]
    },
    {
      "mode": "managed",
      "type": "outscale_subnet",
      "name": "subnet_BACKUP",
      "provider": "provider[\"registry.terraform.io/outscale-dev/outscale\"]",
      "instances": [
        {
          "schema_version": 0,
          "attributes": {
            "available_ips_count": 251,
            "id": "subnet-42c02214",
            "ip_range": "10.2.0.0/24",
            "map_public_ip_on_launch": false,
            "net_id": "vpc-dad517b2",
            "request_id": null,
            "state": "available",
            "subnet_id": "subnet-42c02214",
            "subregion_name": "cloudgouv-eu-west-1b",
            "tags": [
              {
                "key": "name",
                "value": "1"
              }
            ],
            "timeouts": null
          },
          "sensitive_attributes": [],
          "private": "eyJlMmJmYjczMC1lY2FhLTExZTYtOGY4OC0zNDM2M2JjN2M0YzAiOnsiY3JlYXRlIjo2MDAwMDAwMDAwMDAsImRlbGV0ZSI6NjAwMDAwMDAwMDAwfX0=",
          "dependencies": [
            "outscale_net.vpc_BACKUP"
          ]
        }
      ]
    },
    {
      "mode": "managed",
      "type": "outscale_vm",
      "name": "scdsnaBACKUP",
      "provider": "provider[\"registry.terraform.io/outscale-dev/outscale\"]",
      "instances": [
        {
          "schema_version": 0,
          "attributes": {
            "admin_password": "",
            "architecture": "x86_64",
            "block_device_mappings": [],
            "block_device_mappings_created": [
              {
                "bsu": {
                  "delete_on_vm_deletion": "true",
                  "link_date": "2022-08-19T07:27:25.400Z",
                  "state": "attached",
                  "volume_id": "vol-83e7c543"
                },
                "device_name": "/dev/sda1"
              }
            ],
            "bsu_optimized": false,
            "client_token": "",
            "deletion_protection": false,
            "get_admin_password": null,
            "hypervisor": "xen",
            "id": "i-5a4c3b52",
            "image_id": "ami-6f0f9ef3",
            "is_source_dest_checked": true,
            "keypair_name": "",
            "launch_number": 0,
            "net_id": "vpc-dad517b2",
            "nics": [
              {
                "account_id": "289079107901",
                "delete_on_vm_deletion": true,
                "description": "Primary network interface",
                "device_number": 0,
                "is_source_dest_checked": true,
                "link_nic": [
                  {
                    "delete_on_vm_deletion": true,
                    "device_number": "0",
                    "link_nic_id": "eni-attach-e044ecbc",
                    "state": "attached"
                  }
                ],
                "link_public_ip": [],
                "mac_address": "aa:1b:ce:70:e4:46",
                "net_id": "vpc-dad517b2",
                "nic_id": "eni-3a8fb1fa",
                "private_dns_name": "ip-10-2-0-5.cloudgouv-eu-west-1.compute.internal",
                "private_ips": [
                  {
                    "is_primary": true,
                    "link_public_ip": [],
                    "private_dns_name": "ip-10-2-0-5.cloudgouv-eu-west-1.compute.internal",
                    "private_ip": "10.2.0.5"
                  }
                ],
                "secondary_private_ip_count": 0,
                "security_group_ids": [
                  "sg-7f845921"
                ],
                "security_groups": [
                  {
                    "security_group_id": "sg-7f845921",
                    "security_group_name": "BACKUP"
                  }
                ],
                "state": "in-use",
                "subnet_id": "subnet-42c02214"
              }
            ],
            "os_family": "",
            "performance": "medium",
            "placement_subregion_name": "cloudgouv-eu-west-1b",
            "placement_tenancy": "default",
            "private_dns_name": "ip-10-2-0-5.cloudgouv-eu-west-1.compute.internal",
            "private_ip": "10.2.0.5",
            "private_ips": [
              "10.2.0.5"
            ],
            "product_codes": [
              "0001"
            ],
            "public_dns_name": "",
            "public_ip": "",
            "request_id": null,
            "reservation_id": "r-b2f67105",
            "root_device_name": "/dev/sda1",
            "root_device_type": "ebs",
            "security_group_ids": [
              "sg-7f845921"
            ],
            "security_group_names": null,
            "security_groups": [
              {
                "security_group_id": "sg-7f845921",
                "security_group_name": "BACKUP"
              }
            ],
            "state": "running",
            "state_reason": "",
            "subnet_id": "subnet-42c02214",
            "tags": [
              {
                "key": "name",
                "value": "scdsnabackup"
              }
            ],
            "timeouts": null,
            "user_data": "",
            "vm_id": "i-5a4c3b52",
            "vm_initiated_shutdown_behavior": "restart",
            "vm_type": "tinav3.c4r10p3"
          },
          "sensitive_attributes": [],
          "private": "eyJlMmJmYjczMC1lY2FhLTExZTYtOGY4OC0zNDM2M2JjN2M0YzAiOnsiY3JlYXRlIjo2MDAwMDAwMDAwMDAsImRlbGV0ZSI6NjAwMDAwMDAwMDAwLCJ1cGRhdGUiOjYwMDAwMDAwMDAwMH19",
          "dependencies": [
            "outscale_net.vpc_BACKUP",
            "outscale_security_group.sg_BACKUP",
            "outscale_subnet.subnet_BACKUP"
          ]
        }
      ]
    },
    {
      "mode": "managed",
      "type": "outscale_vm",
      "name": "scdsnabastion",
      "provider": "provider[\"registry.terraform.io/outscale-dev/outscale\"]",
      "instances": [
        {
          "index_key": 0,
          "schema_version": 0,
          "attributes": {
            "admin_password": "",
            "architecture": "x86_64",
            "block_device_mappings": [],
            "block_device_mappings_created": [
              {
                "bsu": {
                  "delete_on_vm_deletion": "true",
                  "link_date": "2022-08-19T07:27:35.271Z",
                  "state": "attached",
                  "volume_id": "vol-c5ce7746"
                },
                "device_name": "/dev/sda1"
              }
            ],
            "bsu_optimized": false,
            "client_token": "",
            "deletion_protection": false,
            "get_admin_password": null,
            "hypervisor": "xen",
            "id": "i-36cbf136",
            "image_id": "ami-6f0f9ef3",
            "is_source_dest_checked": true,
            "keypair_name": "",
            "launch_number": 0,
            "net_id": "vpc-5e62a91b",
            "nics": [
              {
                "account_id": "289079107901",
                "delete_on_vm_deletion": true,
                "description": "Primary network interface",
                "device_number": 0,
                "is_source_dest_checked": true,
                "link_nic": [
                  {
                    "delete_on_vm_deletion": true,
                    "device_number": "0",
                    "link_nic_id": "eni-attach-21d5214c",
                    "state": "attached"
                  }
                ],
                "link_public_ip": [],
                "mac_address": "aa:73:23:0e:d4:d2",
                "net_id": "vpc-5e62a91b",
                "nic_id": "eni-8849f2e1",
                "private_dns_name": "ip-10-1-0-5.cloudgouv-eu-west-1.compute.internal",
                "private_ips": [
                  {
                    "is_primary": true,
                    "link_public_ip": [],
                    "private_dns_name": "ip-10-1-0-5.cloudgouv-eu-west-1.compute.internal",
                    "private_ip": "10.1.0.5"
                  }
                ],
                "secondary_private_ip_count": 0,
                "security_group_ids": [
                  "sg-721ed93d"
                ],
                "security_groups": [
                  {
                    "security_group_id": "sg-721ed93d",
                    "security_group_name": "DSNA"
                  }
                ],
                "state": "in-use",
                "subnet_id": "subnet-946ade84"
              }
            ],
            "os_family": "",
            "performance": "medium",
            "placement_subregion_name": "cloudgouv-eu-west-1a",
            "placement_tenancy": "default",
            "private_dns_name": "ip-10-1-0-5.cloudgouv-eu-west-1.compute.internal",
            "private_ip": "10.1.0.5",
            "private_ips": [
              "10.1.0.5"
            ],
            "product_codes": [
              "0001"
            ],
            "public_dns_name": "",
            "public_ip": "",
            "request_id": null,
            "reservation_id": "r-abdb5fc5",
            "root_device_name": "/dev/sda1",
            "root_device_type": "ebs",
            "security_group_ids": [
              "sg-721ed93d"
            ],
            "security_group_names": null,
            "security_groups": [
              {
                "security_group_id": "sg-721ed93d",
                "security_group_name": "DSNA"
              }
            ],
            "state": "running",
            "state_reason": "",
            "subnet_id": "subnet-946ade84",
            "tags": [
              {
                "key": "name",
                "value": "scdsnabastion1"
              }
            ],
            "timeouts": null,
            "user_data": "",
            "vm_id": "i-36cbf136",
            "vm_initiated_shutdown_behavior": "restart",
            "vm_type": "tinav3.c1r2p3"
          },
          "sensitive_attributes": [],
          "private": "eyJlMmJmYjczMC1lY2FhLTExZTYtOGY4OC0zNDM2M2JjN2M0YzAiOnsiY3JlYXRlIjo2MDAwMDAwMDAwMDAsImRlbGV0ZSI6NjAwMDAwMDAwMDAwLCJ1cGRhdGUiOjYwMDAwMDAwMDAwMH19",
          "dependencies": [
            "outscale_net.vpc_DSNA",
            "outscale_security_group.sg_DSNA",
            "outscale_subnet.subnet_1"
          ]
        }
      ]
    },
    {
      "mode": "managed",
      "type": "outscale_vm",
      "name": "scdsnadb",
      "provider": "provider[\"registry.terraform.io/outscale-dev/outscale\"]",
      "instances": [
        {
          "index_key": 0,
          "schema_version": 0,
          "attributes": {
            "admin_password": "",
            "architecture": "x86_64",
            "block_device_mappings": [],
            "block_device_mappings_created": [
              {
                "bsu": {
                  "delete_on_vm_deletion": "true",
                  "link_date": "2022-08-19T07:27:34.908Z",
                  "state": "attached",
                  "volume_id": "vol-d127246e"
                },
                "device_name": "/dev/sda1"
              }
            ],
            "bsu_optimized": false,
            "client_token": "",
            "deletion_protection": false,
            "get_admin_password": null,
            "hypervisor": "xen",
            "id": "i-8b325d00",
            "image_id": "ami-6f0f9ef3",
            "is_source_dest_checked": true,
            "keypair_name": "",
            "launch_number": 0,
            "net_id": "vpc-5e62a91b",
            "nics": [
              {
                "account_id": "289079107901",
                "delete_on_vm_deletion": true,
                "description": "Primary network interface",
                "device_number": 0,
                "is_source_dest_checked": true,
                "link_nic": [
                  {
                    "delete_on_vm_deletion": true,
                    "device_number": "0",
                    "link_nic_id": "eni-attach-6d501b77",
                    "state": "attached"
                  }
                ],
                "link_public_ip": [],
                "mac_address": "aa:93:e7:4a:90:30",
                "net_id": "vpc-5e62a91b",
                "nic_id": "eni-7bd1e586",
                "private_dns_name": "ip-10-1-0-40.cloudgouv-eu-west-1.compute.internal",
                "private_ips": [
                  {
                    "is_primary": true,
                    "link_public_ip": [],
                    "private_dns_name": "ip-10-1-0-40.cloudgouv-eu-west-1.compute.internal",
                    "private_ip": "10.1.0.40"
                  }
                ],
                "secondary_private_ip_count": 0,
                "security_group_ids": [
                  "sg-721ed93d"
                ],
                "security_groups": [
                  {
                    "security_group_id": "sg-721ed93d",
                    "security_group_name": "DSNA"
                  }
                ],
                "state": "in-use",
                "subnet_id": "subnet-946ade84"
              }
            ],
            "os_family": "",
            "performance": "medium",
            "placement_subregion_name": "cloudgouv-eu-west-1a",
            "placement_tenancy": "default",
            "private_dns_name": "ip-10-1-0-40.cloudgouv-eu-west-1.compute.internal",
            "private_ip": "10.1.0.40",
            "private_ips": [
              "10.1.0.40"
            ],
            "product_codes": [
              "0001"
            ],
            "public_dns_name": "",
            "public_ip": "",
            "request_id": null,
            "reservation_id": "r-6d8a133e",
            "root_device_name": "/dev/sda1",
            "root_device_type": "ebs",
            "security_group_ids": [
              "sg-721ed93d"
            ],
            "security_group_names": null,
            "security_groups": [
              {
                "security_group_id": "sg-721ed93d",
                "security_group_name": "DSNA"
              }
            ],
            "state": "running",
            "state_reason": "",
            "subnet_id": "subnet-946ade84",
            "tags": [
              {
                "key": "name",
                "value": "scdsnadb1"
              }
            ],
            "timeouts": null,
            "user_data": "",
            "vm_id": "i-8b325d00",
            "vm_initiated_shutdown_behavior": "restart",
            "vm_type": "tinav3.c8r20p3"
          },
          "sensitive_attributes": [],
          "private": "eyJlMmJmYjczMC1lY2FhLTExZTYtOGY4OC0zNDM2M2JjN2M0YzAiOnsiY3JlYXRlIjo2MDAwMDAwMDAwMDAsImRlbGV0ZSI6NjAwMDAwMDAwMDAwLCJ1cGRhdGUiOjYwMDAwMDAwMDAwMH19",
          "dependencies": [
            "outscale_net.vpc_DSNA",
            "outscale_security_group.sg_DSNA",
            "outscale_subnet.subnet_1"
          ]
        }
      ]
    },
    {
      "mode": "managed",
      "type": "outscale_vm",
      "name": "scdsnarancher",
      "provider": "provider[\"registry.terraform.io/outscale-dev/outscale\"]",
      "instances": [
        {
          "index_key": 0,
          "schema_version": 0,
          "attributes": {
            "admin_password": "",
            "architecture": "x86_64",
            "block_device_mappings": [],
            "block_device_mappings_created": [
              {
                "bsu": {
                  "delete_on_vm_deletion": "true",
                  "link_date": "2022-08-19T07:27:25.748Z",
                  "state": "attached",
                  "volume_id": "vol-3d63de6b"
                },
                "device_name": "/dev/sda1"
              }
            ],
            "bsu_optimized": false,
            "client_token": "",
            "deletion_protection": false,
            "get_admin_password": null,
            "hypervisor": "xen",
            "id": "i-93773dce",
            "image_id": "ami-6f0f9ef3",
            "is_source_dest_checked": true,
            "keypair_name": "",
            "launch_number": 0,
            "net_id": "vpc-5e62a91b",
            "nics": [
              {
                "account_id": "289079107901",
                "delete_on_vm_deletion": true,
                "description": "Primary network interface",
                "device_number": 0,
                "is_source_dest_checked": true,
                "link_nic": [
                  {
                    "delete_on_vm_deletion": true,
                    "device_number": "0",
                    "link_nic_id": "eni-attach-e5dcd1e8",
                    "state": "attached"
                  }
                ],
                "link_public_ip": [],
                "mac_address": "aa:ff:cc:b3:71:ca",
                "net_id": "vpc-5e62a91b",
                "nic_id": "eni-6e8fc786",
                "private_dns_name": "ip-10-1-0-6.cloudgouv-eu-west-1.compute.internal",
                "private_ips": [
                  {
                    "is_primary": true,
                    "link_public_ip": [],
                    "private_dns_name": "ip-10-1-0-6.cloudgouv-eu-west-1.compute.internal",
                    "private_ip": "10.1.0.6"
                  }
                ],
                "secondary_private_ip_count": 0,
                "security_group_ids": [
                  "sg-721ed93d"
                ],
                "security_groups": [
                  {
                    "security_group_id": "sg-721ed93d",
                    "security_group_name": "DSNA"
                  }
                ],
                "state": "in-use",
                "subnet_id": "subnet-946ade84"
              }
            ],
            "os_family": "",
            "performance": "medium",
            "placement_subregion_name": "cloudgouv-eu-west-1a",
            "placement_tenancy": "default",
            "private_dns_name": "ip-10-1-0-6.cloudgouv-eu-west-1.compute.internal",
            "private_ip": "10.1.0.6",
            "private_ips": [
              "10.1.0.6"
            ],
            "product_codes": [
              "0001"
            ],
            "public_dns_name": "",
            "public_ip": "",
            "request_id": null,
            "reservation_id": "r-e91a5695",
            "root_device_name": "/dev/sda1",
            "root_device_type": "ebs",
            "security_group_ids": [
              "sg-721ed93d"
            ],
            "security_group_names": null,
            "security_groups": [
              {
                "security_group_id": "sg-721ed93d",
                "security_group_name": "DSNA"
              }
            ],
            "state": "running",
            "state_reason": "",
            "subnet_id": "subnet-946ade84",
            "tags": [
              {
                "key": "name",
                "value": "scdsnarancher1"
              }
            ],
            "timeouts": null,
            "user_data": "",
            "vm_id": "i-93773dce",
            "vm_initiated_shutdown_behavior": "restart",
            "vm_type": "tinav3.c4r8p3"
          },
          "sensitive_attributes": [],
          "private": "eyJlMmJmYjczMC1lY2FhLTExZTYtOGY4OC0zNDM2M2JjN2M0YzAiOnsiY3JlYXRlIjo2MDAwMDAwMDAwMDAsImRlbGV0ZSI6NjAwMDAwMDAwMDAwLCJ1cGRhdGUiOjYwMDAwMDAwMDAwMH19",
          "dependencies": [
            "outscale_net.vpc_DSNA",
            "outscale_security_group.sg_DSNA",
            "outscale_subnet.subnet_1"
          ]
        }
      ]
    },
    {
      "mode": "managed",
      "type": "outscale_vm",
      "name": "scdsnastorage",
      "provider": "provider[\"registry.terraform.io/outscale-dev/outscale\"]",
      "instances": [
        {
          "index_key": 0,
          "schema_version": 0,
          "attributes": {
            "admin_password": "",
            "architecture": "x86_64",
            "block_device_mappings": [],
            "block_device_mappings_created": [
              {
                "bsu": {
                  "delete_on_vm_deletion": "true",
                  "link_date": "2022-08-19T07:27:25.897Z",
                  "state": "attached",
                  "volume_id": "vol-9afdda18"
                },
                "device_name": "/dev/sda1"
              }
            ],
            "bsu_optimized": false,
            "client_token": "",
            "deletion_protection": false,
            "get_admin_password": null,
            "hypervisor": "xen",
            "id": "i-8b84649c",
            "image_id": "ami-6f0f9ef3",
            "is_source_dest_checked": true,
            "keypair_name": "",
            "launch_number": 0,
            "net_id": "vpc-5e62a91b",
            "nics": [
              {
                "account_id": "289079107901",
                "delete_on_vm_deletion": true,
                "description": "Primary network interface",
                "device_number": 0,
                "is_source_dest_checked": true,
                "link_nic": [
                  {
                    "delete_on_vm_deletion": true,
                    "device_number": "0",
                    "link_nic_id": "eni-attach-91d01674",
                    "state": "attached"
                  }
                ],
                "link_public_ip": [],
                "mac_address": "aa:13:43:54:5b:fd",
                "net_id": "vpc-5e62a91b",
                "nic_id": "eni-26268de7",
                "private_dns_name": "ip-10-1-0-60.cloudgouv-eu-west-1.compute.internal",
                "private_ips": [
                  {
                    "is_primary": true,
                    "link_public_ip": [],
                    "private_dns_name": "ip-10-1-0-60.cloudgouv-eu-west-1.compute.internal",
                    "private_ip": "10.1.0.60"
                  }
                ],
                "secondary_private_ip_count": 0,
                "security_group_ids": [
                  "sg-721ed93d"
                ],
                "security_groups": [
                  {
                    "security_group_id": "sg-721ed93d",
                    "security_group_name": "DSNA"
                  }
                ],
                "state": "in-use",
                "subnet_id": "subnet-946ade84"
              }
            ],
            "os_family": "",
            "performance": "high",
            "placement_subregion_name": "cloudgouv-eu-west-1a",
            "placement_tenancy": "default",
            "private_dns_name": "ip-10-1-0-60.cloudgouv-eu-west-1.compute.internal",
            "private_ip": "10.1.0.60",
            "private_ips": [
              "10.1.0.60"
            ],
            "product_codes": [
              "0001"
            ],
            "public_dns_name": "",
            "public_ip": "",
            "request_id": null,
            "reservation_id": "r-f5f7a0c6",
            "root_device_name": "/dev/sda1",
            "root_device_type": "ebs",
            "security_group_ids": [
              "sg-721ed93d"
            ],
            "security_group_names": null,
            "security_groups": [
              {
                "security_group_id": "sg-721ed93d",
                "security_group_name": "DSNA"
              }
            ],
            "state": "running",
            "state_reason": "",
            "subnet_id": "subnet-946ade84",
            "tags": [
              {
                "key": "name",
                "value": "scdsnastorage1"
              }
            ],
            "timeouts": null,
            "user_data": "",
            "vm_id": "i-8b84649c",
            "vm_initiated_shutdown_behavior": "restart",
            "vm_type": "tinav3.c4r12p2"
          },
          "sensitive_attributes": [],
          "private": "eyJlMmJmYjczMC1lY2FhLTExZTYtOGY4OC0zNDM2M2JjN2M0YzAiOnsiY3JlYXRlIjo2MDAwMDAwMDAwMDAsImRlbGV0ZSI6NjAwMDAwMDAwMDAwLCJ1cGRhdGUiOjYwMDAwMDAwMDAwMH19",
          "dependencies": [
            "outscale_net.vpc_DSNA",
            "outscale_security_group.sg_DSNA",
            "outscale_subnet.subnet_1"
          ]
        },
        {
          "index_key": 1,
          "schema_version": 0,
          "attributes": {
            "admin_password": "",
            "architecture": "x86_64",
            "block_device_mappings": [],
            "block_device_mappings_created": [
              {
                "bsu": {
                  "delete_on_vm_deletion": "true",
                  "link_date": "2022-08-19T07:27:34.994Z",
                  "state": "attached",
                  "volume_id": "vol-4307896d"
                },
                "device_name": "/dev/sda1"
              }
            ],
            "bsu_optimized": false,
            "client_token": "",
            "deletion_protection": false,
            "get_admin_password": null,
            "hypervisor": "xen",
            "id": "i-930891f9",
            "image_id": "ami-6f0f9ef3",
            "is_source_dest_checked": true,
            "keypair_name": "",
            "launch_number": 0,
            "net_id": "vpc-5e62a91b",
            "nics": [
              {
                "account_id": "289079107901",
                "delete_on_vm_deletion": true,
                "description": "Primary network interface",
                "device_number": 0,
                "is_source_dest_checked": true,
                "link_nic": [
                  {
                    "delete_on_vm_deletion": true,
                    "device_number": "0",
                    "link_nic_id": "eni-attach-6ae98092",
                    "state": "attached"
                  }
                ],
                "link_public_ip": [],
                "mac_address": "aa:02:ff:3c:c4:ea",
                "net_id": "vpc-5e62a91b",
                "nic_id": "eni-d2908f2e",
                "private_dns_name": "ip-10-1-0-61.cloudgouv-eu-west-1.compute.internal",
                "private_ips": [
                  {
                    "is_primary": true,
                    "link_public_ip": [],
                    "private_dns_name": "ip-10-1-0-61.cloudgouv-eu-west-1.compute.internal",
                    "private_ip": "10.1.0.61"
                  }
                ],
                "secondary_private_ip_count": 0,
                "security_group_ids": [
                  "sg-721ed93d"
                ],
                "security_groups": [
                  {
                    "security_group_id": "sg-721ed93d",
                    "security_group_name": "DSNA"
                  }
                ],
                "state": "in-use",
                "subnet_id": "subnet-946ade84"
              }
            ],
            "os_family": "",
            "performance": "high",
            "placement_subregion_name": "cloudgouv-eu-west-1a",
            "placement_tenancy": "default",
            "private_dns_name": "ip-10-1-0-61.cloudgouv-eu-west-1.compute.internal",
            "private_ip": "10.1.0.61",
            "private_ips": [
              "10.1.0.61"
            ],
            "product_codes": [
              "0001"
            ],
            "public_dns_name": "",
            "public_ip": "",
            "request_id": null,
            "reservation_id": "r-7914329c",
            "root_device_name": "/dev/sda1",
            "root_device_type": "ebs",
            "security_group_ids": [
              "sg-721ed93d"
            ],
            "security_group_names": null,
            "security_groups": [
              {
                "security_group_id": "sg-721ed93d",
                "security_group_name": "DSNA"
              }
            ],
            "state": "running",
            "state_reason": "",
            "subnet_id": "subnet-946ade84",
            "tags": [
              {
                "key": "name",
                "value": "scdsnastorage2"
              }
            ],
            "timeouts": null,
            "user_data": "",
            "vm_id": "i-930891f9",
            "vm_initiated_shutdown_behavior": "restart",
            "vm_type": "tinav3.c4r12p2"
          },
          "sensitive_attributes": [],
          "private": "eyJlMmJmYjczMC1lY2FhLTExZTYtOGY4OC0zNDM2M2JjN2M0YzAiOnsiY3JlYXRlIjo2MDAwMDAwMDAwMDAsImRlbGV0ZSI6NjAwMDAwMDAwMDAwLCJ1cGRhdGUiOjYwMDAwMDAwMDAwMH19",
          "dependencies": [
            "outscale_net.vpc_DSNA",
            "outscale_security_group.sg_DSNA",
            "outscale_subnet.subnet_1"
          ]
        },
        {
          "index_key": 2,
          "schema_version": 0,
          "attributes": {
            "admin_password": "",
            "architecture": "x86_64",
            "block_device_mappings": [],
            "block_device_mappings_created": [
              {
                "bsu": {
                  "delete_on_vm_deletion": "true",
                  "link_date": "2022-08-19T07:27:25.833Z",
                  "state": "attached",
                  "volume_id": "vol-28646962"
                },
                "device_name": "/dev/sda1"
              }
            ],
            "bsu_optimized": false,
            "client_token": "",
            "deletion_protection": false,
            "get_admin_password": null,
            "hypervisor": "xen",
            "id": "i-114ff047",
            "image_id": "ami-6f0f9ef3",
            "is_source_dest_checked": true,
            "keypair_name": "",
            "launch_number": 0,
            "net_id": "vpc-5e62a91b",
            "nics": [
              {
                "account_id": "289079107901",
                "delete_on_vm_deletion": true,
                "description": "Primary network interface",
                "device_number": 0,
                "is_source_dest_checked": true,
                "link_nic": [
                  {
                    "delete_on_vm_deletion": true,
                    "device_number": "0",
                    "link_nic_id": "eni-attach-7ff943ef",
                    "state": "attached"
                  }
                ],
                "link_public_ip": [],
                "mac_address": "aa:5d:67:c0:29:9d",
                "net_id": "vpc-5e62a91b",
                "nic_id": "eni-9829014f",
                "private_dns_name": "ip-10-1-0-62.cloudgouv-eu-west-1.compute.internal",
                "private_ips": [
                  {
                    "is_primary": true,
                    "link_public_ip": [],
                    "private_dns_name": "ip-10-1-0-62.cloudgouv-eu-west-1.compute.internal",
                    "private_ip": "10.1.0.62"
                  }
                ],
                "secondary_private_ip_count": 0,
                "security_group_ids": [
                  "sg-721ed93d"
                ],
                "security_groups": [
                  {
                    "security_group_id": "sg-721ed93d",
                    "security_group_name": "DSNA"
                  }
                ],
                "state": "in-use",
                "subnet_id": "subnet-946ade84"
              }
            ],
            "os_family": "",
            "performance": "high",
            "placement_subregion_name": "cloudgouv-eu-west-1a",
            "placement_tenancy": "default",
            "private_dns_name": "ip-10-1-0-62.cloudgouv-eu-west-1.compute.internal",
            "private_ip": "10.1.0.62",
            "private_ips": [
              "10.1.0.62"
            ],
            "product_codes": [
              "0001"
            ],
            "public_dns_name": "",
            "public_ip": "",
            "request_id": null,
            "reservation_id": "r-3de04751",
            "root_device_name": "/dev/sda1",
            "root_device_type": "ebs",
            "security_group_ids": [
              "sg-721ed93d"
            ],
            "security_group_names": null,
            "security_groups": [
              {
                "security_group_id": "sg-721ed93d",
                "security_group_name": "DSNA"
              }
            ],
            "state": "running",
            "state_reason": "",
            "subnet_id": "subnet-946ade84",
            "tags": [
              {
                "key": "name",
                "value": "scdsnastorage3"
              }
            ],
            "timeouts": null,
            "user_data": "",
            "vm_id": "i-114ff047",
            "vm_initiated_shutdown_behavior": "restart",
            "vm_type": "tinav3.c4r12p2"
          },
          "sensitive_attributes": [],
          "private": "eyJlMmJmYjczMC1lY2FhLTExZTYtOGY4OC0zNDM2M2JjN2M0YzAiOnsiY3JlYXRlIjo2MDAwMDAwMDAwMDAsImRlbGV0ZSI6NjAwMDAwMDAwMDAwLCJ1cGRhdGUiOjYwMDAwMDAwMDAwMH19",
          "dependencies": [
            "outscale_net.vpc_DSNA",
            "outscale_security_group.sg_DSNA",
            "outscale_subnet.subnet_1"
          ]
        }
      ]
    },
    {
      "mode": "managed",
      "type": "outscale_vm",
      "name": "scdsnaws",
      "provider": "provider[\"registry.terraform.io/outscale-dev/outscale\"]",
      "instances": [
        {
          "index_key": 0,
          "schema_version": 0,
          "attributes": {
            "admin_password": "",
            "architecture": "x86_64",
            "block_device_mappings": [],
            "block_device_mappings_created": [
              {
                "bsu": {
                  "delete_on_vm_deletion": "true",
                  "link_date": "2022-08-19T07:27:34.875Z",
                  "state": "attached",
                  "volume_id": "vol-d9d70989"
                },
                "device_name": "/dev/sda1"
              }
            ],
            "bsu_optimized": false,
            "client_token": "",
            "deletion_protection": false,
            "get_admin_password": null,
            "hypervisor": "xen",
            "id": "i-40079f99",
            "image_id": "ami-6f0f9ef3",
            "is_source_dest_checked": true,
            "keypair_name": "",
            "launch_number": 0,
            "net_id": "vpc-5e62a91b",
            "nics": [
              {
                "account_id": "289079107901",
                "delete_on_vm_deletion": true,
                "description": "Primary network interface",
                "device_number": 0,
                "is_source_dest_checked": true,
                "link_nic": [
                  {
                    "delete_on_vm_deletion": true,
                    "device_number": "0",
                    "link_nic_id": "eni-attach-6dd9147e",
                    "state": "attached"
                  }
                ],
                "link_public_ip": [],
                "mac_address": "aa:32:94:6d:4d:22",
                "net_id": "vpc-5e62a91b",
                "nic_id": "eni-7b0341c4",
                "private_dns_name": "ip-10-1-0-20.cloudgouv-eu-west-1.compute.internal",
                "private_ips": [
                  {
                    "is_primary": true,
                    "link_public_ip": [],
                    "private_dns_name": "ip-10-1-0-20.cloudgouv-eu-west-1.compute.internal",
                    "private_ip": "10.1.0.20"
                  }
                ],
                "secondary_private_ip_count": 0,
                "security_group_ids": [
                  "sg-721ed93d"
                ],
                "security_groups": [
                  {
                    "security_group_id": "sg-721ed93d",
                    "security_group_name": "DSNA"
                  }
                ],
                "state": "in-use",
                "subnet_id": "subnet-946ade84"
              }
            ],
            "os_family": "",
            "performance": "medium",
            "placement_subregion_name": "cloudgouv-eu-west-1a",
            "placement_tenancy": "default",
            "private_dns_name": "ip-10-1-0-20.cloudgouv-eu-west-1.compute.internal",
            "private_ip": "10.1.0.20",
            "private_ips": [
              "10.1.0.20"
            ],
            "product_codes": [
              "0001"
            ],
            "public_dns_name": "",
            "public_ip": "",
            "request_id": null,
            "reservation_id": "r-c1df5d11",
            "root_device_name": "/dev/sda1",
            "root_device_type": "ebs",
            "security_group_ids": [
              "sg-721ed93d"
            ],
            "security_group_names": null,
            "security_groups": [
              {
                "security_group_id": "sg-721ed93d",
                "security_group_name": "DSNA"
              }
            ],
            "state": "running",
            "state_reason": "",
            "subnet_id": "subnet-946ade84",
            "tags": [
              {
                "key": "name",
                "value": "scdsnaws1"
              }
            ],
            "timeouts": null,
            "user_data": "",
            "vm_id": "i-40079f99",
            "vm_initiated_shutdown_behavior": "restart",
            "vm_type": "tinav3.c4r8p3"
          },
          "sensitive_attributes": [],
          "private": "eyJlMmJmYjczMC1lY2FhLTExZTYtOGY4OC0zNDM2M2JjN2M0YzAiOnsiY3JlYXRlIjo2MDAwMDAwMDAwMDAsImRlbGV0ZSI6NjAwMDAwMDAwMDAwLCJ1cGRhdGUiOjYwMDAwMDAwMDAwMH19",
          "dependencies": [
            "outscale_net.vpc_DSNA",
            "outscale_security_group.sg_DSNA",
            "outscale_subnet.subnet_1"
          ]
        },
        {
          "index_key": 1,
          "schema_version": 0,
          "attributes": {
            "admin_password": "",
            "architecture": "x86_64",
            "block_device_mappings": [],
            "block_device_mappings_created": [
              {
                "bsu": {
                  "delete_on_vm_deletion": "true",
                  "link_date": "2022-08-19T07:28:25.577Z",
                  "state": "attached",
                  "volume_id": "vol-f685b3ca"
                },
                "device_name": "/dev/sda1"
              }
            ],
            "bsu_optimized": false,
            "client_token": "",
            "deletion_protection": false,
            "get_admin_password": null,
            "hypervisor": "xen",
            "id": "i-cc643863",
            "image_id": "ami-6f0f9ef3",
            "is_source_dest_checked": true,
            "keypair_name": "",
            "launch_number": 0,
            "net_id": "vpc-5e62a91b",
            "nics": [
              {
                "account_id": "289079107901",
                "delete_on_vm_deletion": true,
                "description": "Primary network interface",
                "device_number": 0,
                "is_source_dest_checked": true,
                "link_nic": [
                  {
                    "delete_on_vm_deletion": true,
                    "device_number": "0",
                    "link_nic_id": "eni-attach-cbbfe9f8",
                    "state": "attached"
                  }
                ],
                "link_public_ip": [],
                "mac_address": "aa:b5:84:b9:7a:31",
                "net_id": "vpc-5e62a91b",
                "nic_id": "eni-474df916",
                "private_dns_name": "ip-10-1-0-21.cloudgouv-eu-west-1.compute.internal",
                "private_ips": [
                  {
                    "is_primary": true,
                    "link_public_ip": [],
                    "private_dns_name": "ip-10-1-0-21.cloudgouv-eu-west-1.compute.internal",
                    "private_ip": "10.1.0.21"
                  }
                ],
                "secondary_private_ip_count": 0,
                "security_group_ids": [
                  "sg-721ed93d"
                ],
                "security_groups": [
                  {
                    "security_group_id": "sg-721ed93d",
                    "security_group_name": "DSNA"
                  }
                ],
                "state": "in-use",
                "subnet_id": "subnet-946ade84"
              }
            ],
            "os_family": "",
            "performance": "medium",
            "placement_subregion_name": "cloudgouv-eu-west-1a",
            "placement_tenancy": "default",
            "private_dns_name": "ip-10-1-0-21.cloudgouv-eu-west-1.compute.internal",
            "private_ip": "10.1.0.21",
            "private_ips": [
              "10.1.0.21"
            ],
            "product_codes": [
              "0001"
            ],
            "public_dns_name": "",
            "public_ip": "",
            "request_id": null,
            "reservation_id": "r-c1420f87",
            "root_device_name": "/dev/sda1",
            "root_device_type": "ebs",
            "security_group_ids": [
              "sg-721ed93d"
            ],
            "security_group_names": null,
            "security_groups": [
              {
                "security_group_id": "sg-721ed93d",
                "security_group_name": "DSNA"
              }
            ],
            "state": "running",
            "state_reason": "",
            "subnet_id": "subnet-946ade84",
            "tags": [
              {
                "key": "name",
                "value": "scdsnaws2"
              }
            ],
            "timeouts": null,
            "user_data": "",
            "vm_id": "i-cc643863",
            "vm_initiated_shutdown_behavior": "restart",
            "vm_type": "tinav3.c4r8p3"
          },
          "sensitive_attributes": [],
          "private": "eyJlMmJmYjczMC1lY2FhLTExZTYtOGY4OC0zNDM2M2JjN2M0YzAiOnsiY3JlYXRlIjo2MDAwMDAwMDAwMDAsImRlbGV0ZSI6NjAwMDAwMDAwMDAwLCJ1cGRhdGUiOjYwMDAwMDAwMDAwMH19",
          "dependencies": [
            "outscale_net.vpc_DSNA",
            "outscale_security_group.sg_DSNA",
            "outscale_subnet.subnet_1"
          ]
        },
        {
          "index_key": 2,
          "schema_version": 0,
          "attributes": {
            "admin_password": "",
            "architecture": "x86_64",
            "block_device_mappings": [],
            "block_device_mappings_created": [
              {
                "bsu": {
                  "delete_on_vm_deletion": "true",
                  "link_date": "2022-08-19T07:28:25.529Z",
                  "state": "attached",
                  "volume_id": "vol-094d7288"
                },
                "device_name": "/dev/sda1"
              }
            ],
            "bsu_optimized": false,
            "client_token": "",
            "deletion_protection": false,
            "get_admin_password": null,
            "hypervisor": "xen",
            "id": "i-f5cb88c5",
            "image_id": "ami-6f0f9ef3",
            "is_source_dest_checked": true,
            "keypair_name": "",
            "launch_number": 0,
            "net_id": "vpc-5e62a91b",
            "nics": [
              {
                "account_id": "289079107901",
                "delete_on_vm_deletion": true,
                "description": "Primary network interface",
                "device_number": 0,
                "is_source_dest_checked": true,
                "link_nic": [
                  {
                    "delete_on_vm_deletion": true,
                    "device_number": "0",
                    "link_nic_id": "eni-attach-3284f33e",
                    "state": "attached"
                  }
                ],
                "link_public_ip": [],
                "mac_address": "aa:a0:fa:94:c4:a7",
                "net_id": "vpc-5e62a91b",
                "nic_id": "eni-da4cacca",
                "private_dns_name": "ip-10-1-0-22.cloudgouv-eu-west-1.compute.internal",
                "private_ips": [
                  {
                    "is_primary": true,
                    "link_public_ip": [],
                    "private_dns_name": "ip-10-1-0-22.cloudgouv-eu-west-1.compute.internal",
                    "private_ip": "10.1.0.22"
                  }
                ],
                "secondary_private_ip_count": 0,
                "security_group_ids": [
                  "sg-721ed93d"
                ],
                "security_groups": [
                  {
                    "security_group_id": "sg-721ed93d",
                    "security_group_name": "DSNA"
                  }
                ],
                "state": "in-use",
                "subnet_id": "subnet-946ade84"
              }
            ],
            "os_family": "",
            "performance": "medium",
            "placement_subregion_name": "cloudgouv-eu-west-1a",
            "placement_tenancy": "default",
            "private_dns_name": "ip-10-1-0-22.cloudgouv-eu-west-1.compute.internal",
            "private_ip": "10.1.0.22",
            "private_ips": [
              "10.1.0.22"
            ],
            "product_codes": [
              "0001"
            ],
            "public_dns_name": "",
            "public_ip": "",
            "request_id": null,
            "reservation_id": "r-c59c5642",
            "root_device_name": "/dev/sda1",
            "root_device_type": "ebs",
            "security_group_ids": [
              "sg-721ed93d"
            ],
            "security_group_names": null,
            "security_groups": [
              {
                "security_group_id": "sg-721ed93d",
                "security_group_name": "DSNA"
              }
            ],
            "state": "running",
            "state_reason": "",
            "subnet_id": "subnet-946ade84",
            "tags": [
              {
                "key": "name",
                "value": "scdsnaws3"
              }
            ],
            "timeouts": null,
            "user_data": "",
            "vm_id": "i-f5cb88c5",
            "vm_initiated_shutdown_behavior": "restart",
            "vm_type": "tinav3.c4r8p3"
          },
          "sensitive_attributes": [],
          "private": "eyJlMmJmYjczMC1lY2FhLTExZTYtOGY4OC0zNDM2M2JjN2M0YzAiOnsiY3JlYXRlIjo2MDAwMDAwMDAwMDAsImRlbGV0ZSI6NjAwMDAwMDAwMDAwLCJ1cGRhdGUiOjYwMDAwMDAwMDAwMH19",
          "dependencies": [
            "outscale_net.vpc_DSNA",
            "outscale_security_group.sg_DSNA",
            "outscale_subnet.subnet_1"
          ]
        }
      ]
    },
    {
      "mode": "managed",
      "type": "outscale_volume",
      "name": "volume_backup",
      "provider": "provider[\"registry.terraform.io/outscale-dev/outscale\"]",
      "instances": [
        {
          "index_key": 0,
          "schema_version": 0,
          "attributes": {
            "id": "vol-ec0382ee",
            "iops": 150,
            "linked_volumes": [],
            "request_id": null,
            "size": 1000,
            "snapshot_id": "",
            "state": "available",
            "subregion_name": "cloudgouv-eu-west-1b",
            "tags": [
              {
                "key": "name",
                "value": "backup_volume1"
              }
            ],
            "volume_id": "vol-ec0382ee",
            "volume_type": "standard"
          },
          "sensitive_attributes": [],
          "private": "bnVsbA=="
        },
        {
          "index_key": 1,
          "schema_version": 0,
          "attributes": {
            "id": "vol-8778fb6b",
            "iops": 150,
            "linked_volumes": [],
            "request_id": null,
            "size": 1000,
            "snapshot_id": "",
            "state": "available",
            "subregion_name": "cloudgouv-eu-west-1b",
            "tags": [
              {
                "key": "name",
                "value": "backup_volume2"
              }
            ],
            "volume_id": "vol-8778fb6b",
            "volume_type": "standard"
          },
          "sensitive_attributes": [],
          "private": "bnVsbA=="
        },
        {
          "index_key": 2,
          "schema_version": 0,
          "attributes": {
            "id": "vol-e1f5d66a",
            "iops": 150,
            "linked_volumes": [],
            "request_id": null,
            "size": 1000,
            "snapshot_id": "",
            "state": "available",
            "subregion_name": "cloudgouv-eu-west-1b",
            "tags": [
              {
                "key": "name",
                "value": "backup_volume3"
              }
            ],
            "volume_id": "vol-e1f5d66a",
            "volume_type": "standard"
          },
          "sensitive_attributes": [],
          "private": "bnVsbA=="
        },
        {
          "index_key": 3,
          "schema_version": 0,
          "attributes": {
            "id": "vol-5216c1c8",
            "iops": 150,
            "linked_volumes": [],
            "request_id": null,
            "size": 1000,
            "snapshot_id": "",
            "state": "available",
            "subregion_name": "cloudgouv-eu-west-1b",
            "tags": [
              {
                "key": "name",
                "value": "backup_volume4"
              }
            ],
            "volume_id": "vol-5216c1c8",
            "volume_type": "standard"
          },
          "sensitive_attributes": [],
          "private": "bnVsbA=="
        }
      ]
    },
    {
      "mode": "managed",
      "type": "outscale_volume",
      "name": "volume_rancher",
      "provider": "provider[\"registry.terraform.io/outscale-dev/outscale\"]",
      "instances": [
        {
          "index_key": 0,
          "schema_version": 0,
          "attributes": {
            "id": "vol-729e5953",
            "iops": 150,
            "linked_volumes": [],
            "request_id": null,
            "size": 50,
            "snapshot_id": "",
            "state": "available",
            "subregion_name": "cloudgouv-eu-west-1a",
            "tags": [
              {
                "key": "name",
                "value": "rancher_volume1"
              }
            ],
            "volume_id": "vol-729e5953",
            "volume_type": "standard"
          },
          "sensitive_attributes": [],
          "private": "bnVsbA==",
          "dependencies": [
            "outscale_net.vpc_DSNA",
            "outscale_security_group.sg_DSNA",
            "outscale_subnet.subnet_1",
            "outscale_vm.scdsnarancher"
          ]
        }
      ]
    },
    {
      "mode": "managed",
      "type": "outscale_volume",
      "name": "volume_storage",
      "provider": "provider[\"registry.terraform.io/outscale-dev/outscale\"]",
      "instances": [
        {
          "index_key": 0,
          "schema_version": 0,
          "attributes": {
            "id": "vol-77ec6300",
            "iops": 150,
            "linked_volumes": [],
            "request_id": null,
            "size": 80,
            "snapshot_id": "",
            "state": "available",
            "subregion_name": "cloudgouv-eu-west-1a",
            "tags": [
              {
                "key": "name",
                "value": "storage_volume1"
              }
            ],
            "volume_id": "vol-77ec6300",
            "volume_type": "io1"
          },
          "sensitive_attributes": [],
          "private": "bnVsbA==",
          "dependencies": [
            "outscale_net.vpc_DSNA",
            "outscale_security_group.sg_DSNA",
            "outscale_subnet.subnet_1",
            "outscale_vm.scdsnastorage"
          ]
        },
        {
          "index_key": 1,
          "schema_version": 0,
          "attributes": {
            "id": "vol-de423395",
            "iops": 150,
            "linked_volumes": [],
            "request_id": null,
            "size": 80,
            "snapshot_id": "",
            "state": "available",
            "subregion_name": "cloudgouv-eu-west-1a",
            "tags": [
              {
                "key": "name",
                "value": "storage_volume2"
              }
            ],
            "volume_id": "vol-de423395",
            "volume_type": "io1"
          },
          "sensitive_attributes": [],
          "private": "bnVsbA==",
          "dependencies": [
            "outscale_net.vpc_DSNA",
            "outscale_security_group.sg_DSNA",
            "outscale_subnet.subnet_1",
            "outscale_vm.scdsnastorage"
          ]
        },
        {
          "index_key": 2,
          "schema_version": 0,
          "attributes": {
            "id": "vol-e2abf8a1",
            "iops": 150,
            "linked_volumes": [],
            "request_id": null,
            "size": 80,
            "snapshot_id": "",
            "state": "available",
            "subregion_name": "cloudgouv-eu-west-1a",
            "tags": [
              {
                "key": "name",
                "value": "storage_volume3"
              }
            ],
            "volume_id": "vol-e2abf8a1",
            "volume_type": "io1"
          },
          "sensitive_attributes": [],
          "private": "bnVsbA==",
          "dependencies": [
            "outscale_net.vpc_DSNA",
            "outscale_security_group.sg_DSNA",
            "outscale_subnet.subnet_1",
            "outscale_vm.scdsnastorage"
          ]
        },
        {
          "index_key": 3,
          "schema_version": 0,
          "attributes": {
            "id": "vol-93919274",
            "iops": 150,
            "linked_volumes": [],
            "request_id": null,
            "size": 80,
            "snapshot_id": "",
            "state": "available",
            "subregion_name": "cloudgouv-eu-west-1a",
            "tags": [
              {
                "key": "name",
                "value": "storage_volume4"
              }
            ],
            "volume_id": "vol-93919274",
            "volume_type": "io1"
          },
          "sensitive_attributes": [],
          "private": "bnVsbA==",
          "dependencies": [
            "outscale_net.vpc_DSNA",
            "outscale_security_group.sg_DSNA",
            "outscale_subnet.subnet_1",
            "outscale_vm.scdsnastorage"
          ]
        },
        {
          "index_key": 4,
          "schema_version": 0,
          "attributes": {
            "id": "vol-c1e025bc",
            "iops": 150,
            "linked_volumes": [],
            "request_id": null,
            "size": 80,
            "snapshot_id": "",
            "state": "available",
            "subregion_name": "cloudgouv-eu-west-1a",
            "tags": [
              {
                "key": "name",
                "value": "storage_volume5"
              }
            ],
            "volume_id": "vol-c1e025bc",
            "volume_type": "io1"
          },
          "sensitive_attributes": [],
          "private": "bnVsbA==",
          "dependencies": [
            "outscale_net.vpc_DSNA",
            "outscale_security_group.sg_DSNA",
            "outscale_subnet.subnet_1",
            "outscale_vm.scdsnastorage"
          ]
        },
        {
          "index_key": 5,
          "schema_version": 0,
          "attributes": {
            "id": "vol-d07c92c2",
            "iops": 150,
            "linked_volumes": [],
            "request_id": null,
            "size": 80,
            "snapshot_id": "",
            "state": "available",
            "subregion_name": "cloudgouv-eu-west-1a",
            "tags": [
              {
                "key": "name",
                "value": "storage_volume6"
              }
            ],
            "volume_id": "vol-d07c92c2",
            "volume_type": "io1"
          },
          "sensitive_attributes": [],
          "private": "bnVsbA==",
          "dependencies": [
            "outscale_net.vpc_DSNA",
            "outscale_security_group.sg_DSNA",
            "outscale_subnet.subnet_1",
            "outscale_vm.scdsnastorage"
          ]
        },
        {
          "index_key": 6,
          "schema_version": 0,
          "attributes": {
            "id": "vol-c7ea1172",
            "iops": 150,
            "linked_volumes": [],
            "request_id": null,
            "size": 80,
            "snapshot_id": "",
            "state": "available",
            "subregion_name": "cloudgouv-eu-west-1a",
            "tags": [
              {
                "key": "name",
                "value": "storage_volume7"
              }
            ],
            "volume_id": "vol-c7ea1172",
            "volume_type": "io1"
          },
          "sensitive_attributes": [],
          "private": "bnVsbA==",
          "dependencies": [
            "outscale_net.vpc_DSNA",
            "outscale_security_group.sg_DSNA",
            "outscale_subnet.subnet_1",
            "outscale_vm.scdsnastorage"
          ]
        },
        {
          "index_key": 7,
          "schema_version": 0,
          "attributes": {
            "id": "vol-047a25d3",
            "iops": 150,
            "linked_volumes": [],
            "request_id": null,
            "size": 80,
            "snapshot_id": "",
            "state": "available",
            "subregion_name": "cloudgouv-eu-west-1a",
            "tags": [
              {
                "key": "name",
                "value": "storage_volume8"
              }
            ],
            "volume_id": "vol-047a25d3",
            "volume_type": "io1"
          },
          "sensitive_attributes": [],
          "private": "bnVsbA==",
          "dependencies": [
            "outscale_net.vpc_DSNA",
            "outscale_security_group.sg_DSNA",
            "outscale_subnet.subnet_1",
            "outscale_vm.scdsnastorage"
          ]
        },
        {
          "index_key": 8,
          "schema_version": 0,
          "attributes": {
            "id": "vol-95b5042e",
            "iops": 150,
            "linked_volumes": [],
            "request_id": null,
            "size": 80,
            "snapshot_id": "",
            "state": "available",
            "subregion_name": "cloudgouv-eu-west-1a",
            "tags": [
              {
                "key": "name",
                "value": "storage_volume9"
              }
            ],
            "volume_id": "vol-95b5042e",
            "volume_type": "io1"
          },
          "sensitive_attributes": [],
          "private": "bnVsbA==",
          "dependencies": [
            "outscale_net.vpc_DSNA",
            "outscale_security_group.sg_DSNA",
            "outscale_subnet.subnet_1",
            "outscale_vm.scdsnastorage"
          ]
        },
        {
          "index_key": 9,
          "schema_version": 0,
          "attributes": {
            "id": "vol-9dc459a4",
            "iops": 150,
            "linked_volumes": [],
            "request_id": null,
            "size": 80,
            "snapshot_id": "",
            "state": "available",
            "subregion_name": "cloudgouv-eu-west-1a",
            "tags": [
              {
                "key": "name",
                "value": "storage_volume10"
              }
            ],
            "volume_id": "vol-9dc459a4",
            "volume_type": "io1"
          },
          "sensitive_attributes": [],
          "private": "bnVsbA==",
          "dependencies": [
            "outscale_net.vpc_DSNA",
            "outscale_security_group.sg_DSNA",
            "outscale_subnet.subnet_1",
            "outscale_vm.scdsnastorage"
          ]
        },
        {
          "index_key": 10,
          "schema_version": 0,
          "attributes": {
            "id": "vol-4a917ebd",
            "iops": 150,
            "linked_volumes": [],
            "request_id": null,
            "size": 80,
            "snapshot_id": "",
            "state": "available",
            "subregion_name": "cloudgouv-eu-west-1a",
            "tags": [
              {
                "key": "name",
                "value": "storage_volume11"
              }
            ],
            "volume_id": "vol-4a917ebd",
            "volume_type": "io1"
          },
          "sensitive_attributes": [],
          "private": "bnVsbA==",
          "dependencies": [
            "outscale_net.vpc_DSNA",
            "outscale_security_group.sg_DSNA",
            "outscale_subnet.subnet_1",
            "outscale_vm.scdsnastorage"
          ]
        },
        {
          "index_key": 11,
          "schema_version": 0,
          "attributes": {
            "id": "vol-64456fbb",
            "iops": 150,
            "linked_volumes": [],
            "request_id": null,
            "size": 80,
            "snapshot_id": "",
            "state": "available",
            "subregion_name": "cloudgouv-eu-west-1a",
            "tags": [
              {
                "key": "name",
                "value": "storage_volume12"
              }
            ],
            "volume_id": "vol-64456fbb",
            "volume_type": "io1"
          },
          "sensitive_attributes": [],
          "private": "bnVsbA==",
          "dependencies": [
            "outscale_net.vpc_DSNA",
            "outscale_security_group.sg_DSNA",
            "outscale_subnet.subnet_1",
            "outscale_vm.scdsnastorage"
          ]
        },
        {
          "index_key": 12,
          "schema_version": 0,
          "attributes": {
            "id": "vol-2a4f2889",
            "iops": 150,
            "linked_volumes": [],
            "request_id": null,
            "size": 80,
            "snapshot_id": "",
            "state": "available",
            "subregion_name": "cloudgouv-eu-west-1a",
            "tags": [
              {
                "key": "name",
                "value": "storage_volume13"
              }
            ],
            "volume_id": "vol-2a4f2889",
            "volume_type": "io1"
          },
          "sensitive_attributes": [],
          "private": "bnVsbA==",
          "dependencies": [
            "outscale_net.vpc_DSNA",
            "outscale_security_group.sg_DSNA",
            "outscale_subnet.subnet_1",
            "outscale_vm.scdsnastorage"
          ]
        },
        {
          "index_key": 13,
          "schema_version": 0,
          "attributes": {
            "id": "vol-4bf88c8d",
            "iops": 150,
            "linked_volumes": [],
            "request_id": null,
            "size": 80,
            "snapshot_id": "",
            "state": "available",
            "subregion_name": "cloudgouv-eu-west-1a",
            "tags": [
              {
                "key": "name",
                "value": "storage_volume14"
              }
            ],
            "volume_id": "vol-4bf88c8d",
            "volume_type": "io1"
          },
          "sensitive_attributes": [],
          "private": "bnVsbA==",
          "dependencies": [
            "outscale_net.vpc_DSNA",
            "outscale_security_group.sg_DSNA",
            "outscale_subnet.subnet_1",
            "outscale_vm.scdsnastorage"
          ]
        },
        {
          "index_key": 14,
          "schema_version": 0,
          "attributes": {
            "id": "vol-71024394",
            "iops": 150,
            "linked_volumes": [],
            "request_id": null,
            "size": 80,
            "snapshot_id": "",
            "state": "available",
            "subregion_name": "cloudgouv-eu-west-1a",
            "tags": [
              {
                "key": "name",
                "value": "storage_volume15"
              }
            ],
            "volume_id": "vol-71024394",
            "volume_type": "io1"
          },
          "sensitive_attributes": [],
          "private": "bnVsbA==",
          "dependencies": [
            "outscale_net.vpc_DSNA",
            "outscale_security_group.sg_DSNA",
            "outscale_subnet.subnet_1",
            "outscale_vm.scdsnastorage"
          ]
        }
      ]
    },
    {
      "mode": "managed",
      "type": "outscale_volumes_link",
      "name": "volume_link_backup",
      "provider": "provider[\"registry.terraform.io/outscale-dev/outscale\"]",
      "instances": [
        {
          "index_key": 0,
          "schema_version": 0,
          "attributes": {
            "delete_on_vm_termination": false,
            "device_name": "/dev/xvdb",
            "force_unlink": null,
            "id": "vol-ec0382ee",
            "request_id": null,
            "state": "attached",
            "timeouts": null,
            "vm_id": "i-5a4c3b52",
            "volume_id": "vol-ec0382ee"
          },
          "sensitive_attributes": [],
          "private": "eyJlMmJmYjczMC1lY2FhLTExZTYtOGY4OC0zNDM2M2JjN2M0YzAiOnsiY3JlYXRlIjo2MDAwMDAwMDAwMDAsImRlbGV0ZSI6NjAwMDAwMDAwMDAwfX0=",
          "dependencies": [
            "outscale_net.vpc_BACKUP",
            "outscale_security_group.sg_BACKUP",
            "outscale_subnet.subnet_BACKUP",
            "outscale_vm.scdsnaBACKUP",
            "outscale_volume.volume_backup"
          ]
        },
        {
          "index_key": 1,
          "schema_version": 0,
          "attributes": {
            "delete_on_vm_termination": false,
            "device_name": "/dev/xvdc",
            "force_unlink": null,
            "id": "vol-8778fb6b",
            "request_id": null,
            "state": "attached",
            "timeouts": null,
            "vm_id": "i-5a4c3b52",
            "volume_id": "vol-8778fb6b"
          },
          "sensitive_attributes": [],
          "private": "eyJlMmJmYjczMC1lY2FhLTExZTYtOGY4OC0zNDM2M2JjN2M0YzAiOnsiY3JlYXRlIjo2MDAwMDAwMDAwMDAsImRlbGV0ZSI6NjAwMDAwMDAwMDAwfX0=",
          "dependencies": [
            "outscale_net.vpc_BACKUP",
            "outscale_security_group.sg_BACKUP",
            "outscale_subnet.subnet_BACKUP",
            "outscale_vm.scdsnaBACKUP",
            "outscale_volume.volume_backup"
          ]
        },
        {
          "index_key": 2,
          "schema_version": 0,
          "attributes": {
            "delete_on_vm_termination": false,
            "device_name": "/dev/xvdd",
            "force_unlink": null,
            "id": "vol-e1f5d66a",
            "request_id": null,
            "state": "attached",
            "timeouts": null,
            "vm_id": "i-5a4c3b52",
            "volume_id": "vol-e1f5d66a"
          },
          "sensitive_attributes": [],
          "private": "eyJlMmJmYjczMC1lY2FhLTExZTYtOGY4OC0zNDM2M2JjN2M0YzAiOnsiY3JlYXRlIjo2MDAwMDAwMDAwMDAsImRlbGV0ZSI6NjAwMDAwMDAwMDAwfX0=",
          "dependencies": [
            "outscale_net.vpc_BACKUP",
            "outscale_security_group.sg_BACKUP",
            "outscale_subnet.subnet_BACKUP",
            "outscale_vm.scdsnaBACKUP",
            "outscale_volume.volume_backup"
          ]
        },
        {
          "index_key": 3,
          "schema_version": 0,
          "attributes": {
            "delete_on_vm_termination": false,
            "device_name": "/dev/xvde",
            "force_unlink": null,
            "id": "vol-5216c1c8",
            "request_id": null,
            "state": "attached",
            "timeouts": null,
            "vm_id": "i-5a4c3b52",
            "volume_id": "vol-5216c1c8"
          },
          "sensitive_attributes": [],
          "private": "eyJlMmJmYjczMC1lY2FhLTExZTYtOGY4OC0zNDM2M2JjN2M0YzAiOnsiY3JlYXRlIjo2MDAwMDAwMDAwMDAsImRlbGV0ZSI6NjAwMDAwMDAwMDAwfX0=",
          "dependencies": [
            "outscale_net.vpc_BACKUP",
            "outscale_security_group.sg_BACKUP",
            "outscale_subnet.subnet_BACKUP",
            "outscale_vm.scdsnaBACKUP",
            "outscale_volume.volume_backup"
          ]
        }
      ]
    },
    {
      "mode": "managed",
      "type": "outscale_volumes_link",
      "name": "volume_link_rancher",
      "provider": "provider[\"registry.terraform.io/outscale-dev/outscale\"]",
      "instances": [
        {
          "index_key": 0,
          "schema_version": 0,
          "attributes": {
            "delete_on_vm_termination": false,
            "device_name": "/dev/xvdb",
            "force_unlink": null,
            "id": "vol-729e5953",
            "request_id": null,
            "state": "attached",
            "timeouts": null,
            "vm_id": "i-93773dce",
            "volume_id": "vol-729e5953"
          },
          "sensitive_attributes": [],
          "private": "eyJlMmJmYjczMC1lY2FhLTExZTYtOGY4OC0zNDM2M2JjN2M0YzAiOnsiY3JlYXRlIjo2MDAwMDAwMDAwMDAsImRlbGV0ZSI6NjAwMDAwMDAwMDAwfX0=",
          "dependencies": [
            "outscale_net.vpc_DSNA",
            "outscale_security_group.sg_DSNA",
            "outscale_subnet.subnet_1",
            "outscale_vm.scdsnarancher",
            "outscale_volume.volume_rancher"
          ]
        }
      ]
    },
    {
      "mode": "managed",
      "type": "outscale_volumes_link",
      "name": "volume_link_storage",
      "provider": "provider[\"registry.terraform.io/outscale-dev/outscale\"]",
      "instances": [
        {
          "index_key": 0,
          "schema_version": 0,
          "attributes": {
            "delete_on_vm_termination": false,
            "device_name": "/dev/xvdb",
            "force_unlink": null,
            "id": "vol-77ec6300",
            "request_id": null,
            "state": "attached",
            "timeouts": null,
            "vm_id": "i-8b84649c",
            "volume_id": "vol-77ec6300"
          },
          "sensitive_attributes": [],
          "private": "eyJlMmJmYjczMC1lY2FhLTExZTYtOGY4OC0zNDM2M2JjN2M0YzAiOnsiY3JlYXRlIjo2MDAwMDAwMDAwMDAsImRlbGV0ZSI6NjAwMDAwMDAwMDAwfX0=",
          "dependencies": [
            "outscale_net.vpc_DSNA",
            "outscale_security_group.sg_DSNA",
            "outscale_subnet.subnet_1",
            "outscale_vm.scdsnastorage",
            "outscale_volume.volume_storage"
          ]
        },
        {
          "index_key": 1,
          "schema_version": 0,
          "attributes": {
            "delete_on_vm_termination": false,
            "device_name": "/dev/xvdc",
            "force_unlink": null,
            "id": "vol-de423395",
            "request_id": null,
            "state": "attached",
            "timeouts": null,
            "vm_id": "i-8b84649c",
            "volume_id": "vol-de423395"
          },
          "sensitive_attributes": [],
          "private": "eyJlMmJmYjczMC1lY2FhLTExZTYtOGY4OC0zNDM2M2JjN2M0YzAiOnsiY3JlYXRlIjo2MDAwMDAwMDAwMDAsImRlbGV0ZSI6NjAwMDAwMDAwMDAwfX0=",
          "dependencies": [
            "outscale_net.vpc_DSNA",
            "outscale_security_group.sg_DSNA",
            "outscale_subnet.subnet_1",
            "outscale_vm.scdsnastorage",
            "outscale_volume.volume_storage"
          ]
        },
        {
          "index_key": 2,
          "schema_version": 0,
          "attributes": {
            "delete_on_vm_termination": false,
            "device_name": "/dev/xvdd",
            "force_unlink": null,
            "id": "vol-e2abf8a1",
            "request_id": null,
            "state": "attached",
            "timeouts": null,
            "vm_id": "i-8b84649c",
            "volume_id": "vol-e2abf8a1"
          },
          "sensitive_attributes": [],
          "private": "eyJlMmJmYjczMC1lY2FhLTExZTYtOGY4OC0zNDM2M2JjN2M0YzAiOnsiY3JlYXRlIjo2MDAwMDAwMDAwMDAsImRlbGV0ZSI6NjAwMDAwMDAwMDAwfX0=",
          "dependencies": [
            "outscale_net.vpc_DSNA",
            "outscale_security_group.sg_DSNA",
            "outscale_subnet.subnet_1",
            "outscale_vm.scdsnastorage",
            "outscale_volume.volume_storage"
          ]
        },
        {
          "index_key": 3,
          "schema_version": 0,
          "attributes": {
            "delete_on_vm_termination": false,
            "device_name": "/dev/xvde",
            "force_unlink": null,
            "id": "vol-93919274",
            "request_id": null,
            "state": "attached",
            "timeouts": null,
            "vm_id": "i-8b84649c",
            "volume_id": "vol-93919274"
          },
          "sensitive_attributes": [],
          "private": "eyJlMmJmYjczMC1lY2FhLTExZTYtOGY4OC0zNDM2M2JjN2M0YzAiOnsiY3JlYXRlIjo2MDAwMDAwMDAwMDAsImRlbGV0ZSI6NjAwMDAwMDAwMDAwfX0=",
          "dependencies": [
            "outscale_net.vpc_DSNA",
            "outscale_security_group.sg_DSNA",
            "outscale_subnet.subnet_1",
            "outscale_vm.scdsnastorage",
            "outscale_volume.volume_storage"
          ]
        },
        {
          "index_key": 4,
          "schema_version": 0,
          "attributes": {
            "delete_on_vm_termination": false,
            "device_name": "/dev/xvdf",
            "force_unlink": null,
            "id": "vol-c1e025bc",
            "request_id": null,
            "state": "attached",
            "timeouts": null,
            "vm_id": "i-8b84649c",
            "volume_id": "vol-c1e025bc"
          },
          "sensitive_attributes": [],
          "private": "eyJlMmJmYjczMC1lY2FhLTExZTYtOGY4OC0zNDM2M2JjN2M0YzAiOnsiY3JlYXRlIjo2MDAwMDAwMDAwMDAsImRlbGV0ZSI6NjAwMDAwMDAwMDAwfX0=",
          "dependencies": [
            "outscale_net.vpc_DSNA",
            "outscale_security_group.sg_DSNA",
            "outscale_subnet.subnet_1",
            "outscale_vm.scdsnastorage",
            "outscale_volume.volume_storage"
          ]
        },
        {
          "index_key": 5,
          "schema_version": 0,
          "attributes": {
            "delete_on_vm_termination": false,
            "device_name": "/dev/xvdb",
            "force_unlink": null,
            "id": "vol-d07c92c2",
            "request_id": null,
            "state": "attached",
            "timeouts": null,
            "vm_id": "i-930891f9",
            "volume_id": "vol-d07c92c2"
          },
          "sensitive_attributes": [],
          "private": "eyJlMmJmYjczMC1lY2FhLTExZTYtOGY4OC0zNDM2M2JjN2M0YzAiOnsiY3JlYXRlIjo2MDAwMDAwMDAwMDAsImRlbGV0ZSI6NjAwMDAwMDAwMDAwfX0=",
          "dependencies": [
            "outscale_net.vpc_DSNA",
            "outscale_security_group.sg_DSNA",
            "outscale_subnet.subnet_1",
            "outscale_vm.scdsnastorage",
            "outscale_volume.volume_storage"
          ]
        },
        {
          "index_key": 6,
          "schema_version": 0,
          "attributes": {
            "delete_on_vm_termination": false,
            "device_name": "/dev/xvdc",
            "force_unlink": null,
            "id": "vol-c7ea1172",
            "request_id": null,
            "state": "attached",
            "timeouts": null,
            "vm_id": "i-930891f9",
            "volume_id": "vol-c7ea1172"
          },
          "sensitive_attributes": [],
          "private": "eyJlMmJmYjczMC1lY2FhLTExZTYtOGY4OC0zNDM2M2JjN2M0YzAiOnsiY3JlYXRlIjo2MDAwMDAwMDAwMDAsImRlbGV0ZSI6NjAwMDAwMDAwMDAwfX0=",
          "dependencies": [
            "outscale_net.vpc_DSNA",
            "outscale_security_group.sg_DSNA",
            "outscale_subnet.subnet_1",
            "outscale_vm.scdsnastorage",
            "outscale_volume.volume_storage"
          ]
        },
        {
          "index_key": 7,
          "schema_version": 0,
          "attributes": {
            "delete_on_vm_termination": false,
            "device_name": "/dev/xvdd",
            "force_unlink": null,
            "id": "vol-047a25d3",
            "request_id": null,
            "state": "attached",
            "timeouts": null,
            "vm_id": "i-930891f9",
            "volume_id": "vol-047a25d3"
          },
          "sensitive_attributes": [],
          "private": "eyJlMmJmYjczMC1lY2FhLTExZTYtOGY4OC0zNDM2M2JjN2M0YzAiOnsiY3JlYXRlIjo2MDAwMDAwMDAwMDAsImRlbGV0ZSI6NjAwMDAwMDAwMDAwfX0=",
          "dependencies": [
            "outscale_net.vpc_DSNA",
            "outscale_security_group.sg_DSNA",
            "outscale_subnet.subnet_1",
            "outscale_vm.scdsnastorage",
            "outscale_volume.volume_storage"
          ]
        },
        {
          "index_key": 8,
          "schema_version": 0,
          "attributes": {
            "delete_on_vm_termination": false,
            "device_name": "/dev/xvde",
            "force_unlink": null,
            "id": "vol-95b5042e",
            "request_id": null,
            "state": "attached",
            "timeouts": null,
            "vm_id": "i-930891f9",
            "volume_id": "vol-95b5042e"
          },
          "sensitive_attributes": [],
          "private": "eyJlMmJmYjczMC1lY2FhLTExZTYtOGY4OC0zNDM2M2JjN2M0YzAiOnsiY3JlYXRlIjo2MDAwMDAwMDAwMDAsImRlbGV0ZSI6NjAwMDAwMDAwMDAwfX0=",
          "dependencies": [
            "outscale_net.vpc_DSNA",
            "outscale_security_group.sg_DSNA",
            "outscale_subnet.subnet_1",
            "outscale_vm.scdsnastorage",
            "outscale_volume.volume_storage"
          ]
        },
        {
          "index_key": 9,
          "schema_version": 0,
          "attributes": {
            "delete_on_vm_termination": false,
            "device_name": "/dev/xvdf",
            "force_unlink": null,
            "id": "vol-9dc459a4",
            "request_id": null,
            "state": "attached",
            "timeouts": null,
            "vm_id": "i-930891f9",
            "volume_id": "vol-9dc459a4"
          },
          "sensitive_attributes": [],
          "private": "eyJlMmJmYjczMC1lY2FhLTExZTYtOGY4OC0zNDM2M2JjN2M0YzAiOnsiY3JlYXRlIjo2MDAwMDAwMDAwMDAsImRlbGV0ZSI6NjAwMDAwMDAwMDAwfX0=",
          "dependencies": [
            "outscale_net.vpc_DSNA",
            "outscale_security_group.sg_DSNA",
            "outscale_subnet.subnet_1",
            "outscale_vm.scdsnastorage",
            "outscale_volume.volume_storage"
          ]
        },
        {
          "index_key": 10,
          "schema_version": 0,
          "attributes": {
            "delete_on_vm_termination": false,
            "device_name": "/dev/xvdb",
            "force_unlink": null,
            "id": "vol-4a917ebd",
            "request_id": null,
            "state": "attached",
            "timeouts": null,
            "vm_id": "i-114ff047",
            "volume_id": "vol-4a917ebd"
          },
          "sensitive_attributes": [],
          "private": "eyJlMmJmYjczMC1lY2FhLTExZTYtOGY4OC0zNDM2M2JjN2M0YzAiOnsiY3JlYXRlIjo2MDAwMDAwMDAwMDAsImRlbGV0ZSI6NjAwMDAwMDAwMDAwfX0=",
          "dependencies": [
            "outscale_net.vpc_DSNA",
            "outscale_security_group.sg_DSNA",
            "outscale_subnet.subnet_1",
            "outscale_vm.scdsnastorage",
            "outscale_volume.volume_storage"
          ]
        },
        {
          "index_key": 11,
          "schema_version": 0,
          "attributes": {
            "delete_on_vm_termination": false,
            "device_name": "/dev/xvdc",
            "force_unlink": null,
            "id": "vol-64456fbb",
            "request_id": null,
            "state": "attached",
            "timeouts": null,
            "vm_id": "i-114ff047",
            "volume_id": "vol-64456fbb"
          },
          "sensitive_attributes": [],
          "private": "eyJlMmJmYjczMC1lY2FhLTExZTYtOGY4OC0zNDM2M2JjN2M0YzAiOnsiY3JlYXRlIjo2MDAwMDAwMDAwMDAsImRlbGV0ZSI6NjAwMDAwMDAwMDAwfX0=",
          "dependencies": [
            "outscale_net.vpc_DSNA",
            "outscale_security_group.sg_DSNA",
            "outscale_subnet.subnet_1",
            "outscale_vm.scdsnastorage",
            "outscale_volume.volume_storage"
          ]
        },
        {
          "index_key": 12,
          "schema_version": 0,
          "attributes": {
            "delete_on_vm_termination": false,
            "device_name": "/dev/xvdd",
            "force_unlink": null,
            "id": "vol-2a4f2889",
            "request_id": null,
            "state": "attached",
            "timeouts": null,
            "vm_id": "i-114ff047",
            "volume_id": "vol-2a4f2889"
          },
          "sensitive_attributes": [],
          "private": "eyJlMmJmYjczMC1lY2FhLTExZTYtOGY4OC0zNDM2M2JjN2M0YzAiOnsiY3JlYXRlIjo2MDAwMDAwMDAwMDAsImRlbGV0ZSI6NjAwMDAwMDAwMDAwfX0=",
          "dependencies": [
            "outscale_net.vpc_DSNA",
            "outscale_security_group.sg_DSNA",
            "outscale_subnet.subnet_1",
            "outscale_vm.scdsnastorage",
            "outscale_volume.volume_storage"
          ]
        },
        {
          "index_key": 13,
          "schema_version": 0,
          "attributes": {
            "delete_on_vm_termination": false,
            "device_name": "/dev/xvde",
            "force_unlink": null,
            "id": "vol-4bf88c8d",
            "request_id": null,
            "state": "attached",
            "timeouts": null,
            "vm_id": "i-114ff047",
            "volume_id": "vol-4bf88c8d"
          },
          "sensitive_attributes": [],
          "private": "eyJlMmJmYjczMC1lY2FhLTExZTYtOGY4OC0zNDM2M2JjN2M0YzAiOnsiY3JlYXRlIjo2MDAwMDAwMDAwMDAsImRlbGV0ZSI6NjAwMDAwMDAwMDAwfX0=",
          "dependencies": [
            "outscale_net.vpc_DSNA",
            "outscale_security_group.sg_DSNA",
            "outscale_subnet.subnet_1",
            "outscale_vm.scdsnastorage",
            "outscale_volume.volume_storage"
          ]
        },
        {
          "index_key": 14,
          "schema_version": 0,
          "attributes": {
            "delete_on_vm_termination": false,
            "device_name": "/dev/xvdf",
            "force_unlink": null,
            "id": "vol-71024394",
            "request_id": null,
            "state": "attached",
            "timeouts": null,
            "vm_id": "i-114ff047",
            "volume_id": "vol-71024394"
          },
          "sensitive_attributes": [],
          "private": "eyJlMmJmYjczMC1lY2FhLTExZTYtOGY4OC0zNDM2M2JjN2M0YzAiOnsiY3JlYXRlIjo2MDAwMDAwMDAwMDAsImRlbGV0ZSI6NjAwMDAwMDAwMDAwfX0=",
          "dependencies": [
            "outscale_net.vpc_DSNA",
            "outscale_security_group.sg_DSNA",
            "outscale_subnet.subnet_1",
            "outscale_vm.scdsnastorage",
            "outscale_volume.volume_storage"
          ]
        }
      ]
    }
  ]
}
