{
  "version": 4,
  "terraform_version": "1.2.7",
  "serial": 535,
  "lineage": "4580faf3-4c10-54c0-789c-6184818d4c92",
  "outputs": {
    "DSNA_bastion_eip": {
      "value": "148.253.96.156",
      "type": "string"
    },
    "DSNA_bastion_ip": {
      "value": [
        [
          "10.1.0.5"
        ]
      ],
      "type": [
        "tuple",
        [
          [
            "list",
            "string"
          ]
        ]
      ]
    },
    "DSNA_db_ip": {
      "value": [
        [
          "10.1.0.40"
        ]
      ],
      "type": [
        "tuple",
        [
          [
            "list",
            "string"
          ]
        ]
      ]
    },
    "DSNA_rancher_eip": {
      "value": "148.253.98.2",
      "type": "string"
    },
    "DSNA_rancher_ip": {
      "value": [
        [
          "10.1.0.6"
        ]
      ],
      "type": [
        "tuple",
        [
          [
            "list",
            "string"
          ]
        ]
      ]
    },
    "DSNA_storage_ip": {
      "value": [
        [
          "10.1.0.60"
        ],
        [
          "10.1.0.61"
        ],
        [
          "10.1.0.62"
        ]
      ],
      "type": [
        "tuple",
        [
          [
            "list",
            "string"
          ],
          [
            "list",
            "string"
          ],
          [
            "list",
            "string"
          ]
        ]
      ]
    },
    "DSNA_vpc_eip": {
      "value": "80.247.12.15",
      "type": "string"
    },
    "DSNA_ws_ip": {
      "value": [
        [
          "10.1.0.20"
        ],
        [
          "10.1.0.21"
        ],
        [
          "10.1.0.22"
        ]
      ],
      "type": [
        "tuple",
        [
          [
            "list",
            "string"
          ],
          [
            "list",
            "string"
          ],
          [
            "list",
            "string"
          ]
        ]
      ]
    }
  },
  "resources": [
    {
      "mode": "managed",
      "type": "outscale_internet_service",
      "name": "is_BACKUP",
      "provider": "provider[\"registry.terraform.io/outscale-dev/outscale\"]",
      "instances": [
        {
          "schema_version": 0,
          "attributes": {
            "id": "igw-717922bc",
            "internet_service_id": "igw-717922bc",
            "net_id": "vpc-3e720bf8",
            "request_id": null,
            "state": "available",
            "tags": []
          },
          "sensitive_attributes": [],
          "private": "bnVsbA=="
        }
      ]
    },
    {
      "mode": "managed",
      "type": "outscale_internet_service",
      "name": "is_DSNA",
      "provider": "provider[\"registry.terraform.io/outscale-dev/outscale\"]",
      "instances": [
        {
          "schema_version": 0,
          "attributes": {
            "id": "igw-88845c5b",
            "internet_service_id": "igw-88845c5b",
            "net_id": "vpc-bb1e7492",
            "request_id": null,
            "state": "available",
            "tags": []
          },
          "sensitive_attributes": [],
          "private": "bnVsbA=="
        }
      ]
    },
    {
      "mode": "managed",
      "type": "outscale_internet_service_link",
      "name": "is_link_1",
      "provider": "provider[\"registry.terraform.io/outscale-dev/outscale\"]",
      "instances": [
        {
          "schema_version": 0,
          "attributes": {
            "id": "igw-88845c5b",
            "internet_service_id": "igw-88845c5b",
            "net_id": "vpc-bb1e7492",
            "request_id": null,
            "state": "available",
            "tags": []
          },
          "sensitive_attributes": [],
          "private": "bnVsbA==",
          "dependencies": [
            "outscale_internet_service.is_DSNA",
            "outscale_net.vpc_DSNA"
          ]
        }
      ]
    },
    {
      "mode": "managed",
      "type": "outscale_internet_service_link",
      "name": "is_link_BACKUP",
      "provider": "provider[\"registry.terraform.io/outscale-dev/outscale\"]",
      "instances": [
        {
          "schema_version": 0,
          "attributes": {
            "id": "igw-717922bc",
            "internet_service_id": "igw-717922bc",
            "net_id": "vpc-3e720bf8",
            "request_id": null,
            "state": "available",
            "tags": []
          },
          "sensitive_attributes": [],
          "private": "bnVsbA==",
          "dependencies": [
            "outscale_internet_service.is_BACKUP",
            "outscale_net.vpc_BACKUP"
          ]
        }
      ]
    },
    {
      "mode": "managed",
      "type": "outscale_net",
      "name": "vpc_BACKUP",
      "provider": "provider[\"registry.terraform.io/outscale-dev/outscale\"]",
      "instances": [
        {
          "schema_version": 0,
          "attributes": {
            "dhcp_options_set_id": "dopt-909f43aa",
            "id": "vpc-3e720bf8",
            "ip_range": "10.2.0.0/16",
            "net_id": "vpc-3e720bf8",
            "request_id": null,
            "state": "available",
            "tags": [
              {
                "key": "name",
                "value": "BACKUP"
              }
            ],
            "tenancy": "default"
          },
          "sensitive_attributes": [],
          "private": "bnVsbA=="
        }
      ]
    },
    {
      "mode": "managed",
      "type": "outscale_net",
      "name": "vpc_DSNA",
      "provider": "provider[\"registry.terraform.io/outscale-dev/outscale\"]",
      "instances": [
        {
          "schema_version": 0,
          "attributes": {
            "dhcp_options_set_id": "dopt-909f43aa",
            "id": "vpc-bb1e7492",
            "ip_range": "10.1.0.0/16",
            "net_id": "vpc-bb1e7492",
            "request_id": null,
            "state": "available",
            "tags": [
              {
                "key": "name",
                "value": "DSNA"
              }
            ],
            "tenancy": "default"
          },
          "sensitive_attributes": [],
          "private": "bnVsbA=="
        }
      ]
    },
    {
      "mode": "managed",
      "type": "outscale_net_peering",
      "name": "net_peering_BACKUP",
      "provider": "provider[\"registry.terraform.io/outscale-dev/outscale\"]",
      "instances": [
        {
          "schema_version": 0,
          "attributes": {
            "accepter_net": {
              "account_id": "289079107901",
              "ip_range": "10.2.0.0/16",
              "net_id": "vpc-3e720bf8"
            },
            "accepter_net_id": "vpc-3e720bf8",
            "id": "pcx-17bbad70",
            "net_peering_id": "pcx-17bbad70",
            "request_id": null,
            "source_net": {
              "account_id": "289079107901",
              "ip_range": "10.1.0.0/16",
              "net_id": "vpc-bb1e7492"
            },
            "source_net_account_id": null,
            "source_net_id": "vpc-bb1e7492",
            "state": {
              "message": "Pending acceptance by 289079107901",
              "name": "pending-acceptance"
            },
            "tags": [
              {
                "key": "name",
                "value": "backup"
              }
            ]
          },
          "sensitive_attributes": [],
          "private": "bnVsbA==",
          "dependencies": [
            "outscale_net.vpc_BACKUP",
            "outscale_net.vpc_DSNA"
          ]
        }
      ]
    },
    {
      "mode": "managed",
      "type": "outscale_net_peering_acceptation",
      "name": "net_peering_acceptation",
      "provider": "provider[\"registry.terraform.io/outscale-dev/outscale\"]",
      "instances": [
        {
          "status": "tainted",
          "schema_version": 0,
          "attributes": {
            "accepter_net": null,
            "accepter_net_id": null,
            "id": "pcx-17bbad70",
            "net_peering_id": "pcx-17bbad70",
            "request_id": null,
            "source_net": null,
            "source_net_id": null,
            "state": null,
            "tags": []
          },
          "sensitive_attributes": [],
          "private": "bnVsbA==",
          "dependencies": [
            "outscale_net_peering.net_peering_BACKUP"
          ]
        }
      ]
    },
    {
      "mode": "managed",
      "type": "outscale_public_ip",
      "name": "eip_BACKUP",
      "provider": "provider[\"registry.terraform.io/outscale-dev/outscale\"]",
      "instances": [
        {
          "schema_version": 0,
          "attributes": {
            "id": "eipalloc-5131ceb8",
            "link_public_ip_id": "eipassoc-91c58272",
            "nic_account_id": "",
            "nic_id": "",
            "private_ip": "",
            "public_ip": "80.247.12.255",
            "public_ip_id": "eipalloc-5131ceb8",
            "request_id": null,
            "tags": [
              {
                "key": "name",
                "value": "BACKUP"
              }
            ],
            "timeouts": null,
            "vm_id": ""
          },
          "sensitive_attributes": [],
          "private": "eyJlMmJmYjczMC1lY2FhLTExZTYtOGY4OC0zNDM2M2JjN2M0YzAiOnsiY3JlYXRlIjoxODAwMDAwMDAwMDAwLCJkZWxldGUiOjE4MDAwMDAwMDAwMDB9fQ=="
        }
      ]
    },
    {
      "mode": "managed",
      "type": "outscale_public_ip",
      "name": "eip_DSNA",
      "provider": "provider[\"registry.terraform.io/outscale-dev/outscale\"]",
      "instances": [
        {
          "schema_version": 0,
          "attributes": {
            "id": "eipalloc-71e7c707",
            "link_public_ip_id": "eipassoc-81219e72",
            "nic_account_id": "",
            "nic_id": "",
            "private_ip": "",
            "public_ip": "80.247.12.15",
            "public_ip_id": "eipalloc-71e7c707",
            "request_id": null,
            "tags": [
              {
                "key": "name",
                "value": "DSNA"
              }
            ],
            "timeouts": null,
            "vm_id": ""
          },
          "sensitive_attributes": [],
          "private": "eyJlMmJmYjczMC1lY2FhLTExZTYtOGY4OC0zNDM2M2JjN2M0YzAiOnsiY3JlYXRlIjoxODAwMDAwMDAwMDAwLCJkZWxldGUiOjE4MDAwMDAwMDAwMDB9fQ=="
        }
      ]
    },
    {
      "mode": "managed",
      "type": "outscale_public_ip",
      "name": "eip_bastion",
      "provider": "provider[\"registry.terraform.io/outscale-dev/outscale\"]",
      "instances": [
        {
          "schema_version": 0,
          "attributes": {
            "id": "eipalloc-50fd5a97",
            "link_public_ip_id": "eipassoc-2088618b",
            "nic_account_id": "289079107901",
            "nic_id": "eni-f7169cad",
            "private_ip": "10.1.0.5",
            "public_ip": "148.253.96.156",
            "public_ip_id": "eipalloc-50fd5a97",
            "request_id": null,
            "tags": [
              {
                "key": "name",
                "value": "DSNA_bastion"
              }
            ],
            "timeouts": null,
            "vm_id": "i-2b75dafa"
          },
          "sensitive_attributes": [],
          "private": "eyJlMmJmYjczMC1lY2FhLTExZTYtOGY4OC0zNDM2M2JjN2M0YzAiOnsiY3JlYXRlIjoxODAwMDAwMDAwMDAwLCJkZWxldGUiOjE4MDAwMDAwMDAwMDB9fQ=="
        }
      ]
    },
    {
      "mode": "managed",
      "type": "outscale_public_ip",
      "name": "eip_rancher",
      "provider": "provider[\"registry.terraform.io/outscale-dev/outscale\"]",
      "instances": [
        {
          "schema_version": 0,
          "attributes": {
            "id": "eipalloc-5f59ca97",
            "link_public_ip_id": "eipassoc-b239bd96",
            "nic_account_id": "289079107901",
            "nic_id": "eni-4ca6c6ed",
            "private_ip": "10.1.0.6",
            "public_ip": "148.253.98.2",
            "public_ip_id": "eipalloc-5f59ca97",
            "request_id": null,
            "tags": [
              {
                "key": "name",
                "value": "DSNA_rancher"
              }
            ],
            "timeouts": null,
            "vm_id": "i-4dccb7f9"
          },
          "sensitive_attributes": [],
          "private": "eyJlMmJmYjczMC1lY2FhLTExZTYtOGY4OC0zNDM2M2JjN2M0YzAiOnsiY3JlYXRlIjoxODAwMDAwMDAwMDAwLCJkZWxldGUiOjE4MDAwMDAwMDAwMDB9fQ=="
        }
      ]
    },
    {
      "mode": "managed",
      "type": "outscale_public_ip_link",
      "name": "eip_bastion_link",
      "provider": "provider[\"registry.terraform.io/outscale-dev/outscale\"]",
      "instances": [
        {
          "schema_version": 0,
          "attributes": {
            "allow_relink": null,
            "id": "eipassoc-2088618b",
            "link_public_ip_id": "eipassoc-2088618b",
            "nic_account_id": "289079107901",
            "nic_id": "eni-f7169cad",
            "private_ip": "10.1.0.5",
            "public_ip": "148.253.96.156",
            "public_ip_id": "eipalloc-50fd5a97",
            "request_id": null,
            "tags": [
              {
                "key": "name",
                "value": "DSNA_bastion"
              }
            ],
            "timeouts": null,
            "vm_id": "i-2b75dafa"
          },
          "sensitive_attributes": [],
          "private": "eyJlMmJmYjczMC1lY2FhLTExZTYtOGY4OC0zNDM2M2JjN2M0YzAiOnsiY3JlYXRlIjo2MDAwMDAwMDAwMDAsImRlbGV0ZSI6NjAwMDAwMDAwMDAwfX0=",
          "dependencies": [
            "outscale_net.vpc_DSNA",
            "outscale_public_ip.eip_bastion",
            "outscale_security_group.sg_DSNA",
            "outscale_subnet.subnet_1",
            "outscale_vm.scdsnabastion"
          ]
        }
      ]
    },
    {
      "mode": "managed",
      "type": "outscale_public_ip_link",
      "name": "eip_rancher_link",
      "provider": "provider[\"registry.terraform.io/outscale-dev/outscale\"]",
      "instances": [
        {
          "schema_version": 0,
          "attributes": {
            "allow_relink": null,
            "id": "eipassoc-b239bd96",
            "link_public_ip_id": "eipassoc-b239bd96",
            "nic_account_id": "289079107901",
            "nic_id": "eni-4ca6c6ed",
            "private_ip": "10.1.0.6",
            "public_ip": "148.253.98.2",
            "public_ip_id": "eipalloc-5f59ca97",
            "request_id": null,
            "tags": [
              {
                "key": "name",
                "value": "DSNA_rancher"
              }
            ],
            "timeouts": null,
            "vm_id": "i-4dccb7f9"
          },
          "sensitive_attributes": [],
          "private": "eyJlMmJmYjczMC1lY2FhLTExZTYtOGY4OC0zNDM2M2JjN2M0YzAiOnsiY3JlYXRlIjo2MDAwMDAwMDAwMDAsImRlbGV0ZSI6NjAwMDAwMDAwMDAwfX0=",
          "dependencies": [
            "outscale_net.vpc_DSNA",
            "outscale_public_ip.eip_rancher",
            "outscale_security_group.sg_DSNA",
            "outscale_subnet.subnet_1",
            "outscale_vm.scdsnarancher"
          ]
        }
      ]
    },
    {
      "mode": "managed",
      "type": "outscale_route",
      "name": "route_1",
      "provider": "provider[\"registry.terraform.io/outscale-dev/outscale\"]",
      "instances": [
        {
          "schema_version": 0,
          "attributes": {
            "await_active_state": true,
            "creation_method": "CreateRoute",
            "destination_ip_range": "0.0.0.0/0",
            "destination_service_id": "",
            "gateway_id": "igw-88845c5b",
            "id": "rtb-242b816e",
            "nat_access_point": "",
            "nat_service_id": "",
            "net_peering_id": "",
            "nic_id": "",
            "request_id": null,
            "route_table_id": "rtb-242b816e",
            "state": "active",
            "vm_account_id": "",
            "vm_id": ""
          },
          "sensitive_attributes": [],
          "private": "bnVsbA==",
          "dependencies": [
            "outscale_internet_service.is_DSNA",
            "outscale_net.vpc_DSNA",
            "outscale_route_table.rt_DSNA"
          ]
        }
      ]
    },
    {
      "mode": "managed",
      "type": "outscale_route",
      "name": "route_BACKUP",
      "provider": "provider[\"registry.terraform.io/outscale-dev/outscale\"]",
      "instances": [
        {
          "schema_version": 0,
          "attributes": {
            "await_active_state": true,
            "creation_method": "CreateRoute",
            "destination_ip_range": "0.0.0.0/0",
            "destination_service_id": "",
            "gateway_id": "igw-717922bc",
            "id": "rtb-8b230f5c",
            "nat_access_point": "",
            "nat_service_id": "",
            "net_peering_id": "",
            "nic_id": "",
            "request_id": null,
            "route_table_id": "rtb-8b230f5c",
            "state": "active",
            "vm_account_id": "",
            "vm_id": ""
          },
          "sensitive_attributes": [],
          "private": "bnVsbA==",
          "dependencies": [
            "outscale_internet_service.is_BACKUP",
            "outscale_net.vpc_BACKUP",
            "outscale_route_table.rt_BACKUP"
          ]
        }
      ]
    },
    {
      "mode": "managed",
      "type": "outscale_route_table",
      "name": "rt_BACKUP",
      "provider": "provider[\"registry.terraform.io/outscale-dev/outscale\"]",
      "instances": [
        {
          "schema_version": 0,
          "attributes": {
            "id": "rtb-8b230f5c",
            "link_route_tables": [
              {
                "link_route_table_id": "rtbassoc-1a354903",
                "main": false,
                "route_table_id": "rtb-8b230f5c",
                "route_table_to_subnet_link_id": "",
                "subnet_id": "subnet-4f001ff1"
              }
            ],
            "net_id": "vpc-3e720bf8",
            "request_id": null,
            "route_propagating_virtual_gateways": [],
            "route_table_id": "rtb-8b230f5c",
            "routes": [
              {
                "creation_method": "CreateRoute",
                "destination_ip_range": "10.1.0.0/16",
                "destination_service_id": "",
                "gateway_id": "",
                "nat_service_id": "",
                "net_access_point_id": "",
                "net_peering_id": "pcx-17bbad70",
                "nic_id": "",
                "state": "blackhole",
                "vm_account_id": "",
                "vm_id": ""
              },
              {
                "creation_method": "CreateRouteTable",
                "destination_ip_range": "10.2.0.0/16",
                "destination_service_id": "",
                "gateway_id": "",
                "nat_service_id": "",
                "net_access_point_id": "",
                "net_peering_id": "",
                "nic_id": "",
                "state": "active",
                "vm_account_id": "",
                "vm_id": ""
              },
              {
                "creation_method": "CreateRoute",
                "destination_ip_range": "0.0.0.0/0",
                "destination_service_id": "",
                "gateway_id": "igw-717922bc",
                "nat_service_id": "",
                "net_access_point_id": "",
                "net_peering_id": "",
                "nic_id": "",
                "state": "active",
                "vm_account_id": "",
                "vm_id": ""
              }
            ],
            "tags": [
              {
                "key": "name",
                "value": "BACKUP"
              }
            ]
          },
          "sensitive_attributes": [],
          "private": "bnVsbA==",
          "dependencies": [
            "outscale_net.vpc_BACKUP"
          ]
        }
      ]
    },
    {
      "mode": "managed",
      "type": "outscale_route_table",
      "name": "rt_DSNA",
      "provider": "provider[\"registry.terraform.io/outscale-dev/outscale\"]",
      "instances": [
        {
          "schema_version": 0,
          "attributes": {
            "id": "rtb-242b816e",
            "link_route_tables": [
              {
                "link_route_table_id": "rtbassoc-e3ee0af6",
                "main": false,
                "route_table_id": "rtb-242b816e",
                "route_table_to_subnet_link_id": "",
                "subnet_id": "subnet-c0e0776a"
              }
            ],
            "net_id": "vpc-bb1e7492",
            "request_id": null,
            "route_propagating_virtual_gateways": [],
            "route_table_id": "rtb-242b816e",
            "routes": [
              {
                "creation_method": "CreateRoute",
                "destination_ip_range": "0.0.0.0/0",
                "destination_service_id": "",
                "gateway_id": "igw-88845c5b",
                "nat_service_id": "",
                "net_access_point_id": "",
                "net_peering_id": "",
                "nic_id": "",
                "state": "active",
                "vm_account_id": "",
                "vm_id": ""
              },
              {
                "creation_method": "CreateRouteTable",
                "destination_ip_range": "10.1.0.0/16",
                "destination_service_id": "",
                "gateway_id": "",
                "nat_service_id": "",
                "net_access_point_id": "",
                "net_peering_id": "",
                "nic_id": "",
                "state": "active",
                "vm_account_id": "",
                "vm_id": ""
              },
              {
                "creation_method": "CreateRoute",
                "destination_ip_range": "10.2.0.0/16",
                "destination_service_id": "",
                "gateway_id": "",
                "nat_service_id": "",
                "net_access_point_id": "",
                "net_peering_id": "pcx-17bbad70",
                "nic_id": "",
                "state": "blackhole",
                "vm_account_id": "",
                "vm_id": ""
              }
            ],
            "tags": [
              {
                "key": "name",
                "value": "DSNA"
              }
            ]
          },
          "sensitive_attributes": [],
          "private": "bnVsbA==",
          "dependencies": [
            "outscale_net.vpc_DSNA"
          ]
        }
      ]
    },
    {
      "mode": "managed",
      "type": "outscale_route_table_link",
      "name": "rt_link_1",
      "provider": "provider[\"registry.terraform.io/outscale-dev/outscale\"]",
      "instances": [
        {
          "schema_version": 0,
          "attributes": {
            "id": "rtbassoc-e3ee0af6",
            "link_route_table_id": "rtbassoc-e3ee0af6",
            "main": false,
            "request_id": null,
            "route_table_id": "rtb-242b816e",
            "subnet_id": "subnet-c0e0776a"
          },
          "sensitive_attributes": [],
          "private": "bnVsbA==",
          "dependencies": [
            "outscale_net.vpc_DSNA",
            "outscale_route_table.rt_DSNA",
            "outscale_subnet.subnet_1"
          ]
        }
      ]
    },
    {
      "mode": "managed",
      "type": "outscale_security_group",
      "name": "sg_BACKUP",
      "provider": "provider[\"registry.terraform.io/outscale-dev/outscale\"]",
      "instances": [
        {
          "schema_version": 0,
          "attributes": {
            "account_id": "289079107901",
            "description": "Security Group for BACKUP",
            "id": "sg-5500893a",
            "inbound_rules": [
              {
                "from_port_range": 80,
                "ip_protocol": "tcp",
                "ip_ranges": [
                  "51.15.190.162/32"
                ],
                "security_groups_members": [],
                "to_port_range": 80
              },
              {
                "from_port_range": 443,
                "ip_protocol": "tcp",
                "ip_ranges": [
                  "51.15.190.162/32"
                ],
                "security_groups_members": [],
                "to_port_range": 443
              },
              {
                "from_port_range": 722,
                "ip_protocol": "tcp",
                "ip_ranges": [
                  "51.15.190.162/32"
                ],
                "security_groups_members": [],
                "to_port_range": 722
              },
              {
                "from_port_range": 9000,
                "ip_protocol": "tcp",
                "ip_ranges": [
                  "10.1.0.0/16"
                ],
                "security_groups_members": [],
                "to_port_range": 9000
              },
              {
                "from_port_range": 9090,
                "ip_protocol": "tcp",
                "ip_ranges": [
                  "51.15.190.162/32"
                ],
                "security_groups_members": [],
                "to_port_range": 9090
              }
            ],
            "net_id": "vpc-3e720bf8",
            "outbound_rules": [
              {
                "from_port_range": -1,
                "ip_protocol": "-1",
                "ip_ranges": [
                  "0.0.0.0/0"
                ],
                "security_groups_members": [],
                "to_port_range": -1
              }
            ],
            "request_id": null,
            "security_group_id": "sg-5500893a",
            "security_group_name": "BACKUP",
            "tag": null,
            "tags": []
          },
          "sensitive_attributes": [],
          "private": "bnVsbA==",
          "dependencies": [
            "outscale_net.vpc_BACKUP"
          ]
        }
      ]
    },
    {
      "mode": "managed",
      "type": "outscale_security_group",
      "name": "sg_DSNA",
      "provider": "provider[\"registry.terraform.io/outscale-dev/outscale\"]",
      "instances": [
        {
          "schema_version": 0,
          "attributes": {
            "account_id": "289079107901",
            "description": "Security Group for DSNA",
            "id": "sg-fbc0036f",
            "inbound_rules": [
              {
                "from_port_range": 80,
                "ip_protocol": "tcp",
                "ip_ranges": [
                  "51.15.190.162/32"
                ],
                "security_groups_members": [],
                "to_port_range": 80
              },
              {
                "from_port_range": 443,
                "ip_protocol": "tcp",
                "ip_ranges": [
                  "51.15.190.162/32"
                ],
                "security_groups_members": [],
                "to_port_range": 443
              },
              {
                "from_port_range": 722,
                "ip_protocol": "tcp",
                "ip_ranges": [
                  "51.15.190.162/32"
                ],
                "security_groups_members": [],
                "to_port_range": 722
              },
              {
                "from_port_range": 9090,
                "ip_protocol": "tcp",
                "ip_ranges": [
                  "51.15.190.162/32"
                ],
                "security_groups_members": [],
                "to_port_range": 9090
              }
            ],
            "net_id": "vpc-bb1e7492",
            "outbound_rules": [
              {
                "from_port_range": -1,
                "ip_protocol": "-1",
                "ip_ranges": [
                  "0.0.0.0/0"
                ],
                "security_groups_members": [],
                "to_port_range": -1
              }
            ],
            "request_id": null,
            "security_group_id": "sg-fbc0036f",
            "security_group_name": "DSNA",
            "tag": null,
            "tags": []
          },
          "sensitive_attributes": [],
          "private": "bnVsbA==",
          "dependencies": [
            "outscale_net.vpc_DSNA"
          ]
        }
      ]
    },
    {
      "mode": "managed",
      "type": "outscale_security_group_rule",
      "name": "sg_rule_inbound",
      "provider": "provider[\"registry.terraform.io/outscale-dev/outscale\"]",
      "instances": [
        {
          "index_key": 0,
          "schema_version": 0,
          "attributes": {
            "flow": "Inbound",
            "from_port_range": 80,
            "id": "sg-fbc0036f",
            "inbound_rules": [
              {
                "from_port_range": 80,
                "ip_protocol": "tcp",
                "ip_ranges": [
                  "51.15.190.162/32"
                ],
                "security_groups_members": [],
                "service_ids": [],
                "to_port_range": 80
              },
              {
                "from_port_range": 443,
                "ip_protocol": "tcp",
                "ip_ranges": [
                  "51.15.190.162/32"
                ],
                "security_groups_members": [],
                "service_ids": [],
                "to_port_range": 443
              },
              {
                "from_port_range": 722,
                "ip_protocol": "tcp",
                "ip_ranges": [
                  "51.15.190.162/32"
                ],
                "security_groups_members": [],
                "service_ids": [],
                "to_port_range": 722
              },
              {
                "from_port_range": 9090,
                "ip_protocol": "tcp",
                "ip_ranges": [
                  "51.15.190.162/32"
                ],
                "security_groups_members": [],
                "service_ids": [],
                "to_port_range": 9090
              }
            ],
            "ip_protocol": "tcp",
            "ip_range": "51.15.190.162/32",
            "net_id": "vpc-bb1e7492",
            "outbound_rules": [
              {
                "from_port_range": -1,
                "ip_protocol": "-1",
                "ip_ranges": [
                  "0.0.0.0/0"
                ],
                "security_groups_members": [],
                "service_ids": [],
                "to_port_range": -1
              }
            ],
            "request_id": null,
            "rules": [],
            "security_group_account_id_to_link": null,
            "security_group_id": "sg-fbc0036f",
            "security_group_name": "DSNA",
            "security_group_name_to_link": null,
            "to_port_range": 80
          },
          "sensitive_attributes": [],
          "private": "bnVsbA==",
          "dependencies": [
            "outscale_net.vpc_DSNA",
            "outscale_security_group.sg_DSNA"
          ]
        },
        {
          "index_key": 1,
          "schema_version": 0,
          "attributes": {
            "flow": "Inbound",
            "from_port_range": 443,
            "id": "sg-fbc0036f",
            "inbound_rules": [
              {
                "from_port_range": 80,
                "ip_protocol": "tcp",
                "ip_ranges": [
                  "51.15.190.162/32"
                ],
                "security_groups_members": [],
                "service_ids": [],
                "to_port_range": 80
              },
              {
                "from_port_range": 443,
                "ip_protocol": "tcp",
                "ip_ranges": [
                  "51.15.190.162/32"
                ],
                "security_groups_members": [],
                "service_ids": [],
                "to_port_range": 443
              },
              {
                "from_port_range": 722,
                "ip_protocol": "tcp",
                "ip_ranges": [
                  "51.15.190.162/32"
                ],
                "security_groups_members": [],
                "service_ids": [],
                "to_port_range": 722
              },
              {
                "from_port_range": 9090,
                "ip_protocol": "tcp",
                "ip_ranges": [
                  "51.15.190.162/32"
                ],
                "security_groups_members": [],
                "service_ids": [],
                "to_port_range": 9090
              }
            ],
            "ip_protocol": "tcp",
            "ip_range": "51.15.190.162/32",
            "net_id": "vpc-bb1e7492",
            "outbound_rules": [
              {
                "from_port_range": -1,
                "ip_protocol": "-1",
                "ip_ranges": [
                  "0.0.0.0/0"
                ],
                "security_groups_members": [],
                "service_ids": [],
                "to_port_range": -1
              }
            ],
            "request_id": null,
            "rules": [],
            "security_group_account_id_to_link": null,
            "security_group_id": "sg-fbc0036f",
            "security_group_name": "DSNA",
            "security_group_name_to_link": null,
            "to_port_range": 443
          },
          "sensitive_attributes": [],
          "private": "bnVsbA==",
          "dependencies": [
            "outscale_net.vpc_DSNA",
            "outscale_security_group.sg_DSNA"
          ]
        },
        {
          "index_key": 2,
          "schema_version": 0,
          "attributes": {
            "flow": "Inbound",
            "from_port_range": 722,
            "id": "sg-fbc0036f",
            "inbound_rules": [
              {
                "from_port_range": 80,
                "ip_protocol": "tcp",
                "ip_ranges": [
                  "51.15.190.162/32"
                ],
                "security_groups_members": [],
                "service_ids": [],
                "to_port_range": 80
              },
              {
                "from_port_range": 443,
                "ip_protocol": "tcp",
                "ip_ranges": [
                  "51.15.190.162/32"
                ],
                "security_groups_members": [],
                "service_ids": [],
                "to_port_range": 443
              },
              {
                "from_port_range": 722,
                "ip_protocol": "tcp",
                "ip_ranges": [
                  "51.15.190.162/32"
                ],
                "security_groups_members": [],
                "service_ids": [],
                "to_port_range": 722
              },
              {
                "from_port_range": 9090,
                "ip_protocol": "tcp",
                "ip_ranges": [
                  "51.15.190.162/32"
                ],
                "security_groups_members": [],
                "service_ids": [],
                "to_port_range": 9090
              }
            ],
            "ip_protocol": "tcp",
            "ip_range": "51.15.190.162/32",
            "net_id": "vpc-bb1e7492",
            "outbound_rules": [
              {
                "from_port_range": -1,
                "ip_protocol": "-1",
                "ip_ranges": [
                  "0.0.0.0/0"
                ],
                "security_groups_members": [],
                "service_ids": [],
                "to_port_range": -1
              }
            ],
            "request_id": null,
            "rules": [],
            "security_group_account_id_to_link": null,
            "security_group_id": "sg-fbc0036f",
            "security_group_name": "DSNA",
            "security_group_name_to_link": null,
            "to_port_range": 722
          },
          "sensitive_attributes": [],
          "private": "bnVsbA==",
          "dependencies": [
            "outscale_net.vpc_DSNA",
            "outscale_security_group.sg_DSNA"
          ]
        },
        {
          "index_key": 3,
          "schema_version": 0,
          "attributes": {
            "flow": "Inbound",
            "from_port_range": 9090,
            "id": "sg-fbc0036f",
            "inbound_rules": [
              {
                "from_port_range": 80,
                "ip_protocol": "tcp",
                "ip_ranges": [
                  "51.15.190.162/32"
                ],
                "security_groups_members": [],
                "service_ids": [],
                "to_port_range": 80
              },
              {
                "from_port_range": 443,
                "ip_protocol": "tcp",
                "ip_ranges": [
                  "51.15.190.162/32"
                ],
                "security_groups_members": [],
                "service_ids": [],
                "to_port_range": 443
              },
              {
                "from_port_range": 722,
                "ip_protocol": "tcp",
                "ip_ranges": [
                  "51.15.190.162/32"
                ],
                "security_groups_members": [],
                "service_ids": [],
                "to_port_range": 722
              },
              {
                "from_port_range": 9090,
                "ip_protocol": "tcp",
                "ip_ranges": [
                  "51.15.190.162/32"
                ],
                "security_groups_members": [],
                "service_ids": [],
                "to_port_range": 9090
              }
            ],
            "ip_protocol": "tcp",
            "ip_range": "51.15.190.162/32",
            "net_id": "vpc-bb1e7492",
            "outbound_rules": [
              {
                "from_port_range": -1,
                "ip_protocol": "-1",
                "ip_ranges": [
                  "0.0.0.0/0"
                ],
                "security_groups_members": [],
                "service_ids": [],
                "to_port_range": -1
              }
            ],
            "request_id": null,
            "rules": [],
            "security_group_account_id_to_link": null,
            "security_group_id": "sg-fbc0036f",
            "security_group_name": "DSNA",
            "security_group_name_to_link": null,
            "to_port_range": 9090
          },
          "sensitive_attributes": [],
          "private": "bnVsbA==",
          "dependencies": [
            "outscale_net.vpc_DSNA",
            "outscale_security_group.sg_DSNA"
          ]
        }
      ]
    },
    {
      "mode": "managed",
      "type": "outscale_security_group_rule",
      "name": "sg_rule_inbound_BACKUP",
      "provider": "provider[\"registry.terraform.io/outscale-dev/outscale\"]",
      "instances": [
        {
          "index_key": 0,
          "schema_version": 0,
          "attributes": {
            "flow": "Inbound",
            "from_port_range": 80,
            "id": "sg-5500893a",
            "inbound_rules": [
              {
                "from_port_range": 80,
                "ip_protocol": "tcp",
                "ip_ranges": [
                  "51.15.190.162/32"
                ],
                "security_groups_members": [],
                "service_ids": [],
                "to_port_range": 80
              },
              {
                "from_port_range": 443,
                "ip_protocol": "tcp",
                "ip_ranges": [
                  "51.15.190.162/32"
                ],
                "security_groups_members": [],
                "service_ids": [],
                "to_port_range": 443
              },
              {
                "from_port_range": 722,
                "ip_protocol": "tcp",
                "ip_ranges": [
                  "51.15.190.162/32"
                ],
                "security_groups_members": [],
                "service_ids": [],
                "to_port_range": 722
              },
              {
                "from_port_range": 9000,
                "ip_protocol": "tcp",
                "ip_ranges": [
                  "10.1.0.0/16"
                ],
                "security_groups_members": [],
                "service_ids": [],
                "to_port_range": 9000
              },
              {
                "from_port_range": 9090,
                "ip_protocol": "tcp",
                "ip_ranges": [
                  "51.15.190.162/32"
                ],
                "security_groups_members": [],
                "service_ids": [],
                "to_port_range": 9090
              }
            ],
            "ip_protocol": "tcp",
            "ip_range": "51.15.190.162/32",
            "net_id": "vpc-3e720bf8",
            "outbound_rules": [
              {
                "from_port_range": -1,
                "ip_protocol": "-1",
                "ip_ranges": [
                  "0.0.0.0/0"
                ],
                "security_groups_members": [],
                "service_ids": [],
                "to_port_range": -1
              }
            ],
            "request_id": null,
            "rules": [],
            "security_group_account_id_to_link": null,
            "security_group_id": "sg-5500893a",
            "security_group_name": "BACKUP",
            "security_group_name_to_link": null,
            "to_port_range": 80
          },
          "sensitive_attributes": [],
          "private": "bnVsbA==",
          "dependencies": [
            "outscale_net.vpc_BACKUP",
            "outscale_security_group.sg_BACKUP"
          ]
        },
        {
          "index_key": 1,
          "schema_version": 0,
          "attributes": {
            "flow": "Inbound",
            "from_port_range": 443,
            "id": "sg-5500893a",
            "inbound_rules": [
              {
                "from_port_range": 80,
                "ip_protocol": "tcp",
                "ip_ranges": [
                  "51.15.190.162/32"
                ],
                "security_groups_members": [],
                "service_ids": [],
                "to_port_range": 80
              },
              {
                "from_port_range": 443,
                "ip_protocol": "tcp",
                "ip_ranges": [
                  "51.15.190.162/32"
                ],
                "security_groups_members": [],
                "service_ids": [],
                "to_port_range": 443
              },
              {
                "from_port_range": 722,
                "ip_protocol": "tcp",
                "ip_ranges": [
                  "51.15.190.162/32"
                ],
                "security_groups_members": [],
                "service_ids": [],
                "to_port_range": 722
              },
              {
                "from_port_range": 9000,
                "ip_protocol": "tcp",
                "ip_ranges": [
                  "10.1.0.0/16"
                ],
                "security_groups_members": [],
                "service_ids": [],
                "to_port_range": 9000
              },
              {
                "from_port_range": 9090,
                "ip_protocol": "tcp",
                "ip_ranges": [
                  "51.15.190.162/32"
                ],
                "security_groups_members": [],
                "service_ids": [],
                "to_port_range": 9090
              }
            ],
            "ip_protocol": "tcp",
            "ip_range": "51.15.190.162/32",
            "net_id": "vpc-3e720bf8",
            "outbound_rules": [
              {
                "from_port_range": -1,
                "ip_protocol": "-1",
                "ip_ranges": [
                  "0.0.0.0/0"
                ],
                "security_groups_members": [],
                "service_ids": [],
                "to_port_range": -1
              }
            ],
            "request_id": null,
            "rules": [],
            "security_group_account_id_to_link": null,
            "security_group_id": "sg-5500893a",
            "security_group_name": "BACKUP",
            "security_group_name_to_link": null,
            "to_port_range": 443
          },
          "sensitive_attributes": [],
          "private": "bnVsbA==",
          "dependencies": [
            "outscale_net.vpc_BACKUP",
            "outscale_security_group.sg_BACKUP"
          ]
        },
        {
          "index_key": 2,
          "schema_version": 0,
          "attributes": {
            "flow": "Inbound",
            "from_port_range": 722,
            "id": "sg-5500893a",
            "inbound_rules": [
              {
                "from_port_range": 80,
                "ip_protocol": "tcp",
                "ip_ranges": [
                  "51.15.190.162/32"
                ],
                "security_groups_members": [],
                "service_ids": [],
                "to_port_range": 80
              },
              {
                "from_port_range": 443,
                "ip_protocol": "tcp",
                "ip_ranges": [
                  "51.15.190.162/32"
                ],
                "security_groups_members": [],
                "service_ids": [],
                "to_port_range": 443
              },
              {
                "from_port_range": 722,
                "ip_protocol": "tcp",
                "ip_ranges": [
                  "51.15.190.162/32"
                ],
                "security_groups_members": [],
                "service_ids": [],
                "to_port_range": 722
              },
              {
                "from_port_range": 9000,
                "ip_protocol": "tcp",
                "ip_ranges": [
                  "10.1.0.0/16"
                ],
                "security_groups_members": [],
                "service_ids": [],
                "to_port_range": 9000
              },
              {
                "from_port_range": 9090,
                "ip_protocol": "tcp",
                "ip_ranges": [
                  "51.15.190.162/32"
                ],
                "security_groups_members": [],
                "service_ids": [],
                "to_port_range": 9090
              }
            ],
            "ip_protocol": "tcp",
            "ip_range": "51.15.190.162/32",
            "net_id": "vpc-3e720bf8",
            "outbound_rules": [
              {
                "from_port_range": -1,
                "ip_protocol": "-1",
                "ip_ranges": [
                  "0.0.0.0/0"
                ],
                "security_groups_members": [],
                "service_ids": [],
                "to_port_range": -1
              }
            ],
            "request_id": null,
            "rules": [],
            "security_group_account_id_to_link": null,
            "security_group_id": "sg-5500893a",
            "security_group_name": "BACKUP",
            "security_group_name_to_link": null,
            "to_port_range": 722
          },
          "sensitive_attributes": [],
          "private": "bnVsbA==",
          "dependencies": [
            "outscale_net.vpc_BACKUP",
            "outscale_security_group.sg_BACKUP"
          ]
        },
        {
          "index_key": 3,
          "schema_version": 0,
          "attributes": {
            "flow": "Inbound",
            "from_port_range": 9090,
            "id": "sg-5500893a",
            "inbound_rules": [
              {
                "from_port_range": 80,
                "ip_protocol": "tcp",
                "ip_ranges": [
                  "51.15.190.162/32"
                ],
                "security_groups_members": [],
                "service_ids": [],
                "to_port_range": 80
              },
              {
                "from_port_range": 443,
                "ip_protocol": "tcp",
                "ip_ranges": [
                  "51.15.190.162/32"
                ],
                "security_groups_members": [],
                "service_ids": [],
                "to_port_range": 443
              },
              {
                "from_port_range": 722,
                "ip_protocol": "tcp",
                "ip_ranges": [
                  "51.15.190.162/32"
                ],
                "security_groups_members": [],
                "service_ids": [],
                "to_port_range": 722
              },
              {
                "from_port_range": 9000,
                "ip_protocol": "tcp",
                "ip_ranges": [
                  "10.1.0.0/16"
                ],
                "security_groups_members": [],
                "service_ids": [],
                "to_port_range": 9000
              },
              {
                "from_port_range": 9090,
                "ip_protocol": "tcp",
                "ip_ranges": [
                  "51.15.190.162/32"
                ],
                "security_groups_members": [],
                "service_ids": [],
                "to_port_range": 9090
              }
            ],
            "ip_protocol": "tcp",
            "ip_range": "51.15.190.162/32",
            "net_id": "vpc-3e720bf8",
            "outbound_rules": [
              {
                "from_port_range": -1,
                "ip_protocol": "-1",
                "ip_ranges": [
                  "0.0.0.0/0"
                ],
                "security_groups_members": [],
                "service_ids": [],
                "to_port_range": -1
              }
            ],
            "request_id": null,
            "rules": [],
            "security_group_account_id_to_link": null,
            "security_group_id": "sg-5500893a",
            "security_group_name": "BACKUP",
            "security_group_name_to_link": null,
            "to_port_range": 9090
          },
          "sensitive_attributes": [],
          "private": "bnVsbA==",
          "dependencies": [
            "outscale_net.vpc_BACKUP",
            "outscale_security_group.sg_BACKUP"
          ]
        }
      ]
    },
    {
      "mode": "managed",
      "type": "outscale_security_group_rule",
      "name": "sg_rule_inbound_DSNA_to_BACKUP",
      "provider": "provider[\"registry.terraform.io/outscale-dev/outscale\"]",
      "instances": [
        {
          "schema_version": 0,
          "attributes": {
            "flow": "Inbound",
            "from_port_range": 9000,
            "id": "sg-5500893a",
            "inbound_rules": [
              {
                "from_port_range": 80,
                "ip_protocol": "tcp",
                "ip_ranges": [
                  "51.15.190.162/32"
                ],
                "security_groups_members": [],
                "service_ids": [],
                "to_port_range": 80
              },
              {
                "from_port_range": 443,
                "ip_protocol": "tcp",
                "ip_ranges": [
                  "51.15.190.162/32"
                ],
                "security_groups_members": [],
                "service_ids": [],
                "to_port_range": 443
              },
              {
                "from_port_range": 722,
                "ip_protocol": "tcp",
                "ip_ranges": [
                  "51.15.190.162/32"
                ],
                "security_groups_members": [],
                "service_ids": [],
                "to_port_range": 722
              },
              {
                "from_port_range": 9000,
                "ip_protocol": "tcp",
                "ip_ranges": [
                  "10.1.0.0/16"
                ],
                "security_groups_members": [],
                "service_ids": [],
                "to_port_range": 9000
              },
              {
                "from_port_range": 9090,
                "ip_protocol": "tcp",
                "ip_ranges": [
                  "51.15.190.162/32"
                ],
                "security_groups_members": [],
                "service_ids": [],
                "to_port_range": 9090
              }
            ],
            "ip_protocol": "tcp",
            "ip_range": "10.1.0.0/16",
            "net_id": "vpc-3e720bf8",
            "outbound_rules": [
              {
                "from_port_range": -1,
                "ip_protocol": "-1",
                "ip_ranges": [
                  "0.0.0.0/0"
                ],
                "security_groups_members": [],
                "service_ids": [],
                "to_port_range": -1
              }
            ],
            "request_id": null,
            "rules": [],
            "security_group_account_id_to_link": null,
            "security_group_id": "sg-5500893a",
            "security_group_name": "BACKUP",
            "security_group_name_to_link": null,
            "to_port_range": 9000
          },
          "sensitive_attributes": [],
          "private": "bnVsbA==",
          "dependencies": [
            "outscale_net.vpc_BACKUP",
            "outscale_security_group.sg_BACKUP"
          ]
        }
      ]
    },
    {
      "mode": "managed",
      "type": "outscale_subnet",
      "name": "subnet_1",
      "provider": "provider[\"registry.terraform.io/outscale-dev/outscale\"]",
      "instances": [
        {
          "schema_version": 0,
          "attributes": {
            "available_ips_count": 242,
            "id": "subnet-c0e0776a",
            "ip_range": "10.1.0.0/24",
            "map_public_ip_on_launch": false,
            "net_id": "vpc-bb1e7492",
            "request_id": null,
            "state": "available",
            "subnet_id": "subnet-c0e0776a",
            "subregion_name": "cloudgouv-eu-west-1a",
            "tags": [
              {
                "key": "name",
                "value": "1"
              }
            ],
            "timeouts": null
          },
          "sensitive_attributes": [],
          "private": "eyJlMmJmYjczMC1lY2FhLTExZTYtOGY4OC0zNDM2M2JjN2M0YzAiOnsiY3JlYXRlIjo2MDAwMDAwMDAwMDAsImRlbGV0ZSI6NjAwMDAwMDAwMDAwfX0=",
          "dependencies": [
            "outscale_net.vpc_DSNA"
          ]
        }
      ]
    },
    {
      "mode": "managed",
      "type": "outscale_subnet",
      "name": "subnet_BACKUP",
      "provider": "provider[\"registry.terraform.io/outscale-dev/outscale\"]",
      "instances": [
        {
          "schema_version": 0,
          "attributes": {
            "available_ips_count": 250,
            "id": "subnet-4f001ff1",
            "ip_range": "10.2.0.0/24",
            "map_public_ip_on_launch": false,
            "net_id": "vpc-3e720bf8",
            "request_id": null,
            "state": "available",
            "subnet_id": "subnet-4f001ff1",
            "subregion_name": "cloudgouv-eu-west-1b",
            "tags": [
              {
                "key": "name",
                "value": "1"
              }
            ],
            "timeouts": null
          },
          "sensitive_attributes": [],
          "private": "eyJlMmJmYjczMC1lY2FhLTExZTYtOGY4OC0zNDM2M2JjN2M0YzAiOnsiY3JlYXRlIjo2MDAwMDAwMDAwMDAsImRlbGV0ZSI6NjAwMDAwMDAwMDAwfX0=",
          "dependencies": [
            "outscale_net.vpc_BACKUP"
          ]
        }
      ]
    },
    {
      "mode": "managed",
      "type": "outscale_vm",
      "name": "scdsnaBACKUP",
      "provider": "provider[\"registry.terraform.io/outscale-dev/outscale\"]",
      "instances": [
        {
          "schema_version": 0,
          "attributes": {
            "admin_password": "",
            "architecture": "x86_64",
            "block_device_mappings": [],
            "block_device_mappings_created": [
              {
                "bsu": {
                  "delete_on_vm_deletion": "true",
                  "link_date": "2022-08-16T13:05:46.919Z",
                  "state": "attached",
                  "volume_id": "vol-1ddbf867"
                },
                "device_name": "/dev/sda1"
              }
            ],
            "bsu_optimized": false,
            "client_token": "",
            "deletion_protection": false,
            "get_admin_password": null,
            "hypervisor": "xen",
            "id": "i-96d5a54f",
            "image_id": "ami-6f0f9ef3",
            "is_source_dest_checked": true,
            "keypair_name": "",
            "launch_number": 0,
            "net_id": "vpc-3e720bf8",
            "nics": [
              {
                "account_id": "289079107901",
                "delete_on_vm_deletion": true,
                "description": "Primary network interface",
                "device_number": 0,
                "is_source_dest_checked": true,
                "link_nic": [
                  {
                    "delete_on_vm_deletion": true,
                    "device_number": "0",
                    "link_nic_id": "eni-attach-f924225b",
                    "state": "attached"
                  }
                ],
                "link_public_ip": [],
                "mac_address": "aa:1b:ce:70:e4:46",
                "net_id": "vpc-3e720bf8",
                "nic_id": "eni-bcc091ad",
                "private_dns_name": "ip-10-2-0-5.cloudgouv-eu-west-1.compute.internal",
                "private_ips": [
                  {
                    "is_primary": true,
                    "link_public_ip": [],
                    "private_dns_name": "ip-10-2-0-5.cloudgouv-eu-west-1.compute.internal",
                    "private_ip": "10.2.0.5"
                  }
                ],
                "secondary_private_ip_count": 0,
                "security_group_ids": [
                  "sg-5500893a"
                ],
                "security_groups": [
                  {
                    "security_group_id": "sg-5500893a",
                    "security_group_name": "BACKUP"
                  }
                ],
                "state": "in-use",
                "subnet_id": "subnet-4f001ff1"
              }
            ],
            "os_family": "",
            "performance": "medium",
            "placement_subregion_name": "cloudgouv-eu-west-1b",
            "placement_tenancy": "default",
            "private_dns_name": "ip-10-2-0-5.cloudgouv-eu-west-1.compute.internal",
            "private_ip": "10.2.0.5",
            "private_ips": [
              "10.2.0.5"
            ],
            "product_codes": [
              "0001"
            ],
            "public_dns_name": "",
            "public_ip": "",
            "request_id": null,
            "reservation_id": "r-5c1d5c54",
            "root_device_name": "/dev/sda1",
            "root_device_type": "ebs",
            "security_group_ids": [
              "sg-5500893a"
            ],
            "security_group_names": null,
            "security_groups": [
              {
                "security_group_id": "sg-5500893a",
                "security_group_name": "BACKUP"
              }
            ],
            "state": "running",
            "state_reason": "",
            "subnet_id": "subnet-4f001ff1",
            "tags": [
              {
                "key": "name",
                "value": "scdsnabackup"
              }
            ],
            "timeouts": null,
            "user_data": "",
            "vm_id": "i-96d5a54f",
            "vm_initiated_shutdown_behavior": "restart",
            "vm_type": "tinav3.c4r10p3"
          },
          "sensitive_attributes": [],
          "private": "eyJlMmJmYjczMC1lY2FhLTExZTYtOGY4OC0zNDM2M2JjN2M0YzAiOnsiY3JlYXRlIjo2MDAwMDAwMDAwMDAsImRlbGV0ZSI6NjAwMDAwMDAwMDAwLCJ1cGRhdGUiOjYwMDAwMDAwMDAwMH19",
          "dependencies": [
            "outscale_net.vpc_BACKUP",
            "outscale_security_group.sg_BACKUP",
            "outscale_subnet.subnet_BACKUP"
          ]
        }
      ]
    },
    {
      "mode": "managed",
      "type": "outscale_vm",
      "name": "scdsnabastion",
      "provider": "provider[\"registry.terraform.io/outscale-dev/outscale\"]",
      "instances": [
        {
          "index_key": 0,
          "schema_version": 0,
          "attributes": {
            "admin_password": "",
            "architecture": "x86_64",
            "block_device_mappings": [],
            "block_device_mappings_created": [
              {
                "bsu": {
                  "delete_on_vm_deletion": "true",
                  "link_date": "2022-08-16T12:51:33.461Z",
                  "state": "attached",
                  "volume_id": "vol-fa33c76a"
                },
                "device_name": "/dev/sda1"
              }
            ],
            "bsu_optimized": false,
            "client_token": "",
            "deletion_protection": false,
            "get_admin_password": null,
            "hypervisor": "xen",
            "id": "i-2b75dafa",
            "image_id": "ami-6f0f9ef3",
            "is_source_dest_checked": true,
            "keypair_name": "",
            "launch_number": 0,
            "net_id": "vpc-bb1e7492",
            "nics": [
              {
                "account_id": "289079107901",
                "delete_on_vm_deletion": true,
                "description": "Primary network interface",
                "device_number": 0,
                "is_source_dest_checked": true,
                "link_nic": [
                  {
                    "delete_on_vm_deletion": true,
                    "device_number": "0",
                    "link_nic_id": "eni-attach-024d9784",
                    "state": "attached"
                  }
                ],
                "link_public_ip": [
                  {
                    "public_dns_name": "ows-148-253-96-156.cloudgouv-eu-west-1.compute.outscale.com",
                    "public_ip": "148.253.96.156",
                    "public_ip_account_id": "289079107901"
                  }
                ],
                "mac_address": "aa:73:23:0e:d4:d2",
                "net_id": "vpc-bb1e7492",
                "nic_id": "eni-f7169cad",
                "private_dns_name": "ip-10-1-0-5.cloudgouv-eu-west-1.compute.internal",
                "private_ips": [
                  {
                    "is_primary": true,
                    "link_public_ip": [
                      {
                        "public_dns_name": "ows-148-253-96-156.cloudgouv-eu-west-1.compute.outscale.com",
                        "public_ip": "148.253.96.156",
                        "public_ip_account_id": "289079107901"
                      }
                    ],
                    "private_dns_name": "ip-10-1-0-5.cloudgouv-eu-west-1.compute.internal",
                    "private_ip": "10.1.0.5"
                  }
                ],
                "secondary_private_ip_count": 0,
                "security_group_ids": [
                  "sg-fbc0036f"
                ],
                "security_groups": [
                  {
                    "security_group_id": "sg-fbc0036f",
                    "security_group_name": "DSNA"
                  }
                ],
                "state": "in-use",
                "subnet_id": "subnet-c0e0776a"
              }
            ],
            "os_family": "",
            "performance": "medium",
            "placement_subregion_name": "cloudgouv-eu-west-1a",
            "placement_tenancy": "default",
            "private_dns_name": "ip-10-1-0-5.cloudgouv-eu-west-1.compute.internal",
            "private_ip": "10.1.0.5",
            "private_ips": [
              "10.1.0.5"
            ],
            "product_codes": [
              "0001"
            ],
            "public_dns_name": "ows-148-253-96-156.cloudgouv-eu-west-1.compute.outscale.com",
            "public_ip": "148.253.96.156",
            "request_id": null,
            "reservation_id": "r-b7eb4396",
            "root_device_name": "/dev/sda1",
            "root_device_type": "ebs",
            "security_group_ids": [
              "sg-fbc0036f"
            ],
            "security_group_names": null,
            "security_groups": [
              {
                "security_group_id": "sg-fbc0036f",
                "security_group_name": "DSNA"
              }
            ],
            "state": "running",
            "state_reason": "",
            "subnet_id": "subnet-c0e0776a",
            "tags": [
              {
                "key": "name",
                "value": "scdsnabastion1"
              }
            ],
            "timeouts": null,
            "user_data": "",
            "vm_id": "i-2b75dafa",
            "vm_initiated_shutdown_behavior": "restart",
            "vm_type": "tinav3.c1r2p3"
          },
          "sensitive_attributes": [],
          "private": "eyJlMmJmYjczMC1lY2FhLTExZTYtOGY4OC0zNDM2M2JjN2M0YzAiOnsiY3JlYXRlIjo2MDAwMDAwMDAwMDAsImRlbGV0ZSI6NjAwMDAwMDAwMDAwLCJ1cGRhdGUiOjYwMDAwMDAwMDAwMH19",
          "dependencies": [
            "outscale_net.vpc_DSNA",
            "outscale_security_group.sg_DSNA",
            "outscale_subnet.subnet_1"
          ]
        }
      ]
    },
    {
      "mode": "managed",
      "type": "outscale_vm",
      "name": "scdsnadb",
      "provider": "provider[\"registry.terraform.io/outscale-dev/outscale\"]",
      "instances": [
        {
          "index_key": 0,
          "schema_version": 0,
          "attributes": {
            "admin_password": "",
            "architecture": "x86_64",
            "block_device_mappings": [],
            "block_device_mappings_created": [
              {
                "bsu": {
                  "delete_on_vm_deletion": "true",
                  "link_date": "2022-08-16T12:51:32.412Z",
                  "state": "attached",
                  "volume_id": "vol-a7c5824c"
                },
                "device_name": "/dev/sda1"
              }
            ],
            "bsu_optimized": false,
            "client_token": "",
            "deletion_protection": false,
            "get_admin_password": null,
            "hypervisor": "xen",
            "id": "i-781635d8",
            "image_id": "ami-6f0f9ef3",
            "is_source_dest_checked": true,
            "keypair_name": "",
            "launch_number": 0,
            "net_id": "vpc-bb1e7492",
            "nics": [
              {
                "account_id": "289079107901",
                "delete_on_vm_deletion": true,
                "description": "Primary network interface",
                "device_number": 0,
                "is_source_dest_checked": true,
                "link_nic": [
                  {
                    "delete_on_vm_deletion": true,
                    "device_number": "0",
                    "link_nic_id": "eni-attach-9a265ca2",
                    "state": "attached"
                  }
                ],
                "link_public_ip": [],
                "mac_address": "aa:93:e7:4a:90:30",
                "net_id": "vpc-bb1e7492",
                "nic_id": "eni-49cb58b5",
                "private_dns_name": "ip-10-1-0-40.cloudgouv-eu-west-1.compute.internal",
                "private_ips": [
                  {
                    "is_primary": true,
                    "link_public_ip": [],
                    "private_dns_name": "ip-10-1-0-40.cloudgouv-eu-west-1.compute.internal",
                    "private_ip": "10.1.0.40"
                  }
                ],
                "secondary_private_ip_count": 0,
                "security_group_ids": [
                  "sg-fbc0036f"
                ],
                "security_groups": [
                  {
                    "security_group_id": "sg-fbc0036f",
                    "security_group_name": "DSNA"
                  }
                ],
                "state": "in-use",
                "subnet_id": "subnet-c0e0776a"
              }
            ],
            "os_family": "",
            "performance": "medium",
            "placement_subregion_name": "cloudgouv-eu-west-1a",
            "placement_tenancy": "default",
            "private_dns_name": "ip-10-1-0-40.cloudgouv-eu-west-1.compute.internal",
            "private_ip": "10.1.0.40",
            "private_ips": [
              "10.1.0.40"
            ],
            "product_codes": [
              "0001"
            ],
            "public_dns_name": "",
            "public_ip": "",
            "request_id": null,
            "reservation_id": "r-af688d90",
            "root_device_name": "/dev/sda1",
            "root_device_type": "ebs",
            "security_group_ids": [
              "sg-fbc0036f"
            ],
            "security_group_names": null,
            "security_groups": [
              {
                "security_group_id": "sg-fbc0036f",
                "security_group_name": "DSNA"
              }
            ],
            "state": "running",
            "state_reason": "",
            "subnet_id": "subnet-c0e0776a",
            "tags": [
              {
                "key": "name",
                "value": "scdsnadb1"
              }
            ],
            "timeouts": null,
            "user_data": "",
            "vm_id": "i-781635d8",
            "vm_initiated_shutdown_behavior": "restart",
            "vm_type": "tinav3.c8r20p3"
          },
          "sensitive_attributes": [],
          "private": "eyJlMmJmYjczMC1lY2FhLTExZTYtOGY4OC0zNDM2M2JjN2M0YzAiOnsiY3JlYXRlIjo2MDAwMDAwMDAwMDAsImRlbGV0ZSI6NjAwMDAwMDAwMDAwLCJ1cGRhdGUiOjYwMDAwMDAwMDAwMH19",
          "dependencies": [
            "outscale_net.vpc_DSNA",
            "outscale_security_group.sg_DSNA",
            "outscale_subnet.subnet_1"
          ]
        }
      ]
    },
    {
      "mode": "managed",
      "type": "outscale_vm",
      "name": "scdsnarancher",
      "provider": "provider[\"registry.terraform.io/outscale-dev/outscale\"]",
      "instances": [
        {
          "index_key": 0,
          "schema_version": 0,
          "attributes": {
            "admin_password": "",
            "architecture": "x86_64",
            "block_device_mappings": [],
            "block_device_mappings_created": [
              {
                "bsu": {
                  "delete_on_vm_deletion": "true",
                  "link_date": "2022-08-16T12:51:22.724Z",
                  "state": "attached",
                  "volume_id": "vol-e5a457e1"
                },
                "device_name": "/dev/sda1"
              },
              {
                "bsu": {
                  "delete_on_vm_deletion": "false",
                  "link_date": "2022-08-16T12:53:22.069Z",
                  "state": "attached",
                  "volume_id": "vol-2800b9bd"
                },
                "device_name": "/dev/xvdb"
              }
            ],
            "bsu_optimized": false,
            "client_token": "",
            "deletion_protection": false,
            "get_admin_password": null,
            "hypervisor": "xen",
            "id": "i-4dccb7f9",
            "image_id": "ami-6f0f9ef3",
            "is_source_dest_checked": true,
            "keypair_name": "",
            "launch_number": 0,
            "net_id": "vpc-bb1e7492",
            "nics": [
              {
                "account_id": "289079107901",
                "delete_on_vm_deletion": true,
                "description": "Primary network interface",
                "device_number": 0,
                "is_source_dest_checked": true,
                "link_nic": [
                  {
                    "delete_on_vm_deletion": true,
                    "device_number": "0",
                    "link_nic_id": "eni-attach-2ba335f3",
                    "state": "attached"
                  }
                ],
                "link_public_ip": [
                  {
                    "public_dns_name": "ows-148-253-98-2.cloudgouv-eu-west-1.compute.outscale.com",
                    "public_ip": "148.253.98.2",
                    "public_ip_account_id": "289079107901"
                  }
                ],
                "mac_address": "aa:ff:cc:b3:71:ca",
                "net_id": "vpc-bb1e7492",
                "nic_id": "eni-4ca6c6ed",
                "private_dns_name": "ip-10-1-0-6.cloudgouv-eu-west-1.compute.internal",
                "private_ips": [
                  {
                    "is_primary": true,
                    "link_public_ip": [
                      {
                        "public_dns_name": "ows-148-253-98-2.cloudgouv-eu-west-1.compute.outscale.com",
                        "public_ip": "148.253.98.2",
                        "public_ip_account_id": "289079107901"
                      }
                    ],
                    "private_dns_name": "ip-10-1-0-6.cloudgouv-eu-west-1.compute.internal",
                    "private_ip": "10.1.0.6"
                  }
                ],
                "secondary_private_ip_count": 0,
                "security_group_ids": [
                  "sg-fbc0036f"
                ],
                "security_groups": [
                  {
                    "security_group_id": "sg-fbc0036f",
                    "security_group_name": "DSNA"
                  }
                ],
                "state": "in-use",
                "subnet_id": "subnet-c0e0776a"
              }
            ],
            "os_family": "",
            "performance": "medium",
            "placement_subregion_name": "cloudgouv-eu-west-1a",
            "placement_tenancy": "default",
            "private_dns_name": "ip-10-1-0-6.cloudgouv-eu-west-1.compute.internal",
            "private_ip": "10.1.0.6",
            "private_ips": [
              "10.1.0.6"
            ],
            "product_codes": [
              "0001"
            ],
            "public_dns_name": "ows-148-253-98-2.cloudgouv-eu-west-1.compute.outscale.com",
            "public_ip": "148.253.98.2",
            "request_id": null,
            "reservation_id": "r-a0853fa8",
            "root_device_name": "/dev/sda1",
            "root_device_type": "ebs",
            "security_group_ids": [
              "sg-fbc0036f"
            ],
            "security_group_names": null,
            "security_groups": [
              {
                "security_group_id": "sg-fbc0036f",
                "security_group_name": "DSNA"
              }
            ],
            "state": "running",
            "state_reason": "",
            "subnet_id": "subnet-c0e0776a",
            "tags": [
              {
                "key": "name",
                "value": "scdsnarancher1"
              }
            ],
            "timeouts": null,
            "user_data": "",
            "vm_id": "i-4dccb7f9",
            "vm_initiated_shutdown_behavior": "restart",
            "vm_type": "tinav3.c4r8p3"
          },
          "sensitive_attributes": [],
          "private": "eyJlMmJmYjczMC1lY2FhLTExZTYtOGY4OC0zNDM2M2JjN2M0YzAiOnsiY3JlYXRlIjo2MDAwMDAwMDAwMDAsImRlbGV0ZSI6NjAwMDAwMDAwMDAwLCJ1cGRhdGUiOjYwMDAwMDAwMDAwMH19",
          "dependencies": [
            "outscale_net.vpc_DSNA",
            "outscale_security_group.sg_DSNA",
            "outscale_subnet.subnet_1"
          ]
        }
      ]
    },
    {
      "mode": "managed",
      "type": "outscale_vm",
      "name": "scdsnastorage",
      "provider": "provider[\"registry.terraform.io/outscale-dev/outscale\"]",
      "instances": [
        {
          "index_key": 0,
          "schema_version": 0,
          "attributes": {
            "admin_password": "",
            "architecture": "x86_64",
            "block_device_mappings": [],
            "block_device_mappings_created": [
              {
                "bsu": {
                  "delete_on_vm_deletion": "true",
                  "link_date": "2022-08-16T12:51:22.782Z",
                  "state": "attached",
                  "volume_id": "vol-390dd143"
                },
                "device_name": "/dev/sda1"
              },
              {
                "bsu": {
                  "delete_on_vm_deletion": "false",
                  "link_date": "2022-08-16T12:53:37.642Z",
                  "state": "attached",
                  "volume_id": "vol-4ec45863"
                },
                "device_name": "/dev/xvdb"
              },
              {
                "bsu": {
                  "delete_on_vm_deletion": "false",
                  "link_date": "2022-08-16T12:53:33.419Z",
                  "state": "attached",
                  "volume_id": "vol-7b8d25e9"
                },
                "device_name": "/dev/xvdc"
              },
              {
                "bsu": {
                  "delete_on_vm_deletion": "false",
                  "link_date": "2022-08-16T12:53:52.990Z",
                  "state": "attached",
                  "volume_id": "vol-eb58288a"
                },
                "device_name": "/dev/xvdd"
              },
              {
                "bsu": {
                  "delete_on_vm_deletion": "false",
                  "link_date": "2022-08-16T12:53:32.443Z",
                  "state": "attached",
                  "volume_id": "vol-8b271b5d"
                },
                "device_name": "/dev/xvde"
              },
              {
                "bsu": {
                  "delete_on_vm_deletion": "false",
                  "link_date": "2022-08-16T12:53:53.810Z",
                  "state": "attached",
                  "volume_id": "vol-1381dad4"
                },
                "device_name": "/dev/xvdf"
              },
              {
                "bsu": {
                  "delete_on_vm_deletion": "false",
                  "link_date": "2022-08-16T12:53:58.051Z",
                  "state": "attached",
                  "volume_id": "vol-62445ca3"
                },
                "device_name": "/dev/xvdg"
              }
            ],
            "bsu_optimized": false,
            "client_token": "",
            "deletion_protection": false,
            "get_admin_password": null,
            "hypervisor": "xen",
            "id": "i-1d9d5dd8",
            "image_id": "ami-6f0f9ef3",
            "is_source_dest_checked": true,
            "keypair_name": "",
            "launch_number": 0,
            "net_id": "vpc-bb1e7492",
            "nics": [
              {
                "account_id": "289079107901",
                "delete_on_vm_deletion": true,
                "description": "Primary network interface",
                "device_number": 0,
                "is_source_dest_checked": true,
                "link_nic": [
                  {
                    "delete_on_vm_deletion": true,
                    "device_number": "0",
                    "link_nic_id": "eni-attach-12b7184f",
                    "state": "attached"
                  }
                ],
                "link_public_ip": [],
                "mac_address": "aa:13:43:54:5b:fd",
                "net_id": "vpc-bb1e7492",
                "nic_id": "eni-67368f92",
                "private_dns_name": "ip-10-1-0-60.cloudgouv-eu-west-1.compute.internal",
                "private_ips": [
                  {
                    "is_primary": true,
                    "link_public_ip": [],
                    "private_dns_name": "ip-10-1-0-60.cloudgouv-eu-west-1.compute.internal",
                    "private_ip": "10.1.0.60"
                  }
                ],
                "secondary_private_ip_count": 0,
                "security_group_ids": [
                  "sg-fbc0036f"
                ],
                "security_groups": [
                  {
                    "security_group_id": "sg-fbc0036f",
                    "security_group_name": "DSNA"
                  }
                ],
                "state": "in-use",
                "subnet_id": "subnet-c0e0776a"
              }
            ],
            "os_family": "",
            "performance": "high",
            "placement_subregion_name": "cloudgouv-eu-west-1a",
            "placement_tenancy": "default",
            "private_dns_name": "ip-10-1-0-60.cloudgouv-eu-west-1.compute.internal",
            "private_ip": "10.1.0.60",
            "private_ips": [
              "10.1.0.60"
            ],
            "product_codes": [
              "0001"
            ],
            "public_dns_name": "",
            "public_ip": "",
            "request_id": null,
            "reservation_id": "r-633a6cd4",
            "root_device_name": "/dev/sda1",
            "root_device_type": "ebs",
            "security_group_ids": [
              "sg-fbc0036f"
            ],
            "security_group_names": null,
            "security_groups": [
              {
                "security_group_id": "sg-fbc0036f",
                "security_group_name": "DSNA"
              }
            ],
            "state": "running",
            "state_reason": "",
            "subnet_id": "subnet-c0e0776a",
            "tags": [
              {
                "key": "name",
                "value": "scdsnastorage1"
              }
            ],
            "timeouts": null,
            "user_data": "",
            "vm_id": "i-1d9d5dd8",
            "vm_initiated_shutdown_behavior": "restart",
            "vm_type": "tinav3.c4r12p2"
          },
          "sensitive_attributes": [],
          "private": "eyJlMmJmYjczMC1lY2FhLTExZTYtOGY4OC0zNDM2M2JjN2M0YzAiOnsiY3JlYXRlIjo2MDAwMDAwMDAwMDAsImRlbGV0ZSI6NjAwMDAwMDAwMDAwLCJ1cGRhdGUiOjYwMDAwMDAwMDAwMH19",
          "dependencies": [
            "outscale_net.vpc_DSNA",
            "outscale_security_group.sg_DSNA",
            "outscale_subnet.subnet_1"
          ]
        },
        {
          "index_key": 1,
          "schema_version": 0,
          "attributes": {
            "admin_password": "",
            "architecture": "x86_64",
            "block_device_mappings": [],
            "block_device_mappings_created": [
              {
                "bsu": {
                  "delete_on_vm_deletion": "true",
                  "link_date": "2022-08-16T12:51:31.327Z",
                  "state": "attached",
                  "volume_id": "vol-c9b5214f"
                },
                "device_name": "/dev/sda1"
              },
              {
                "bsu": {
                  "delete_on_vm_deletion": "false",
                  "link_date": "2022-08-16T12:53:32.393Z",
                  "state": "attached",
                  "volume_id": "vol-ffc9081c"
                },
                "device_name": "/dev/xvdb"
              },
              {
                "bsu": {
                  "delete_on_vm_deletion": "false",
                  "link_date": "2022-08-16T12:53:53.817Z",
                  "state": "attached",
                  "volume_id": "vol-8dea3143"
                },
                "device_name": "/dev/xvdc"
              },
              {
                "bsu": {
                  "delete_on_vm_deletion": "false",
                  "link_date": "2022-08-16T12:53:33.465Z",
                  "state": "attached",
                  "volume_id": "vol-d6e29043"
                },
                "device_name": "/dev/xvdd"
              },
              {
                "bsu": {
                  "delete_on_vm_deletion": "false",
                  "link_date": "2022-08-16T12:53:42.519Z",
                  "state": "attached",
                  "volume_id": "vol-0f0b696c"
                },
                "device_name": "/dev/xvde"
              },
              {
                "bsu": {
                  "delete_on_vm_deletion": "false",
                  "link_date": "2022-08-16T12:53:53.036Z",
                  "state": "attached",
                  "volume_id": "vol-c3daa7e9"
                },
                "device_name": "/dev/xvdf"
              },
              {
                "bsu": {
                  "delete_on_vm_deletion": "false",
                  "link_date": "2022-08-16T12:53:53.028Z",
                  "state": "attached",
                  "volume_id": "vol-4d47155c"
                },
                "device_name": "/dev/xvdg"
              }
            ],
            "bsu_optimized": false,
            "client_token": "",
            "deletion_protection": false,
            "get_admin_password": null,
            "hypervisor": "xen",
            "id": "i-ba45a1f9",
            "image_id": "ami-6f0f9ef3",
            "is_source_dest_checked": true,
            "keypair_name": "",
            "launch_number": 0,
            "net_id": "vpc-bb1e7492",
            "nics": [
              {
                "account_id": "289079107901",
                "delete_on_vm_deletion": true,
                "description": "Primary network interface",
                "device_number": 0,
                "is_source_dest_checked": true,
                "link_nic": [
                  {
                    "delete_on_vm_deletion": true,
                    "device_number": "0",
                    "link_nic_id": "eni-attach-4ce1c124",
                    "state": "attached"
                  }
                ],
                "link_public_ip": [],
                "mac_address": "aa:02:ff:3c:c4:ea",
                "net_id": "vpc-bb1e7492",
                "nic_id": "eni-ed5c45e7",
                "private_dns_name": "ip-10-1-0-61.cloudgouv-eu-west-1.compute.internal",
                "private_ips": [
                  {
                    "is_primary": true,
                    "link_public_ip": [],
                    "private_dns_name": "ip-10-1-0-61.cloudgouv-eu-west-1.compute.internal",
                    "private_ip": "10.1.0.61"
                  }
                ],
                "secondary_private_ip_count": 0,
                "security_group_ids": [
                  "sg-fbc0036f"
                ],
                "security_groups": [
                  {
                    "security_group_id": "sg-fbc0036f",
                    "security_group_name": "DSNA"
                  }
                ],
                "state": "in-use",
                "subnet_id": "subnet-c0e0776a"
              }
            ],
            "os_family": "",
            "performance": "high",
            "placement_subregion_name": "cloudgouv-eu-west-1a",
            "placement_tenancy": "default",
            "private_dns_name": "ip-10-1-0-61.cloudgouv-eu-west-1.compute.internal",
            "private_ip": "10.1.0.61",
            "private_ips": [
              "10.1.0.61"
            ],
            "product_codes": [
              "0001"
            ],
            "public_dns_name": "",
            "public_ip": "",
            "request_id": null,
            "reservation_id": "r-2a50535f",
            "root_device_name": "/dev/sda1",
            "root_device_type": "ebs",
            "security_group_ids": [
              "sg-fbc0036f"
            ],
            "security_group_names": null,
            "security_groups": [
              {
                "security_group_id": "sg-fbc0036f",
                "security_group_name": "DSNA"
              }
            ],
            "state": "running",
            "state_reason": "",
            "subnet_id": "subnet-c0e0776a",
            "tags": [
              {
                "key": "name",
                "value": "scdsnastorage2"
              }
            ],
            "timeouts": null,
            "user_data": "",
            "vm_id": "i-ba45a1f9",
            "vm_initiated_shutdown_behavior": "restart",
            "vm_type": "tinav3.c4r12p2"
          },
          "sensitive_attributes": [],
          "private": "eyJlMmJmYjczMC1lY2FhLTExZTYtOGY4OC0zNDM2M2JjN2M0YzAiOnsiY3JlYXRlIjo2MDAwMDAwMDAwMDAsImRlbGV0ZSI6NjAwMDAwMDAwMDAwLCJ1cGRhdGUiOjYwMDAwMDAwMDAwMH19",
          "dependencies": [
            "outscale_net.vpc_DSNA",
            "outscale_security_group.sg_DSNA",
            "outscale_subnet.subnet_1"
          ]
        },
        {
          "index_key": 2,
          "schema_version": 0,
          "attributes": {
            "admin_password": "",
            "architecture": "x86_64",
            "block_device_mappings": [],
            "block_device_mappings_created": [
              {
                "bsu": {
                  "delete_on_vm_deletion": "true",
                  "link_date": "2022-08-16T12:51:26.249Z",
                  "state": "attached",
                  "volume_id": "vol-01f3b440"
                },
                "device_name": "/dev/sda1"
              },
              {
                "bsu": {
                  "delete_on_vm_deletion": "false",
                  "link_date": "2022-08-16T12:53:32.521Z",
                  "state": "attached",
                  "volume_id": "vol-ec6a9fcc"
                },
                "device_name": "/dev/xvdb"
              },
              {
                "bsu": {
                  "delete_on_vm_deletion": "false",
                  "link_date": "2022-08-16T12:53:53.024Z",
                  "state": "attached",
                  "volume_id": "vol-60ef6dc0"
                },
                "device_name": "/dev/xvdc"
              },
              {
                "bsu": {
                  "delete_on_vm_deletion": "false",
                  "link_date": "2022-08-16T12:53:32.589Z",
                  "state": "attached",
                  "volume_id": "vol-e8ab56e8"
                },
                "device_name": "/dev/xvdd"
              }
            ],
            "bsu_optimized": false,
            "client_token": "",
            "deletion_protection": false,
            "get_admin_password": null,
            "hypervisor": "xen",
            "id": "i-064e7279",
            "image_id": "ami-6f0f9ef3",
            "is_source_dest_checked": true,
            "keypair_name": "",
            "launch_number": 0,
            "net_id": "vpc-bb1e7492",
            "nics": [
              {
                "account_id": "289079107901",
                "delete_on_vm_deletion": true,
                "description": "Primary network interface",
                "device_number": 0,
                "is_source_dest_checked": true,
                "link_nic": [
                  {
                    "delete_on_vm_deletion": true,
                    "device_number": "0",
                    "link_nic_id": "eni-attach-7fa0881f",
                    "state": "attached"
                  }
                ],
                "link_public_ip": [],
                "mac_address": "aa:5d:67:c0:29:9d",
                "net_id": "vpc-bb1e7492",
                "nic_id": "eni-77b5a194",
                "private_dns_name": "ip-10-1-0-62.cloudgouv-eu-west-1.compute.internal",
                "private_ips": [
                  {
                    "is_primary": true,
                    "link_public_ip": [],
                    "private_dns_name": "ip-10-1-0-62.cloudgouv-eu-west-1.compute.internal",
                    "private_ip": "10.1.0.62"
                  }
                ],
                "secondary_private_ip_count": 0,
                "security_group_ids": [
                  "sg-fbc0036f"
                ],
                "security_groups": [
                  {
                    "security_group_id": "sg-fbc0036f",
                    "security_group_name": "DSNA"
                  }
                ],
                "state": "in-use",
                "subnet_id": "subnet-c0e0776a"
              }
            ],
            "os_family": "",
            "performance": "high",
            "placement_subregion_name": "cloudgouv-eu-west-1a",
            "placement_tenancy": "default",
            "private_dns_name": "ip-10-1-0-62.cloudgouv-eu-west-1.compute.internal",
            "private_ip": "10.1.0.62",
            "private_ips": [
              "10.1.0.62"
            ],
            "product_codes": [
              "0001"
            ],
            "public_dns_name": "",
            "public_ip": "",
            "request_id": null,
            "reservation_id": "r-3c55c5ba",
            "root_device_name": "/dev/sda1",
            "root_device_type": "ebs",
            "security_group_ids": [
              "sg-fbc0036f"
            ],
            "security_group_names": null,
            "security_groups": [
              {
                "security_group_id": "sg-fbc0036f",
                "security_group_name": "DSNA"
              }
            ],
            "state": "running",
            "state_reason": "",
            "subnet_id": "subnet-c0e0776a",
            "tags": [
              {
                "key": "name",
                "value": "scdsnastorage3"
              }
            ],
            "timeouts": null,
            "user_data": "",
            "vm_id": "i-064e7279",
            "vm_initiated_shutdown_behavior": "restart",
            "vm_type": "tinav3.c4r12p2"
          },
          "sensitive_attributes": [],
          "private": "eyJlMmJmYjczMC1lY2FhLTExZTYtOGY4OC0zNDM2M2JjN2M0YzAiOnsiY3JlYXRlIjo2MDAwMDAwMDAwMDAsImRlbGV0ZSI6NjAwMDAwMDAwMDAwLCJ1cGRhdGUiOjYwMDAwMDAwMDAwMH19",
          "dependencies": [
            "outscale_net.vpc_DSNA",
            "outscale_security_group.sg_DSNA",
            "outscale_subnet.subnet_1"
          ]
        }
      ]
    },
    {
      "mode": "managed",
      "type": "outscale_vm",
      "name": "scdsnaws",
      "provider": "provider[\"registry.terraform.io/outscale-dev/outscale\"]",
      "instances": [
        {
          "index_key": 0,
          "schema_version": 0,
          "attributes": {
            "admin_password": "",
            "architecture": "x86_64",
            "block_device_mappings": [],
            "block_device_mappings_created": [
              {
                "bsu": {
                  "delete_on_vm_deletion": "true",
                  "link_date": "2022-08-16T12:51:27.416Z",
                  "state": "attached",
                  "volume_id": "vol-3da4b0b2"
                },
                "device_name": "/dev/sda1"
              }
            ],
            "bsu_optimized": false,
            "client_token": "",
            "deletion_protection": false,
            "get_admin_password": null,
            "hypervisor": "xen",
            "id": "i-bb20542f",
            "image_id": "ami-6f0f9ef3",
            "is_source_dest_checked": true,
            "keypair_name": "",
            "launch_number": 0,
            "net_id": "vpc-bb1e7492",
            "nics": [
              {
                "account_id": "289079107901",
                "delete_on_vm_deletion": true,
                "description": "Primary network interface",
                "device_number": 0,
                "is_source_dest_checked": true,
                "link_nic": [
                  {
                    "delete_on_vm_deletion": true,
                    "device_number": "0",
                    "link_nic_id": "eni-attach-6ad6c495",
                    "state": "attached"
                  }
                ],
                "link_public_ip": [],
                "mac_address": "aa:32:94:6d:4d:22",
                "net_id": "vpc-bb1e7492",
                "nic_id": "eni-5466a0f8",
                "private_dns_name": "ip-10-1-0-20.cloudgouv-eu-west-1.compute.internal",
                "private_ips": [
                  {
                    "is_primary": true,
                    "link_public_ip": [],
                    "private_dns_name": "ip-10-1-0-20.cloudgouv-eu-west-1.compute.internal",
                    "private_ip": "10.1.0.20"
                  }
                ],
                "secondary_private_ip_count": 0,
                "security_group_ids": [
                  "sg-fbc0036f"
                ],
                "security_groups": [
                  {
                    "security_group_id": "sg-fbc0036f",
                    "security_group_name": "DSNA"
                  }
                ],
                "state": "in-use",
                "subnet_id": "subnet-c0e0776a"
              }
            ],
            "os_family": "",
            "performance": "medium",
            "placement_subregion_name": "cloudgouv-eu-west-1a",
            "placement_tenancy": "default",
            "private_dns_name": "ip-10-1-0-20.cloudgouv-eu-west-1.compute.internal",
            "private_ip": "10.1.0.20",
            "private_ips": [
              "10.1.0.20"
            ],
            "product_codes": [
              "0001"
            ],
            "public_dns_name": "",
            "public_ip": "",
            "request_id": null,
            "reservation_id": "r-7f614b80",
            "root_device_name": "/dev/sda1",
            "root_device_type": "ebs",
            "security_group_ids": [
              "sg-fbc0036f"
            ],
            "security_group_names": null,
            "security_groups": [
              {
                "security_group_id": "sg-fbc0036f",
                "security_group_name": "DSNA"
              }
            ],
            "state": "running",
            "state_reason": "",
            "subnet_id": "subnet-c0e0776a",
            "tags": [
              {
                "key": "name",
                "value": "scdsnaws1"
              }
            ],
            "timeouts": null,
            "user_data": "",
            "vm_id": "i-bb20542f",
            "vm_initiated_shutdown_behavior": "restart",
            "vm_type": "tinav3.c4r8p3"
          },
          "sensitive_attributes": [],
          "private": "eyJlMmJmYjczMC1lY2FhLTExZTYtOGY4OC0zNDM2M2JjN2M0YzAiOnsiY3JlYXRlIjo2MDAwMDAwMDAwMDAsImRlbGV0ZSI6NjAwMDAwMDAwMDAwLCJ1cGRhdGUiOjYwMDAwMDAwMDAwMH19",
          "dependencies": [
            "outscale_net.vpc_DSNA",
            "outscale_security_group.sg_DSNA",
            "outscale_subnet.subnet_1"
          ]
        },
        {
          "index_key": 1,
          "schema_version": 0,
          "attributes": {
            "admin_password": "",
            "architecture": "x86_64",
            "block_device_mappings": [],
            "block_device_mappings_created": [
              {
                "bsu": {
                  "delete_on_vm_deletion": "true",
                  "link_date": "2022-08-16T12:51:23.870Z",
                  "state": "attached",
                  "volume_id": "vol-913e81bc"
                },
                "device_name": "/dev/sda1"
              }
            ],
            "bsu_optimized": false,
            "client_token": "",
            "deletion_protection": false,
            "get_admin_password": null,
            "hypervisor": "xen",
            "id": "i-17aef998",
            "image_id": "ami-6f0f9ef3",
            "is_source_dest_checked": true,
            "keypair_name": "",
            "launch_number": 0,
            "net_id": "vpc-bb1e7492",
            "nics": [
              {
                "account_id": "289079107901",
                "delete_on_vm_deletion": true,
                "description": "Primary network interface",
                "device_number": 0,
                "is_source_dest_checked": true,
                "link_nic": [
                  {
                    "delete_on_vm_deletion": true,
                    "device_number": "0",
                    "link_nic_id": "eni-attach-467db07b",
                    "state": "attached"
                  }
                ],
                "link_public_ip": [],
                "mac_address": "aa:b5:84:b9:7a:31",
                "net_id": "vpc-bb1e7492",
                "nic_id": "eni-fdc60047",
                "private_dns_name": "ip-10-1-0-21.cloudgouv-eu-west-1.compute.internal",
                "private_ips": [
                  {
                    "is_primary": true,
                    "link_public_ip": [],
                    "private_dns_name": "ip-10-1-0-21.cloudgouv-eu-west-1.compute.internal",
                    "private_ip": "10.1.0.21"
                  }
                ],
                "secondary_private_ip_count": 0,
                "security_group_ids": [
                  "sg-fbc0036f"
                ],
                "security_groups": [
                  {
                    "security_group_id": "sg-fbc0036f",
                    "security_group_name": "DSNA"
                  }
                ],
                "state": "in-use",
                "subnet_id": "subnet-c0e0776a"
              }
            ],
            "os_family": "",
            "performance": "medium",
            "placement_subregion_name": "cloudgouv-eu-west-1a",
            "placement_tenancy": "default",
            "private_dns_name": "ip-10-1-0-21.cloudgouv-eu-west-1.compute.internal",
            "private_ip": "10.1.0.21",
            "private_ips": [
              "10.1.0.21"
            ],
            "product_codes": [
              "0001"
            ],
            "public_dns_name": "",
            "public_ip": "",
            "request_id": null,
            "reservation_id": "r-93ef6875",
            "root_device_name": "/dev/sda1",
            "root_device_type": "ebs",
            "security_group_ids": [
              "sg-fbc0036f"
            ],
            "security_group_names": null,
            "security_groups": [
              {
                "security_group_id": "sg-fbc0036f",
                "security_group_name": "DSNA"
              }
            ],
            "state": "running",
            "state_reason": "",
            "subnet_id": "subnet-c0e0776a",
            "tags": [
              {
                "key": "name",
                "value": "scdsnaws2"
              }
            ],
            "timeouts": null,
            "user_data": "",
            "vm_id": "i-17aef998",
            "vm_initiated_shutdown_behavior": "restart",
            "vm_type": "tinav3.c4r8p3"
          },
          "sensitive_attributes": [],
          "private": "eyJlMmJmYjczMC1lY2FhLTExZTYtOGY4OC0zNDM2M2JjN2M0YzAiOnsiY3JlYXRlIjo2MDAwMDAwMDAwMDAsImRlbGV0ZSI6NjAwMDAwMDAwMDAwLCJ1cGRhdGUiOjYwMDAwMDAwMDAwMH19",
          "dependencies": [
            "outscale_net.vpc_DSNA",
            "outscale_security_group.sg_DSNA",
            "outscale_subnet.subnet_1"
          ]
        },
        {
          "index_key": 2,
          "schema_version": 0,
          "attributes": {
            "admin_password": "",
            "architecture": "x86_64",
            "block_device_mappings": [],
            "block_device_mappings_created": [
              {
                "bsu": {
                  "delete_on_vm_deletion": "true",
                  "link_date": "2022-08-16T12:51:22.681Z",
                  "state": "attached",
                  "volume_id": "vol-8bc62001"
                },
                "device_name": "/dev/sda1"
              }
            ],
            "bsu_optimized": false,
            "client_token": "",
            "deletion_protection": false,
            "get_admin_password": null,
            "hypervisor": "xen",
            "id": "i-a9b3afcc",
            "image_id": "ami-6f0f9ef3",
            "is_source_dest_checked": true,
            "keypair_name": "",
            "launch_number": 0,
            "net_id": "vpc-bb1e7492",
            "nics": [
              {
                "account_id": "289079107901",
                "delete_on_vm_deletion": true,
                "description": "Primary network interface",
                "device_number": 0,
                "is_source_dest_checked": true,
                "link_nic": [
                  {
                    "delete_on_vm_deletion": true,
                    "device_number": "0",
                    "link_nic_id": "eni-attach-149838b4",
                    "state": "attached"
                  }
                ],
                "link_public_ip": [],
                "mac_address": "aa:a0:fa:94:c4:a7",
                "net_id": "vpc-bb1e7492",
                "nic_id": "eni-c5e90360",
                "private_dns_name": "ip-10-1-0-22.cloudgouv-eu-west-1.compute.internal",
                "private_ips": [
                  {
                    "is_primary": true,
                    "link_public_ip": [],
                    "private_dns_name": "ip-10-1-0-22.cloudgouv-eu-west-1.compute.internal",
                    "private_ip": "10.1.0.22"
                  }
                ],
                "secondary_private_ip_count": 0,
                "security_group_ids": [
                  "sg-fbc0036f"
                ],
                "security_groups": [
                  {
                    "security_group_id": "sg-fbc0036f",
                    "security_group_name": "DSNA"
                  }
                ],
                "state": "in-use",
                "subnet_id": "subnet-c0e0776a"
              }
            ],
            "os_family": "",
            "performance": "medium",
            "placement_subregion_name": "cloudgouv-eu-west-1a",
            "placement_tenancy": "default",
            "private_dns_name": "ip-10-1-0-22.cloudgouv-eu-west-1.compute.internal",
            "private_ip": "10.1.0.22",
            "private_ips": [
              "10.1.0.22"
            ],
            "product_codes": [
              "0001"
            ],
            "public_dns_name": "",
            "public_ip": "",
            "request_id": null,
            "reservation_id": "r-f7bb8170",
            "root_device_name": "/dev/sda1",
            "root_device_type": "ebs",
            "security_group_ids": [
              "sg-fbc0036f"
            ],
            "security_group_names": null,
            "security_groups": [
              {
                "security_group_id": "sg-fbc0036f",
                "security_group_name": "DSNA"
              }
            ],
            "state": "running",
            "state_reason": "",
            "subnet_id": "subnet-c0e0776a",
            "tags": [
              {
                "key": "name",
                "value": "scdsnaws3"
              }
            ],
            "timeouts": null,
            "user_data": "",
            "vm_id": "i-a9b3afcc",
            "vm_initiated_shutdown_behavior": "restart",
            "vm_type": "tinav3.c4r8p3"
          },
          "sensitive_attributes": [],
          "private": "eyJlMmJmYjczMC1lY2FhLTExZTYtOGY4OC0zNDM2M2JjN2M0YzAiOnsiY3JlYXRlIjo2MDAwMDAwMDAwMDAsImRlbGV0ZSI6NjAwMDAwMDAwMDAwLCJ1cGRhdGUiOjYwMDAwMDAwMDAwMH19",
          "dependencies": [
            "outscale_net.vpc_DSNA",
            "outscale_security_group.sg_DSNA",
            "outscale_subnet.subnet_1"
          ]
        }
      ]
    },
    {
      "mode": "managed",
      "type": "outscale_volume",
      "name": "volume_rancher",
      "provider": "provider[\"registry.terraform.io/outscale-dev/outscale\"]",
      "instances": [
        {
          "index_key": 0,
          "schema_version": 0,
          "attributes": {
            "id": "vol-2800b9bd",
            "iops": 150,
            "linked_volumes": [
              {
                "delete_on_vm_deletion": false,
                "device_name": "/dev/xvdb",
                "state": "attached",
                "vm_id": "i-4dccb7f9",
                "volume_id": "vol-2800b9bd"
              }
            ],
            "request_id": null,
            "size": 50,
            "snapshot_id": "",
            "state": "in-use",
            "subregion_name": "cloudgouv-eu-west-1a",
            "tags": [
              {
                "key": "name",
                "value": "rancher_volume1"
              }
            ],
            "volume_id": "vol-2800b9bd",
            "volume_type": "standard"
          },
          "sensitive_attributes": [],
          "private": "bnVsbA==",
          "dependencies": [
            "outscale_net.vpc_DSNA",
            "outscale_security_group.sg_DSNA",
            "outscale_subnet.subnet_1",
            "outscale_vm.scdsnarancher"
          ]
        }
      ]
    },
    {
      "mode": "managed",
      "type": "outscale_volume",
      "name": "volume_storage",
      "provider": "provider[\"registry.terraform.io/outscale-dev/outscale\"]",
      "instances": [
        {
          "index_key": 0,
          "schema_version": 0,
          "attributes": {
            "id": "vol-4ec45863",
            "iops": 150,
            "linked_volumes": [
              {
                "delete_on_vm_deletion": false,
                "device_name": "/dev/xvdb",
                "state": "attached",
                "vm_id": "i-1d9d5dd8",
                "volume_id": "vol-4ec45863"
              }
            ],
            "request_id": null,
            "size": 50,
            "snapshot_id": "",
            "state": "in-use",
            "subregion_name": "cloudgouv-eu-west-1a",
            "tags": [
              {
                "key": "name",
                "value": "storage_volume1"
              }
            ],
            "volume_id": "vol-4ec45863",
            "volume_type": "standard"
          },
          "sensitive_attributes": [],
          "private": "bnVsbA==",
          "dependencies": [
            "outscale_net.vpc_DSNA",
            "outscale_security_group.sg_DSNA",
            "outscale_subnet.subnet_1",
            "outscale_vm.scdsnastorage"
          ]
        },
        {
          "index_key": 1,
          "schema_version": 0,
          "attributes": {
            "id": "vol-7b8d25e9",
            "iops": 150,
            "linked_volumes": [
              {
                "delete_on_vm_deletion": false,
                "device_name": "/dev/xvdc",
                "state": "attached",
                "vm_id": "i-1d9d5dd8",
                "volume_id": "vol-7b8d25e9"
              }
            ],
            "request_id": null,
            "size": 50,
            "snapshot_id": "",
            "state": "in-use",
            "subregion_name": "cloudgouv-eu-west-1a",
            "tags": [
              {
                "key": "name",
                "value": "storage_volume2"
              }
            ],
            "volume_id": "vol-7b8d25e9",
            "volume_type": "standard"
          },
          "sensitive_attributes": [],
          "private": "bnVsbA==",
          "dependencies": [
            "outscale_net.vpc_DSNA",
            "outscale_security_group.sg_DSNA",
            "outscale_subnet.subnet_1",
            "outscale_vm.scdsnastorage"
          ]
        },
        {
          "index_key": 2,
          "schema_version": 0,
          "attributes": {
            "id": "vol-eb58288a",
            "iops": 150,
            "linked_volumes": [
              {
                "delete_on_vm_deletion": false,
                "device_name": "/dev/xvdd",
                "state": "attached",
                "vm_id": "i-1d9d5dd8",
                "volume_id": "vol-eb58288a"
              }
            ],
            "request_id": null,
            "size": 50,
            "snapshot_id": "",
            "state": "in-use",
            "subregion_name": "cloudgouv-eu-west-1a",
            "tags": [
              {
                "key": "name",
                "value": "storage_volume3"
              }
            ],
            "volume_id": "vol-eb58288a",
            "volume_type": "standard"
          },
          "sensitive_attributes": [],
          "private": "bnVsbA==",
          "dependencies": [
            "outscale_net.vpc_DSNA",
            "outscale_security_group.sg_DSNA",
            "outscale_subnet.subnet_1",
            "outscale_vm.scdsnastorage"
          ]
        },
        {
          "index_key": 3,
          "schema_version": 0,
          "attributes": {
            "id": "vol-8b271b5d",
            "iops": 150,
            "linked_volumes": [
              {
                "delete_on_vm_deletion": false,
                "device_name": "/dev/xvde",
                "state": "attached",
                "vm_id": "i-1d9d5dd8",
                "volume_id": "vol-8b271b5d"
              }
            ],
            "request_id": null,
            "size": 50,
            "snapshot_id": "",
            "state": "in-use",
            "subregion_name": "cloudgouv-eu-west-1a",
            "tags": [
              {
                "key": "name",
                "value": "storage_volume4"
              }
            ],
            "volume_id": "vol-8b271b5d",
            "volume_type": "standard"
          },
          "sensitive_attributes": [],
          "private": "bnVsbA==",
          "dependencies": [
            "outscale_net.vpc_DSNA",
            "outscale_security_group.sg_DSNA",
            "outscale_subnet.subnet_1",
            "outscale_vm.scdsnastorage"
          ]
        },
        {
          "index_key": 4,
          "schema_version": 0,
          "attributes": {
            "id": "vol-1381dad4",
            "iops": 150,
            "linked_volumes": [
              {
                "delete_on_vm_deletion": false,
                "device_name": "/dev/xvdf",
                "state": "attached",
                "vm_id": "i-1d9d5dd8",
                "volume_id": "vol-1381dad4"
              }
            ],
            "request_id": null,
            "size": 50,
            "snapshot_id": "",
            "state": "in-use",
            "subregion_name": "cloudgouv-eu-west-1a",
            "tags": [
              {
                "key": "name",
                "value": "storage_volume5"
              }
            ],
            "volume_id": "vol-1381dad4",
            "volume_type": "standard"
          },
          "sensitive_attributes": [],
          "private": "bnVsbA==",
          "dependencies": [
            "outscale_net.vpc_DSNA",
            "outscale_security_group.sg_DSNA",
            "outscale_subnet.subnet_1",
            "outscale_vm.scdsnastorage"
          ]
        },
        {
          "index_key": 5,
          "schema_version": 0,
          "attributes": {
            "id": "vol-62445ca3",
            "iops": 150,
            "linked_volumes": [
              {
                "delete_on_vm_deletion": false,
                "device_name": "/dev/xvdg",
                "state": "attached",
                "vm_id": "i-1d9d5dd8",
                "volume_id": "vol-62445ca3"
              }
            ],
            "request_id": null,
            "size": 50,
            "snapshot_id": "",
            "state": "in-use",
            "subregion_name": "cloudgouv-eu-west-1a",
            "tags": [
              {
                "key": "name",
                "value": "storage_volume6"
              }
            ],
            "volume_id": "vol-62445ca3",
            "volume_type": "standard"
          },
          "sensitive_attributes": [],
          "private": "bnVsbA==",
          "dependencies": [
            "outscale_net.vpc_DSNA",
            "outscale_security_group.sg_DSNA",
            "outscale_subnet.subnet_1",
            "outscale_vm.scdsnastorage"
          ]
        },
        {
          "index_key": 6,
          "schema_version": 0,
          "attributes": {
            "id": "vol-ffc9081c",
            "iops": 150,
            "linked_volumes": [
              {
                "delete_on_vm_deletion": false,
                "device_name": "/dev/xvdb",
                "state": "attached",
                "vm_id": "i-ba45a1f9",
                "volume_id": "vol-ffc9081c"
              }
            ],
            "request_id": null,
            "size": 50,
            "snapshot_id": "",
            "state": "in-use",
            "subregion_name": "cloudgouv-eu-west-1a",
            "tags": [
              {
                "key": "name",
                "value": "storage_volume7"
              }
            ],
            "volume_id": "vol-ffc9081c",
            "volume_type": "standard"
          },
          "sensitive_attributes": [],
          "private": "bnVsbA==",
          "dependencies": [
            "outscale_net.vpc_DSNA",
            "outscale_security_group.sg_DSNA",
            "outscale_subnet.subnet_1",
            "outscale_vm.scdsnastorage"
          ]
        },
        {
          "index_key": 7,
          "schema_version": 0,
          "attributes": {
            "id": "vol-8dea3143",
            "iops": 150,
            "linked_volumes": [
              {
                "delete_on_vm_deletion": false,
                "device_name": "/dev/xvdc",
                "state": "attached",
                "vm_id": "i-ba45a1f9",
                "volume_id": "vol-8dea3143"
              }
            ],
            "request_id": null,
            "size": 50,
            "snapshot_id": "",
            "state": "in-use",
            "subregion_name": "cloudgouv-eu-west-1a",
            "tags": [
              {
                "key": "name",
                "value": "storage_volume8"
              }
            ],
            "volume_id": "vol-8dea3143",
            "volume_type": "standard"
          },
          "sensitive_attributes": [],
          "private": "bnVsbA==",
          "dependencies": [
            "outscale_net.vpc_DSNA",
            "outscale_security_group.sg_DSNA",
            "outscale_subnet.subnet_1",
            "outscale_vm.scdsnastorage"
          ]
        },
        {
          "index_key": 8,
          "schema_version": 0,
          "attributes": {
            "id": "vol-d6e29043",
            "iops": 150,
            "linked_volumes": [
              {
                "delete_on_vm_deletion": false,
                "device_name": "/dev/xvdd",
                "state": "attached",
                "vm_id": "i-ba45a1f9",
                "volume_id": "vol-d6e29043"
              }
            ],
            "request_id": null,
            "size": 50,
            "snapshot_id": "",
            "state": "in-use",
            "subregion_name": "cloudgouv-eu-west-1a",
            "tags": [
              {
                "key": "name",
                "value": "storage_volume9"
              }
            ],
            "volume_id": "vol-d6e29043",
            "volume_type": "standard"
          },
          "sensitive_attributes": [],
          "private": "bnVsbA==",
          "dependencies": [
            "outscale_net.vpc_DSNA",
            "outscale_security_group.sg_DSNA",
            "outscale_subnet.subnet_1",
            "outscale_vm.scdsnastorage"
          ]
        },
        {
          "index_key": 9,
          "schema_version": 0,
          "attributes": {
            "id": "vol-0f0b696c",
            "iops": 150,
            "linked_volumes": [
              {
                "delete_on_vm_deletion": false,
                "device_name": "/dev/xvde",
                "state": "attached",
                "vm_id": "i-ba45a1f9",
                "volume_id": "vol-0f0b696c"
              }
            ],
            "request_id": null,
            "size": 50,
            "snapshot_id": "",
            "state": "in-use",
            "subregion_name": "cloudgouv-eu-west-1a",
            "tags": [
              {
                "key": "name",
                "value": "storage_volume10"
              }
            ],
            "volume_id": "vol-0f0b696c",
            "volume_type": "standard"
          },
          "sensitive_attributes": [],
          "private": "bnVsbA==",
          "dependencies": [
            "outscale_net.vpc_DSNA",
            "outscale_security_group.sg_DSNA",
            "outscale_subnet.subnet_1",
            "outscale_vm.scdsnastorage"
          ]
        },
        {
          "index_key": 10,
          "schema_version": 0,
          "attributes": {
            "id": "vol-c3daa7e9",
            "iops": 150,
            "linked_volumes": [
              {
                "delete_on_vm_deletion": false,
                "device_name": "/dev/xvdf",
                "state": "attached",
                "vm_id": "i-ba45a1f9",
                "volume_id": "vol-c3daa7e9"
              }
            ],
            "request_id": null,
            "size": 50,
            "snapshot_id": "",
            "state": "in-use",
            "subregion_name": "cloudgouv-eu-west-1a",
            "tags": [
              {
                "key": "name",
                "value": "storage_volume11"
              }
            ],
            "volume_id": "vol-c3daa7e9",
            "volume_type": "standard"
          },
          "sensitive_attributes": [],
          "private": "bnVsbA==",
          "dependencies": [
            "outscale_net.vpc_DSNA",
            "outscale_security_group.sg_DSNA",
            "outscale_subnet.subnet_1",
            "outscale_vm.scdsnastorage"
          ]
        },
        {
          "index_key": 11,
          "schema_version": 0,
          "attributes": {
            "id": "vol-4d47155c",
            "iops": 150,
            "linked_volumes": [
              {
                "delete_on_vm_deletion": false,
                "device_name": "/dev/xvdg",
                "state": "attached",
                "vm_id": "i-ba45a1f9",
                "volume_id": "vol-4d47155c"
              }
            ],
            "request_id": null,
            "size": 50,
            "snapshot_id": "",
            "state": "in-use",
            "subregion_name": "cloudgouv-eu-west-1a",
            "tags": [
              {
                "key": "name",
                "value": "storage_volume12"
              }
            ],
            "volume_id": "vol-4d47155c",
            "volume_type": "standard"
          },
          "sensitive_attributes": [],
          "private": "bnVsbA==",
          "dependencies": [
            "outscale_net.vpc_DSNA",
            "outscale_security_group.sg_DSNA",
            "outscale_subnet.subnet_1",
            "outscale_vm.scdsnastorage"
          ]
        },
        {
          "index_key": 12,
          "schema_version": 0,
          "attributes": {
            "id": "vol-ec6a9fcc",
            "iops": 150,
            "linked_volumes": [
              {
                "delete_on_vm_deletion": false,
                "device_name": "/dev/xvdb",
                "state": "attached",
                "vm_id": "i-064e7279",
                "volume_id": "vol-ec6a9fcc"
              }
            ],
            "request_id": null,
            "size": 50,
            "snapshot_id": "",
            "state": "in-use",
            "subregion_name": "cloudgouv-eu-west-1a",
            "tags": [
              {
                "key": "name",
                "value": "storage_volume13"
              }
            ],
            "volume_id": "vol-ec6a9fcc",
            "volume_type": "standard"
          },
          "sensitive_attributes": [],
          "private": "bnVsbA==",
          "dependencies": [
            "outscale_net.vpc_DSNA",
            "outscale_security_group.sg_DSNA",
            "outscale_subnet.subnet_1",
            "outscale_vm.scdsnastorage"
          ]
        },
        {
          "index_key": 13,
          "schema_version": 0,
          "attributes": {
            "id": "vol-60ef6dc0",
            "iops": 150,
            "linked_volumes": [
              {
                "delete_on_vm_deletion": false,
                "device_name": "/dev/xvdc",
                "state": "attached",
                "vm_id": "i-064e7279",
                "volume_id": "vol-60ef6dc0"
              }
            ],
            "request_id": null,
            "size": 50,
            "snapshot_id": "",
            "state": "in-use",
            "subregion_name": "cloudgouv-eu-west-1a",
            "tags": [
              {
                "key": "name",
                "value": "storage_volume14"
              }
            ],
            "volume_id": "vol-60ef6dc0",
            "volume_type": "standard"
          },
          "sensitive_attributes": [],
          "private": "bnVsbA==",
          "dependencies": [
            "outscale_net.vpc_DSNA",
            "outscale_security_group.sg_DSNA",
            "outscale_subnet.subnet_1",
            "outscale_vm.scdsnastorage"
          ]
        },
        {
          "index_key": 14,
          "schema_version": 0,
          "attributes": {
            "id": "vol-e8ab56e8",
            "iops": 150,
            "linked_volumes": [
              {
                "delete_on_vm_deletion": false,
                "device_name": "/dev/xvdd",
                "state": "attached",
                "vm_id": "i-064e7279",
                "volume_id": "vol-e8ab56e8"
              }
            ],
            "request_id": null,
            "size": 50,
            "snapshot_id": "",
            "state": "in-use",
            "subregion_name": "cloudgouv-eu-west-1a",
            "tags": [
              {
                "key": "name",
                "value": "storage_volume15"
              }
            ],
            "volume_id": "vol-e8ab56e8",
            "volume_type": "standard"
          },
          "sensitive_attributes": [],
          "private": "bnVsbA==",
          "dependencies": [
            "outscale_net.vpc_DSNA",
            "outscale_security_group.sg_DSNA",
            "outscale_subnet.subnet_1",
            "outscale_vm.scdsnastorage"
          ]
        }
      ]
    },
    {
      "mode": "managed",
      "type": "outscale_volumes_link",
      "name": "volume_link_rancher",
      "provider": "provider[\"registry.terraform.io/outscale-dev/outscale\"]",
      "instances": [
        {
          "index_key": 0,
          "schema_version": 0,
          "attributes": {
            "delete_on_vm_termination": false,
            "device_name": "/dev/xvdb",
            "force_unlink": null,
            "id": "vol-2800b9bd",
            "request_id": null,
            "state": "attached",
            "timeouts": null,
            "vm_id": "i-4dccb7f9",
            "volume_id": "vol-2800b9bd"
          },
          "sensitive_attributes": [],
          "private": "eyJlMmJmYjczMC1lY2FhLTExZTYtOGY4OC0zNDM2M2JjN2M0YzAiOnsiY3JlYXRlIjo2MDAwMDAwMDAwMDAsImRlbGV0ZSI6NjAwMDAwMDAwMDAwfX0=",
          "dependencies": [
            "outscale_net.vpc_DSNA",
            "outscale_security_group.sg_DSNA",
            "outscale_subnet.subnet_1",
            "outscale_vm.scdsnarancher",
            "outscale_volume.volume_rancher"
          ]
        }
      ]
    },
    {
      "mode": "managed",
      "type": "outscale_volumes_link",
      "name": "volume_link_storage",
      "provider": "provider[\"registry.terraform.io/outscale-dev/outscale\"]",
      "instances": [
        {
          "index_key": 0,
          "schema_version": 0,
          "attributes": {
            "delete_on_vm_termination": false,
            "device_name": "/dev/xvdb",
            "force_unlink": null,
            "id": "vol-4ec45863",
            "request_id": null,
            "state": "attached",
            "timeouts": null,
            "vm_id": "i-1d9d5dd8",
            "volume_id": "vol-4ec45863"
          },
          "sensitive_attributes": [],
          "private": "eyJlMmJmYjczMC1lY2FhLTExZTYtOGY4OC0zNDM2M2JjN2M0YzAiOnsiY3JlYXRlIjo2MDAwMDAwMDAwMDAsImRlbGV0ZSI6NjAwMDAwMDAwMDAwfX0=",
          "dependencies": [
            "outscale_net.vpc_DSNA",
            "outscale_security_group.sg_DSNA",
            "outscale_subnet.subnet_1",
            "outscale_vm.scdsnastorage",
            "outscale_volume.volume_storage"
          ]
        },
        {
          "index_key": 1,
          "schema_version": 0,
          "attributes": {
            "delete_on_vm_termination": false,
            "device_name": "/dev/xvdc",
            "force_unlink": null,
            "id": "vol-7b8d25e9",
            "request_id": null,
            "state": "attached",
            "timeouts": null,
            "vm_id": "i-1d9d5dd8",
            "volume_id": "vol-7b8d25e9"
          },
          "sensitive_attributes": [],
          "private": "eyJlMmJmYjczMC1lY2FhLTExZTYtOGY4OC0zNDM2M2JjN2M0YzAiOnsiY3JlYXRlIjo2MDAwMDAwMDAwMDAsImRlbGV0ZSI6NjAwMDAwMDAwMDAwfX0=",
          "dependencies": [
            "outscale_net.vpc_DSNA",
            "outscale_security_group.sg_DSNA",
            "outscale_subnet.subnet_1",
            "outscale_vm.scdsnastorage",
            "outscale_volume.volume_storage"
          ]
        },
        {
          "index_key": 2,
          "schema_version": 0,
          "attributes": {
            "delete_on_vm_termination": false,
            "device_name": "/dev/xvdd",
            "force_unlink": null,
            "id": "vol-eb58288a",
            "request_id": null,
            "state": "attached",
            "timeouts": null,
            "vm_id": "i-1d9d5dd8",
            "volume_id": "vol-eb58288a"
          },
          "sensitive_attributes": [],
          "private": "eyJlMmJmYjczMC1lY2FhLTExZTYtOGY4OC0zNDM2M2JjN2M0YzAiOnsiY3JlYXRlIjo2MDAwMDAwMDAwMDAsImRlbGV0ZSI6NjAwMDAwMDAwMDAwfX0=",
          "dependencies": [
            "outscale_net.vpc_DSNA",
            "outscale_security_group.sg_DSNA",
            "outscale_subnet.subnet_1",
            "outscale_vm.scdsnastorage",
            "outscale_volume.volume_storage"
          ]
        },
        {
          "index_key": 3,
          "schema_version": 0,
          "attributes": {
            "delete_on_vm_termination": false,
            "device_name": "/dev/xvde",
            "force_unlink": null,
            "id": "vol-8b271b5d",
            "request_id": null,
            "state": "attached",
            "timeouts": null,
            "vm_id": "i-1d9d5dd8",
            "volume_id": "vol-8b271b5d"
          },
          "sensitive_attributes": [],
          "private": "eyJlMmJmYjczMC1lY2FhLTExZTYtOGY4OC0zNDM2M2JjN2M0YzAiOnsiY3JlYXRlIjo2MDAwMDAwMDAwMDAsImRlbGV0ZSI6NjAwMDAwMDAwMDAwfX0=",
          "dependencies": [
            "outscale_net.vpc_DSNA",
            "outscale_security_group.sg_DSNA",
            "outscale_subnet.subnet_1",
            "outscale_vm.scdsnastorage",
            "outscale_volume.volume_storage"
          ]
        },
        {
          "index_key": 4,
          "schema_version": 0,
          "attributes": {
            "delete_on_vm_termination": false,
            "device_name": "/dev/xvdf",
            "force_unlink": null,
            "id": "vol-1381dad4",
            "request_id": null,
            "state": "attached",
            "timeouts": null,
            "vm_id": "i-1d9d5dd8",
            "volume_id": "vol-1381dad4"
          },
          "sensitive_attributes": [],
          "private": "eyJlMmJmYjczMC1lY2FhLTExZTYtOGY4OC0zNDM2M2JjN2M0YzAiOnsiY3JlYXRlIjo2MDAwMDAwMDAwMDAsImRlbGV0ZSI6NjAwMDAwMDAwMDAwfX0=",
          "dependencies": [
            "outscale_net.vpc_DSNA",
            "outscale_security_group.sg_DSNA",
            "outscale_subnet.subnet_1",
            "outscale_vm.scdsnastorage",
            "outscale_volume.volume_storage"
          ]
        },
        {
          "index_key": 5,
          "schema_version": 0,
          "attributes": {
            "delete_on_vm_termination": false,
            "device_name": "/dev/xvdg",
            "force_unlink": null,
            "id": "vol-62445ca3",
            "request_id": null,
            "state": "attached",
            "timeouts": null,
            "vm_id": "i-1d9d5dd8",
            "volume_id": "vol-62445ca3"
          },
          "sensitive_attributes": [],
          "private": "eyJlMmJmYjczMC1lY2FhLTExZTYtOGY4OC0zNDM2M2JjN2M0YzAiOnsiY3JlYXRlIjo2MDAwMDAwMDAwMDAsImRlbGV0ZSI6NjAwMDAwMDAwMDAwfX0=",
          "dependencies": [
            "outscale_net.vpc_DSNA",
            "outscale_security_group.sg_DSNA",
            "outscale_subnet.subnet_1",
            "outscale_vm.scdsnastorage",
            "outscale_volume.volume_storage"
          ]
        },
        {
          "index_key": 6,
          "schema_version": 0,
          "attributes": {
            "delete_on_vm_termination": false,
            "device_name": "/dev/xvdb",
            "force_unlink": null,
            "id": "vol-ffc9081c",
            "request_id": null,
            "state": "attached",
            "timeouts": null,
            "vm_id": "i-ba45a1f9",
            "volume_id": "vol-ffc9081c"
          },
          "sensitive_attributes": [],
          "private": "eyJlMmJmYjczMC1lY2FhLTExZTYtOGY4OC0zNDM2M2JjN2M0YzAiOnsiY3JlYXRlIjo2MDAwMDAwMDAwMDAsImRlbGV0ZSI6NjAwMDAwMDAwMDAwfX0=",
          "dependencies": [
            "outscale_net.vpc_DSNA",
            "outscale_security_group.sg_DSNA",
            "outscale_subnet.subnet_1",
            "outscale_vm.scdsnastorage",
            "outscale_volume.volume_storage"
          ]
        },
        {
          "index_key": 7,
          "schema_version": 0,
          "attributes": {
            "delete_on_vm_termination": false,
            "device_name": "/dev/xvdc",
            "force_unlink": null,
            "id": "vol-8dea3143",
            "request_id": null,
            "state": "attached",
            "timeouts": null,
            "vm_id": "i-ba45a1f9",
            "volume_id": "vol-8dea3143"
          },
          "sensitive_attributes": [],
          "private": "eyJlMmJmYjczMC1lY2FhLTExZTYtOGY4OC0zNDM2M2JjN2M0YzAiOnsiY3JlYXRlIjo2MDAwMDAwMDAwMDAsImRlbGV0ZSI6NjAwMDAwMDAwMDAwfX0=",
          "dependencies": [
            "outscale_net.vpc_DSNA",
            "outscale_security_group.sg_DSNA",
            "outscale_subnet.subnet_1",
            "outscale_vm.scdsnastorage",
            "outscale_volume.volume_storage"
          ]
        },
        {
          "index_key": 8,
          "schema_version": 0,
          "attributes": {
            "delete_on_vm_termination": false,
            "device_name": "/dev/xvdd",
            "force_unlink": null,
            "id": "vol-d6e29043",
            "request_id": null,
            "state": "attached",
            "timeouts": null,
            "vm_id": "i-ba45a1f9",
            "volume_id": "vol-d6e29043"
          },
          "sensitive_attributes": [],
          "private": "eyJlMmJmYjczMC1lY2FhLTExZTYtOGY4OC0zNDM2M2JjN2M0YzAiOnsiY3JlYXRlIjo2MDAwMDAwMDAwMDAsImRlbGV0ZSI6NjAwMDAwMDAwMDAwfX0=",
          "dependencies": [
            "outscale_net.vpc_DSNA",
            "outscale_security_group.sg_DSNA",
            "outscale_subnet.subnet_1",
            "outscale_vm.scdsnastorage",
            "outscale_volume.volume_storage"
          ]
        },
        {
          "index_key": 9,
          "schema_version": 0,
          "attributes": {
            "delete_on_vm_termination": false,
            "device_name": "/dev/xvde",
            "force_unlink": null,
            "id": "vol-0f0b696c",
            "request_id": null,
            "state": "attached",
            "timeouts": null,
            "vm_id": "i-ba45a1f9",
            "volume_id": "vol-0f0b696c"
          },
          "sensitive_attributes": [],
          "private": "eyJlMmJmYjczMC1lY2FhLTExZTYtOGY4OC0zNDM2M2JjN2M0YzAiOnsiY3JlYXRlIjo2MDAwMDAwMDAwMDAsImRlbGV0ZSI6NjAwMDAwMDAwMDAwfX0=",
          "dependencies": [
            "outscale_net.vpc_DSNA",
            "outscale_security_group.sg_DSNA",
            "outscale_subnet.subnet_1",
            "outscale_vm.scdsnastorage",
            "outscale_volume.volume_storage"
          ]
        },
        {
          "index_key": 10,
          "schema_version": 0,
          "attributes": {
            "delete_on_vm_termination": false,
            "device_name": "/dev/xvdf",
            "force_unlink": null,
            "id": "vol-c3daa7e9",
            "request_id": null,
            "state": "attached",
            "timeouts": null,
            "vm_id": "i-ba45a1f9",
            "volume_id": "vol-c3daa7e9"
          },
          "sensitive_attributes": [],
          "private": "eyJlMmJmYjczMC1lY2FhLTExZTYtOGY4OC0zNDM2M2JjN2M0YzAiOnsiY3JlYXRlIjo2MDAwMDAwMDAwMDAsImRlbGV0ZSI6NjAwMDAwMDAwMDAwfX0=",
          "dependencies": [
            "outscale_net.vpc_DSNA",
            "outscale_security_group.sg_DSNA",
            "outscale_subnet.subnet_1",
            "outscale_vm.scdsnastorage",
            "outscale_volume.volume_storage"
          ]
        },
        {
          "index_key": 11,
          "schema_version": 0,
          "attributes": {
            "delete_on_vm_termination": false,
            "device_name": "/dev/xvdg",
            "force_unlink": null,
            "id": "vol-4d47155c",
            "request_id": null,
            "state": "attached",
            "timeouts": null,
            "vm_id": "i-ba45a1f9",
            "volume_id": "vol-4d47155c"
          },
          "sensitive_attributes": [],
          "private": "eyJlMmJmYjczMC1lY2FhLTExZTYtOGY4OC0zNDM2M2JjN2M0YzAiOnsiY3JlYXRlIjo2MDAwMDAwMDAwMDAsImRlbGV0ZSI6NjAwMDAwMDAwMDAwfX0=",
          "dependencies": [
            "outscale_net.vpc_DSNA",
            "outscale_security_group.sg_DSNA",
            "outscale_subnet.subnet_1",
            "outscale_vm.scdsnastorage",
            "outscale_volume.volume_storage"
          ]
        },
        {
          "index_key": 12,
          "schema_version": 0,
          "attributes": {
            "delete_on_vm_termination": false,
            "device_name": "/dev/xvdb",
            "force_unlink": null,
            "id": "vol-ec6a9fcc",
            "request_id": null,
            "state": "attached",
            "timeouts": null,
            "vm_id": "i-064e7279",
            "volume_id": "vol-ec6a9fcc"
          },
          "sensitive_attributes": [],
          "private": "eyJlMmJmYjczMC1lY2FhLTExZTYtOGY4OC0zNDM2M2JjN2M0YzAiOnsiY3JlYXRlIjo2MDAwMDAwMDAwMDAsImRlbGV0ZSI6NjAwMDAwMDAwMDAwfX0=",
          "dependencies": [
            "outscale_net.vpc_DSNA",
            "outscale_security_group.sg_DSNA",
            "outscale_subnet.subnet_1",
            "outscale_vm.scdsnastorage",
            "outscale_volume.volume_storage"
          ]
        },
        {
          "index_key": 13,
          "schema_version": 0,
          "attributes": {
            "delete_on_vm_termination": false,
            "device_name": "/dev/xvdc",
            "force_unlink": null,
            "id": "vol-60ef6dc0",
            "request_id": null,
            "state": "attached",
            "timeouts": null,
            "vm_id": "i-064e7279",
            "volume_id": "vol-60ef6dc0"
          },
          "sensitive_attributes": [],
          "private": "eyJlMmJmYjczMC1lY2FhLTExZTYtOGY4OC0zNDM2M2JjN2M0YzAiOnsiY3JlYXRlIjo2MDAwMDAwMDAwMDAsImRlbGV0ZSI6NjAwMDAwMDAwMDAwfX0=",
          "dependencies": [
            "outscale_net.vpc_DSNA",
            "outscale_security_group.sg_DSNA",
            "outscale_subnet.subnet_1",
            "outscale_vm.scdsnastorage",
            "outscale_volume.volume_storage"
          ]
        },
        {
          "index_key": 14,
          "schema_version": 0,
          "attributes": {
            "delete_on_vm_termination": false,
            "device_name": "/dev/xvdd",
            "force_unlink": null,
            "id": "vol-e8ab56e8",
            "request_id": null,
            "state": "attached",
            "timeouts": null,
            "vm_id": "i-064e7279",
            "volume_id": "vol-e8ab56e8"
          },
          "sensitive_attributes": [],
          "private": "eyJlMmJmYjczMC1lY2FhLTExZTYtOGY4OC0zNDM2M2JjN2M0YzAiOnsiY3JlYXRlIjo2MDAwMDAwMDAwMDAsImRlbGV0ZSI6NjAwMDAwMDAwMDAwfX0=",
          "dependencies": [
            "outscale_net.vpc_DSNA",
            "outscale_security_group.sg_DSNA",
            "outscale_subnet.subnet_1",
            "outscale_vm.scdsnastorage",
            "outscale_volume.volume_storage"
          ]
        }
      ]
    }
  ]
}
