{
  "version": 4,
  "terraform_version": "1.2.7",
  "serial": 734,
  "lineage": "4580faf3-4c10-54c0-789c-6184818d4c92",
  "outputs": {
    "DSNA_bastion_eip": {
      "value": "80.247.12.216",
      "type": "string"
    },
    "DSNA_bastion_ip": {
      "value": [
        [
          "10.1.0.5"
        ]
      ],
      "type": [
        "tuple",
        [
          [
            "list",
            "string"
          ]
        ]
      ]
    },
    "DSNA_db_ip": {
      "value": [
        [
          "10.1.0.40"
        ]
      ],
      "type": [
        "tuple",
        [
          [
            "list",
            "string"
          ]
        ]
      ]
    },
    "DSNA_rancher_eip": {
      "value": "148.253.96.50",
      "type": "string"
    },
    "DSNA_rancher_ip": {
      "value": [
        [
          "10.1.0.6"
        ]
      ],
      "type": [
        "tuple",
        [
          [
            "list",
            "string"
          ]
        ]
      ]
    },
    "DSNA_storage_ip": {
      "value": [
        [
          "10.1.0.60"
        ],
        [
          "10.1.0.61"
        ],
        [
          "10.1.0.62"
        ]
      ],
      "type": [
        "tuple",
        [
          [
            "list",
            "string"
          ],
          [
            "list",
            "string"
          ],
          [
            "list",
            "string"
          ]
        ]
      ]
    },
    "DSNA_vpc_eip": {
      "value": "80.247.15.246",
      "type": "string"
    },
    "DSNA_ws_ip": {
      "value": [
        [
          "10.1.0.20"
        ],
        [
          "10.1.0.21"
        ],
        [
          "10.1.0.22"
        ]
      ],
      "type": [
        "tuple",
        [
          [
            "list",
            "string"
          ],
          [
            "list",
            "string"
          ],
          [
            "list",
            "string"
          ]
        ]
      ]
    }
  },
  "resources": [
    {
      "mode": "managed",
      "type": "outscale_internet_service",
      "name": "is_BACKUP",
      "provider": "provider[\"registry.terraform.io/outscale-dev/outscale\"]",
      "instances": [
        {
          "schema_version": 0,
          "attributes": {
            "id": "igw-fc9e8863",
            "internet_service_id": "igw-fc9e8863",
            "net_id": "vpc-590a9d86",
            "request_id": null,
            "state": "available",
            "tags": []
          },
          "sensitive_attributes": [],
          "private": "bnVsbA=="
        }
      ]
    },
    {
      "mode": "managed",
      "type": "outscale_internet_service",
      "name": "is_DSNA",
      "provider": "provider[\"registry.terraform.io/outscale-dev/outscale\"]",
      "instances": [
        {
          "schema_version": 0,
          "attributes": {
            "id": "igw-b807fde2",
            "internet_service_id": "igw-b807fde2",
            "net_id": "vpc-0be80413",
            "request_id": null,
            "state": "available",
            "tags": []
          },
          "sensitive_attributes": [],
          "private": "bnVsbA=="
        }
      ]
    },
    {
      "mode": "managed",
      "type": "outscale_internet_service_link",
      "name": "is_link_1",
      "provider": "provider[\"registry.terraform.io/outscale-dev/outscale\"]",
      "instances": [
        {
          "schema_version": 0,
          "attributes": {
            "id": "igw-b807fde2",
            "internet_service_id": "igw-b807fde2",
            "net_id": "vpc-0be80413",
            "request_id": null,
            "state": "available",
            "tags": []
          },
          "sensitive_attributes": [],
          "private": "bnVsbA==",
          "dependencies": [
            "outscale_internet_service.is_DSNA",
            "outscale_net.vpc_DSNA"
          ]
        }
      ]
    },
    {
      "mode": "managed",
      "type": "outscale_internet_service_link",
      "name": "is_link_BACKUP",
      "provider": "provider[\"registry.terraform.io/outscale-dev/outscale\"]",
      "instances": [
        {
          "schema_version": 0,
          "attributes": {
            "id": "igw-fc9e8863",
            "internet_service_id": "igw-fc9e8863",
            "net_id": "vpc-590a9d86",
            "request_id": null,
            "state": "available",
            "tags": []
          },
          "sensitive_attributes": [],
          "private": "bnVsbA==",
          "dependencies": [
            "outscale_internet_service.is_BACKUP",
            "outscale_net.vpc_BACKUP"
          ]
        }
      ]
    },
    {
      "mode": "managed",
      "type": "outscale_nat_service",
      "name": "nat_BACKUP",
      "provider": "provider[\"registry.terraform.io/outscale-dev/outscale\"]",
      "instances": [
        {
          "schema_version": 0,
          "attributes": {
            "id": "nat-8465b985",
            "nat_service_id": "nat-8465b985",
            "net_id": "vpc-590a9d86",
            "public_ip_id": "eipalloc-1e1fa579",
            "public_ips": [
              {
                "public_ip": "80.247.12.115",
                "public_ip_id": "eipalloc-1e1fa579"
              }
            ],
            "request_id": null,
            "state": "available",
            "subnet_id": "subnet-6623d08a",
            "tags": [
              {
                "key": "name",
                "value": "BACKUP"
              }
            ]
          },
          "sensitive_attributes": [],
          "private": "bnVsbA==",
          "dependencies": [
            "outscale_net.vpc_BACKUP",
            "outscale_public_ip.eip_BACKUP",
            "outscale_subnet.subnet_BACKUP"
          ]
        }
      ]
    },
    {
      "mode": "managed",
      "type": "outscale_nat_service",
      "name": "nat_DSNA",
      "provider": "provider[\"registry.terraform.io/outscale-dev/outscale\"]",
      "instances": [
        {
          "schema_version": 0,
          "attributes": {
            "id": "nat-1a2ec714",
            "nat_service_id": "nat-1a2ec714",
            "net_id": "vpc-0be80413",
            "public_ip_id": "eipalloc-974436f6",
            "public_ips": [
              {
                "public_ip": "80.247.15.246",
                "public_ip_id": "eipalloc-974436f6"
              }
            ],
            "request_id": null,
            "state": "available",
            "subnet_id": "subnet-781ab64b",
            "tags": [
              {
                "key": "name",
                "value": "DSNA"
              }
            ]
          },
          "sensitive_attributes": [],
          "private": "bnVsbA==",
          "dependencies": [
            "outscale_public_ip.eip_DSNA",
            "outscale_subnet.subnet_1"
          ]
        }
      ]
    },
    {
      "mode": "managed",
      "type": "outscale_net",
      "name": "vpc_BACKUP",
      "provider": "provider[\"registry.terraform.io/outscale-dev/outscale\"]",
      "instances": [
        {
          "schema_version": 0,
          "attributes": {
            "dhcp_options_set_id": "dopt-909f43aa",
            "id": "vpc-590a9d86",
            "ip_range": "10.2.0.0/16",
            "net_id": "vpc-590a9d86",
            "request_id": null,
            "state": "available",
            "tags": [
              {
                "key": "name",
                "value": "BACKUP"
              }
            ],
            "tenancy": "default"
          },
          "sensitive_attributes": [],
          "private": "bnVsbA=="
        }
      ]
    },
    {
      "mode": "managed",
      "type": "outscale_net",
      "name": "vpc_DSNA",
      "provider": "provider[\"registry.terraform.io/outscale-dev/outscale\"]",
      "instances": [
        {
          "schema_version": 0,
          "attributes": {
            "dhcp_options_set_id": "dopt-909f43aa",
            "id": "vpc-0be80413",
            "ip_range": "10.1.0.0/16",
            "net_id": "vpc-0be80413",
            "request_id": null,
            "state": "available",
            "tags": [
              {
                "key": "name",
                "value": "DSNA"
              }
            ],
            "tenancy": "default"
          },
          "sensitive_attributes": [],
          "private": "bnVsbA=="
        }
      ]
    },
    {
      "mode": "managed",
      "type": "outscale_net_peering",
      "name": "net_peering_BACKUP",
      "provider": "provider[\"registry.terraform.io/outscale-dev/outscale\"]",
      "instances": [
        {
          "schema_version": 0,
          "attributes": {
            "accepter_net": {
              "account_id": "289079107901",
              "ip_range": "10.2.0.0/16",
              "net_id": "vpc-590a9d86"
            },
            "accepter_net_id": "vpc-590a9d86",
            "id": "pcx-ce6d6172",
            "net_peering_id": "pcx-ce6d6172",
            "request_id": null,
            "source_net": {
              "account_id": "289079107901",
              "ip_range": "10.1.0.0/16",
              "net_id": "vpc-0be80413"
            },
            "source_net_account_id": null,
            "source_net_id": "vpc-0be80413",
            "state": {
              "message": "Active",
              "name": "active"
            },
            "tags": [
              {
                "key": "name",
                "value": "backup"
              }
            ]
          },
          "sensitive_attributes": [],
          "private": "bnVsbA==",
          "dependencies": [
            "outscale_net.vpc_BACKUP",
            "outscale_net.vpc_DSNA"
          ]
        }
      ]
    },
    {
      "mode": "managed",
      "type": "outscale_net_peering_acceptation",
      "name": "net_peering_acceptation",
      "provider": "provider[\"registry.terraform.io/outscale-dev/outscale\"]",
      "instances": [
        {
          "schema_version": 0,
          "attributes": {
            "accepter_net": {
              "account_id": "289079107901",
              "ip_range": "10.2.0.0/16",
              "net_id": "vpc-590a9d86"
            },
            "accepter_net_id": "vpc-590a9d86",
            "id": "pcx-ce6d6172",
            "net_peering_id": "pcx-ce6d6172",
            "request_id": null,
            "source_net": {
              "account_id": "289079107901",
              "ip_range": "10.1.0.0/16",
              "net_id": "vpc-0be80413"
            },
            "source_net_id": "vpc-0be80413",
            "state": {
              "message": "Active",
              "name": "active"
            },
            "tags": [
              {
                "key": "name",
                "value": "backup"
              }
            ]
          },
          "sensitive_attributes": [],
          "private": "bnVsbA==",
          "dependencies": [
            "outscale_net.vpc_BACKUP",
            "outscale_net.vpc_DSNA",
            "outscale_net_peering.net_peering_BACKUP"
          ]
        }
      ]
    },
    {
      "mode": "managed",
      "type": "outscale_public_ip",
      "name": "eip_BACKUP",
      "provider": "provider[\"registry.terraform.io/outscale-dev/outscale\"]",
      "instances": [
        {
          "schema_version": 0,
          "attributes": {
            "id": "eipalloc-1e1fa579",
            "link_public_ip_id": "eipassoc-85ae5125",
            "nic_account_id": "",
            "nic_id": "",
            "private_ip": "",
            "public_ip": "80.247.12.115",
            "public_ip_id": "eipalloc-1e1fa579",
            "request_id": null,
            "tags": [
              {
                "key": "name",
                "value": "BACKUP"
              }
            ],
            "timeouts": null,
            "vm_id": ""
          },
          "sensitive_attributes": [],
          "private": "eyJlMmJmYjczMC1lY2FhLTExZTYtOGY4OC0zNDM2M2JjN2M0YzAiOnsiY3JlYXRlIjoxODAwMDAwMDAwMDAwLCJkZWxldGUiOjE4MDAwMDAwMDAwMDB9fQ=="
        }
      ]
    },
    {
      "mode": "managed",
      "type": "outscale_public_ip",
      "name": "eip_DSNA",
      "provider": "provider[\"registry.terraform.io/outscale-dev/outscale\"]",
      "instances": [
        {
          "schema_version": 0,
          "attributes": {
            "id": "eipalloc-974436f6",
            "link_public_ip_id": "",
            "nic_account_id": "",
            "nic_id": "",
            "private_ip": "",
            "public_ip": "80.247.15.246",
            "public_ip_id": "eipalloc-974436f6",
            "request_id": null,
            "tags": [
              {
                "key": "name",
                "value": "DSNA"
              }
            ],
            "timeouts": null,
            "vm_id": ""
          },
          "sensitive_attributes": [],
          "private": "eyJlMmJmYjczMC1lY2FhLTExZTYtOGY4OC0zNDM2M2JjN2M0YzAiOnsiY3JlYXRlIjoxODAwMDAwMDAwMDAwLCJkZWxldGUiOjE4MDAwMDAwMDAwMDB9fQ=="
        }
      ]
    },
    {
      "mode": "managed",
      "type": "outscale_public_ip",
      "name": "eip_bastion",
      "provider": "provider[\"registry.terraform.io/outscale-dev/outscale\"]",
      "instances": [
        {
          "schema_version": 0,
          "attributes": {
            "id": "eipalloc-abf5671a",
            "link_public_ip_id": "eipassoc-6c43aed9",
            "nic_account_id": "289079107901",
            "nic_id": "eni-3e59a554",
            "private_ip": "10.1.0.5",
            "public_ip": "80.247.12.216",
            "public_ip_id": "eipalloc-abf5671a",
            "request_id": null,
            "tags": [
              {
                "key": "name",
                "value": "DSNA_bastion"
              }
            ],
            "timeouts": null,
            "vm_id": "i-f27805c0"
          },
          "sensitive_attributes": [],
          "private": "eyJlMmJmYjczMC1lY2FhLTExZTYtOGY4OC0zNDM2M2JjN2M0YzAiOnsiY3JlYXRlIjoxODAwMDAwMDAwMDAwLCJkZWxldGUiOjE4MDAwMDAwMDAwMDB9fQ=="
        }
      ]
    },
    {
      "mode": "managed",
      "type": "outscale_public_ip",
      "name": "eip_rancher",
      "provider": "provider[\"registry.terraform.io/outscale-dev/outscale\"]",
      "instances": [
        {
          "schema_version": 0,
          "attributes": {
            "id": "eipalloc-f3ff895f",
            "link_public_ip_id": "eipassoc-913ba9a9",
            "nic_account_id": "289079107901",
            "nic_id": "eni-afc1d3b7",
            "private_ip": "10.1.0.6",
            "public_ip": "148.253.96.50",
            "public_ip_id": "eipalloc-f3ff895f",
            "request_id": null,
            "tags": [
              {
                "key": "name",
                "value": "DSNA_rancher"
              }
            ],
            "timeouts": null,
            "vm_id": "i-465897e2"
          },
          "sensitive_attributes": [],
          "private": "eyJlMmJmYjczMC1lY2FhLTExZTYtOGY4OC0zNDM2M2JjN2M0YzAiOnsiY3JlYXRlIjoxODAwMDAwMDAwMDAwLCJkZWxldGUiOjE4MDAwMDAwMDAwMDB9fQ=="
        }
      ]
    },
    {
      "mode": "managed",
      "type": "outscale_public_ip_link",
      "name": "eip_bastion_link",
      "provider": "provider[\"registry.terraform.io/outscale-dev/outscale\"]",
      "instances": [
        {
          "schema_version": 0,
          "attributes": {
            "allow_relink": null,
            "id": "eipassoc-6c43aed9",
            "link_public_ip_id": "eipassoc-6c43aed9",
            "nic_account_id": "289079107901",
            "nic_id": "eni-3e59a554",
            "private_ip": "10.1.0.5",
            "public_ip": "80.247.12.216",
            "public_ip_id": "eipalloc-abf5671a",
            "request_id": null,
            "tags": [
              {
                "key": "name",
                "value": "DSNA_bastion"
              }
            ],
            "timeouts": null,
            "vm_id": "i-f27805c0"
          },
          "sensitive_attributes": [],
          "private": "eyJlMmJmYjczMC1lY2FhLTExZTYtOGY4OC0zNDM2M2JjN2M0YzAiOnsiY3JlYXRlIjo2MDAwMDAwMDAwMDAsImRlbGV0ZSI6NjAwMDAwMDAwMDAwfX0=",
          "dependencies": [
            "outscale_net.vpc_DSNA",
            "outscale_public_ip.eip_bastion",
            "outscale_security_group.sg_DSNA",
            "outscale_subnet.subnet_1",
            "outscale_vm.scdsnabastion"
          ]
        }
      ]
    },
    {
      "mode": "managed",
      "type": "outscale_public_ip_link",
      "name": "eip_rancher_link",
      "provider": "provider[\"registry.terraform.io/outscale-dev/outscale\"]",
      "instances": [
        {
          "schema_version": 0,
          "attributes": {
            "allow_relink": null,
            "id": "eipassoc-913ba9a9",
            "link_public_ip_id": "eipassoc-913ba9a9",
            "nic_account_id": "289079107901",
            "nic_id": "eni-afc1d3b7",
            "private_ip": "10.1.0.6",
            "public_ip": "148.253.96.50",
            "public_ip_id": "eipalloc-f3ff895f",
            "request_id": null,
            "tags": [
              {
                "key": "name",
                "value": "DSNA_rancher"
              }
            ],
            "timeouts": null,
            "vm_id": "i-465897e2"
          },
          "sensitive_attributes": [],
          "private": "eyJlMmJmYjczMC1lY2FhLTExZTYtOGY4OC0zNDM2M2JjN2M0YzAiOnsiY3JlYXRlIjo2MDAwMDAwMDAwMDAsImRlbGV0ZSI6NjAwMDAwMDAwMDAwfX0=",
          "dependencies": [
            "outscale_net.vpc_DSNA",
            "outscale_public_ip.eip_rancher",
            "outscale_security_group.sg_DSNA",
            "outscale_subnet.subnet_1",
            "outscale_vm.scdsnarancher"
          ]
        }
      ]
    },
    {
      "mode": "managed",
      "type": "outscale_route",
      "name": "route_1",
      "provider": "provider[\"registry.terraform.io/outscale-dev/outscale\"]",
      "instances": [
        {
          "schema_version": 0,
          "attributes": {
            "await_active_state": true,
            "creation_method": "CreateRoute",
            "destination_ip_range": "0.0.0.0/0",
            "destination_service_id": "",
            "gateway_id": "igw-b807fde2",
            "id": "rtb-a14dcc66",
            "nat_access_point": "",
            "nat_service_id": "",
            "net_peering_id": "",
            "nic_id": "",
            "request_id": null,
            "route_table_id": "rtb-a14dcc66",
            "state": "active",
            "vm_account_id": "",
            "vm_id": ""
          },
          "sensitive_attributes": [],
          "private": "bnVsbA==",
          "dependencies": [
            "outscale_internet_service.is_DSNA",
            "outscale_net.vpc_DSNA",
            "outscale_route_table.rt_DSNA"
          ]
        }
      ]
    },
    {
      "mode": "managed",
      "type": "outscale_route",
      "name": "route_BACKUP",
      "provider": "provider[\"registry.terraform.io/outscale-dev/outscale\"]",
      "instances": [
        {
          "schema_version": 0,
          "attributes": {
            "await_active_state": true,
            "creation_method": "CreateRoute",
            "destination_ip_range": "0.0.0.0/0",
            "destination_service_id": "",
            "gateway_id": "igw-fc9e8863",
            "id": "rtb-7216479f",
            "nat_access_point": "",
            "nat_service_id": "",
            "net_peering_id": "",
            "nic_id": "",
            "request_id": null,
            "route_table_id": "rtb-7216479f",
            "state": "active",
            "vm_account_id": "",
            "vm_id": ""
          },
          "sensitive_attributes": [],
          "private": "bnVsbA==",
          "dependencies": [
            "outscale_internet_service.is_BACKUP",
            "outscale_net.vpc_BACKUP",
            "outscale_route_table.rt_BACKUP"
          ]
        }
      ]
    },
    {
      "mode": "managed",
      "type": "outscale_route",
      "name": "route_DSNA_to_BACKUP",
      "provider": "provider[\"registry.terraform.io/outscale-dev/outscale\"]",
      "instances": [
        {
          "schema_version": 0,
          "attributes": {
            "await_active_state": true,
            "creation_method": "CreateRoute",
            "destination_ip_range": "10.1.0.0/16",
            "destination_service_id": "",
            "gateway_id": "",
            "id": "rtb-7216479f",
            "nat_access_point": "",
            "nat_service_id": "",
            "net_peering_id": "pcx-ce6d6172",
            "nic_id": "",
            "request_id": null,
            "route_table_id": "rtb-7216479f",
            "state": "active",
            "vm_account_id": "",
            "vm_id": ""
          },
          "sensitive_attributes": [],
          "private": "bnVsbA==",
          "dependencies": [
            "outscale_net.vpc_BACKUP",
            "outscale_net.vpc_DSNA",
            "outscale_net_peering.net_peering_BACKUP",
            "outscale_route_table.rt_BACKUP"
          ]
        }
      ]
    },
    {
      "mode": "managed",
      "type": "outscale_route_table",
      "name": "rt_BACKUP",
      "provider": "provider[\"registry.terraform.io/outscale-dev/outscale\"]",
      "instances": [
        {
          "schema_version": 0,
          "attributes": {
            "id": "rtb-7216479f",
            "link_route_tables": [
              {
                "link_route_table_id": "rtbassoc-2976e1a0",
                "main": false,
                "route_table_id": "rtb-7216479f",
                "route_table_to_subnet_link_id": "",
                "subnet_id": "subnet-6623d08a"
              }
            ],
            "net_id": "vpc-590a9d86",
            "request_id": null,
            "route_propagating_virtual_gateways": [],
            "route_table_id": "rtb-7216479f",
            "routes": [
              {
                "creation_method": "CreateRoute",
                "destination_ip_range": "0.0.0.0/0",
                "destination_service_id": "",
                "gateway_id": "igw-fc9e8863",
                "nat_service_id": "",
                "net_access_point_id": "",
                "net_peering_id": "",
                "nic_id": "",
                "state": "active",
                "vm_account_id": "",
                "vm_id": ""
              },
              {
                "creation_method": "CreateRoute",
                "destination_ip_range": "10.1.0.0/16",
                "destination_service_id": "",
                "gateway_id": "",
                "nat_service_id": "",
                "net_access_point_id": "",
                "net_peering_id": "pcx-ce6d6172",
                "nic_id": "",
                "state": "active",
                "vm_account_id": "",
                "vm_id": ""
              },
              {
                "creation_method": "CreateRouteTable",
                "destination_ip_range": "10.2.0.0/16",
                "destination_service_id": "",
                "gateway_id": "",
                "nat_service_id": "",
                "net_access_point_id": "",
                "net_peering_id": "",
                "nic_id": "",
                "state": "active",
                "vm_account_id": "",
                "vm_id": ""
              }
            ],
            "tags": [
              {
                "key": "name",
                "value": "BACKUP"
              }
            ]
          },
          "sensitive_attributes": [],
          "private": "bnVsbA==",
          "dependencies": [
            "outscale_net.vpc_BACKUP"
          ]
        }
      ]
    },
    {
      "mode": "managed",
      "type": "outscale_route_table",
      "name": "rt_DSNA",
      "provider": "provider[\"registry.terraform.io/outscale-dev/outscale\"]",
      "instances": [
        {
          "schema_version": 0,
          "attributes": {
            "id": "rtb-a14dcc66",
            "link_route_tables": [
              {
                "link_route_table_id": "rtbassoc-b658b31b",
                "main": false,
                "route_table_id": "rtb-a14dcc66",
                "route_table_to_subnet_link_id": "",
                "subnet_id": "subnet-781ab64b"
              }
            ],
            "net_id": "vpc-0be80413",
            "request_id": null,
            "route_propagating_virtual_gateways": [],
            "route_table_id": "rtb-a14dcc66",
            "routes": [
              {
                "creation_method": "CreateRouteTable",
                "destination_ip_range": "10.1.0.0/16",
                "destination_service_id": "",
                "gateway_id": "",
                "nat_service_id": "",
                "net_access_point_id": "",
                "net_peering_id": "",
                "nic_id": "",
                "state": "active",
                "vm_account_id": "",
                "vm_id": ""
              },
              {
                "creation_method": "CreateRoute",
                "destination_ip_range": "0.0.0.0/0",
                "destination_service_id": "",
                "gateway_id": "igw-b807fde2",
                "nat_service_id": "",
                "net_access_point_id": "",
                "net_peering_id": "",
                "nic_id": "",
                "state": "active",
                "vm_account_id": "",
                "vm_id": ""
              }
            ],
            "tags": [
              {
                "key": "name",
                "value": "DSNA"
              }
            ]
          },
          "sensitive_attributes": [],
          "private": "bnVsbA==",
          "dependencies": [
            "outscale_net.vpc_DSNA"
          ]
        }
      ]
    },
    {
      "mode": "managed",
      "type": "outscale_route_table_link",
      "name": "rt_link_1",
      "provider": "provider[\"registry.terraform.io/outscale-dev/outscale\"]",
      "instances": [
        {
          "schema_version": 0,
          "attributes": {
            "id": "rtbassoc-b658b31b",
            "link_route_table_id": "rtbassoc-b658b31b",
            "main": false,
            "request_id": null,
            "route_table_id": "rtb-a14dcc66",
            "subnet_id": "subnet-781ab64b"
          },
          "sensitive_attributes": [],
          "private": "bnVsbA==",
          "dependencies": [
            "outscale_net.vpc_DSNA",
            "outscale_route_table.rt_DSNA",
            "outscale_subnet.subnet_1"
          ]
        }
      ]
    },
    {
      "mode": "managed",
      "type": "outscale_route_table_link",
      "name": "rt_link_BACKUP",
      "provider": "provider[\"registry.terraform.io/outscale-dev/outscale\"]",
      "instances": [
        {
          "schema_version": 0,
          "attributes": {
            "id": "rtbassoc-2976e1a0",
            "link_route_table_id": "rtbassoc-2976e1a0",
            "main": false,
            "request_id": null,
            "route_table_id": "rtb-7216479f",
            "subnet_id": "subnet-6623d08a"
          },
          "sensitive_attributes": [],
          "private": "bnVsbA==",
          "dependencies": [
            "outscale_net.vpc_BACKUP",
            "outscale_route_table.rt_BACKUP",
            "outscale_subnet.subnet_BACKUP"
          ]
        }
      ]
    },
    {
      "mode": "managed",
      "type": "outscale_security_group",
      "name": "sg_BACKUP",
      "provider": "provider[\"registry.terraform.io/outscale-dev/outscale\"]",
      "instances": [
        {
          "schema_version": 0,
          "attributes": {
            "account_id": "289079107901",
            "description": "Security Group for BACKUP",
            "id": "sg-4f4861b8",
            "inbound_rules": [
              {
                "from_port_range": 80,
                "ip_protocol": "tcp",
                "ip_ranges": [
                  "51.15.190.162/32"
                ],
                "security_groups_members": [],
                "to_port_range": 80
              },
              {
                "from_port_range": 443,
                "ip_protocol": "tcp",
                "ip_ranges": [
                  "51.15.190.162/32"
                ],
                "security_groups_members": [],
                "to_port_range": 443
              },
              {
                "from_port_range": 722,
                "ip_protocol": "tcp",
                "ip_ranges": [
                  "51.15.190.162/32"
                ],
                "security_groups_members": [],
                "to_port_range": 722
              },
              {
                "from_port_range": 9000,
                "ip_protocol": "tcp",
                "ip_ranges": [
                  "10.1.0.0/16"
                ],
                "security_groups_members": [],
                "to_port_range": 9000
              },
              {
                "from_port_range": 9090,
                "ip_protocol": "tcp",
                "ip_ranges": [
                  "51.15.190.162/32"
                ],
                "security_groups_members": [],
                "to_port_range": 9090
              }
            ],
            "net_id": "vpc-590a9d86",
            "outbound_rules": [
              {
                "from_port_range": -1,
                "ip_protocol": "-1",
                "ip_ranges": [
                  "0.0.0.0/0"
                ],
                "security_groups_members": [],
                "to_port_range": -1
              }
            ],
            "request_id": null,
            "security_group_id": "sg-4f4861b8",
            "security_group_name": "BACKUP",
            "tag": null,
            "tags": []
          },
          "sensitive_attributes": [],
          "private": "bnVsbA==",
          "dependencies": [
            "outscale_net.vpc_BACKUP"
          ]
        }
      ]
    },
    {
      "mode": "managed",
      "type": "outscale_security_group",
      "name": "sg_DSNA",
      "provider": "provider[\"registry.terraform.io/outscale-dev/outscale\"]",
      "instances": [
        {
          "schema_version": 0,
          "attributes": {
            "account_id": "289079107901",
            "description": "Security Group for DSNA",
            "id": "sg-61efef2d",
            "inbound_rules": [
              {
                "from_port_range": 80,
                "ip_protocol": "tcp",
                "ip_ranges": [
                  "51.15.190.162/32"
                ],
                "security_groups_members": [],
                "to_port_range": 80
              },
              {
                "from_port_range": 443,
                "ip_protocol": "tcp",
                "ip_ranges": [
                  "51.15.190.162/32"
                ],
                "security_groups_members": [],
                "to_port_range": 443
              },
              {
                "from_port_range": 722,
                "ip_protocol": "tcp",
                "ip_ranges": [
                  "51.15.190.162/32"
                ],
                "security_groups_members": [],
                "to_port_range": 722
              },
              {
                "from_port_range": 9090,
                "ip_protocol": "tcp",
                "ip_ranges": [
                  "51.15.190.162/32"
                ],
                "security_groups_members": [],
                "to_port_range": 9090
              }
            ],
            "net_id": "vpc-0be80413",
            "outbound_rules": [
              {
                "from_port_range": -1,
                "ip_protocol": "-1",
                "ip_ranges": [
                  "0.0.0.0/0"
                ],
                "security_groups_members": [],
                "to_port_range": -1
              }
            ],
            "request_id": null,
            "security_group_id": "sg-61efef2d",
            "security_group_name": "DSNA",
            "tag": null,
            "tags": []
          },
          "sensitive_attributes": [],
          "private": "bnVsbA==",
          "dependencies": [
            "outscale_net.vpc_DSNA"
          ]
        }
      ]
    },
    {
      "mode": "managed",
      "type": "outscale_security_group_rule",
      "name": "sg_rule_inbound",
      "provider": "provider[\"registry.terraform.io/outscale-dev/outscale\"]",
      "instances": [
        {
          "index_key": 0,
          "schema_version": 0,
          "attributes": {
            "flow": "Inbound",
            "from_port_range": 80,
            "id": "sg-61efef2d",
            "inbound_rules": [
              {
                "from_port_range": 80,
                "ip_protocol": "tcp",
                "ip_ranges": [
                  "51.15.190.162/32"
                ],
                "security_groups_members": [],
                "service_ids": [],
                "to_port_range": 80
              },
              {
                "from_port_range": 443,
                "ip_protocol": "tcp",
                "ip_ranges": [
                  "51.15.190.162/32"
                ],
                "security_groups_members": [],
                "service_ids": [],
                "to_port_range": 443
              },
              {
                "from_port_range": 722,
                "ip_protocol": "tcp",
                "ip_ranges": [
                  "51.15.190.162/32"
                ],
                "security_groups_members": [],
                "service_ids": [],
                "to_port_range": 722
              },
              {
                "from_port_range": 9090,
                "ip_protocol": "tcp",
                "ip_ranges": [
                  "51.15.190.162/32"
                ],
                "security_groups_members": [],
                "service_ids": [],
                "to_port_range": 9090
              }
            ],
            "ip_protocol": "tcp",
            "ip_range": "51.15.190.162/32",
            "net_id": "vpc-0be80413",
            "outbound_rules": [
              {
                "from_port_range": -1,
                "ip_protocol": "-1",
                "ip_ranges": [
                  "0.0.0.0/0"
                ],
                "security_groups_members": [],
                "service_ids": [],
                "to_port_range": -1
              }
            ],
            "request_id": null,
            "rules": [],
            "security_group_account_id_to_link": null,
            "security_group_id": "sg-61efef2d",
            "security_group_name": "DSNA",
            "security_group_name_to_link": null,
            "to_port_range": 80
          },
          "sensitive_attributes": [],
          "private": "bnVsbA==",
          "dependencies": [
            "outscale_net.vpc_DSNA",
            "outscale_security_group.sg_DSNA"
          ]
        },
        {
          "index_key": 1,
          "schema_version": 0,
          "attributes": {
            "flow": "Inbound",
            "from_port_range": 443,
            "id": "sg-61efef2d",
            "inbound_rules": [
              {
                "from_port_range": 80,
                "ip_protocol": "tcp",
                "ip_ranges": [
                  "51.15.190.162/32"
                ],
                "security_groups_members": [],
                "service_ids": [],
                "to_port_range": 80
              },
              {
                "from_port_range": 443,
                "ip_protocol": "tcp",
                "ip_ranges": [
                  "51.15.190.162/32"
                ],
                "security_groups_members": [],
                "service_ids": [],
                "to_port_range": 443
              },
              {
                "from_port_range": 722,
                "ip_protocol": "tcp",
                "ip_ranges": [
                  "51.15.190.162/32"
                ],
                "security_groups_members": [],
                "service_ids": [],
                "to_port_range": 722
              },
              {
                "from_port_range": 9090,
                "ip_protocol": "tcp",
                "ip_ranges": [
                  "51.15.190.162/32"
                ],
                "security_groups_members": [],
                "service_ids": [],
                "to_port_range": 9090
              }
            ],
            "ip_protocol": "tcp",
            "ip_range": "51.15.190.162/32",
            "net_id": "vpc-0be80413",
            "outbound_rules": [
              {
                "from_port_range": -1,
                "ip_protocol": "-1",
                "ip_ranges": [
                  "0.0.0.0/0"
                ],
                "security_groups_members": [],
                "service_ids": [],
                "to_port_range": -1
              }
            ],
            "request_id": null,
            "rules": [],
            "security_group_account_id_to_link": null,
            "security_group_id": "sg-61efef2d",
            "security_group_name": "DSNA",
            "security_group_name_to_link": null,
            "to_port_range": 443
          },
          "sensitive_attributes": [],
          "private": "bnVsbA==",
          "dependencies": [
            "outscale_net.vpc_DSNA",
            "outscale_security_group.sg_DSNA"
          ]
        },
        {
          "index_key": 2,
          "schema_version": 0,
          "attributes": {
            "flow": "Inbound",
            "from_port_range": 722,
            "id": "sg-61efef2d",
            "inbound_rules": [
              {
                "from_port_range": 80,
                "ip_protocol": "tcp",
                "ip_ranges": [
                  "51.15.190.162/32"
                ],
                "security_groups_members": [],
                "service_ids": [],
                "to_port_range": 80
              },
              {
                "from_port_range": 443,
                "ip_protocol": "tcp",
                "ip_ranges": [
                  "51.15.190.162/32"
                ],
                "security_groups_members": [],
                "service_ids": [],
                "to_port_range": 443
              },
              {
                "from_port_range": 722,
                "ip_protocol": "tcp",
                "ip_ranges": [
                  "51.15.190.162/32"
                ],
                "security_groups_members": [],
                "service_ids": [],
                "to_port_range": 722
              },
              {
                "from_port_range": 9090,
                "ip_protocol": "tcp",
                "ip_ranges": [
                  "51.15.190.162/32"
                ],
                "security_groups_members": [],
                "service_ids": [],
                "to_port_range": 9090
              }
            ],
            "ip_protocol": "tcp",
            "ip_range": "51.15.190.162/32",
            "net_id": "vpc-0be80413",
            "outbound_rules": [
              {
                "from_port_range": -1,
                "ip_protocol": "-1",
                "ip_ranges": [
                  "0.0.0.0/0"
                ],
                "security_groups_members": [],
                "service_ids": [],
                "to_port_range": -1
              }
            ],
            "request_id": null,
            "rules": [],
            "security_group_account_id_to_link": null,
            "security_group_id": "sg-61efef2d",
            "security_group_name": "DSNA",
            "security_group_name_to_link": null,
            "to_port_range": 722
          },
          "sensitive_attributes": [],
          "private": "bnVsbA==",
          "dependencies": [
            "outscale_net.vpc_DSNA",
            "outscale_security_group.sg_DSNA"
          ]
        },
        {
          "index_key": 3,
          "schema_version": 0,
          "attributes": {
            "flow": "Inbound",
            "from_port_range": 9090,
            "id": "sg-61efef2d",
            "inbound_rules": [
              {
                "from_port_range": 80,
                "ip_protocol": "tcp",
                "ip_ranges": [
                  "51.15.190.162/32"
                ],
                "security_groups_members": [],
                "service_ids": [],
                "to_port_range": 80
              },
              {
                "from_port_range": 443,
                "ip_protocol": "tcp",
                "ip_ranges": [
                  "51.15.190.162/32"
                ],
                "security_groups_members": [],
                "service_ids": [],
                "to_port_range": 443
              },
              {
                "from_port_range": 722,
                "ip_protocol": "tcp",
                "ip_ranges": [
                  "51.15.190.162/32"
                ],
                "security_groups_members": [],
                "service_ids": [],
                "to_port_range": 722
              },
              {
                "from_port_range": 9090,
                "ip_protocol": "tcp",
                "ip_ranges": [
                  "51.15.190.162/32"
                ],
                "security_groups_members": [],
                "service_ids": [],
                "to_port_range": 9090
              }
            ],
            "ip_protocol": "tcp",
            "ip_range": "51.15.190.162/32",
            "net_id": "vpc-0be80413",
            "outbound_rules": [
              {
                "from_port_range": -1,
                "ip_protocol": "-1",
                "ip_ranges": [
                  "0.0.0.0/0"
                ],
                "security_groups_members": [],
                "service_ids": [],
                "to_port_range": -1
              }
            ],
            "request_id": null,
            "rules": [],
            "security_group_account_id_to_link": null,
            "security_group_id": "sg-61efef2d",
            "security_group_name": "DSNA",
            "security_group_name_to_link": null,
            "to_port_range": 9090
          },
          "sensitive_attributes": [],
          "private": "bnVsbA==",
          "dependencies": [
            "outscale_net.vpc_DSNA",
            "outscale_security_group.sg_DSNA"
          ]
        }
      ]
    },
    {
      "mode": "managed",
      "type": "outscale_security_group_rule",
      "name": "sg_rule_inbound_BACKUP",
      "provider": "provider[\"registry.terraform.io/outscale-dev/outscale\"]",
      "instances": [
        {
          "index_key": 0,
          "schema_version": 0,
          "attributes": {
            "flow": "Inbound",
            "from_port_range": 80,
            "id": "sg-4f4861b8",
            "inbound_rules": [
              {
                "from_port_range": 80,
                "ip_protocol": "tcp",
                "ip_ranges": [
                  "51.15.190.162/32"
                ],
                "security_groups_members": [],
                "service_ids": [],
                "to_port_range": 80
              },
              {
                "from_port_range": 443,
                "ip_protocol": "tcp",
                "ip_ranges": [
                  "51.15.190.162/32"
                ],
                "security_groups_members": [],
                "service_ids": [],
                "to_port_range": 443
              },
              {
                "from_port_range": 722,
                "ip_protocol": "tcp",
                "ip_ranges": [
                  "51.15.190.162/32"
                ],
                "security_groups_members": [],
                "service_ids": [],
                "to_port_range": 722
              },
              {
                "from_port_range": 9000,
                "ip_protocol": "tcp",
                "ip_ranges": [
                  "10.1.0.0/16"
                ],
                "security_groups_members": [],
                "service_ids": [],
                "to_port_range": 9000
              },
              {
                "from_port_range": 9090,
                "ip_protocol": "tcp",
                "ip_ranges": [
                  "51.15.190.162/32"
                ],
                "security_groups_members": [],
                "service_ids": [],
                "to_port_range": 9090
              }
            ],
            "ip_protocol": "tcp",
            "ip_range": "51.15.190.162/32",
            "net_id": "vpc-590a9d86",
            "outbound_rules": [
              {
                "from_port_range": -1,
                "ip_protocol": "-1",
                "ip_ranges": [
                  "0.0.0.0/0"
                ],
                "security_groups_members": [],
                "service_ids": [],
                "to_port_range": -1
              }
            ],
            "request_id": null,
            "rules": [],
            "security_group_account_id_to_link": null,
            "security_group_id": "sg-4f4861b8",
            "security_group_name": "BACKUP",
            "security_group_name_to_link": null,
            "to_port_range": 80
          },
          "sensitive_attributes": [],
          "private": "bnVsbA==",
          "dependencies": [
            "outscale_net.vpc_BACKUP",
            "outscale_security_group.sg_BACKUP"
          ]
        },
        {
          "index_key": 1,
          "schema_version": 0,
          "attributes": {
            "flow": "Inbound",
            "from_port_range": 443,
            "id": "sg-4f4861b8",
            "inbound_rules": [
              {
                "from_port_range": 80,
                "ip_protocol": "tcp",
                "ip_ranges": [
                  "51.15.190.162/32"
                ],
                "security_groups_members": [],
                "service_ids": [],
                "to_port_range": 80
              },
              {
                "from_port_range": 443,
                "ip_protocol": "tcp",
                "ip_ranges": [
                  "51.15.190.162/32"
                ],
                "security_groups_members": [],
                "service_ids": [],
                "to_port_range": 443
              },
              {
                "from_port_range": 722,
                "ip_protocol": "tcp",
                "ip_ranges": [
                  "51.15.190.162/32"
                ],
                "security_groups_members": [],
                "service_ids": [],
                "to_port_range": 722
              },
              {
                "from_port_range": 9000,
                "ip_protocol": "tcp",
                "ip_ranges": [
                  "10.1.0.0/16"
                ],
                "security_groups_members": [],
                "service_ids": [],
                "to_port_range": 9000
              },
              {
                "from_port_range": 9090,
                "ip_protocol": "tcp",
                "ip_ranges": [
                  "51.15.190.162/32"
                ],
                "security_groups_members": [],
                "service_ids": [],
                "to_port_range": 9090
              }
            ],
            "ip_protocol": "tcp",
            "ip_range": "51.15.190.162/32",
            "net_id": "vpc-590a9d86",
            "outbound_rules": [
              {
                "from_port_range": -1,
                "ip_protocol": "-1",
                "ip_ranges": [
                  "0.0.0.0/0"
                ],
                "security_groups_members": [],
                "service_ids": [],
                "to_port_range": -1
              }
            ],
            "request_id": null,
            "rules": [],
            "security_group_account_id_to_link": null,
            "security_group_id": "sg-4f4861b8",
            "security_group_name": "BACKUP",
            "security_group_name_to_link": null,
            "to_port_range": 443
          },
          "sensitive_attributes": [],
          "private": "bnVsbA==",
          "dependencies": [
            "outscale_net.vpc_BACKUP",
            "outscale_security_group.sg_BACKUP"
          ]
        },
        {
          "index_key": 2,
          "schema_version": 0,
          "attributes": {
            "flow": "Inbound",
            "from_port_range": 722,
            "id": "sg-4f4861b8",
            "inbound_rules": [
              {
                "from_port_range": 80,
                "ip_protocol": "tcp",
                "ip_ranges": [
                  "51.15.190.162/32"
                ],
                "security_groups_members": [],
                "service_ids": [],
                "to_port_range": 80
              },
              {
                "from_port_range": 443,
                "ip_protocol": "tcp",
                "ip_ranges": [
                  "51.15.190.162/32"
                ],
                "security_groups_members": [],
                "service_ids": [],
                "to_port_range": 443
              },
              {
                "from_port_range": 722,
                "ip_protocol": "tcp",
                "ip_ranges": [
                  "51.15.190.162/32"
                ],
                "security_groups_members": [],
                "service_ids": [],
                "to_port_range": 722
              },
              {
                "from_port_range": 9000,
                "ip_protocol": "tcp",
                "ip_ranges": [
                  "10.1.0.0/16"
                ],
                "security_groups_members": [],
                "service_ids": [],
                "to_port_range": 9000
              },
              {
                "from_port_range": 9090,
                "ip_protocol": "tcp",
                "ip_ranges": [
                  "51.15.190.162/32"
                ],
                "security_groups_members": [],
                "service_ids": [],
                "to_port_range": 9090
              }
            ],
            "ip_protocol": "tcp",
            "ip_range": "51.15.190.162/32",
            "net_id": "vpc-590a9d86",
            "outbound_rules": [
              {
                "from_port_range": -1,
                "ip_protocol": "-1",
                "ip_ranges": [
                  "0.0.0.0/0"
                ],
                "security_groups_members": [],
                "service_ids": [],
                "to_port_range": -1
              }
            ],
            "request_id": null,
            "rules": [],
            "security_group_account_id_to_link": null,
            "security_group_id": "sg-4f4861b8",
            "security_group_name": "BACKUP",
            "security_group_name_to_link": null,
            "to_port_range": 722
          },
          "sensitive_attributes": [],
          "private": "bnVsbA==",
          "dependencies": [
            "outscale_net.vpc_BACKUP",
            "outscale_security_group.sg_BACKUP"
          ]
        },
        {
          "index_key": 3,
          "schema_version": 0,
          "attributes": {
            "flow": "Inbound",
            "from_port_range": 9090,
            "id": "sg-4f4861b8",
            "inbound_rules": [
              {
                "from_port_range": 80,
                "ip_protocol": "tcp",
                "ip_ranges": [
                  "51.15.190.162/32"
                ],
                "security_groups_members": [],
                "service_ids": [],
                "to_port_range": 80
              },
              {
                "from_port_range": 443,
                "ip_protocol": "tcp",
                "ip_ranges": [
                  "51.15.190.162/32"
                ],
                "security_groups_members": [],
                "service_ids": [],
                "to_port_range": 443
              },
              {
                "from_port_range": 722,
                "ip_protocol": "tcp",
                "ip_ranges": [
                  "51.15.190.162/32"
                ],
                "security_groups_members": [],
                "service_ids": [],
                "to_port_range": 722
              },
              {
                "from_port_range": 9000,
                "ip_protocol": "tcp",
                "ip_ranges": [
                  "10.1.0.0/16"
                ],
                "security_groups_members": [],
                "service_ids": [],
                "to_port_range": 9000
              },
              {
                "from_port_range": 9090,
                "ip_protocol": "tcp",
                "ip_ranges": [
                  "51.15.190.162/32"
                ],
                "security_groups_members": [],
                "service_ids": [],
                "to_port_range": 9090
              }
            ],
            "ip_protocol": "tcp",
            "ip_range": "51.15.190.162/32",
            "net_id": "vpc-590a9d86",
            "outbound_rules": [
              {
                "from_port_range": -1,
                "ip_protocol": "-1",
                "ip_ranges": [
                  "0.0.0.0/0"
                ],
                "security_groups_members": [],
                "service_ids": [],
                "to_port_range": -1
              }
            ],
            "request_id": null,
            "rules": [],
            "security_group_account_id_to_link": null,
            "security_group_id": "sg-4f4861b8",
            "security_group_name": "BACKUP",
            "security_group_name_to_link": null,
            "to_port_range": 9090
          },
          "sensitive_attributes": [],
          "private": "bnVsbA==",
          "dependencies": [
            "outscale_net.vpc_BACKUP",
            "outscale_security_group.sg_BACKUP"
          ]
        }
      ]
    },
    {
      "mode": "managed",
      "type": "outscale_security_group_rule",
      "name": "sg_rule_inbound_DSNA_to_BACKUP",
      "provider": "provider[\"registry.terraform.io/outscale-dev/outscale\"]",
      "instances": [
        {
          "schema_version": 0,
          "attributes": {
            "flow": "Inbound",
            "from_port_range": 9000,
            "id": "sg-4f4861b8",
            "inbound_rules": [
              {
                "from_port_range": 80,
                "ip_protocol": "tcp",
                "ip_ranges": [
                  "51.15.190.162/32"
                ],
                "security_groups_members": [],
                "service_ids": [],
                "to_port_range": 80
              },
              {
                "from_port_range": 443,
                "ip_protocol": "tcp",
                "ip_ranges": [
                  "51.15.190.162/32"
                ],
                "security_groups_members": [],
                "service_ids": [],
                "to_port_range": 443
              },
              {
                "from_port_range": 722,
                "ip_protocol": "tcp",
                "ip_ranges": [
                  "51.15.190.162/32"
                ],
                "security_groups_members": [],
                "service_ids": [],
                "to_port_range": 722
              },
              {
                "from_port_range": 9000,
                "ip_protocol": "tcp",
                "ip_ranges": [
                  "10.1.0.0/16"
                ],
                "security_groups_members": [],
                "service_ids": [],
                "to_port_range": 9000
              },
              {
                "from_port_range": 9090,
                "ip_protocol": "tcp",
                "ip_ranges": [
                  "51.15.190.162/32"
                ],
                "security_groups_members": [],
                "service_ids": [],
                "to_port_range": 9090
              }
            ],
            "ip_protocol": "tcp",
            "ip_range": "10.1.0.0/16",
            "net_id": "vpc-590a9d86",
            "outbound_rules": [
              {
                "from_port_range": -1,
                "ip_protocol": "-1",
                "ip_ranges": [
                  "0.0.0.0/0"
                ],
                "security_groups_members": [],
                "service_ids": [],
                "to_port_range": -1
              }
            ],
            "request_id": null,
            "rules": [],
            "security_group_account_id_to_link": null,
            "security_group_id": "sg-4f4861b8",
            "security_group_name": "BACKUP",
            "security_group_name_to_link": null,
            "to_port_range": 9000
          },
          "sensitive_attributes": [],
          "private": "bnVsbA==",
          "dependencies": [
            "outscale_net.vpc_BACKUP",
            "outscale_security_group.sg_BACKUP"
          ]
        }
      ]
    },
    {
      "mode": "managed",
      "type": "outscale_subnet",
      "name": "subnet_1",
      "provider": "provider[\"registry.terraform.io/outscale-dev/outscale\"]",
      "instances": [
        {
          "schema_version": 0,
          "attributes": {
            "available_ips_count": 242,
            "id": "subnet-781ab64b",
            "ip_range": "10.1.0.0/24",
            "map_public_ip_on_launch": false,
            "net_id": "vpc-0be80413",
            "request_id": null,
            "state": "available",
            "subnet_id": "subnet-781ab64b",
            "subregion_name": "cloudgouv-eu-west-1a",
            "tags": [
              {
                "key": "name",
                "value": "1"
              }
            ],
            "timeouts": null
          },
          "sensitive_attributes": [],
          "private": "eyJlMmJmYjczMC1lY2FhLTExZTYtOGY4OC0zNDM2M2JjN2M0YzAiOnsiY3JlYXRlIjo2MDAwMDAwMDAwMDAsImRlbGV0ZSI6NjAwMDAwMDAwMDAwfX0=",
          "dependencies": [
            "outscale_net.vpc_DSNA"
          ]
        }
      ]
    },
    {
      "mode": "managed",
      "type": "outscale_subnet",
      "name": "subnet_BACKUP",
      "provider": "provider[\"registry.terraform.io/outscale-dev/outscale\"]",
      "instances": [
        {
          "schema_version": 0,
          "attributes": {
            "available_ips_count": 250,
            "id": "subnet-6623d08a",
            "ip_range": "10.2.0.0/24",
            "map_public_ip_on_launch": false,
            "net_id": "vpc-590a9d86",
            "request_id": null,
            "state": "available",
            "subnet_id": "subnet-6623d08a",
            "subregion_name": "cloudgouv-eu-west-1b",
            "tags": [
              {
                "key": "name",
                "value": "1"
              }
            ],
            "timeouts": null
          },
          "sensitive_attributes": [],
          "private": "eyJlMmJmYjczMC1lY2FhLTExZTYtOGY4OC0zNDM2M2JjN2M0YzAiOnsiY3JlYXRlIjo2MDAwMDAwMDAwMDAsImRlbGV0ZSI6NjAwMDAwMDAwMDAwfX0=",
          "dependencies": [
            "outscale_net.vpc_BACKUP"
          ]
        }
      ]
    },
    {
      "mode": "managed",
      "type": "outscale_vm",
      "name": "scdsnaBACKUP",
      "provider": "provider[\"registry.terraform.io/outscale-dev/outscale\"]",
      "instances": [
        {
          "schema_version": 0,
          "attributes": {
            "admin_password": "",
            "architecture": "x86_64",
            "block_device_mappings": [],
            "block_device_mappings_created": [
              {
                "bsu": {
                  "delete_on_vm_deletion": "true",
                  "link_date": "2022-08-16T14:04:53.417Z",
                  "state": "attached",
                  "volume_id": "vol-7b54f045"
                },
                "device_name": "/dev/sda1"
              },
              {
                "bsu": {
                  "delete_on_vm_deletion": "false",
                  "link_date": "2022-08-16T14:06:24.061Z",
                  "state": "attached",
                  "volume_id": "vol-90ebca4f"
                },
                "device_name": "/dev/xvdb"
              },
              {
                "bsu": {
                  "delete_on_vm_deletion": "false",
                  "link_date": "2022-08-16T14:06:24.120Z",
                  "state": "attached",
                  "volume_id": "vol-842826d7"
                },
                "device_name": "/dev/xvdc"
              },
              {
                "bsu": {
                  "delete_on_vm_deletion": "false",
                  "link_date": "2022-08-16T14:06:24.057Z",
                  "state": "attached",
                  "volume_id": "vol-4629c441"
                },
                "device_name": "/dev/xvdd"
              },
              {
                "bsu": {
                  "delete_on_vm_deletion": "false",
                  "link_date": "2022-08-16T14:06:24.120Z",
                  "state": "attached",
                  "volume_id": "vol-5b0514c2"
                },
                "device_name": "/dev/xvde"
              }
            ],
            "bsu_optimized": false,
            "client_token": "",
            "deletion_protection": false,
            "get_admin_password": null,
            "hypervisor": "xen",
            "id": "i-d02b6be3",
            "image_id": "ami-6f0f9ef3",
            "is_source_dest_checked": true,
            "keypair_name": "",
            "launch_number": 0,
            "net_id": "vpc-590a9d86",
            "nics": [
              {
                "account_id": "289079107901",
                "delete_on_vm_deletion": true,
                "description": "Primary network interface",
                "device_number": 0,
                "is_source_dest_checked": true,
                "link_nic": [
                  {
                    "delete_on_vm_deletion": true,
                    "device_number": "0",
                    "link_nic_id": "eni-attach-55f7d798",
                    "state": "attached"
                  }
                ],
                "link_public_ip": [],
                "mac_address": "aa:1b:ce:70:e4:46",
                "net_id": "vpc-590a9d86",
                "nic_id": "eni-14680c5b",
                "private_dns_name": "ip-10-2-0-5.cloudgouv-eu-west-1.compute.internal",
                "private_ips": [
                  {
                    "is_primary": true,
                    "link_public_ip": [],
                    "private_dns_name": "ip-10-2-0-5.cloudgouv-eu-west-1.compute.internal",
                    "private_ip": "10.2.0.5"
                  }
                ],
                "secondary_private_ip_count": 0,
                "security_group_ids": [
                  "sg-4f4861b8"
                ],
                "security_groups": [
                  {
                    "security_group_id": "sg-4f4861b8",
                    "security_group_name": "BACKUP"
                  }
                ],
                "state": "in-use",
                "subnet_id": "subnet-6623d08a"
              }
            ],
            "os_family": "",
            "performance": "medium",
            "placement_subregion_name": "cloudgouv-eu-west-1b",
            "placement_tenancy": "default",
            "private_dns_name": "ip-10-2-0-5.cloudgouv-eu-west-1.compute.internal",
            "private_ip": "10.2.0.5",
            "private_ips": [
              "10.2.0.5"
            ],
            "product_codes": [
              "0001"
            ],
            "public_dns_name": "",
            "public_ip": "",
            "request_id": null,
            "reservation_id": "r-36a5c1f4",
            "root_device_name": "/dev/sda1",
            "root_device_type": "ebs",
            "security_group_ids": [
              "sg-4f4861b8"
            ],
            "security_group_names": null,
            "security_groups": [
              {
                "security_group_id": "sg-4f4861b8",
                "security_group_name": "BACKUP"
              }
            ],
            "state": "running",
            "state_reason": "",
            "subnet_id": "subnet-6623d08a",
            "tags": [
              {
                "key": "name",
                "value": "scdsnabackup"
              }
            ],
            "timeouts": null,
            "user_data": "",
            "vm_id": "i-d02b6be3",
            "vm_initiated_shutdown_behavior": "restart",
            "vm_type": "tinav3.c4r10p3"
          },
          "sensitive_attributes": [],
          "private": "eyJlMmJmYjczMC1lY2FhLTExZTYtOGY4OC0zNDM2M2JjN2M0YzAiOnsiY3JlYXRlIjo2MDAwMDAwMDAwMDAsImRlbGV0ZSI6NjAwMDAwMDAwMDAwLCJ1cGRhdGUiOjYwMDAwMDAwMDAwMH19",
          "dependencies": [
            "outscale_net.vpc_BACKUP",
            "outscale_security_group.sg_BACKUP",
            "outscale_subnet.subnet_BACKUP"
          ]
        }
      ]
    },
    {
      "mode": "managed",
      "type": "outscale_vm",
      "name": "scdsnabastion",
      "provider": "provider[\"registry.terraform.io/outscale-dev/outscale\"]",
      "instances": [
        {
          "index_key": 0,
          "schema_version": 0,
          "attributes": {
            "admin_password": "",
            "architecture": "x86_64",
            "block_device_mappings": [],
            "block_device_mappings_created": [
              {
                "bsu": {
                  "delete_on_vm_deletion": "true",
                  "link_date": "2022-08-16T14:04:02.015Z",
                  "state": "attached",
                  "volume_id": "vol-a4727c44"
                },
                "device_name": "/dev/sda1"
              }
            ],
            "bsu_optimized": false,
            "client_token": "",
            "deletion_protection": false,
            "get_admin_password": null,
            "hypervisor": "xen",
            "id": "i-f27805c0",
            "image_id": "ami-6f0f9ef3",
            "is_source_dest_checked": true,
            "keypair_name": "",
            "launch_number": 0,
            "net_id": "vpc-0be80413",
            "nics": [
              {
                "account_id": "289079107901",
                "delete_on_vm_deletion": true,
                "description": "Primary network interface",
                "device_number": 0,
                "is_source_dest_checked": true,
                "link_nic": [
                  {
                    "delete_on_vm_deletion": true,
                    "device_number": "0",
                    "link_nic_id": "eni-attach-0c1dc620",
                    "state": "attached"
                  }
                ],
                "link_public_ip": [
                  {
                    "public_dns_name": "ows-80-247-12-216.cloudgouv-eu-west-1.compute.outscale.com",
                    "public_ip": "80.247.12.216",
                    "public_ip_account_id": "289079107901"
                  }
                ],
                "mac_address": "aa:73:23:0e:d4:d2",
                "net_id": "vpc-0be80413",
                "nic_id": "eni-3e59a554",
                "private_dns_name": "ip-10-1-0-5.cloudgouv-eu-west-1.compute.internal",
                "private_ips": [
                  {
                    "is_primary": true,
                    "link_public_ip": [
                      {
                        "public_dns_name": "ows-80-247-12-216.cloudgouv-eu-west-1.compute.outscale.com",
                        "public_ip": "80.247.12.216",
                        "public_ip_account_id": "289079107901"
                      }
                    ],
                    "private_dns_name": "ip-10-1-0-5.cloudgouv-eu-west-1.compute.internal",
                    "private_ip": "10.1.0.5"
                  }
                ],
                "secondary_private_ip_count": 0,
                "security_group_ids": [
                  "sg-61efef2d"
                ],
                "security_groups": [
                  {
                    "security_group_id": "sg-61efef2d",
                    "security_group_name": "DSNA"
                  }
                ],
                "state": "in-use",
                "subnet_id": "subnet-781ab64b"
              }
            ],
            "os_family": "",
            "performance": "medium",
            "placement_subregion_name": "cloudgouv-eu-west-1a",
            "placement_tenancy": "default",
            "private_dns_name": "ip-10-1-0-5.cloudgouv-eu-west-1.compute.internal",
            "private_ip": "10.1.0.5",
            "private_ips": [
              "10.1.0.5"
            ],
            "product_codes": [
              "0001"
            ],
            "public_dns_name": "ows-80-247-12-216.cloudgouv-eu-west-1.compute.outscale.com",
            "public_ip": "80.247.12.216",
            "request_id": null,
            "reservation_id": "r-dc7793ae",
            "root_device_name": "/dev/sda1",
            "root_device_type": "ebs",
            "security_group_ids": [
              "sg-61efef2d"
            ],
            "security_group_names": null,
            "security_groups": [
              {
                "security_group_id": "sg-61efef2d",
                "security_group_name": "DSNA"
              }
            ],
            "state": "running",
            "state_reason": "",
            "subnet_id": "subnet-781ab64b",
            "tags": [
              {
                "key": "name",
                "value": "scdsnabastion1"
              }
            ],
            "timeouts": null,
            "user_data": "",
            "vm_id": "i-f27805c0",
            "vm_initiated_shutdown_behavior": "restart",
            "vm_type": "tinav3.c1r2p3"
          },
          "sensitive_attributes": [],
          "private": "eyJlMmJmYjczMC1lY2FhLTExZTYtOGY4OC0zNDM2M2JjN2M0YzAiOnsiY3JlYXRlIjo2MDAwMDAwMDAwMDAsImRlbGV0ZSI6NjAwMDAwMDAwMDAwLCJ1cGRhdGUiOjYwMDAwMDAwMDAwMH19",
          "dependencies": [
            "outscale_net.vpc_DSNA",
            "outscale_security_group.sg_DSNA",
            "outscale_subnet.subnet_1"
          ]
        }
      ]
    },
    {
      "mode": "managed",
      "type": "outscale_vm",
      "name": "scdsnadb",
      "provider": "provider[\"registry.terraform.io/outscale-dev/outscale\"]",
      "instances": [
        {
          "index_key": 0,
          "schema_version": 0,
          "attributes": {
            "admin_password": "",
            "architecture": "x86_64",
            "block_device_mappings": [],
            "block_device_mappings_created": [
              {
                "bsu": {
                  "delete_on_vm_deletion": "true",
                  "link_date": "2022-08-16T14:04:00.806Z",
                  "state": "attached",
                  "volume_id": "vol-71b9211b"
                },
                "device_name": "/dev/sda1"
              }
            ],
            "bsu_optimized": false,
            "client_token": "",
            "deletion_protection": false,
            "get_admin_password": null,
            "hypervisor": "xen",
            "id": "i-497327b2",
            "image_id": "ami-6f0f9ef3",
            "is_source_dest_checked": true,
            "keypair_name": "",
            "launch_number": 0,
            "net_id": "vpc-0be80413",
            "nics": [
              {
                "account_id": "289079107901",
                "delete_on_vm_deletion": true,
                "description": "Primary network interface",
                "device_number": 0,
                "is_source_dest_checked": true,
                "link_nic": [
                  {
                    "delete_on_vm_deletion": true,
                    "device_number": "0",
                    "link_nic_id": "eni-attach-898a33d1",
                    "state": "attached"
                  }
                ],
                "link_public_ip": [],
                "mac_address": "aa:93:e7:4a:90:30",
                "net_id": "vpc-0be80413",
                "nic_id": "eni-50ba9288",
                "private_dns_name": "ip-10-1-0-40.cloudgouv-eu-west-1.compute.internal",
                "private_ips": [
                  {
                    "is_primary": true,
                    "link_public_ip": [],
                    "private_dns_name": "ip-10-1-0-40.cloudgouv-eu-west-1.compute.internal",
                    "private_ip": "10.1.0.40"
                  }
                ],
                "secondary_private_ip_count": 0,
                "security_group_ids": [
                  "sg-61efef2d"
                ],
                "security_groups": [
                  {
                    "security_group_id": "sg-61efef2d",
                    "security_group_name": "DSNA"
                  }
                ],
                "state": "in-use",
                "subnet_id": "subnet-781ab64b"
              }
            ],
            "os_family": "",
            "performance": "medium",
            "placement_subregion_name": "cloudgouv-eu-west-1a",
            "placement_tenancy": "default",
            "private_dns_name": "ip-10-1-0-40.cloudgouv-eu-west-1.compute.internal",
            "private_ip": "10.1.0.40",
            "private_ips": [
              "10.1.0.40"
            ],
            "product_codes": [
              "0001"
            ],
            "public_dns_name": "",
            "public_ip": "",
            "request_id": null,
            "reservation_id": "r-7547b7e6",
            "root_device_name": "/dev/sda1",
            "root_device_type": "ebs",
            "security_group_ids": [
              "sg-61efef2d"
            ],
            "security_group_names": null,
            "security_groups": [
              {
                "security_group_id": "sg-61efef2d",
                "security_group_name": "DSNA"
              }
            ],
            "state": "running",
            "state_reason": "",
            "subnet_id": "subnet-781ab64b",
            "tags": [
              {
                "key": "name",
                "value": "scdsnadb1"
              }
            ],
            "timeouts": null,
            "user_data": "",
            "vm_id": "i-497327b2",
            "vm_initiated_shutdown_behavior": "restart",
            "vm_type": "tinav3.c8r20p3"
          },
          "sensitive_attributes": [],
          "private": "eyJlMmJmYjczMC1lY2FhLTExZTYtOGY4OC0zNDM2M2JjN2M0YzAiOnsiY3JlYXRlIjo2MDAwMDAwMDAwMDAsImRlbGV0ZSI6NjAwMDAwMDAwMDAwLCJ1cGRhdGUiOjYwMDAwMDAwMDAwMH19",
          "dependencies": [
            "outscale_net.vpc_DSNA",
            "outscale_security_group.sg_DSNA",
            "outscale_subnet.subnet_1"
          ]
        }
      ]
    },
    {
      "mode": "managed",
      "type": "outscale_vm",
      "name": "scdsnarancher",
      "provider": "provider[\"registry.terraform.io/outscale-dev/outscale\"]",
      "instances": [
        {
          "index_key": 0,
          "schema_version": 0,
          "attributes": {
            "admin_password": "",
            "architecture": "x86_64",
            "block_device_mappings": [],
            "block_device_mappings_created": [
              {
                "bsu": {
                  "delete_on_vm_deletion": "true",
                  "link_date": "2022-08-16T14:03:51.487Z",
                  "state": "attached",
                  "volume_id": "vol-ae804d71"
                },
                "device_name": "/dev/sda1"
              },
              {
                "bsu": {
                  "delete_on_vm_deletion": "false",
                  "link_date": "2022-08-16T14:05:34.946Z",
                  "state": "attached",
                  "volume_id": "vol-008c2e36"
                },
                "device_name": "/dev/xvdb"
              }
            ],
            "bsu_optimized": false,
            "client_token": "",
            "deletion_protection": false,
            "get_admin_password": null,
            "hypervisor": "xen",
            "id": "i-465897e2",
            "image_id": "ami-6f0f9ef3",
            "is_source_dest_checked": true,
            "keypair_name": "",
            "launch_number": 0,
            "net_id": "vpc-0be80413",
            "nics": [
              {
                "account_id": "289079107901",
                "delete_on_vm_deletion": true,
                "description": "Primary network interface",
                "device_number": 0,
                "is_source_dest_checked": true,
                "link_nic": [
                  {
                    "delete_on_vm_deletion": true,
                    "device_number": "0",
                    "link_nic_id": "eni-attach-7a910c99",
                    "state": "attached"
                  }
                ],
                "link_public_ip": [
                  {
                    "public_dns_name": "ows-148-253-96-50.cloudgouv-eu-west-1.compute.outscale.com",
                    "public_ip": "148.253.96.50",
                    "public_ip_account_id": "289079107901"
                  }
                ],
                "mac_address": "aa:ff:cc:b3:71:ca",
                "net_id": "vpc-0be80413",
                "nic_id": "eni-afc1d3b7",
                "private_dns_name": "ip-10-1-0-6.cloudgouv-eu-west-1.compute.internal",
                "private_ips": [
                  {
                    "is_primary": true,
                    "link_public_ip": [
                      {
                        "public_dns_name": "ows-148-253-96-50.cloudgouv-eu-west-1.compute.outscale.com",
                        "public_ip": "148.253.96.50",
                        "public_ip_account_id": "289079107901"
                      }
                    ],
                    "private_dns_name": "ip-10-1-0-6.cloudgouv-eu-west-1.compute.internal",
                    "private_ip": "10.1.0.6"
                  }
                ],
                "secondary_private_ip_count": 0,
                "security_group_ids": [
                  "sg-61efef2d"
                ],
                "security_groups": [
                  {
                    "security_group_id": "sg-61efef2d",
                    "security_group_name": "DSNA"
                  }
                ],
                "state": "in-use",
                "subnet_id": "subnet-781ab64b"
              }
            ],
            "os_family": "",
            "performance": "medium",
            "placement_subregion_name": "cloudgouv-eu-west-1a",
            "placement_tenancy": "default",
            "private_dns_name": "ip-10-1-0-6.cloudgouv-eu-west-1.compute.internal",
            "private_ip": "10.1.0.6",
            "private_ips": [
              "10.1.0.6"
            ],
            "product_codes": [
              "0001"
            ],
            "public_dns_name": "ows-148-253-96-50.cloudgouv-eu-west-1.compute.outscale.com",
            "public_ip": "148.253.96.50",
            "request_id": null,
            "reservation_id": "r-c44f9e18",
            "root_device_name": "/dev/sda1",
            "root_device_type": "ebs",
            "security_group_ids": [
              "sg-61efef2d"
            ],
            "security_group_names": null,
            "security_groups": [
              {
                "security_group_id": "sg-61efef2d",
                "security_group_name": "DSNA"
              }
            ],
            "state": "running",
            "state_reason": "",
            "subnet_id": "subnet-781ab64b",
            "tags": [
              {
                "key": "name",
                "value": "scdsnarancher1"
              }
            ],
            "timeouts": null,
            "user_data": "",
            "vm_id": "i-465897e2",
            "vm_initiated_shutdown_behavior": "restart",
            "vm_type": "tinav3.c4r8p3"
          },
          "sensitive_attributes": [],
          "private": "eyJlMmJmYjczMC1lY2FhLTExZTYtOGY4OC0zNDM2M2JjN2M0YzAiOnsiY3JlYXRlIjo2MDAwMDAwMDAwMDAsImRlbGV0ZSI6NjAwMDAwMDAwMDAwLCJ1cGRhdGUiOjYwMDAwMDAwMDAwMH19",
          "dependencies": [
            "outscale_net.vpc_DSNA",
            "outscale_security_group.sg_DSNA",
            "outscale_subnet.subnet_1"
          ]
        }
      ]
    },
    {
      "mode": "managed",
      "type": "outscale_vm",
      "name": "scdsnastorage",
      "provider": "provider[\"registry.terraform.io/outscale-dev/outscale\"]",
      "instances": [
        {
          "index_key": 0,
          "schema_version": 0,
          "attributes": {
            "admin_password": "",
            "architecture": "x86_64",
            "block_device_mappings": [],
            "block_device_mappings_created": [
              {
                "bsu": {
                  "delete_on_vm_deletion": "true",
                  "link_date": "2022-08-16T14:03:53.452Z",
                  "state": "attached",
                  "volume_id": "vol-024552ae"
                },
                "device_name": "/dev/sda1"
              },
              {
                "bsu": {
                  "delete_on_vm_deletion": "false",
                  "link_date": "2022-08-16T14:05:45.326Z",
                  "state": "attached",
                  "volume_id": "vol-1f292309"
                },
                "device_name": "/dev/xvdb"
              },
              {
                "bsu": {
                  "delete_on_vm_deletion": "false",
                  "link_date": "2022-08-16T14:05:45.510Z",
                  "state": "attached",
                  "volume_id": "vol-f0c76d60"
                },
                "device_name": "/dev/xvdc"
              },
              {
                "bsu": {
                  "delete_on_vm_deletion": "false",
                  "link_date": "2022-08-16T14:05:45.328Z",
                  "state": "attached",
                  "volume_id": "vol-29b0b826"
                },
                "device_name": "/dev/xvdd"
              },
              {
                "bsu": {
                  "delete_on_vm_deletion": "false",
                  "link_date": "2022-08-16T14:05:55.429Z",
                  "state": "attached",
                  "volume_id": "vol-440b6584"
                },
                "device_name": "/dev/xvde"
              },
              {
                "bsu": {
                  "delete_on_vm_deletion": "false",
                  "link_date": "2022-08-16T14:05:45.374Z",
                  "state": "attached",
                  "volume_id": "vol-355ae23b"
                },
                "device_name": "/dev/xvdf"
              }
            ],
            "bsu_optimized": false,
            "client_token": "",
            "deletion_protection": false,
            "get_admin_password": null,
            "hypervisor": "xen",
            "id": "i-f59d607d",
            "image_id": "ami-6f0f9ef3",
            "is_source_dest_checked": true,
            "keypair_name": "",
            "launch_number": 0,
            "net_id": "vpc-0be80413",
            "nics": [
              {
                "account_id": "289079107901",
                "delete_on_vm_deletion": true,
                "description": "Primary network interface",
                "device_number": 0,
                "is_source_dest_checked": true,
                "link_nic": [
                  {
                    "delete_on_vm_deletion": true,
                    "device_number": "0",
                    "link_nic_id": "eni-attach-1b2e2c55",
                    "state": "attached"
                  }
                ],
                "link_public_ip": [],
                "mac_address": "aa:13:43:54:5b:fd",
                "net_id": "vpc-0be80413",
                "nic_id": "eni-5e82970f",
                "private_dns_name": "ip-10-1-0-60.cloudgouv-eu-west-1.compute.internal",
                "private_ips": [
                  {
                    "is_primary": true,
                    "link_public_ip": [],
                    "private_dns_name": "ip-10-1-0-60.cloudgouv-eu-west-1.compute.internal",
                    "private_ip": "10.1.0.60"
                  }
                ],
                "secondary_private_ip_count": 0,
                "security_group_ids": [
                  "sg-61efef2d"
                ],
                "security_groups": [
                  {
                    "security_group_id": "sg-61efef2d",
                    "security_group_name": "DSNA"
                  }
                ],
                "state": "in-use",
                "subnet_id": "subnet-781ab64b"
              }
            ],
            "os_family": "",
            "performance": "high",
            "placement_subregion_name": "cloudgouv-eu-west-1a",
            "placement_tenancy": "default",
            "private_dns_name": "ip-10-1-0-60.cloudgouv-eu-west-1.compute.internal",
            "private_ip": "10.1.0.60",
            "private_ips": [
              "10.1.0.60"
            ],
            "product_codes": [
              "0001"
            ],
            "public_dns_name": "",
            "public_ip": "",
            "request_id": null,
            "reservation_id": "r-2ed43d5f",
            "root_device_name": "/dev/sda1",
            "root_device_type": "ebs",
            "security_group_ids": [
              "sg-61efef2d"
            ],
            "security_group_names": null,
            "security_groups": [
              {
                "security_group_id": "sg-61efef2d",
                "security_group_name": "DSNA"
              }
            ],
            "state": "running",
            "state_reason": "",
            "subnet_id": "subnet-781ab64b",
            "tags": [
              {
                "key": "name",
                "value": "scdsnastorage1"
              }
            ],
            "timeouts": null,
            "user_data": "",
            "vm_id": "i-f59d607d",
            "vm_initiated_shutdown_behavior": "restart",
            "vm_type": "tinav3.c4r12p2"
          },
          "sensitive_attributes": [],
          "private": "eyJlMmJmYjczMC1lY2FhLTExZTYtOGY4OC0zNDM2M2JjN2M0YzAiOnsiY3JlYXRlIjo2MDAwMDAwMDAwMDAsImRlbGV0ZSI6NjAwMDAwMDAwMDAwLCJ1cGRhdGUiOjYwMDAwMDAwMDAwMH19",
          "dependencies": [
            "outscale_net.vpc_DSNA",
            "outscale_security_group.sg_DSNA",
            "outscale_subnet.subnet_1"
          ]
        },
        {
          "index_key": 1,
          "schema_version": 0,
          "attributes": {
            "admin_password": "",
            "architecture": "x86_64",
            "block_device_mappings": [],
            "block_device_mappings_created": [
              {
                "bsu": {
                  "delete_on_vm_deletion": "true",
                  "link_date": "2022-08-16T14:03:53.311Z",
                  "state": "attached",
                  "volume_id": "vol-5003ae06"
                },
                "device_name": "/dev/sda1"
              },
              {
                "bsu": {
                  "delete_on_vm_deletion": "false",
                  "link_date": "2022-08-16T14:06:06.533Z",
                  "state": "attached",
                  "volume_id": "vol-5583e1d4"
                },
                "device_name": "/dev/xvdb"
              },
              {
                "bsu": {
                  "delete_on_vm_deletion": "false",
                  "link_date": "2022-08-16T14:06:06.239Z",
                  "state": "attached",
                  "volume_id": "vol-398a7c3f"
                },
                "device_name": "/dev/xvdc"
              },
              {
                "bsu": {
                  "delete_on_vm_deletion": "false",
                  "link_date": "2022-08-16T14:05:45.425Z",
                  "state": "attached",
                  "volume_id": "vol-38590a0f"
                },
                "device_name": "/dev/xvdd"
              },
              {
                "bsu": {
                  "delete_on_vm_deletion": "false",
                  "link_date": "2022-08-16T14:05:45.481Z",
                  "state": "attached",
                  "volume_id": "vol-69977346"
                },
                "device_name": "/dev/xvde"
              },
              {
                "bsu": {
                  "delete_on_vm_deletion": "false",
                  "link_date": "2022-08-16T14:06:06.532Z",
                  "state": "attached",
                  "volume_id": "vol-fbac9c29"
                },
                "device_name": "/dev/xvdf"
              }
            ],
            "bsu_optimized": false,
            "client_token": "",
            "deletion_protection": false,
            "get_admin_password": null,
            "hypervisor": "xen",
            "id": "i-40d06485",
            "image_id": "ami-6f0f9ef3",
            "is_source_dest_checked": true,
            "keypair_name": "",
            "launch_number": 0,
            "net_id": "vpc-0be80413",
            "nics": [
              {
                "account_id": "289079107901",
                "delete_on_vm_deletion": true,
                "description": "Primary network interface",
                "device_number": 0,
                "is_source_dest_checked": true,
                "link_nic": [
                  {
                    "delete_on_vm_deletion": true,
                    "device_number": "0",
                    "link_nic_id": "eni-attach-f60992ea",
                    "state": "attached"
                  }
                ],
                "link_public_ip": [],
                "mac_address": "aa:02:ff:3c:c4:ea",
                "net_id": "vpc-0be80413",
                "nic_id": "eni-6a2c62d3",
                "private_dns_name": "ip-10-1-0-61.cloudgouv-eu-west-1.compute.internal",
                "private_ips": [
                  {
                    "is_primary": true,
                    "link_public_ip": [],
                    "private_dns_name": "ip-10-1-0-61.cloudgouv-eu-west-1.compute.internal",
                    "private_ip": "10.1.0.61"
                  }
                ],
                "secondary_private_ip_count": 0,
                "security_group_ids": [
                  "sg-61efef2d"
                ],
                "security_groups": [
                  {
                    "security_group_id": "sg-61efef2d",
                    "security_group_name": "DSNA"
                  }
                ],
                "state": "in-use",
                "subnet_id": "subnet-781ab64b"
              }
            ],
            "os_family": "",
            "performance": "high",
            "placement_subregion_name": "cloudgouv-eu-west-1a",
            "placement_tenancy": "default",
            "private_dns_name": "ip-10-1-0-61.cloudgouv-eu-west-1.compute.internal",
            "private_ip": "10.1.0.61",
            "private_ips": [
              "10.1.0.61"
            ],
            "product_codes": [
              "0001"
            ],
            "public_dns_name": "",
            "public_ip": "",
            "request_id": null,
            "reservation_id": "r-e1b3dae3",
            "root_device_name": "/dev/sda1",
            "root_device_type": "ebs",
            "security_group_ids": [
              "sg-61efef2d"
            ],
            "security_group_names": null,
            "security_groups": [
              {
                "security_group_id": "sg-61efef2d",
                "security_group_name": "DSNA"
              }
            ],
            "state": "running",
            "state_reason": "",
            "subnet_id": "subnet-781ab64b",
            "tags": [
              {
                "key": "name",
                "value": "scdsnastorage2"
              }
            ],
            "timeouts": null,
            "user_data": "",
            "vm_id": "i-40d06485",
            "vm_initiated_shutdown_behavior": "restart",
            "vm_type": "tinav3.c4r12p2"
          },
          "sensitive_attributes": [],
          "private": "eyJlMmJmYjczMC1lY2FhLTExZTYtOGY4OC0zNDM2M2JjN2M0YzAiOnsiY3JlYXRlIjo2MDAwMDAwMDAwMDAsImRlbGV0ZSI6NjAwMDAwMDAwMDAwLCJ1cGRhdGUiOjYwMDAwMDAwMDAwMH19",
          "dependencies": [
            "outscale_net.vpc_DSNA",
            "outscale_security_group.sg_DSNA",
            "outscale_subnet.subnet_1"
          ]
        },
        {
          "index_key": 2,
          "schema_version": 0,
          "attributes": {
            "admin_password": "",
            "architecture": "x86_64",
            "block_device_mappings": [],
            "block_device_mappings_created": [
              {
                "bsu": {
                  "delete_on_vm_deletion": "true",
                  "link_date": "2022-08-16T14:03:51.465Z",
                  "state": "attached",
                  "volume_id": "vol-052c72c5"
                },
                "device_name": "/dev/sda1"
              },
              {
                "bsu": {
                  "delete_on_vm_deletion": "false",
                  "link_date": "2022-08-16T14:06:06.005Z",
                  "state": "attached",
                  "volume_id": "vol-2575be3b"
                },
                "device_name": "/dev/xvdb"
              },
              {
                "bsu": {
                  "delete_on_vm_deletion": "false",
                  "link_date": "2022-08-16T14:05:45.424Z",
                  "state": "attached",
                  "volume_id": "vol-e2a3e5ea"
                },
                "device_name": "/dev/xvdc"
              },
              {
                "bsu": {
                  "delete_on_vm_deletion": "false",
                  "link_date": "2022-08-16T14:06:06.433Z",
                  "state": "attached",
                  "volume_id": "vol-001b8b7a"
                },
                "device_name": "/dev/xvdd"
              },
              {
                "bsu": {
                  "delete_on_vm_deletion": "false",
                  "link_date": "2022-08-16T14:05:45.422Z",
                  "state": "attached",
                  "volume_id": "vol-3f0c172d"
                },
                "device_name": "/dev/xvde"
              },
              {
                "bsu": {
                  "delete_on_vm_deletion": "false",
                  "link_date": "2022-08-16T14:06:06.357Z",
                  "state": "attached",
                  "volume_id": "vol-3dd6262e"
                },
                "device_name": "/dev/xvdf"
              }
            ],
            "bsu_optimized": false,
            "client_token": "",
            "deletion_protection": false,
            "get_admin_password": null,
            "hypervisor": "xen",
            "id": "i-e276381a",
            "image_id": "ami-6f0f9ef3",
            "is_source_dest_checked": true,
            "keypair_name": "",
            "launch_number": 0,
            "net_id": "vpc-0be80413",
            "nics": [
              {
                "account_id": "289079107901",
                "delete_on_vm_deletion": true,
                "description": "Primary network interface",
                "device_number": 0,
                "is_source_dest_checked": true,
                "link_nic": [
                  {
                    "delete_on_vm_deletion": true,
                    "device_number": "0",
                    "link_nic_id": "eni-attach-3fb8a62b",
                    "state": "attached"
                  }
                ],
                "link_public_ip": [],
                "mac_address": "aa:5d:67:c0:29:9d",
                "net_id": "vpc-0be80413",
                "nic_id": "eni-b1fc66f8",
                "private_dns_name": "ip-10-1-0-62.cloudgouv-eu-west-1.compute.internal",
                "private_ips": [
                  {
                    "is_primary": true,
                    "link_public_ip": [],
                    "private_dns_name": "ip-10-1-0-62.cloudgouv-eu-west-1.compute.internal",
                    "private_ip": "10.1.0.62"
                  }
                ],
                "secondary_private_ip_count": 0,
                "security_group_ids": [
                  "sg-61efef2d"
                ],
                "security_groups": [
                  {
                    "security_group_id": "sg-61efef2d",
                    "security_group_name": "DSNA"
                  }
                ],
                "state": "in-use",
                "subnet_id": "subnet-781ab64b"
              }
            ],
            "os_family": "",
            "performance": "high",
            "placement_subregion_name": "cloudgouv-eu-west-1a",
            "placement_tenancy": "default",
            "private_dns_name": "ip-10-1-0-62.cloudgouv-eu-west-1.compute.internal",
            "private_ip": "10.1.0.62",
            "private_ips": [
              "10.1.0.62"
            ],
            "product_codes": [
              "0001"
            ],
            "public_dns_name": "",
            "public_ip": "",
            "request_id": null,
            "reservation_id": "r-892e6d6b",
            "root_device_name": "/dev/sda1",
            "root_device_type": "ebs",
            "security_group_ids": [
              "sg-61efef2d"
            ],
            "security_group_names": null,
            "security_groups": [
              {
                "security_group_id": "sg-61efef2d",
                "security_group_name": "DSNA"
              }
            ],
            "state": "running",
            "state_reason": "",
            "subnet_id": "subnet-781ab64b",
            "tags": [
              {
                "key": "name",
                "value": "scdsnastorage3"
              }
            ],
            "timeouts": null,
            "user_data": "",
            "vm_id": "i-e276381a",
            "vm_initiated_shutdown_behavior": "restart",
            "vm_type": "tinav3.c4r12p2"
          },
          "sensitive_attributes": [],
          "private": "eyJlMmJmYjczMC1lY2FhLTExZTYtOGY4OC0zNDM2M2JjN2M0YzAiOnsiY3JlYXRlIjo2MDAwMDAwMDAwMDAsImRlbGV0ZSI6NjAwMDAwMDAwMDAwLCJ1cGRhdGUiOjYwMDAwMDAwMDAwMH19",
          "dependencies": [
            "outscale_net.vpc_DSNA",
            "outscale_security_group.sg_DSNA",
            "outscale_subnet.subnet_1"
          ]
        }
      ]
    },
    {
      "mode": "managed",
      "type": "outscale_vm",
      "name": "scdsnaws",
      "provider": "provider[\"registry.terraform.io/outscale-dev/outscale\"]",
      "instances": [
        {
          "index_key": 0,
          "schema_version": 0,
          "attributes": {
            "admin_password": "",
            "architecture": "x86_64",
            "block_device_mappings": [],
            "block_device_mappings_created": [
              {
                "bsu": {
                  "delete_on_vm_deletion": "true",
                  "link_date": "2022-08-16T14:04:00.904Z",
                  "state": "attached",
                  "volume_id": "vol-5006814f"
                },
                "device_name": "/dev/sda1"
              }
            ],
            "bsu_optimized": false,
            "client_token": "",
            "deletion_protection": false,
            "get_admin_password": null,
            "hypervisor": "xen",
            "id": "i-0dd30ad1",
            "image_id": "ami-6f0f9ef3",
            "is_source_dest_checked": true,
            "keypair_name": "",
            "launch_number": 0,
            "net_id": "vpc-0be80413",
            "nics": [
              {
                "account_id": "289079107901",
                "delete_on_vm_deletion": true,
                "description": "Primary network interface",
                "device_number": 0,
                "is_source_dest_checked": true,
                "link_nic": [
                  {
                    "delete_on_vm_deletion": true,
                    "device_number": "0",
                    "link_nic_id": "eni-attach-7d59af68",
                    "state": "attached"
                  }
                ],
                "link_public_ip": [],
                "mac_address": "aa:32:94:6d:4d:22",
                "net_id": "vpc-0be80413",
                "nic_id": "eni-b583dac1",
                "private_dns_name": "ip-10-1-0-20.cloudgouv-eu-west-1.compute.internal",
                "private_ips": [
                  {
                    "is_primary": true,
                    "link_public_ip": [],
                    "private_dns_name": "ip-10-1-0-20.cloudgouv-eu-west-1.compute.internal",
                    "private_ip": "10.1.0.20"
                  }
                ],
                "secondary_private_ip_count": 0,
                "security_group_ids": [
                  "sg-61efef2d"
                ],
                "security_groups": [
                  {
                    "security_group_id": "sg-61efef2d",
                    "security_group_name": "DSNA"
                  }
                ],
                "state": "in-use",
                "subnet_id": "subnet-781ab64b"
              }
            ],
            "os_family": "",
            "performance": "medium",
            "placement_subregion_name": "cloudgouv-eu-west-1a",
            "placement_tenancy": "default",
            "private_dns_name": "ip-10-1-0-20.cloudgouv-eu-west-1.compute.internal",
            "private_ip": "10.1.0.20",
            "private_ips": [
              "10.1.0.20"
            ],
            "product_codes": [
              "0001"
            ],
            "public_dns_name": "",
            "public_ip": "",
            "request_id": null,
            "reservation_id": "r-8fa3f2a0",
            "root_device_name": "/dev/sda1",
            "root_device_type": "ebs",
            "security_group_ids": [
              "sg-61efef2d"
            ],
            "security_group_names": null,
            "security_groups": [
              {
                "security_group_id": "sg-61efef2d",
                "security_group_name": "DSNA"
              }
            ],
            "state": "running",
            "state_reason": "",
            "subnet_id": "subnet-781ab64b",
            "tags": [
              {
                "key": "name",
                "value": "scdsnaws1"
              }
            ],
            "timeouts": null,
            "user_data": "",
            "vm_id": "i-0dd30ad1",
            "vm_initiated_shutdown_behavior": "restart",
            "vm_type": "tinav3.c4r8p3"
          },
          "sensitive_attributes": [],
          "private": "eyJlMmJmYjczMC1lY2FhLTExZTYtOGY4OC0zNDM2M2JjN2M0YzAiOnsiY3JlYXRlIjo2MDAwMDAwMDAwMDAsImRlbGV0ZSI6NjAwMDAwMDAwMDAwLCJ1cGRhdGUiOjYwMDAwMDAwMDAwMH19",
          "dependencies": [
            "outscale_net.vpc_DSNA",
            "outscale_security_group.sg_DSNA",
            "outscale_subnet.subnet_1"
          ]
        },
        {
          "index_key": 1,
          "schema_version": 0,
          "attributes": {
            "admin_password": "",
            "architecture": "x86_64",
            "block_device_mappings": [],
            "block_device_mappings_created": [
              {
                "bsu": {
                  "delete_on_vm_deletion": "true",
                  "link_date": "2022-08-16T14:04:01.767Z",
                  "state": "attached",
                  "volume_id": "vol-f682e1b8"
                },
                "device_name": "/dev/sda1"
              }
            ],
            "bsu_optimized": false,
            "client_token": "",
            "deletion_protection": false,
            "get_admin_password": null,
            "hypervisor": "xen",
            "id": "i-62daae6a",
            "image_id": "ami-6f0f9ef3",
            "is_source_dest_checked": true,
            "keypair_name": "",
            "launch_number": 0,
            "net_id": "vpc-0be80413",
            "nics": [
              {
                "account_id": "289079107901",
                "delete_on_vm_deletion": true,
                "description": "Primary network interface",
                "device_number": 0,
                "is_source_dest_checked": true,
                "link_nic": [
                  {
                    "delete_on_vm_deletion": true,
                    "device_number": "0",
                    "link_nic_id": "eni-attach-5e29ad7e",
                    "state": "attached"
                  }
                ],
                "link_public_ip": [],
                "mac_address": "aa:b5:84:b9:7a:31",
                "net_id": "vpc-0be80413",
                "nic_id": "eni-34471a97",
                "private_dns_name": "ip-10-1-0-21.cloudgouv-eu-west-1.compute.internal",
                "private_ips": [
                  {
                    "is_primary": true,
                    "link_public_ip": [],
                    "private_dns_name": "ip-10-1-0-21.cloudgouv-eu-west-1.compute.internal",
                    "private_ip": "10.1.0.21"
                  }
                ],
                "secondary_private_ip_count": 0,
                "security_group_ids": [
                  "sg-61efef2d"
                ],
                "security_groups": [
                  {
                    "security_group_id": "sg-61efef2d",
                    "security_group_name": "DSNA"
                  }
                ],
                "state": "in-use",
                "subnet_id": "subnet-781ab64b"
              }
            ],
            "os_family": "",
            "performance": "medium",
            "placement_subregion_name": "cloudgouv-eu-west-1a",
            "placement_tenancy": "default",
            "private_dns_name": "ip-10-1-0-21.cloudgouv-eu-west-1.compute.internal",
            "private_ip": "10.1.0.21",
            "private_ips": [
              "10.1.0.21"
            ],
            "product_codes": [
              "0001"
            ],
            "public_dns_name": "",
            "public_ip": "",
            "request_id": null,
            "reservation_id": "r-edb3a6dc",
            "root_device_name": "/dev/sda1",
            "root_device_type": "ebs",
            "security_group_ids": [
              "sg-61efef2d"
            ],
            "security_group_names": null,
            "security_groups": [
              {
                "security_group_id": "sg-61efef2d",
                "security_group_name": "DSNA"
              }
            ],
            "state": "running",
            "state_reason": "",
            "subnet_id": "subnet-781ab64b",
            "tags": [
              {
                "key": "name",
                "value": "scdsnaws2"
              }
            ],
            "timeouts": null,
            "user_data": "",
            "vm_id": "i-62daae6a",
            "vm_initiated_shutdown_behavior": "restart",
            "vm_type": "tinav3.c4r8p3"
          },
          "sensitive_attributes": [],
          "private": "eyJlMmJmYjczMC1lY2FhLTExZTYtOGY4OC0zNDM2M2JjN2M0YzAiOnsiY3JlYXRlIjo2MDAwMDAwMDAwMDAsImRlbGV0ZSI6NjAwMDAwMDAwMDAwLCJ1cGRhdGUiOjYwMDAwMDAwMDAwMH19",
          "dependencies": [
            "outscale_net.vpc_DSNA",
            "outscale_security_group.sg_DSNA",
            "outscale_subnet.subnet_1"
          ]
        },
        {
          "index_key": 2,
          "schema_version": 0,
          "attributes": {
            "admin_password": "",
            "architecture": "x86_64",
            "block_device_mappings": [],
            "block_device_mappings_created": [
              {
                "bsu": {
                  "delete_on_vm_deletion": "true",
                  "link_date": "2022-08-16T14:03:51.439Z",
                  "state": "attached",
                  "volume_id": "vol-a5235532"
                },
                "device_name": "/dev/sda1"
              }
            ],
            "bsu_optimized": false,
            "client_token": "",
            "deletion_protection": false,
            "get_admin_password": null,
            "hypervisor": "xen",
            "id": "i-6d045fd1",
            "image_id": "ami-6f0f9ef3",
            "is_source_dest_checked": true,
            "keypair_name": "",
            "launch_number": 0,
            "net_id": "vpc-0be80413",
            "nics": [
              {
                "account_id": "289079107901",
                "delete_on_vm_deletion": true,
                "description": "Primary network interface",
                "device_number": 0,
                "is_source_dest_checked": true,
                "link_nic": [
                  {
                    "delete_on_vm_deletion": true,
                    "device_number": "0",
                    "link_nic_id": "eni-attach-6863525d",
                    "state": "attached"
                  }
                ],
                "link_public_ip": [],
                "mac_address": "aa:a0:fa:94:c4:a7",
                "net_id": "vpc-0be80413",
                "nic_id": "eni-555ef4fa",
                "private_dns_name": "ip-10-1-0-22.cloudgouv-eu-west-1.compute.internal",
                "private_ips": [
                  {
                    "is_primary": true,
                    "link_public_ip": [],
                    "private_dns_name": "ip-10-1-0-22.cloudgouv-eu-west-1.compute.internal",
                    "private_ip": "10.1.0.22"
                  }
                ],
                "secondary_private_ip_count": 0,
                "security_group_ids": [
                  "sg-61efef2d"
                ],
                "security_groups": [
                  {
                    "security_group_id": "sg-61efef2d",
                    "security_group_name": "DSNA"
                  }
                ],
                "state": "in-use",
                "subnet_id": "subnet-781ab64b"
              }
            ],
            "os_family": "",
            "performance": "medium",
            "placement_subregion_name": "cloudgouv-eu-west-1a",
            "placement_tenancy": "default",
            "private_dns_name": "ip-10-1-0-22.cloudgouv-eu-west-1.compute.internal",
            "private_ip": "10.1.0.22",
            "private_ips": [
              "10.1.0.22"
            ],
            "product_codes": [
              "0001"
            ],
            "public_dns_name": "",
            "public_ip": "",
            "request_id": null,
            "reservation_id": "r-6c5aeb7a",
            "root_device_name": "/dev/sda1",
            "root_device_type": "ebs",
            "security_group_ids": [
              "sg-61efef2d"
            ],
            "security_group_names": null,
            "security_groups": [
              {
                "security_group_id": "sg-61efef2d",
                "security_group_name": "DSNA"
              }
            ],
            "state": "running",
            "state_reason": "",
            "subnet_id": "subnet-781ab64b",
            "tags": [
              {
                "key": "name",
                "value": "scdsnaws3"
              }
            ],
            "timeouts": null,
            "user_data": "",
            "vm_id": "i-6d045fd1",
            "vm_initiated_shutdown_behavior": "restart",
            "vm_type": "tinav3.c4r8p3"
          },
          "sensitive_attributes": [],
          "private": "eyJlMmJmYjczMC1lY2FhLTExZTYtOGY4OC0zNDM2M2JjN2M0YzAiOnsiY3JlYXRlIjo2MDAwMDAwMDAwMDAsImRlbGV0ZSI6NjAwMDAwMDAwMDAwLCJ1cGRhdGUiOjYwMDAwMDAwMDAwMH19",
          "dependencies": [
            "outscale_net.vpc_DSNA",
            "outscale_security_group.sg_DSNA",
            "outscale_subnet.subnet_1"
          ]
        }
      ]
    },
    {
      "mode": "managed",
      "type": "outscale_volume",
      "name": "volume_backup",
      "provider": "provider[\"registry.terraform.io/outscale-dev/outscale\"]",
      "instances": [
        {
          "index_key": 0,
          "schema_version": 0,
          "attributes": {
            "id": "vol-90ebca4f",
            "iops": 150,
            "linked_volumes": [
              {
                "delete_on_vm_deletion": false,
                "device_name": "/dev/xvdb",
                "state": "attached",
                "vm_id": "i-d02b6be3",
                "volume_id": "vol-90ebca4f"
              }
            ],
            "request_id": null,
            "size": 1000,
            "snapshot_id": "",
            "state": "in-use",
            "subregion_name": "cloudgouv-eu-west-1b",
            "tags": [
              {
                "key": "name",
                "value": "backup_volume1"
              }
            ],
            "volume_id": "vol-90ebca4f",
            "volume_type": "standard"
          },
          "sensitive_attributes": [],
          "private": "bnVsbA=="
        },
        {
          "index_key": 1,
          "schema_version": 0,
          "attributes": {
            "id": "vol-842826d7",
            "iops": 150,
            "linked_volumes": [
              {
                "delete_on_vm_deletion": false,
                "device_name": "/dev/xvdc",
                "state": "attached",
                "vm_id": "i-d02b6be3",
                "volume_id": "vol-842826d7"
              }
            ],
            "request_id": null,
            "size": 1000,
            "snapshot_id": "",
            "state": "in-use",
            "subregion_name": "cloudgouv-eu-west-1b",
            "tags": [
              {
                "key": "name",
                "value": "backup_volume2"
              }
            ],
            "volume_id": "vol-842826d7",
            "volume_type": "standard"
          },
          "sensitive_attributes": [],
          "private": "bnVsbA=="
        },
        {
          "index_key": 2,
          "schema_version": 0,
          "attributes": {
            "id": "vol-4629c441",
            "iops": 150,
            "linked_volumes": [
              {
                "delete_on_vm_deletion": false,
                "device_name": "/dev/xvdd",
                "state": "attached",
                "vm_id": "i-d02b6be3",
                "volume_id": "vol-4629c441"
              }
            ],
            "request_id": null,
            "size": 1000,
            "snapshot_id": "",
            "state": "in-use",
            "subregion_name": "cloudgouv-eu-west-1b",
            "tags": [
              {
                "key": "name",
                "value": "backup_volume3"
              }
            ],
            "volume_id": "vol-4629c441",
            "volume_type": "standard"
          },
          "sensitive_attributes": [],
          "private": "bnVsbA=="
        },
        {
          "index_key": 3,
          "schema_version": 0,
          "attributes": {
            "id": "vol-5b0514c2",
            "iops": 150,
            "linked_volumes": [
              {
                "delete_on_vm_deletion": false,
                "device_name": "/dev/xvde",
                "state": "attached",
                "vm_id": "i-d02b6be3",
                "volume_id": "vol-5b0514c2"
              }
            ],
            "request_id": null,
            "size": 1000,
            "snapshot_id": "",
            "state": "in-use",
            "subregion_name": "cloudgouv-eu-west-1b",
            "tags": [
              {
                "key": "name",
                "value": "backup_volume4"
              }
            ],
            "volume_id": "vol-5b0514c2",
            "volume_type": "standard"
          },
          "sensitive_attributes": [],
          "private": "bnVsbA=="
        }
      ]
    },
    {
      "mode": "managed",
      "type": "outscale_volume",
      "name": "volume_rancher",
      "provider": "provider[\"registry.terraform.io/outscale-dev/outscale\"]",
      "instances": [
        {
          "index_key": 0,
          "schema_version": 0,
          "attributes": {
            "id": "vol-008c2e36",
            "iops": 150,
            "linked_volumes": [
              {
                "delete_on_vm_deletion": false,
                "device_name": "/dev/xvdb",
                "state": "attached",
                "vm_id": "i-465897e2",
                "volume_id": "vol-008c2e36"
              }
            ],
            "request_id": null,
            "size": 50,
            "snapshot_id": "",
            "state": "in-use",
            "subregion_name": "cloudgouv-eu-west-1a",
            "tags": [
              {
                "key": "name",
                "value": "rancher_volume1"
              }
            ],
            "volume_id": "vol-008c2e36",
            "volume_type": "standard"
          },
          "sensitive_attributes": [],
          "private": "bnVsbA==",
          "dependencies": [
            "outscale_net.vpc_DSNA",
            "outscale_security_group.sg_DSNA",
            "outscale_subnet.subnet_1",
            "outscale_vm.scdsnarancher"
          ]
        }
      ]
    },
    {
      "mode": "managed",
      "type": "outscale_volume",
      "name": "volume_storage",
      "provider": "provider[\"registry.terraform.io/outscale-dev/outscale\"]",
      "instances": [
        {
          "index_key": 0,
          "schema_version": 0,
          "attributes": {
            "id": "vol-1f292309",
            "iops": 150,
            "linked_volumes": [
              {
                "delete_on_vm_deletion": false,
                "device_name": "/dev/xvdb",
                "state": "attached",
                "vm_id": "i-f59d607d",
                "volume_id": "vol-1f292309"
              }
            ],
            "request_id": null,
            "size": 80,
            "snapshot_id": "",
            "state": "in-use",
            "subregion_name": "cloudgouv-eu-west-1a",
            "tags": [
              {
                "key": "name",
                "value": "storage_volume1"
              }
            ],
            "volume_id": "vol-1f292309",
            "volume_type": "io1"
          },
          "sensitive_attributes": [],
          "private": "bnVsbA==",
          "dependencies": [
            "outscale_net.vpc_DSNA",
            "outscale_security_group.sg_DSNA",
            "outscale_subnet.subnet_1",
            "outscale_vm.scdsnastorage"
          ]
        },
        {
          "index_key": 1,
          "schema_version": 0,
          "attributes": {
            "id": "vol-f0c76d60",
            "iops": 150,
            "linked_volumes": [
              {
                "delete_on_vm_deletion": false,
                "device_name": "/dev/xvdc",
                "state": "attached",
                "vm_id": "i-f59d607d",
                "volume_id": "vol-f0c76d60"
              }
            ],
            "request_id": null,
            "size": 80,
            "snapshot_id": "",
            "state": "in-use",
            "subregion_name": "cloudgouv-eu-west-1a",
            "tags": [
              {
                "key": "name",
                "value": "storage_volume2"
              }
            ],
            "volume_id": "vol-f0c76d60",
            "volume_type": "io1"
          },
          "sensitive_attributes": [],
          "private": "bnVsbA==",
          "dependencies": [
            "outscale_net.vpc_DSNA",
            "outscale_security_group.sg_DSNA",
            "outscale_subnet.subnet_1",
            "outscale_vm.scdsnastorage"
          ]
        },
        {
          "index_key": 2,
          "schema_version": 0,
          "attributes": {
            "id": "vol-29b0b826",
            "iops": 150,
            "linked_volumes": [
              {
                "delete_on_vm_deletion": false,
                "device_name": "/dev/xvdd",
                "state": "attached",
                "vm_id": "i-f59d607d",
                "volume_id": "vol-29b0b826"
              }
            ],
            "request_id": null,
            "size": 80,
            "snapshot_id": "",
            "state": "in-use",
            "subregion_name": "cloudgouv-eu-west-1a",
            "tags": [
              {
                "key": "name",
                "value": "storage_volume3"
              }
            ],
            "volume_id": "vol-29b0b826",
            "volume_type": "io1"
          },
          "sensitive_attributes": [],
          "private": "bnVsbA==",
          "dependencies": [
            "outscale_net.vpc_DSNA",
            "outscale_security_group.sg_DSNA",
            "outscale_subnet.subnet_1",
            "outscale_vm.scdsnastorage"
          ]
        },
        {
          "index_key": 3,
          "schema_version": 0,
          "attributes": {
            "id": "vol-440b6584",
            "iops": 150,
            "linked_volumes": [
              {
                "delete_on_vm_deletion": false,
                "device_name": "/dev/xvde",
                "state": "attached",
                "vm_id": "i-f59d607d",
                "volume_id": "vol-440b6584"
              }
            ],
            "request_id": null,
            "size": 80,
            "snapshot_id": "",
            "state": "in-use",
            "subregion_name": "cloudgouv-eu-west-1a",
            "tags": [
              {
                "key": "name",
                "value": "storage_volume4"
              }
            ],
            "volume_id": "vol-440b6584",
            "volume_type": "io1"
          },
          "sensitive_attributes": [],
          "private": "bnVsbA==",
          "dependencies": [
            "outscale_net.vpc_DSNA",
            "outscale_security_group.sg_DSNA",
            "outscale_subnet.subnet_1",
            "outscale_vm.scdsnastorage"
          ]
        },
        {
          "index_key": 4,
          "schema_version": 0,
          "attributes": {
            "id": "vol-355ae23b",
            "iops": 150,
            "linked_volumes": [
              {
                "delete_on_vm_deletion": false,
                "device_name": "/dev/xvdf",
                "state": "attached",
                "vm_id": "i-f59d607d",
                "volume_id": "vol-355ae23b"
              }
            ],
            "request_id": null,
            "size": 80,
            "snapshot_id": "",
            "state": "in-use",
            "subregion_name": "cloudgouv-eu-west-1a",
            "tags": [
              {
                "key": "name",
                "value": "storage_volume5"
              }
            ],
            "volume_id": "vol-355ae23b",
            "volume_type": "io1"
          },
          "sensitive_attributes": [],
          "private": "bnVsbA==",
          "dependencies": [
            "outscale_net.vpc_DSNA",
            "outscale_security_group.sg_DSNA",
            "outscale_subnet.subnet_1",
            "outscale_vm.scdsnastorage"
          ]
        },
        {
          "index_key": 5,
          "schema_version": 0,
          "attributes": {
            "id": "vol-5583e1d4",
            "iops": 150,
            "linked_volumes": [
              {
                "delete_on_vm_deletion": false,
                "device_name": "/dev/xvdb",
                "state": "attached",
                "vm_id": "i-40d06485",
                "volume_id": "vol-5583e1d4"
              }
            ],
            "request_id": null,
            "size": 80,
            "snapshot_id": "",
            "state": "in-use",
            "subregion_name": "cloudgouv-eu-west-1a",
            "tags": [
              {
                "key": "name",
                "value": "storage_volume6"
              }
            ],
            "volume_id": "vol-5583e1d4",
            "volume_type": "io1"
          },
          "sensitive_attributes": [],
          "private": "bnVsbA==",
          "dependencies": [
            "outscale_net.vpc_DSNA",
            "outscale_security_group.sg_DSNA",
            "outscale_subnet.subnet_1",
            "outscale_vm.scdsnastorage"
          ]
        },
        {
          "index_key": 6,
          "schema_version": 0,
          "attributes": {
            "id": "vol-398a7c3f",
            "iops": 150,
            "linked_volumes": [
              {
                "delete_on_vm_deletion": false,
                "device_name": "/dev/xvdc",
                "state": "attached",
                "vm_id": "i-40d06485",
                "volume_id": "vol-398a7c3f"
              }
            ],
            "request_id": null,
            "size": 80,
            "snapshot_id": "",
            "state": "in-use",
            "subregion_name": "cloudgouv-eu-west-1a",
            "tags": [
              {
                "key": "name",
                "value": "storage_volume7"
              }
            ],
            "volume_id": "vol-398a7c3f",
            "volume_type": "io1"
          },
          "sensitive_attributes": [],
          "private": "bnVsbA==",
          "dependencies": [
            "outscale_net.vpc_DSNA",
            "outscale_security_group.sg_DSNA",
            "outscale_subnet.subnet_1",
            "outscale_vm.scdsnastorage"
          ]
        },
        {
          "index_key": 7,
          "schema_version": 0,
          "attributes": {
            "id": "vol-38590a0f",
            "iops": 150,
            "linked_volumes": [
              {
                "delete_on_vm_deletion": false,
                "device_name": "/dev/xvdd",
                "state": "attached",
                "vm_id": "i-40d06485",
                "volume_id": "vol-38590a0f"
              }
            ],
            "request_id": null,
            "size": 80,
            "snapshot_id": "",
            "state": "in-use",
            "subregion_name": "cloudgouv-eu-west-1a",
            "tags": [
              {
                "key": "name",
                "value": "storage_volume8"
              }
            ],
            "volume_id": "vol-38590a0f",
            "volume_type": "io1"
          },
          "sensitive_attributes": [],
          "private": "bnVsbA==",
          "dependencies": [
            "outscale_net.vpc_DSNA",
            "outscale_security_group.sg_DSNA",
            "outscale_subnet.subnet_1",
            "outscale_vm.scdsnastorage"
          ]
        },
        {
          "index_key": 8,
          "schema_version": 0,
          "attributes": {
            "id": "vol-69977346",
            "iops": 150,
            "linked_volumes": [
              {
                "delete_on_vm_deletion": false,
                "device_name": "/dev/xvde",
                "state": "attached",
                "vm_id": "i-40d06485",
                "volume_id": "vol-69977346"
              }
            ],
            "request_id": null,
            "size": 80,
            "snapshot_id": "",
            "state": "in-use",
            "subregion_name": "cloudgouv-eu-west-1a",
            "tags": [
              {
                "key": "name",
                "value": "storage_volume9"
              }
            ],
            "volume_id": "vol-69977346",
            "volume_type": "io1"
          },
          "sensitive_attributes": [],
          "private": "bnVsbA==",
          "dependencies": [
            "outscale_net.vpc_DSNA",
            "outscale_security_group.sg_DSNA",
            "outscale_subnet.subnet_1",
            "outscale_vm.scdsnastorage"
          ]
        },
        {
          "index_key": 9,
          "schema_version": 0,
          "attributes": {
            "id": "vol-fbac9c29",
            "iops": 150,
            "linked_volumes": [
              {
                "delete_on_vm_deletion": false,
                "device_name": "/dev/xvdf",
                "state": "attached",
                "vm_id": "i-40d06485",
                "volume_id": "vol-fbac9c29"
              }
            ],
            "request_id": null,
            "size": 80,
            "snapshot_id": "",
            "state": "in-use",
            "subregion_name": "cloudgouv-eu-west-1a",
            "tags": [
              {
                "key": "name",
                "value": "storage_volume10"
              }
            ],
            "volume_id": "vol-fbac9c29",
            "volume_type": "io1"
          },
          "sensitive_attributes": [],
          "private": "bnVsbA==",
          "dependencies": [
            "outscale_net.vpc_DSNA",
            "outscale_security_group.sg_DSNA",
            "outscale_subnet.subnet_1",
            "outscale_vm.scdsnastorage"
          ]
        },
        {
          "index_key": 10,
          "schema_version": 0,
          "attributes": {
            "id": "vol-2575be3b",
            "iops": 150,
            "linked_volumes": [
              {
                "delete_on_vm_deletion": false,
                "device_name": "/dev/xvdb",
                "state": "attached",
                "vm_id": "i-e276381a",
                "volume_id": "vol-2575be3b"
              }
            ],
            "request_id": null,
            "size": 80,
            "snapshot_id": "",
            "state": "in-use",
            "subregion_name": "cloudgouv-eu-west-1a",
            "tags": [
              {
                "key": "name",
                "value": "storage_volume11"
              }
            ],
            "volume_id": "vol-2575be3b",
            "volume_type": "io1"
          },
          "sensitive_attributes": [],
          "private": "bnVsbA==",
          "dependencies": [
            "outscale_net.vpc_DSNA",
            "outscale_security_group.sg_DSNA",
            "outscale_subnet.subnet_1",
            "outscale_vm.scdsnastorage"
          ]
        },
        {
          "index_key": 11,
          "schema_version": 0,
          "attributes": {
            "id": "vol-e2a3e5ea",
            "iops": 150,
            "linked_volumes": [
              {
                "delete_on_vm_deletion": false,
                "device_name": "/dev/xvdc",
                "state": "attached",
                "vm_id": "i-e276381a",
                "volume_id": "vol-e2a3e5ea"
              }
            ],
            "request_id": null,
            "size": 80,
            "snapshot_id": "",
            "state": "in-use",
            "subregion_name": "cloudgouv-eu-west-1a",
            "tags": [
              {
                "key": "name",
                "value": "storage_volume12"
              }
            ],
            "volume_id": "vol-e2a3e5ea",
            "volume_type": "io1"
          },
          "sensitive_attributes": [],
          "private": "bnVsbA==",
          "dependencies": [
            "outscale_net.vpc_DSNA",
            "outscale_security_group.sg_DSNA",
            "outscale_subnet.subnet_1",
            "outscale_vm.scdsnastorage"
          ]
        },
        {
          "index_key": 12,
          "schema_version": 0,
          "attributes": {
            "id": "vol-001b8b7a",
            "iops": 150,
            "linked_volumes": [
              {
                "delete_on_vm_deletion": false,
                "device_name": "/dev/xvdd",
                "state": "attached",
                "vm_id": "i-e276381a",
                "volume_id": "vol-001b8b7a"
              }
            ],
            "request_id": null,
            "size": 80,
            "snapshot_id": "",
            "state": "in-use",
            "subregion_name": "cloudgouv-eu-west-1a",
            "tags": [
              {
                "key": "name",
                "value": "storage_volume13"
              }
            ],
            "volume_id": "vol-001b8b7a",
            "volume_type": "io1"
          },
          "sensitive_attributes": [],
          "private": "bnVsbA==",
          "dependencies": [
            "outscale_net.vpc_DSNA",
            "outscale_security_group.sg_DSNA",
            "outscale_subnet.subnet_1",
            "outscale_vm.scdsnastorage"
          ]
        },
        {
          "index_key": 13,
          "schema_version": 0,
          "attributes": {
            "id": "vol-3f0c172d",
            "iops": 150,
            "linked_volumes": [
              {
                "delete_on_vm_deletion": false,
                "device_name": "/dev/xvde",
                "state": "attached",
                "vm_id": "i-e276381a",
                "volume_id": "vol-3f0c172d"
              }
            ],
            "request_id": null,
            "size": 80,
            "snapshot_id": "",
            "state": "in-use",
            "subregion_name": "cloudgouv-eu-west-1a",
            "tags": [
              {
                "key": "name",
                "value": "storage_volume14"
              }
            ],
            "volume_id": "vol-3f0c172d",
            "volume_type": "io1"
          },
          "sensitive_attributes": [],
          "private": "bnVsbA==",
          "dependencies": [
            "outscale_net.vpc_DSNA",
            "outscale_security_group.sg_DSNA",
            "outscale_subnet.subnet_1",
            "outscale_vm.scdsnastorage"
          ]
        },
        {
          "index_key": 14,
          "schema_version": 0,
          "attributes": {
            "id": "vol-3dd6262e",
            "iops": 150,
            "linked_volumes": [
              {
                "delete_on_vm_deletion": false,
                "device_name": "/dev/xvdf",
                "state": "attached",
                "vm_id": "i-e276381a",
                "volume_id": "vol-3dd6262e"
              }
            ],
            "request_id": null,
            "size": 80,
            "snapshot_id": "",
            "state": "in-use",
            "subregion_name": "cloudgouv-eu-west-1a",
            "tags": [
              {
                "key": "name",
                "value": "storage_volume15"
              }
            ],
            "volume_id": "vol-3dd6262e",
            "volume_type": "io1"
          },
          "sensitive_attributes": [],
          "private": "bnVsbA==",
          "dependencies": [
            "outscale_net.vpc_DSNA",
            "outscale_security_group.sg_DSNA",
            "outscale_subnet.subnet_1",
            "outscale_vm.scdsnastorage"
          ]
        }
      ]
    },
    {
      "mode": "managed",
      "type": "outscale_volumes_link",
      "name": "volume_link_backup",
      "provider": "provider[\"registry.terraform.io/outscale-dev/outscale\"]",
      "instances": [
        {
          "index_key": 0,
          "schema_version": 0,
          "attributes": {
            "delete_on_vm_termination": false,
            "device_name": "/dev/xvdb",
            "force_unlink": null,
            "id": "vol-90ebca4f",
            "request_id": null,
            "state": "attached",
            "timeouts": null,
            "vm_id": "i-d02b6be3",
            "volume_id": "vol-90ebca4f"
          },
          "sensitive_attributes": [],
          "private": "eyJlMmJmYjczMC1lY2FhLTExZTYtOGY4OC0zNDM2M2JjN2M0YzAiOnsiY3JlYXRlIjo2MDAwMDAwMDAwMDAsImRlbGV0ZSI6NjAwMDAwMDAwMDAwfX0=",
          "dependencies": [
            "outscale_net.vpc_BACKUP",
            "outscale_security_group.sg_BACKUP",
            "outscale_subnet.subnet_BACKUP",
            "outscale_vm.scdsnaBACKUP",
            "outscale_volume.volume_backup"
          ]
        },
        {
          "index_key": 1,
          "schema_version": 0,
          "attributes": {
            "delete_on_vm_termination": false,
            "device_name": "/dev/xvdc",
            "force_unlink": null,
            "id": "vol-842826d7",
            "request_id": null,
            "state": "attached",
            "timeouts": null,
            "vm_id": "i-d02b6be3",
            "volume_id": "vol-842826d7"
          },
          "sensitive_attributes": [],
          "private": "eyJlMmJmYjczMC1lY2FhLTExZTYtOGY4OC0zNDM2M2JjN2M0YzAiOnsiY3JlYXRlIjo2MDAwMDAwMDAwMDAsImRlbGV0ZSI6NjAwMDAwMDAwMDAwfX0=",
          "dependencies": [
            "outscale_net.vpc_BACKUP",
            "outscale_security_group.sg_BACKUP",
            "outscale_subnet.subnet_BACKUP",
            "outscale_vm.scdsnaBACKUP",
            "outscale_volume.volume_backup"
          ]
        },
        {
          "index_key": 2,
          "schema_version": 0,
          "attributes": {
            "delete_on_vm_termination": false,
            "device_name": "/dev/xvdd",
            "force_unlink": null,
            "id": "vol-4629c441",
            "request_id": null,
            "state": "attached",
            "timeouts": null,
            "vm_id": "i-d02b6be3",
            "volume_id": "vol-4629c441"
          },
          "sensitive_attributes": [],
          "private": "eyJlMmJmYjczMC1lY2FhLTExZTYtOGY4OC0zNDM2M2JjN2M0YzAiOnsiY3JlYXRlIjo2MDAwMDAwMDAwMDAsImRlbGV0ZSI6NjAwMDAwMDAwMDAwfX0=",
          "dependencies": [
            "outscale_net.vpc_BACKUP",
            "outscale_security_group.sg_BACKUP",
            "outscale_subnet.subnet_BACKUP",
            "outscale_vm.scdsnaBACKUP",
            "outscale_volume.volume_backup"
          ]
        },
        {
          "index_key": 3,
          "schema_version": 0,
          "attributes": {
            "delete_on_vm_termination": false,
            "device_name": "/dev/xvde",
            "force_unlink": null,
            "id": "vol-5b0514c2",
            "request_id": null,
            "state": "attached",
            "timeouts": null,
            "vm_id": "i-d02b6be3",
            "volume_id": "vol-5b0514c2"
          },
          "sensitive_attributes": [],
          "private": "eyJlMmJmYjczMC1lY2FhLTExZTYtOGY4OC0zNDM2M2JjN2M0YzAiOnsiY3JlYXRlIjo2MDAwMDAwMDAwMDAsImRlbGV0ZSI6NjAwMDAwMDAwMDAwfX0=",
          "dependencies": [
            "outscale_net.vpc_BACKUP",
            "outscale_security_group.sg_BACKUP",
            "outscale_subnet.subnet_BACKUP",
            "outscale_vm.scdsnaBACKUP",
            "outscale_volume.volume_backup"
          ]
        }
      ]
    },
    {
      "mode": "managed",
      "type": "outscale_volumes_link",
      "name": "volume_link_rancher",
      "provider": "provider[\"registry.terraform.io/outscale-dev/outscale\"]",
      "instances": [
        {
          "index_key": 0,
          "schema_version": 0,
          "attributes": {
            "delete_on_vm_termination": false,
            "device_name": "/dev/xvdb",
            "force_unlink": null,
            "id": "vol-008c2e36",
            "request_id": null,
            "state": "attached",
            "timeouts": null,
            "vm_id": "i-465897e2",
            "volume_id": "vol-008c2e36"
          },
          "sensitive_attributes": [],
          "private": "eyJlMmJmYjczMC1lY2FhLTExZTYtOGY4OC0zNDM2M2JjN2M0YzAiOnsiY3JlYXRlIjo2MDAwMDAwMDAwMDAsImRlbGV0ZSI6NjAwMDAwMDAwMDAwfX0=",
          "dependencies": [
            "outscale_net.vpc_DSNA",
            "outscale_security_group.sg_DSNA",
            "outscale_subnet.subnet_1",
            "outscale_vm.scdsnarancher",
            "outscale_volume.volume_rancher"
          ]
        }
      ]
    },
    {
      "mode": "managed",
      "type": "outscale_volumes_link",
      "name": "volume_link_storage",
      "provider": "provider[\"registry.terraform.io/outscale-dev/outscale\"]",
      "instances": [
        {
          "index_key": 0,
          "schema_version": 0,
          "attributes": {
            "delete_on_vm_termination": false,
            "device_name": "/dev/xvdb",
            "force_unlink": null,
            "id": "vol-1f292309",
            "request_id": null,
            "state": "attached",
            "timeouts": null,
            "vm_id": "i-f59d607d",
            "volume_id": "vol-1f292309"
          },
          "sensitive_attributes": [],
          "private": "eyJlMmJmYjczMC1lY2FhLTExZTYtOGY4OC0zNDM2M2JjN2M0YzAiOnsiY3JlYXRlIjo2MDAwMDAwMDAwMDAsImRlbGV0ZSI6NjAwMDAwMDAwMDAwfX0=",
          "dependencies": [
            "outscale_net.vpc_DSNA",
            "outscale_security_group.sg_DSNA",
            "outscale_subnet.subnet_1",
            "outscale_vm.scdsnastorage",
            "outscale_volume.volume_storage"
          ]
        },
        {
          "index_key": 1,
          "schema_version": 0,
          "attributes": {
            "delete_on_vm_termination": false,
            "device_name": "/dev/xvdc",
            "force_unlink": null,
            "id": "vol-f0c76d60",
            "request_id": null,
            "state": "attached",
            "timeouts": null,
            "vm_id": "i-f59d607d",
            "volume_id": "vol-f0c76d60"
          },
          "sensitive_attributes": [],
          "private": "eyJlMmJmYjczMC1lY2FhLTExZTYtOGY4OC0zNDM2M2JjN2M0YzAiOnsiY3JlYXRlIjo2MDAwMDAwMDAwMDAsImRlbGV0ZSI6NjAwMDAwMDAwMDAwfX0=",
          "dependencies": [
            "outscale_net.vpc_DSNA",
            "outscale_security_group.sg_DSNA",
            "outscale_subnet.subnet_1",
            "outscale_vm.scdsnastorage",
            "outscale_volume.volume_storage"
          ]
        },
        {
          "index_key": 2,
          "schema_version": 0,
          "attributes": {
            "delete_on_vm_termination": false,
            "device_name": "/dev/xvdd",
            "force_unlink": null,
            "id": "vol-29b0b826",
            "request_id": null,
            "state": "attached",
            "timeouts": null,
            "vm_id": "i-f59d607d",
            "volume_id": "vol-29b0b826"
          },
          "sensitive_attributes": [],
          "private": "eyJlMmJmYjczMC1lY2FhLTExZTYtOGY4OC0zNDM2M2JjN2M0YzAiOnsiY3JlYXRlIjo2MDAwMDAwMDAwMDAsImRlbGV0ZSI6NjAwMDAwMDAwMDAwfX0=",
          "dependencies": [
            "outscale_net.vpc_DSNA",
            "outscale_security_group.sg_DSNA",
            "outscale_subnet.subnet_1",
            "outscale_vm.scdsnastorage",
            "outscale_volume.volume_storage"
          ]
        },
        {
          "index_key": 3,
          "schema_version": 0,
          "attributes": {
            "delete_on_vm_termination": false,
            "device_name": "/dev/xvde",
            "force_unlink": null,
            "id": "vol-440b6584",
            "request_id": null,
            "state": "attached",
            "timeouts": null,
            "vm_id": "i-f59d607d",
            "volume_id": "vol-440b6584"
          },
          "sensitive_attributes": [],
          "private": "eyJlMmJmYjczMC1lY2FhLTExZTYtOGY4OC0zNDM2M2JjN2M0YzAiOnsiY3JlYXRlIjo2MDAwMDAwMDAwMDAsImRlbGV0ZSI6NjAwMDAwMDAwMDAwfX0=",
          "dependencies": [
            "outscale_net.vpc_DSNA",
            "outscale_security_group.sg_DSNA",
            "outscale_subnet.subnet_1",
            "outscale_vm.scdsnastorage",
            "outscale_volume.volume_storage"
          ]
        },
        {
          "index_key": 4,
          "schema_version": 0,
          "attributes": {
            "delete_on_vm_termination": false,
            "device_name": "/dev/xvdf",
            "force_unlink": null,
            "id": "vol-355ae23b",
            "request_id": null,
            "state": "attached",
            "timeouts": null,
            "vm_id": "i-f59d607d",
            "volume_id": "vol-355ae23b"
          },
          "sensitive_attributes": [],
          "private": "eyJlMmJmYjczMC1lY2FhLTExZTYtOGY4OC0zNDM2M2JjN2M0YzAiOnsiY3JlYXRlIjo2MDAwMDAwMDAwMDAsImRlbGV0ZSI6NjAwMDAwMDAwMDAwfX0=",
          "dependencies": [
            "outscale_net.vpc_DSNA",
            "outscale_security_group.sg_DSNA",
            "outscale_subnet.subnet_1",
            "outscale_vm.scdsnastorage",
            "outscale_volume.volume_storage"
          ]
        },
        {
          "index_key": 5,
          "schema_version": 0,
          "attributes": {
            "delete_on_vm_termination": false,
            "device_name": "/dev/xvdb",
            "force_unlink": null,
            "id": "vol-5583e1d4",
            "request_id": null,
            "state": "attached",
            "timeouts": null,
            "vm_id": "i-40d06485",
            "volume_id": "vol-5583e1d4"
          },
          "sensitive_attributes": [],
          "private": "eyJlMmJmYjczMC1lY2FhLTExZTYtOGY4OC0zNDM2M2JjN2M0YzAiOnsiY3JlYXRlIjo2MDAwMDAwMDAwMDAsImRlbGV0ZSI6NjAwMDAwMDAwMDAwfX0=",
          "dependencies": [
            "outscale_net.vpc_DSNA",
            "outscale_security_group.sg_DSNA",
            "outscale_subnet.subnet_1",
            "outscale_vm.scdsnastorage",
            "outscale_volume.volume_storage"
          ]
        },
        {
          "index_key": 6,
          "schema_version": 0,
          "attributes": {
            "delete_on_vm_termination": false,
            "device_name": "/dev/xvdc",
            "force_unlink": null,
            "id": "vol-398a7c3f",
            "request_id": null,
            "state": "attached",
            "timeouts": null,
            "vm_id": "i-40d06485",
            "volume_id": "vol-398a7c3f"
          },
          "sensitive_attributes": [],
          "private": "eyJlMmJmYjczMC1lY2FhLTExZTYtOGY4OC0zNDM2M2JjN2M0YzAiOnsiY3JlYXRlIjo2MDAwMDAwMDAwMDAsImRlbGV0ZSI6NjAwMDAwMDAwMDAwfX0=",
          "dependencies": [
            "outscale_net.vpc_DSNA",
            "outscale_security_group.sg_DSNA",
            "outscale_subnet.subnet_1",
            "outscale_vm.scdsnastorage",
            "outscale_volume.volume_storage"
          ]
        },
        {
          "index_key": 7,
          "schema_version": 0,
          "attributes": {
            "delete_on_vm_termination": false,
            "device_name": "/dev/xvdd",
            "force_unlink": null,
            "id": "vol-38590a0f",
            "request_id": null,
            "state": "attached",
            "timeouts": null,
            "vm_id": "i-40d06485",
            "volume_id": "vol-38590a0f"
          },
          "sensitive_attributes": [],
          "private": "eyJlMmJmYjczMC1lY2FhLTExZTYtOGY4OC0zNDM2M2JjN2M0YzAiOnsiY3JlYXRlIjo2MDAwMDAwMDAwMDAsImRlbGV0ZSI6NjAwMDAwMDAwMDAwfX0=",
          "dependencies": [
            "outscale_net.vpc_DSNA",
            "outscale_security_group.sg_DSNA",
            "outscale_subnet.subnet_1",
            "outscale_vm.scdsnastorage",
            "outscale_volume.volume_storage"
          ]
        },
        {
          "index_key": 8,
          "schema_version": 0,
          "attributes": {
            "delete_on_vm_termination": false,
            "device_name": "/dev/xvde",
            "force_unlink": null,
            "id": "vol-69977346",
            "request_id": null,
            "state": "attached",
            "timeouts": null,
            "vm_id": "i-40d06485",
            "volume_id": "vol-69977346"
          },
          "sensitive_attributes": [],
          "private": "eyJlMmJmYjczMC1lY2FhLTExZTYtOGY4OC0zNDM2M2JjN2M0YzAiOnsiY3JlYXRlIjo2MDAwMDAwMDAwMDAsImRlbGV0ZSI6NjAwMDAwMDAwMDAwfX0=",
          "dependencies": [
            "outscale_net.vpc_DSNA",
            "outscale_security_group.sg_DSNA",
            "outscale_subnet.subnet_1",
            "outscale_vm.scdsnastorage",
            "outscale_volume.volume_storage"
          ]
        },
        {
          "index_key": 9,
          "schema_version": 0,
          "attributes": {
            "delete_on_vm_termination": false,
            "device_name": "/dev/xvdf",
            "force_unlink": null,
            "id": "vol-fbac9c29",
            "request_id": null,
            "state": "attached",
            "timeouts": null,
            "vm_id": "i-40d06485",
            "volume_id": "vol-fbac9c29"
          },
          "sensitive_attributes": [],
          "private": "eyJlMmJmYjczMC1lY2FhLTExZTYtOGY4OC0zNDM2M2JjN2M0YzAiOnsiY3JlYXRlIjo2MDAwMDAwMDAwMDAsImRlbGV0ZSI6NjAwMDAwMDAwMDAwfX0=",
          "dependencies": [
            "outscale_net.vpc_DSNA",
            "outscale_security_group.sg_DSNA",
            "outscale_subnet.subnet_1",
            "outscale_vm.scdsnastorage",
            "outscale_volume.volume_storage"
          ]
        },
        {
          "index_key": 10,
          "schema_version": 0,
          "attributes": {
            "delete_on_vm_termination": false,
            "device_name": "/dev/xvdb",
            "force_unlink": null,
            "id": "vol-2575be3b",
            "request_id": null,
            "state": "attached",
            "timeouts": null,
            "vm_id": "i-e276381a",
            "volume_id": "vol-2575be3b"
          },
          "sensitive_attributes": [],
          "private": "eyJlMmJmYjczMC1lY2FhLTExZTYtOGY4OC0zNDM2M2JjN2M0YzAiOnsiY3JlYXRlIjo2MDAwMDAwMDAwMDAsImRlbGV0ZSI6NjAwMDAwMDAwMDAwfX0=",
          "dependencies": [
            "outscale_net.vpc_DSNA",
            "outscale_security_group.sg_DSNA",
            "outscale_subnet.subnet_1",
            "outscale_vm.scdsnastorage",
            "outscale_volume.volume_storage"
          ]
        },
        {
          "index_key": 11,
          "schema_version": 0,
          "attributes": {
            "delete_on_vm_termination": false,
            "device_name": "/dev/xvdc",
            "force_unlink": null,
            "id": "vol-e2a3e5ea",
            "request_id": null,
            "state": "attached",
            "timeouts": null,
            "vm_id": "i-e276381a",
            "volume_id": "vol-e2a3e5ea"
          },
          "sensitive_attributes": [],
          "private": "eyJlMmJmYjczMC1lY2FhLTExZTYtOGY4OC0zNDM2M2JjN2M0YzAiOnsiY3JlYXRlIjo2MDAwMDAwMDAwMDAsImRlbGV0ZSI6NjAwMDAwMDAwMDAwfX0=",
          "dependencies": [
            "outscale_net.vpc_DSNA",
            "outscale_security_group.sg_DSNA",
            "outscale_subnet.subnet_1",
            "outscale_vm.scdsnastorage",
            "outscale_volume.volume_storage"
          ]
        },
        {
          "index_key": 12,
          "schema_version": 0,
          "attributes": {
            "delete_on_vm_termination": false,
            "device_name": "/dev/xvdd",
            "force_unlink": null,
            "id": "vol-001b8b7a",
            "request_id": null,
            "state": "attached",
            "timeouts": null,
            "vm_id": "i-e276381a",
            "volume_id": "vol-001b8b7a"
          },
          "sensitive_attributes": [],
          "private": "eyJlMmJmYjczMC1lY2FhLTExZTYtOGY4OC0zNDM2M2JjN2M0YzAiOnsiY3JlYXRlIjo2MDAwMDAwMDAwMDAsImRlbGV0ZSI6NjAwMDAwMDAwMDAwfX0=",
          "dependencies": [
            "outscale_net.vpc_DSNA",
            "outscale_security_group.sg_DSNA",
            "outscale_subnet.subnet_1",
            "outscale_vm.scdsnastorage",
            "outscale_volume.volume_storage"
          ]
        },
        {
          "index_key": 13,
          "schema_version": 0,
          "attributes": {
            "delete_on_vm_termination": false,
            "device_name": "/dev/xvde",
            "force_unlink": null,
            "id": "vol-3f0c172d",
            "request_id": null,
            "state": "attached",
            "timeouts": null,
            "vm_id": "i-e276381a",
            "volume_id": "vol-3f0c172d"
          },
          "sensitive_attributes": [],
          "private": "eyJlMmJmYjczMC1lY2FhLTExZTYtOGY4OC0zNDM2M2JjN2M0YzAiOnsiY3JlYXRlIjo2MDAwMDAwMDAwMDAsImRlbGV0ZSI6NjAwMDAwMDAwMDAwfX0=",
          "dependencies": [
            "outscale_net.vpc_DSNA",
            "outscale_security_group.sg_DSNA",
            "outscale_subnet.subnet_1",
            "outscale_vm.scdsnastorage",
            "outscale_volume.volume_storage"
          ]
        },
        {
          "index_key": 14,
          "schema_version": 0,
          "attributes": {
            "delete_on_vm_termination": false,
            "device_name": "/dev/xvdf",
            "force_unlink": null,
            "id": "vol-3dd6262e",
            "request_id": null,
            "state": "attached",
            "timeouts": null,
            "vm_id": "i-e276381a",
            "volume_id": "vol-3dd6262e"
          },
          "sensitive_attributes": [],
          "private": "eyJlMmJmYjczMC1lY2FhLTExZTYtOGY4OC0zNDM2M2JjN2M0YzAiOnsiY3JlYXRlIjo2MDAwMDAwMDAwMDAsImRlbGV0ZSI6NjAwMDAwMDAwMDAwfX0=",
          "dependencies": [
            "outscale_net.vpc_DSNA",
            "outscale_security_group.sg_DSNA",
            "outscale_subnet.subnet_1",
            "outscale_vm.scdsnastorage",
            "outscale_volume.volume_storage"
          ]
        }
      ]
    }
  ]
}
