{
  "version": 4,
  "terraform_version": "1.2.6",
  "serial": 253,
  "lineage": "4580faf3-4c10-54c0-789c-6184818d4c92",
  "outputs": {
    "DSNA_bastion_eip": {
      "value": "80.247.12.61",
      "type": "string"
    },
    "DSNA_bastion_ip": {
      "value": [
        [
          "10.1.0.5"
        ]
      ],
      "type": [
        "tuple",
        [
          [
            "list",
            "string"
          ]
        ]
      ]
    },
    "DSNA_db_ip": {
      "value": [
        [
          "10.1.0.40"
        ]
      ],
      "type": [
        "tuple",
        [
          [
            "list",
            "string"
          ]
        ]
      ]
    },
    "DSNA_rancher_eip": {
      "value": "148.253.99.250",
      "type": "string"
    },
    "DSNA_rancher_ip": {
      "value": [
        [
          "10.1.0.6"
        ]
      ],
      "type": [
        "tuple",
        [
          [
            "list",
            "string"
          ]
        ]
      ]
    },
    "DSNA_storage_ip": {
      "value": [
        [
          "10.1.0.60"
        ],
        [
          "10.1.0.61"
        ],
        [
          "10.1.0.62"
        ]
      ],
      "type": [
        "tuple",
        [
          [
            "list",
            "string"
          ],
          [
            "list",
            "string"
          ],
          [
            "list",
            "string"
          ]
        ]
      ]
    },
    "DSNA_vpc_eip": {
      "value": "80.247.12.12",
      "type": "string"
    },
    "DSNA_ws_ip": {
      "value": [
        [
          "10.1.0.20"
        ],
        [
          "10.1.0.21"
        ],
        [
          "10.1.0.22"
        ]
      ],
      "type": [
        "tuple",
        [
          [
            "list",
            "string"
          ],
          [
            "list",
            "string"
          ],
          [
            "list",
            "string"
          ]
        ]
      ]
    }
  },
  "resources": [
    {
      "mode": "managed",
      "type": "outscale_internet_service",
      "name": "is_DSNA",
      "provider": "provider[\"registry.terraform.io/outscale-dev/outscale\"]",
      "instances": [
        {
          "schema_version": 0,
          "attributes": {
            "id": "igw-09c46dae",
            "internet_service_id": "igw-09c46dae",
            "net_id": "vpc-9fec471d",
            "request_id": null,
            "state": "available",
            "tags": []
          },
          "sensitive_attributes": [],
          "private": "bnVsbA=="
        }
      ]
    },
    {
      "mode": "managed",
      "type": "outscale_internet_service_link",
      "name": "is_link_1",
      "provider": "provider[\"registry.terraform.io/outscale-dev/outscale\"]",
      "instances": [
        {
          "schema_version": 0,
          "attributes": {
            "id": "igw-09c46dae",
            "internet_service_id": "igw-09c46dae",
            "net_id": "vpc-9fec471d",
            "request_id": null,
            "state": "available",
            "tags": []
          },
          "sensitive_attributes": [],
          "private": "bnVsbA==",
          "dependencies": [
            "outscale_internet_service.is_DSNA",
            "outscale_net.vpc_DSNA"
          ]
        }
      ]
    },
    {
      "mode": "managed",
      "type": "outscale_nat_service",
      "name": "nat_DSNA",
      "provider": "provider[\"registry.terraform.io/outscale-dev/outscale\"]",
      "instances": [
        {
          "schema_version": 0,
          "attributes": {
            "id": "nat-7d27c65e",
            "nat_service_id": "nat-7d27c65e",
            "net_id": "vpc-9fec471d",
            "public_ip_id": "eipalloc-ce38c9a3",
            "public_ips": [
              {
                "public_ip": "80.247.12.12",
                "public_ip_id": "eipalloc-ce38c9a3"
              }
            ],
            "request_id": null,
            "state": "available",
            "subnet_id": "subnet-8097b422",
            "tags": [
              {
                "key": "name",
                "value": "DSNA"
              }
            ]
          },
          "sensitive_attributes": [],
          "private": "bnVsbA==",
          "dependencies": [
            "outscale_public_ip.eip_DSNA",
            "outscale_subnet.subnet_1"
          ]
        }
      ]
    },
    {
      "mode": "managed",
      "type": "outscale_net",
      "name": "vpc_DSNA",
      "provider": "provider[\"registry.terraform.io/outscale-dev/outscale\"]",
      "instances": [
        {
          "schema_version": 0,
          "attributes": {
            "dhcp_options_set_id": "dopt-909f43aa",
            "id": "vpc-9fec471d",
            "ip_range": "10.1.0.0/16",
            "net_id": "vpc-9fec471d",
            "request_id": null,
            "state": "available",
            "tags": [
              {
                "key": "name",
                "value": "DSNA"
              }
            ],
            "tenancy": "default"
          },
          "sensitive_attributes": [],
          "private": "bnVsbA=="
        }
      ]
    },
    {
      "mode": "managed",
      "type": "outscale_public_ip",
      "name": "eip_DSNA",
      "provider": "provider[\"registry.terraform.io/outscale-dev/outscale\"]",
      "instances": [
        {
          "schema_version": 0,
          "attributes": {
            "id": "eipalloc-ce38c9a3",
            "link_public_ip_id": "",
            "nic_account_id": "",
            "nic_id": "",
            "private_ip": "",
            "public_ip": "80.247.12.12",
            "public_ip_id": "eipalloc-ce38c9a3",
            "request_id": null,
            "tags": [
              {
                "key": "name",
                "value": "DSNA"
              }
            ],
            "timeouts": null,
            "vm_id": ""
          },
          "sensitive_attributes": [],
          "private": "eyJlMmJmYjczMC1lY2FhLTExZTYtOGY4OC0zNDM2M2JjN2M0YzAiOnsiY3JlYXRlIjoxODAwMDAwMDAwMDAwLCJkZWxldGUiOjE4MDAwMDAwMDAwMDB9fQ=="
        }
      ]
    },
    {
      "mode": "managed",
      "type": "outscale_public_ip",
      "name": "eip_bastion",
      "provider": "provider[\"registry.terraform.io/outscale-dev/outscale\"]",
      "instances": [
        {
          "schema_version": 0,
          "attributes": {
            "id": "eipalloc-8d7d3492",
            "link_public_ip_id": "eipassoc-d2fea73d",
            "nic_account_id": "289079107901",
            "nic_id": "eni-8e9dd520",
            "private_ip": "10.1.0.5",
            "public_ip": "80.247.12.61",
            "public_ip_id": "eipalloc-8d7d3492",
            "request_id": null,
            "tags": [
              {
                "key": "name",
                "value": "DSNA_bastion"
              }
            ],
            "timeouts": null,
            "vm_id": "i-c845e0bc"
          },
          "sensitive_attributes": [],
          "private": "eyJlMmJmYjczMC1lY2FhLTExZTYtOGY4OC0zNDM2M2JjN2M0YzAiOnsiY3JlYXRlIjoxODAwMDAwMDAwMDAwLCJkZWxldGUiOjE4MDAwMDAwMDAwMDB9fQ=="
        }
      ]
    },
    {
      "mode": "managed",
      "type": "outscale_public_ip",
      "name": "eip_rancher",
      "provider": "provider[\"registry.terraform.io/outscale-dev/outscale\"]",
      "instances": [
        {
          "schema_version": 0,
          "attributes": {
            "id": "eipalloc-1101d6b4",
            "link_public_ip_id": "eipassoc-e100c934",
            "nic_account_id": "289079107901",
            "nic_id": "eni-e77ce3e1",
            "private_ip": "10.1.0.6",
            "public_ip": "148.253.99.250",
            "public_ip_id": "eipalloc-1101d6b4",
            "request_id": null,
            "tags": [
              {
                "key": "name",
                "value": "DSNA_rancher"
              }
            ],
            "timeouts": null,
            "vm_id": "i-3cde5a67"
          },
          "sensitive_attributes": [],
          "private": "eyJlMmJmYjczMC1lY2FhLTExZTYtOGY4OC0zNDM2M2JjN2M0YzAiOnsiY3JlYXRlIjoxODAwMDAwMDAwMDAwLCJkZWxldGUiOjE4MDAwMDAwMDAwMDB9fQ=="
        }
      ]
    },
    {
      "mode": "managed",
      "type": "outscale_public_ip_link",
      "name": "eip_bastion_link",
      "provider": "provider[\"registry.terraform.io/outscale-dev/outscale\"]",
      "instances": [
        {
          "schema_version": 0,
          "attributes": {
            "allow_relink": null,
            "id": "eipassoc-d2fea73d",
            "link_public_ip_id": "eipassoc-d2fea73d",
            "nic_account_id": "289079107901",
            "nic_id": "eni-8e9dd520",
            "private_ip": "10.1.0.5",
            "public_ip": "80.247.12.61",
            "public_ip_id": "eipalloc-8d7d3492",
            "request_id": null,
            "tags": [
              {
                "key": "name",
                "value": "DSNA_bastion"
              }
            ],
            "timeouts": null,
            "vm_id": "i-c845e0bc"
          },
          "sensitive_attributes": [],
          "private": "eyJlMmJmYjczMC1lY2FhLTExZTYtOGY4OC0zNDM2M2JjN2M0YzAiOnsiY3JlYXRlIjo2MDAwMDAwMDAwMDAsImRlbGV0ZSI6NjAwMDAwMDAwMDAwfX0=",
          "dependencies": [
            "outscale_net.vpc_DSNA",
            "outscale_public_ip.eip_bastion",
            "outscale_security_group.sg_DSNA",
            "outscale_subnet.subnet_1",
            "outscale_vm.scdsnabastion"
          ]
        }
      ]
    },
    {
      "mode": "managed",
      "type": "outscale_public_ip_link",
      "name": "eip_rancher_link",
      "provider": "provider[\"registry.terraform.io/outscale-dev/outscale\"]",
      "instances": [
        {
          "schema_version": 0,
          "attributes": {
            "allow_relink": null,
            "id": "eipassoc-e100c934",
            "link_public_ip_id": "eipassoc-e100c934",
            "nic_account_id": "289079107901",
            "nic_id": "eni-e77ce3e1",
            "private_ip": "10.1.0.6",
            "public_ip": "148.253.99.250",
            "public_ip_id": "eipalloc-1101d6b4",
            "request_id": null,
            "tags": [
              {
                "key": "name",
                "value": "DSNA_rancher"
              }
            ],
            "timeouts": null,
            "vm_id": "i-3cde5a67"
          },
          "sensitive_attributes": [],
          "private": "eyJlMmJmYjczMC1lY2FhLTExZTYtOGY4OC0zNDM2M2JjN2M0YzAiOnsiY3JlYXRlIjo2MDAwMDAwMDAwMDAsImRlbGV0ZSI6NjAwMDAwMDAwMDAwfX0=",
          "dependencies": [
            "outscale_net.vpc_DSNA",
            "outscale_public_ip.eip_rancher",
            "outscale_security_group.sg_DSNA",
            "outscale_subnet.subnet_1",
            "outscale_vm.scdsnarancher"
          ]
        }
      ]
    },
    {
      "mode": "managed",
      "type": "outscale_route",
      "name": "route_1",
      "provider": "provider[\"registry.terraform.io/outscale-dev/outscale\"]",
      "instances": [
        {
          "schema_version": 0,
          "attributes": {
            "await_active_state": true,
            "creation_method": "CreateRoute",
            "destination_ip_range": "0.0.0.0/0",
            "destination_service_id": "",
            "gateway_id": "igw-09c46dae",
            "id": "rtb-049cb40b",
            "nat_access_point": "",
            "nat_service_id": "",
            "net_peering_id": "",
            "nic_id": "",
            "request_id": null,
            "route_table_id": "rtb-049cb40b",
            "state": "active",
            "vm_account_id": "",
            "vm_id": ""
          },
          "sensitive_attributes": [],
          "private": "bnVsbA==",
          "dependencies": [
            "outscale_internet_service.is_DSNA",
            "outscale_net.vpc_DSNA",
            "outscale_route_table.rt_DSNA"
          ]
        }
      ]
    },
    {
      "mode": "managed",
      "type": "outscale_route_table",
      "name": "rt_DSNA",
      "provider": "provider[\"registry.terraform.io/outscale-dev/outscale\"]",
      "instances": [
        {
          "schema_version": 0,
          "attributes": {
            "id": "rtb-049cb40b",
            "link_route_tables": [
              {
                "link_route_table_id": "rtbassoc-6e8964c0",
                "main": false,
                "route_table_id": "rtb-049cb40b",
                "route_table_to_subnet_link_id": "",
                "subnet_id": "subnet-8097b422"
              }
            ],
            "net_id": "vpc-9fec471d",
            "request_id": null,
            "route_propagating_virtual_gateways": [],
            "route_table_id": "rtb-049cb40b",
            "routes": [
              {
                "creation_method": "CreateRouteTable",
                "destination_ip_range": "10.1.0.0/16",
                "destination_service_id": "",
                "gateway_id": "",
                "nat_service_id": "",
                "net_access_point_id": "",
                "net_peering_id": "",
                "nic_id": "",
                "state": "active",
                "vm_account_id": "",
                "vm_id": ""
              },
              {
                "creation_method": "CreateRoute",
                "destination_ip_range": "0.0.0.0/0",
                "destination_service_id": "",
                "gateway_id": "igw-09c46dae",
                "nat_service_id": "",
                "net_access_point_id": "",
                "net_peering_id": "",
                "nic_id": "",
                "state": "active",
                "vm_account_id": "",
                "vm_id": ""
              }
            ],
            "tags": [
              {
                "key": "name",
                "value": "DSNA"
              }
            ]
          },
          "sensitive_attributes": [],
          "private": "bnVsbA==",
          "dependencies": [
            "outscale_net.vpc_DSNA"
          ]
        }
      ]
    },
    {
      "mode": "managed",
      "type": "outscale_route_table_link",
      "name": "rt_link_1",
      "provider": "provider[\"registry.terraform.io/outscale-dev/outscale\"]",
      "instances": [
        {
          "schema_version": 0,
          "attributes": {
            "id": "rtbassoc-6e8964c0",
            "link_route_table_id": "rtbassoc-6e8964c0",
            "main": false,
            "request_id": null,
            "route_table_id": "rtb-049cb40b",
            "subnet_id": "subnet-8097b422"
          },
          "sensitive_attributes": [],
          "private": "bnVsbA==",
          "dependencies": [
            "outscale_net.vpc_DSNA",
            "outscale_route_table.rt_DSNA",
            "outscale_subnet.subnet_1"
          ]
        }
      ]
    },
    {
      "mode": "managed",
      "type": "outscale_security_group",
      "name": "sg_DSNA",
      "provider": "provider[\"registry.terraform.io/outscale-dev/outscale\"]",
      "instances": [
        {
          "schema_version": 0,
          "attributes": {
            "account_id": "289079107901",
            "description": "Security Group for DSNA",
            "id": "sg-6a03f9f5",
            "inbound_rules": [
              {
                "from_port_range": 80,
                "ip_protocol": "tcp",
                "ip_ranges": [
                  "51.15.190.162/32"
                ],
                "security_groups_members": [],
                "to_port_range": 80
              },
              {
                "from_port_range": 443,
                "ip_protocol": "tcp",
                "ip_ranges": [
                  "51.15.190.162/32"
                ],
                "security_groups_members": [],
                "to_port_range": 443
              },
              {
                "from_port_range": 722,
                "ip_protocol": "tcp",
                "ip_ranges": [
                  "51.15.190.162/32"
                ],
                "security_groups_members": [],
                "to_port_range": 722
              },
              {
                "from_port_range": 9090,
                "ip_protocol": "tcp",
                "ip_ranges": [
                  "51.15.190.162/32"
                ],
                "security_groups_members": [],
                "to_port_range": 9090
              }
            ],
            "net_id": "vpc-9fec471d",
            "outbound_rules": [
              {
                "from_port_range": -1,
                "ip_protocol": "-1",
                "ip_ranges": [
                  "0.0.0.0/0"
                ],
                "security_groups_members": [],
                "to_port_range": -1
              }
            ],
            "request_id": null,
            "security_group_id": "sg-6a03f9f5",
            "security_group_name": "DSNA",
            "tag": null,
            "tags": []
          },
          "sensitive_attributes": [],
          "private": "bnVsbA==",
          "dependencies": [
            "outscale_net.vpc_DSNA"
          ]
        }
      ]
    },
    {
      "mode": "managed",
      "type": "outscale_security_group_rule",
      "name": "sg_rule_inbound",
      "provider": "provider[\"registry.terraform.io/outscale-dev/outscale\"]",
      "instances": [
        {
          "index_key": 0,
          "schema_version": 0,
          "attributes": {
            "flow": "Inbound",
            "from_port_range": 80,
            "id": "sg-6a03f9f5",
            "inbound_rules": [
              {
                "from_port_range": 80,
                "ip_protocol": "tcp",
                "ip_ranges": [
                  "51.15.190.162/32"
                ],
                "security_groups_members": [],
                "service_ids": [],
                "to_port_range": 80
              },
              {
                "from_port_range": 443,
                "ip_protocol": "tcp",
                "ip_ranges": [
                  "51.15.190.162/32"
                ],
                "security_groups_members": [],
                "service_ids": [],
                "to_port_range": 443
              },
              {
                "from_port_range": 722,
                "ip_protocol": "tcp",
                "ip_ranges": [
                  "51.15.190.162/32"
                ],
                "security_groups_members": [],
                "service_ids": [],
                "to_port_range": 722
              },
              {
                "from_port_range": 9090,
                "ip_protocol": "tcp",
                "ip_ranges": [
                  "51.15.190.162/32"
                ],
                "security_groups_members": [],
                "service_ids": [],
                "to_port_range": 9090
              }
            ],
            "ip_protocol": "tcp",
            "ip_range": "51.15.190.162/32",
            "net_id": "vpc-9fec471d",
            "outbound_rules": [
              {
                "from_port_range": -1,
                "ip_protocol": "-1",
                "ip_ranges": [
                  "0.0.0.0/0"
                ],
                "security_groups_members": [],
                "service_ids": [],
                "to_port_range": -1
              }
            ],
            "request_id": null,
            "rules": [],
            "security_group_account_id_to_link": null,
            "security_group_id": "sg-6a03f9f5",
            "security_group_name": "DSNA",
            "security_group_name_to_link": null,
            "to_port_range": 80
          },
          "sensitive_attributes": [],
          "private": "bnVsbA==",
          "dependencies": [
            "outscale_net.vpc_DSNA",
            "outscale_security_group.sg_DSNA"
          ]
        },
        {
          "index_key": 1,
          "schema_version": 0,
          "attributes": {
            "flow": "Inbound",
            "from_port_range": 443,
            "id": "sg-6a03f9f5",
            "inbound_rules": [
              {
                "from_port_range": 80,
                "ip_protocol": "tcp",
                "ip_ranges": [
                  "51.15.190.162/32"
                ],
                "security_groups_members": [],
                "service_ids": [],
                "to_port_range": 80
              },
              {
                "from_port_range": 443,
                "ip_protocol": "tcp",
                "ip_ranges": [
                  "51.15.190.162/32"
                ],
                "security_groups_members": [],
                "service_ids": [],
                "to_port_range": 443
              },
              {
                "from_port_range": 722,
                "ip_protocol": "tcp",
                "ip_ranges": [
                  "51.15.190.162/32"
                ],
                "security_groups_members": [],
                "service_ids": [],
                "to_port_range": 722
              },
              {
                "from_port_range": 9090,
                "ip_protocol": "tcp",
                "ip_ranges": [
                  "51.15.190.162/32"
                ],
                "security_groups_members": [],
                "service_ids": [],
                "to_port_range": 9090
              }
            ],
            "ip_protocol": "tcp",
            "ip_range": "51.15.190.162/32",
            "net_id": "vpc-9fec471d",
            "outbound_rules": [
              {
                "from_port_range": -1,
                "ip_protocol": "-1",
                "ip_ranges": [
                  "0.0.0.0/0"
                ],
                "security_groups_members": [],
                "service_ids": [],
                "to_port_range": -1
              }
            ],
            "request_id": null,
            "rules": [],
            "security_group_account_id_to_link": null,
            "security_group_id": "sg-6a03f9f5",
            "security_group_name": "DSNA",
            "security_group_name_to_link": null,
            "to_port_range": 443
          },
          "sensitive_attributes": [],
          "private": "bnVsbA==",
          "dependencies": [
            "outscale_net.vpc_DSNA",
            "outscale_security_group.sg_DSNA"
          ]
        },
        {
          "index_key": 2,
          "schema_version": 0,
          "attributes": {
            "flow": "Inbound",
            "from_port_range": 722,
            "id": "sg-6a03f9f5",
            "inbound_rules": [
              {
                "from_port_range": 80,
                "ip_protocol": "tcp",
                "ip_ranges": [
                  "51.15.190.162/32"
                ],
                "security_groups_members": [],
                "service_ids": [],
                "to_port_range": 80
              },
              {
                "from_port_range": 443,
                "ip_protocol": "tcp",
                "ip_ranges": [
                  "51.15.190.162/32"
                ],
                "security_groups_members": [],
                "service_ids": [],
                "to_port_range": 443
              },
              {
                "from_port_range": 722,
                "ip_protocol": "tcp",
                "ip_ranges": [
                  "51.15.190.162/32"
                ],
                "security_groups_members": [],
                "service_ids": [],
                "to_port_range": 722
              },
              {
                "from_port_range": 9090,
                "ip_protocol": "tcp",
                "ip_ranges": [
                  "51.15.190.162/32"
                ],
                "security_groups_members": [],
                "service_ids": [],
                "to_port_range": 9090
              }
            ],
            "ip_protocol": "tcp",
            "ip_range": "51.15.190.162/32",
            "net_id": "vpc-9fec471d",
            "outbound_rules": [
              {
                "from_port_range": -1,
                "ip_protocol": "-1",
                "ip_ranges": [
                  "0.0.0.0/0"
                ],
                "security_groups_members": [],
                "service_ids": [],
                "to_port_range": -1
              }
            ],
            "request_id": null,
            "rules": [],
            "security_group_account_id_to_link": null,
            "security_group_id": "sg-6a03f9f5",
            "security_group_name": "DSNA",
            "security_group_name_to_link": null,
            "to_port_range": 722
          },
          "sensitive_attributes": [],
          "private": "bnVsbA==",
          "dependencies": [
            "outscale_net.vpc_DSNA",
            "outscale_security_group.sg_DSNA"
          ]
        },
        {
          "index_key": 3,
          "schema_version": 0,
          "attributes": {
            "flow": "Inbound",
            "from_port_range": 9090,
            "id": "sg-6a03f9f5",
            "inbound_rules": [
              {
                "from_port_range": 80,
                "ip_protocol": "tcp",
                "ip_ranges": [
                  "51.15.190.162/32"
                ],
                "security_groups_members": [],
                "service_ids": [],
                "to_port_range": 80
              },
              {
                "from_port_range": 443,
                "ip_protocol": "tcp",
                "ip_ranges": [
                  "51.15.190.162/32"
                ],
                "security_groups_members": [],
                "service_ids": [],
                "to_port_range": 443
              },
              {
                "from_port_range": 722,
                "ip_protocol": "tcp",
                "ip_ranges": [
                  "51.15.190.162/32"
                ],
                "security_groups_members": [],
                "service_ids": [],
                "to_port_range": 722
              },
              {
                "from_port_range": 9090,
                "ip_protocol": "tcp",
                "ip_ranges": [
                  "51.15.190.162/32"
                ],
                "security_groups_members": [],
                "service_ids": [],
                "to_port_range": 9090
              }
            ],
            "ip_protocol": "tcp",
            "ip_range": "51.15.190.162/32",
            "net_id": "vpc-9fec471d",
            "outbound_rules": [
              {
                "from_port_range": -1,
                "ip_protocol": "-1",
                "ip_ranges": [
                  "0.0.0.0/0"
                ],
                "security_groups_members": [],
                "service_ids": [],
                "to_port_range": -1
              }
            ],
            "request_id": null,
            "rules": [],
            "security_group_account_id_to_link": null,
            "security_group_id": "sg-6a03f9f5",
            "security_group_name": "DSNA",
            "security_group_name_to_link": null,
            "to_port_range": 9090
          },
          "sensitive_attributes": [],
          "private": "bnVsbA==",
          "dependencies": [
            "outscale_net.vpc_DSNA",
            "outscale_security_group.sg_DSNA"
          ]
        }
      ]
    },
    {
      "mode": "managed",
      "type": "outscale_subnet",
      "name": "subnet_1",
      "provider": "provider[\"registry.terraform.io/outscale-dev/outscale\"]",
      "instances": [
        {
          "schema_version": 0,
          "attributes": {
            "available_ips_count": 242,
            "id": "subnet-8097b422",
            "ip_range": "10.1.0.0/24",
            "map_public_ip_on_launch": false,
            "net_id": "vpc-9fec471d",
            "request_id": null,
            "state": "available",
            "subnet_id": "subnet-8097b422",
            "subregion_name": "cloudgouv-eu-west-1a",
            "tags": [
              {
                "key": "name",
                "value": "1"
              }
            ],
            "timeouts": null
          },
          "sensitive_attributes": [],
          "private": "eyJlMmJmYjczMC1lY2FhLTExZTYtOGY4OC0zNDM2M2JjN2M0YzAiOnsiY3JlYXRlIjo2MDAwMDAwMDAwMDAsImRlbGV0ZSI6NjAwMDAwMDAwMDAwfX0=",
          "dependencies": [
            "outscale_net.vpc_DSNA"
          ]
        }
      ]
    },
    {
      "mode": "managed",
      "type": "outscale_vm",
      "name": "scdsnabastion",
      "provider": "provider[\"registry.terraform.io/outscale-dev/outscale\"]",
      "instances": [
        {
          "index_key": 0,
          "schema_version": 0,
          "attributes": {
            "admin_password": "",
            "architecture": "x86_64",
            "block_device_mappings": [],
            "block_device_mappings_created": [
              {
                "bsu": {
                  "delete_on_vm_deletion": "true",
                  "link_date": "2022-08-12T15:09:44.146Z",
                  "state": "attached",
                  "volume_id": "vol-f1b468ab"
                },
                "device_name": "/dev/sda1"
              }
            ],
            "bsu_optimized": false,
            "client_token": "",
            "deletion_protection": false,
            "get_admin_password": null,
            "hypervisor": "xen",
            "id": "i-c845e0bc",
            "image_id": "ami-c4255476",
            "is_source_dest_checked": true,
            "keypair_name": "",
            "launch_number": 0,
            "net_id": "vpc-9fec471d",
            "nics": [
              {
                "account_id": "289079107901",
                "delete_on_vm_deletion": true,
                "description": "Primary network interface",
                "device_number": 0,
                "is_source_dest_checked": true,
                "link_nic": [
                  {
                    "delete_on_vm_deletion": true,
                    "device_number": "0",
                    "link_nic_id": "eni-attach-bf2b15f9",
                    "state": "attached"
                  }
                ],
                "link_public_ip": [
                  {
                    "public_dns_name": "ows-80-247-12-61.cloudgouv-eu-west-1.compute.outscale.com",
                    "public_ip": "80.247.12.61",
                    "public_ip_account_id": "289079107901"
                  }
                ],
                "mac_address": "aa:73:23:0e:d4:d2",
                "net_id": "vpc-9fec471d",
                "nic_id": "eni-8e9dd520",
                "private_dns_name": "ip-10-1-0-5.cloudgouv-eu-west-1.compute.internal",
                "private_ips": [
                  {
                    "is_primary": true,
                    "link_public_ip": [
                      {
                        "public_dns_name": "ows-80-247-12-61.cloudgouv-eu-west-1.compute.outscale.com",
                        "public_ip": "80.247.12.61",
                        "public_ip_account_id": "289079107901"
                      }
                    ],
                    "private_dns_name": "ip-10-1-0-5.cloudgouv-eu-west-1.compute.internal",
                    "private_ip": "10.1.0.5"
                  }
                ],
                "secondary_private_ip_count": 0,
                "security_group_ids": [
                  "sg-6a03f9f5"
                ],
                "security_groups": [
                  {
                    "security_group_id": "sg-6a03f9f5",
                    "security_group_name": "DSNA"
                  }
                ],
                "state": "in-use",
                "subnet_id": "subnet-8097b422"
              }
            ],
            "os_family": "",
            "performance": "medium",
            "placement_subregion_name": "cloudgouv-eu-west-1a",
            "placement_tenancy": "default",
            "private_dns_name": "ip-10-1-0-5.cloudgouv-eu-west-1.compute.internal",
            "private_ip": "10.1.0.5",
            "private_ips": [
              "10.1.0.5"
            ],
            "product_codes": [
              "0001"
            ],
            "public_dns_name": "ows-80-247-12-61.cloudgouv-eu-west-1.compute.outscale.com",
            "public_ip": "80.247.12.61",
            "request_id": null,
            "reservation_id": "r-5cc5cd8b",
            "root_device_name": "/dev/sda1",
            "root_device_type": "ebs",
            "security_group_ids": [
              "sg-6a03f9f5"
            ],
            "security_group_names": null,
            "security_groups": [
              {
                "security_group_id": "sg-6a03f9f5",
                "security_group_name": "DSNA"
              }
            ],
            "state": "running",
            "state_reason": "",
            "subnet_id": "subnet-8097b422",
            "tags": [
              {
                "key": "name",
                "value": "scdsnabastion1"
              }
            ],
            "timeouts": null,
            "user_data": "",
            "vm_id": "i-c845e0bc",
            "vm_initiated_shutdown_behavior": "restart",
            "vm_type": "tinav3.c1r2p3"
          },
          "sensitive_attributes": [],
          "private": "eyJlMmJmYjczMC1lY2FhLTExZTYtOGY4OC0zNDM2M2JjN2M0YzAiOnsiY3JlYXRlIjo2MDAwMDAwMDAwMDAsImRlbGV0ZSI6NjAwMDAwMDAwMDAwLCJ1cGRhdGUiOjYwMDAwMDAwMDAwMH19",
          "dependencies": [
            "outscale_net.vpc_DSNA",
            "outscale_security_group.sg_DSNA",
            "outscale_subnet.subnet_1"
          ]
        }
      ]
    },
    {
      "mode": "managed",
      "type": "outscale_vm",
      "name": "scdsnadb",
      "provider": "provider[\"registry.terraform.io/outscale-dev/outscale\"]",
      "instances": [
        {
          "index_key": 0,
          "schema_version": 0,
          "attributes": {
            "admin_password": "",
            "architecture": "x86_64",
            "block_device_mappings": [],
            "block_device_mappings_created": [
              {
                "bsu": {
                  "delete_on_vm_deletion": "true",
                  "link_date": "2022-08-12T15:09:42.300Z",
                  "state": "attached",
                  "volume_id": "vol-da44e949"
                },
                "device_name": "/dev/sda1"
              }
            ],
            "bsu_optimized": false,
            "client_token": "",
            "deletion_protection": false,
            "get_admin_password": null,
            "hypervisor": "xen",
            "id": "i-ae230614",
            "image_id": "ami-c4255476",
            "is_source_dest_checked": true,
            "keypair_name": "",
            "launch_number": 0,
            "net_id": "vpc-9fec471d",
            "nics": [
              {
                "account_id": "289079107901",
                "delete_on_vm_deletion": true,
                "description": "Primary network interface",
                "device_number": 0,
                "is_source_dest_checked": true,
                "link_nic": [
                  {
                    "delete_on_vm_deletion": true,
                    "device_number": "0",
                    "link_nic_id": "eni-attach-61786a41",
                    "state": "attached"
                  }
                ],
                "link_public_ip": [],
                "mac_address": "aa:93:e7:4a:90:30",
                "net_id": "vpc-9fec471d",
                "nic_id": "eni-29d7cb00",
                "private_dns_name": "ip-10-1-0-40.cloudgouv-eu-west-1.compute.internal",
                "private_ips": [
                  {
                    "is_primary": true,
                    "link_public_ip": [],
                    "private_dns_name": "ip-10-1-0-40.cloudgouv-eu-west-1.compute.internal",
                    "private_ip": "10.1.0.40"
                  }
                ],
                "secondary_private_ip_count": 0,
                "security_group_ids": [
                  "sg-6a03f9f5"
                ],
                "security_groups": [
                  {
                    "security_group_id": "sg-6a03f9f5",
                    "security_group_name": "DSNA"
                  }
                ],
                "state": "in-use",
                "subnet_id": "subnet-8097b422"
              }
            ],
            "os_family": "",
            "performance": "medium",
            "placement_subregion_name": "cloudgouv-eu-west-1a",
            "placement_tenancy": "default",
            "private_dns_name": "ip-10-1-0-40.cloudgouv-eu-west-1.compute.internal",
            "private_ip": "10.1.0.40",
            "private_ips": [
              "10.1.0.40"
            ],
            "product_codes": [
              "0001"
            ],
            "public_dns_name": "",
            "public_ip": "",
            "request_id": null,
            "reservation_id": "r-51dad611",
            "root_device_name": "/dev/sda1",
            "root_device_type": "ebs",
            "security_group_ids": [
              "sg-6a03f9f5"
            ],
            "security_group_names": null,
            "security_groups": [
              {
                "security_group_id": "sg-6a03f9f5",
                "security_group_name": "DSNA"
              }
            ],
            "state": "running",
            "state_reason": "",
            "subnet_id": "subnet-8097b422",
            "tags": [
              {
                "key": "name",
                "value": "scdsnadb1"
              }
            ],
            "timeouts": null,
            "user_data": "",
            "vm_id": "i-ae230614",
            "vm_initiated_shutdown_behavior": "restart",
            "vm_type": "tinav3.c8r20p3"
          },
          "sensitive_attributes": [],
          "private": "eyJlMmJmYjczMC1lY2FhLTExZTYtOGY4OC0zNDM2M2JjN2M0YzAiOnsiY3JlYXRlIjo2MDAwMDAwMDAwMDAsImRlbGV0ZSI6NjAwMDAwMDAwMDAwLCJ1cGRhdGUiOjYwMDAwMDAwMDAwMH19",
          "dependencies": [
            "outscale_net.vpc_DSNA",
            "outscale_security_group.sg_DSNA",
            "outscale_subnet.subnet_1"
          ]
        }
      ]
    },
    {
      "mode": "managed",
      "type": "outscale_vm",
      "name": "scdsnarancher",
      "provider": "provider[\"registry.terraform.io/outscale-dev/outscale\"]",
      "instances": [
        {
          "index_key": 0,
          "schema_version": 0,
          "attributes": {
            "admin_password": "",
            "architecture": "x86_64",
            "block_device_mappings": [],
            "block_device_mappings_created": [
              {
                "bsu": {
                  "delete_on_vm_deletion": "true",
                  "link_date": "2022-08-12T15:09:42.300Z",
                  "state": "attached",
                  "volume_id": "vol-be3d2ef0"
                },
                "device_name": "/dev/sda1"
              }
            ],
            "bsu_optimized": false,
            "client_token": "",
            "deletion_protection": false,
            "get_admin_password": null,
            "hypervisor": "xen",
            "id": "i-3cde5a67",
            "image_id": "ami-c4255476",
            "is_source_dest_checked": true,
            "keypair_name": "",
            "launch_number": 0,
            "net_id": "vpc-9fec471d",
            "nics": [
              {
                "account_id": "289079107901",
                "delete_on_vm_deletion": true,
                "description": "Primary network interface",
                "device_number": 0,
                "is_source_dest_checked": true,
                "link_nic": [
                  {
                    "delete_on_vm_deletion": true,
                    "device_number": "0",
                    "link_nic_id": "eni-attach-40492dec",
                    "state": "attached"
                  }
                ],
                "link_public_ip": [
                  {
                    "public_dns_name": "ows-148-253-99-250.cloudgouv-eu-west-1.compute.outscale.com",
                    "public_ip": "148.253.99.250",
                    "public_ip_account_id": "289079107901"
                  }
                ],
                "mac_address": "aa:ff:cc:b3:71:ca",
                "net_id": "vpc-9fec471d",
                "nic_id": "eni-e77ce3e1",
                "private_dns_name": "ip-10-1-0-6.cloudgouv-eu-west-1.compute.internal",
                "private_ips": [
                  {
                    "is_primary": true,
                    "link_public_ip": [
                      {
                        "public_dns_name": "ows-148-253-99-250.cloudgouv-eu-west-1.compute.outscale.com",
                        "public_ip": "148.253.99.250",
                        "public_ip_account_id": "289079107901"
                      }
                    ],
                    "private_dns_name": "ip-10-1-0-6.cloudgouv-eu-west-1.compute.internal",
                    "private_ip": "10.1.0.6"
                  }
                ],
                "secondary_private_ip_count": 0,
                "security_group_ids": [
                  "sg-6a03f9f5"
                ],
                "security_groups": [
                  {
                    "security_group_id": "sg-6a03f9f5",
                    "security_group_name": "DSNA"
                  }
                ],
                "state": "in-use",
                "subnet_id": "subnet-8097b422"
              }
            ],
            "os_family": "",
            "performance": "medium",
            "placement_subregion_name": "cloudgouv-eu-west-1a",
            "placement_tenancy": "default",
            "private_dns_name": "ip-10-1-0-6.cloudgouv-eu-west-1.compute.internal",
            "private_ip": "10.1.0.6",
            "private_ips": [
              "10.1.0.6"
            ],
            "product_codes": [
              "0001"
            ],
            "public_dns_name": "ows-148-253-99-250.cloudgouv-eu-west-1.compute.outscale.com",
            "public_ip": "148.253.99.250",
            "request_id": null,
            "reservation_id": "r-3b72957d",
            "root_device_name": "/dev/sda1",
            "root_device_type": "ebs",
            "security_group_ids": [
              "sg-6a03f9f5"
            ],
            "security_group_names": null,
            "security_groups": [
              {
                "security_group_id": "sg-6a03f9f5",
                "security_group_name": "DSNA"
              }
            ],
            "state": "running",
            "state_reason": "",
            "subnet_id": "subnet-8097b422",
            "tags": [
              {
                "key": "name",
                "value": "scdsnarancher1"
              }
            ],
            "timeouts": null,
            "user_data": "",
            "vm_id": "i-3cde5a67",
            "vm_initiated_shutdown_behavior": "restart",
            "vm_type": "tinav3.c4r8p3"
          },
          "sensitive_attributes": [],
          "private": "eyJlMmJmYjczMC1lY2FhLTExZTYtOGY4OC0zNDM2M2JjN2M0YzAiOnsiY3JlYXRlIjo2MDAwMDAwMDAwMDAsImRlbGV0ZSI6NjAwMDAwMDAwMDAwLCJ1cGRhdGUiOjYwMDAwMDAwMDAwMH19",
          "dependencies": [
            "outscale_net.vpc_DSNA",
            "outscale_security_group.sg_DSNA",
            "outscale_subnet.subnet_1"
          ]
        }
      ]
    },
    {
      "mode": "managed",
      "type": "outscale_vm",
      "name": "scdsnastorage",
      "provider": "provider[\"registry.terraform.io/outscale-dev/outscale\"]",
      "instances": [
        {
          "index_key": 0,
          "schema_version": 0,
          "attributes": {
            "admin_password": "",
            "architecture": "x86_64",
            "block_device_mappings": [],
            "block_device_mappings_created": [
              {
                "bsu": {
                  "delete_on_vm_deletion": "true",
                  "link_date": "2022-08-12T15:09:45.677Z",
                  "state": "attached",
                  "volume_id": "vol-94144b86"
                },
                "device_name": "/dev/sda1"
              }
            ],
            "bsu_optimized": false,
            "client_token": "",
            "deletion_protection": false,
            "get_admin_password": null,
            "hypervisor": "xen",
            "id": "i-0115e6de",
            "image_id": "ami-c4255476",
            "is_source_dest_checked": true,
            "keypair_name": "",
            "launch_number": 0,
            "net_id": "vpc-9fec471d",
            "nics": [
              {
                "account_id": "289079107901",
                "delete_on_vm_deletion": true,
                "description": "Primary network interface",
                "device_number": 0,
                "is_source_dest_checked": true,
                "link_nic": [
                  {
                    "delete_on_vm_deletion": true,
                    "device_number": "0",
                    "link_nic_id": "eni-attach-bd484dba",
                    "state": "attached"
                  }
                ],
                "link_public_ip": [],
                "mac_address": "aa:13:43:54:5b:fd",
                "net_id": "vpc-9fec471d",
                "nic_id": "eni-1c6c409e",
                "private_dns_name": "ip-10-1-0-60.cloudgouv-eu-west-1.compute.internal",
                "private_ips": [
                  {
                    "is_primary": true,
                    "link_public_ip": [],
                    "private_dns_name": "ip-10-1-0-60.cloudgouv-eu-west-1.compute.internal",
                    "private_ip": "10.1.0.60"
                  }
                ],
                "secondary_private_ip_count": 0,
                "security_group_ids": [
                  "sg-6a03f9f5"
                ],
                "security_groups": [
                  {
                    "security_group_id": "sg-6a03f9f5",
                    "security_group_name": "DSNA"
                  }
                ],
                "state": "in-use",
                "subnet_id": "subnet-8097b422"
              }
            ],
            "os_family": "",
            "performance": "medium",
            "placement_subregion_name": "cloudgouv-eu-west-1a",
            "placement_tenancy": "default",
            "private_dns_name": "ip-10-1-0-60.cloudgouv-eu-west-1.compute.internal",
            "private_ip": "10.1.0.60",
            "private_ips": [
              "10.1.0.60"
            ],
            "product_codes": [
              "0001"
            ],
            "public_dns_name": "",
            "public_ip": "",
            "request_id": null,
            "reservation_id": "r-42797cbb",
            "root_device_name": "/dev/sda1",
            "root_device_type": "ebs",
            "security_group_ids": [
              "sg-6a03f9f5"
            ],
            "security_group_names": null,
            "security_groups": [
              {
                "security_group_id": "sg-6a03f9f5",
                "security_group_name": "DSNA"
              }
            ],
            "state": "running",
            "state_reason": "",
            "subnet_id": "subnet-8097b422",
            "tags": [
              {
                "key": "name",
                "value": "scdsnastorage1"
              }
            ],
            "timeouts": null,
            "user_data": "",
            "vm_id": "i-0115e6de",
            "vm_initiated_shutdown_behavior": "restart",
            "vm_type": "tinav3.c4r12p2"
          },
          "sensitive_attributes": [],
          "private": "eyJlMmJmYjczMC1lY2FhLTExZTYtOGY4OC0zNDM2M2JjN2M0YzAiOnsiY3JlYXRlIjo2MDAwMDAwMDAwMDAsImRlbGV0ZSI6NjAwMDAwMDAwMDAwLCJ1cGRhdGUiOjYwMDAwMDAwMDAwMH19",
          "dependencies": [
            "outscale_security_group.sg_DSNA",
            "outscale_subnet.subnet_1"
          ]
        },
        {
          "index_key": 1,
          "schema_version": 0,
          "attributes": {
            "admin_password": "",
            "architecture": "x86_64",
            "block_device_mappings": [],
            "block_device_mappings_created": [
              {
                "bsu": {
                  "delete_on_vm_deletion": "true",
                  "link_date": "2022-08-12T15:09:46.927Z",
                  "state": "attached",
                  "volume_id": "vol-ed467b72"
                },
                "device_name": "/dev/sda1"
              }
            ],
            "bsu_optimized": false,
            "client_token": "",
            "deletion_protection": false,
            "get_admin_password": null,
            "hypervisor": "xen",
            "id": "i-619d2010",
            "image_id": "ami-c4255476",
            "is_source_dest_checked": true,
            "keypair_name": "",
            "launch_number": 0,
            "net_id": "vpc-9fec471d",
            "nics": [
              {
                "account_id": "289079107901",
                "delete_on_vm_deletion": true,
                "description": "Primary network interface",
                "device_number": 0,
                "is_source_dest_checked": true,
                "link_nic": [
                  {
                    "delete_on_vm_deletion": true,
                    "device_number": "0",
                    "link_nic_id": "eni-attach-0bc9d7f2",
                    "state": "attached"
                  }
                ],
                "link_public_ip": [],
                "mac_address": "aa:02:ff:3c:c4:ea",
                "net_id": "vpc-9fec471d",
                "nic_id": "eni-f643d2c1",
                "private_dns_name": "ip-10-1-0-61.cloudgouv-eu-west-1.compute.internal",
                "private_ips": [
                  {
                    "is_primary": true,
                    "link_public_ip": [],
                    "private_dns_name": "ip-10-1-0-61.cloudgouv-eu-west-1.compute.internal",
                    "private_ip": "10.1.0.61"
                  }
                ],
                "secondary_private_ip_count": 0,
                "security_group_ids": [
                  "sg-6a03f9f5"
                ],
                "security_groups": [
                  {
                    "security_group_id": "sg-6a03f9f5",
                    "security_group_name": "DSNA"
                  }
                ],
                "state": "in-use",
                "subnet_id": "subnet-8097b422"
              }
            ],
            "os_family": "",
            "performance": "medium",
            "placement_subregion_name": "cloudgouv-eu-west-1a",
            "placement_tenancy": "default",
            "private_dns_name": "ip-10-1-0-61.cloudgouv-eu-west-1.compute.internal",
            "private_ip": "10.1.0.61",
            "private_ips": [
              "10.1.0.61"
            ],
            "product_codes": [
              "0001"
            ],
            "public_dns_name": "",
            "public_ip": "",
            "request_id": null,
            "reservation_id": "r-79b46fb0",
            "root_device_name": "/dev/sda1",
            "root_device_type": "ebs",
            "security_group_ids": [
              "sg-6a03f9f5"
            ],
            "security_group_names": null,
            "security_groups": [
              {
                "security_group_id": "sg-6a03f9f5",
                "security_group_name": "DSNA"
              }
            ],
            "state": "running",
            "state_reason": "",
            "subnet_id": "subnet-8097b422",
            "tags": [
              {
                "key": "name",
                "value": "scdsnastorage2"
              }
            ],
            "timeouts": null,
            "user_data": "",
            "vm_id": "i-619d2010",
            "vm_initiated_shutdown_behavior": "restart",
            "vm_type": "tinav3.c4r12p2"
          },
          "sensitive_attributes": [],
          "private": "eyJlMmJmYjczMC1lY2FhLTExZTYtOGY4OC0zNDM2M2JjN2M0YzAiOnsiY3JlYXRlIjo2MDAwMDAwMDAwMDAsImRlbGV0ZSI6NjAwMDAwMDAwMDAwLCJ1cGRhdGUiOjYwMDAwMDAwMDAwMH19",
          "dependencies": [
            "outscale_security_group.sg_DSNA",
            "outscale_subnet.subnet_1"
          ]
        },
        {
          "index_key": 2,
          "schema_version": 0,
          "attributes": {
            "admin_password": "",
            "architecture": "x86_64",
            "block_device_mappings": [],
            "block_device_mappings_created": [
              {
                "bsu": {
                  "delete_on_vm_deletion": "true",
                  "link_date": "2022-08-12T15:09:45.679Z",
                  "state": "attached",
                  "volume_id": "vol-90dbf631"
                },
                "device_name": "/dev/sda1"
              }
            ],
            "bsu_optimized": false,
            "client_token": "",
            "deletion_protection": false,
            "get_admin_password": null,
            "hypervisor": "xen",
            "id": "i-ffc78c4f",
            "image_id": "ami-c4255476",
            "is_source_dest_checked": true,
            "keypair_name": "",
            "launch_number": 0,
            "net_id": "vpc-9fec471d",
            "nics": [
              {
                "account_id": "289079107901",
                "delete_on_vm_deletion": true,
                "description": "Primary network interface",
                "device_number": 0,
                "is_source_dest_checked": true,
                "link_nic": [
                  {
                    "delete_on_vm_deletion": true,
                    "device_number": "0",
                    "link_nic_id": "eni-attach-4fb41022",
                    "state": "attached"
                  }
                ],
                "link_public_ip": [],
                "mac_address": "aa:5d:67:c0:29:9d",
                "net_id": "vpc-9fec471d",
                "nic_id": "eni-2d37a716",
                "private_dns_name": "ip-10-1-0-62.cloudgouv-eu-west-1.compute.internal",
                "private_ips": [
                  {
                    "is_primary": true,
                    "link_public_ip": [],
                    "private_dns_name": "ip-10-1-0-62.cloudgouv-eu-west-1.compute.internal",
                    "private_ip": "10.1.0.62"
                  }
                ],
                "secondary_private_ip_count": 0,
                "security_group_ids": [
                  "sg-6a03f9f5"
                ],
                "security_groups": [
                  {
                    "security_group_id": "sg-6a03f9f5",
                    "security_group_name": "DSNA"
                  }
                ],
                "state": "in-use",
                "subnet_id": "subnet-8097b422"
              }
            ],
            "os_family": "",
            "performance": "medium",
            "placement_subregion_name": "cloudgouv-eu-west-1a",
            "placement_tenancy": "default",
            "private_dns_name": "ip-10-1-0-62.cloudgouv-eu-west-1.compute.internal",
            "private_ip": "10.1.0.62",
            "private_ips": [
              "10.1.0.62"
            ],
            "product_codes": [
              "0001"
            ],
            "public_dns_name": "",
            "public_ip": "",
            "request_id": null,
            "reservation_id": "r-e62f2c58",
            "root_device_name": "/dev/sda1",
            "root_device_type": "ebs",
            "security_group_ids": [
              "sg-6a03f9f5"
            ],
            "security_group_names": null,
            "security_groups": [
              {
                "security_group_id": "sg-6a03f9f5",
                "security_group_name": "DSNA"
              }
            ],
            "state": "running",
            "state_reason": "",
            "subnet_id": "subnet-8097b422",
            "tags": [
              {
                "key": "name",
                "value": "scdsnastorage3"
              }
            ],
            "timeouts": null,
            "user_data": "",
            "vm_id": "i-ffc78c4f",
            "vm_initiated_shutdown_behavior": "restart",
            "vm_type": "tinav3.c4r12p2"
          },
          "sensitive_attributes": [],
          "private": "eyJlMmJmYjczMC1lY2FhLTExZTYtOGY4OC0zNDM2M2JjN2M0YzAiOnsiY3JlYXRlIjo2MDAwMDAwMDAwMDAsImRlbGV0ZSI6NjAwMDAwMDAwMDAwLCJ1cGRhdGUiOjYwMDAwMDAwMDAwMH19",
          "dependencies": [
            "outscale_security_group.sg_DSNA",
            "outscale_subnet.subnet_1"
          ]
        }
      ]
    },
    {
      "mode": "managed",
      "type": "outscale_vm",
      "name": "scdsnaws",
      "provider": "provider[\"registry.terraform.io/outscale-dev/outscale\"]",
      "instances": [
        {
          "index_key": 0,
          "schema_version": 0,
          "attributes": {
            "admin_password": "",
            "architecture": "x86_64",
            "block_device_mappings": [],
            "block_device_mappings_created": [
              {
                "bsu": {
                  "delete_on_vm_deletion": "true",
                  "link_date": "2022-08-12T15:09:47.453Z",
                  "state": "attached",
                  "volume_id": "vol-f6670908"
                },
                "device_name": "/dev/sda1"
              }
            ],
            "bsu_optimized": false,
            "client_token": "",
            "deletion_protection": false,
            "get_admin_password": null,
            "hypervisor": "xen",
            "id": "i-0f384036",
            "image_id": "ami-c4255476",
            "is_source_dest_checked": true,
            "keypair_name": "",
            "launch_number": 0,
            "net_id": "vpc-9fec471d",
            "nics": [
              {
                "account_id": "289079107901",
                "delete_on_vm_deletion": true,
                "description": "Primary network interface",
                "device_number": 0,
                "is_source_dest_checked": true,
                "link_nic": [
                  {
                    "delete_on_vm_deletion": true,
                    "device_number": "0",
                    "link_nic_id": "eni-attach-c640da40",
                    "state": "attached"
                  }
                ],
                "link_public_ip": [],
                "mac_address": "aa:32:94:6d:4d:22",
                "net_id": "vpc-9fec471d",
                "nic_id": "eni-388574d5",
                "private_dns_name": "ip-10-1-0-20.cloudgouv-eu-west-1.compute.internal",
                "private_ips": [
                  {
                    "is_primary": true,
                    "link_public_ip": [],
                    "private_dns_name": "ip-10-1-0-20.cloudgouv-eu-west-1.compute.internal",
                    "private_ip": "10.1.0.20"
                  }
                ],
                "secondary_private_ip_count": 0,
                "security_group_ids": [
                  "sg-6a03f9f5"
                ],
                "security_groups": [
                  {
                    "security_group_id": "sg-6a03f9f5",
                    "security_group_name": "DSNA"
                  }
                ],
                "state": "in-use",
                "subnet_id": "subnet-8097b422"
              }
            ],
            "os_family": "",
            "performance": "medium",
            "placement_subregion_name": "cloudgouv-eu-west-1a",
            "placement_tenancy": "default",
            "private_dns_name": "ip-10-1-0-20.cloudgouv-eu-west-1.compute.internal",
            "private_ip": "10.1.0.20",
            "private_ips": [
              "10.1.0.20"
            ],
            "product_codes": [
              "0001"
            ],
            "public_dns_name": "",
            "public_ip": "",
            "request_id": null,
            "reservation_id": "r-bc20f68c",
            "root_device_name": "/dev/sda1",
            "root_device_type": "ebs",
            "security_group_ids": [
              "sg-6a03f9f5"
            ],
            "security_group_names": null,
            "security_groups": [
              {
                "security_group_id": "sg-6a03f9f5",
                "security_group_name": "DSNA"
              }
            ],
            "state": "running",
            "state_reason": "",
            "subnet_id": "subnet-8097b422",
            "tags": [
              {
                "key": "name",
                "value": "scdsnaws1"
              }
            ],
            "timeouts": null,
            "user_data": "",
            "vm_id": "i-0f384036",
            "vm_initiated_shutdown_behavior": "restart",
            "vm_type": "tinav3.c4r8p3"
          },
          "sensitive_attributes": [],
          "private": "eyJlMmJmYjczMC1lY2FhLTExZTYtOGY4OC0zNDM2M2JjN2M0YzAiOnsiY3JlYXRlIjo2MDAwMDAwMDAwMDAsImRlbGV0ZSI6NjAwMDAwMDAwMDAwLCJ1cGRhdGUiOjYwMDAwMDAwMDAwMH19",
          "dependencies": [
            "outscale_net.vpc_DSNA",
            "outscale_security_group.sg_DSNA",
            "outscale_subnet.subnet_1"
          ]
        },
        {
          "index_key": 1,
          "schema_version": 0,
          "attributes": {
            "admin_password": "",
            "architecture": "x86_64",
            "block_device_mappings": [],
            "block_device_mappings_created": [
              {
                "bsu": {
                  "delete_on_vm_deletion": "true",
                  "link_date": "2022-08-12T15:09:43.257Z",
                  "state": "attached",
                  "volume_id": "vol-43ff6592"
                },
                "device_name": "/dev/sda1"
              }
            ],
            "bsu_optimized": false,
            "client_token": "",
            "deletion_protection": false,
            "get_admin_password": null,
            "hypervisor": "xen",
            "id": "i-b986af1f",
            "image_id": "ami-c4255476",
            "is_source_dest_checked": true,
            "keypair_name": "",
            "launch_number": 0,
            "net_id": "vpc-9fec471d",
            "nics": [
              {
                "account_id": "289079107901",
                "delete_on_vm_deletion": true,
                "description": "Primary network interface",
                "device_number": 0,
                "is_source_dest_checked": true,
                "link_nic": [
                  {
                    "delete_on_vm_deletion": true,
                    "device_number": "0",
                    "link_nic_id": "eni-attach-67c10490",
                    "state": "attached"
                  }
                ],
                "link_public_ip": [],
                "mac_address": "aa:b5:84:b9:7a:31",
                "net_id": "vpc-9fec471d",
                "nic_id": "eni-5ffa2ff4",
                "private_dns_name": "ip-10-1-0-21.cloudgouv-eu-west-1.compute.internal",
                "private_ips": [
                  {
                    "is_primary": true,
                    "link_public_ip": [],
                    "private_dns_name": "ip-10-1-0-21.cloudgouv-eu-west-1.compute.internal",
                    "private_ip": "10.1.0.21"
                  }
                ],
                "secondary_private_ip_count": 0,
                "security_group_ids": [
                  "sg-6a03f9f5"
                ],
                "security_groups": [
                  {
                    "security_group_id": "sg-6a03f9f5",
                    "security_group_name": "DSNA"
                  }
                ],
                "state": "in-use",
                "subnet_id": "subnet-8097b422"
              }
            ],
            "os_family": "",
            "performance": "medium",
            "placement_subregion_name": "cloudgouv-eu-west-1a",
            "placement_tenancy": "default",
            "private_dns_name": "ip-10-1-0-21.cloudgouv-eu-west-1.compute.internal",
            "private_ip": "10.1.0.21",
            "private_ips": [
              "10.1.0.21"
            ],
            "product_codes": [
              "0001"
            ],
            "public_dns_name": "",
            "public_ip": "",
            "request_id": null,
            "reservation_id": "r-780a145f",
            "root_device_name": "/dev/sda1",
            "root_device_type": "ebs",
            "security_group_ids": [
              "sg-6a03f9f5"
            ],
            "security_group_names": null,
            "security_groups": [
              {
                "security_group_id": "sg-6a03f9f5",
                "security_group_name": "DSNA"
              }
            ],
            "state": "running",
            "state_reason": "",
            "subnet_id": "subnet-8097b422",
            "tags": [
              {
                "key": "name",
                "value": "scdsnaws2"
              }
            ],
            "timeouts": null,
            "user_data": "",
            "vm_id": "i-b986af1f",
            "vm_initiated_shutdown_behavior": "restart",
            "vm_type": "tinav3.c4r8p3"
          },
          "sensitive_attributes": [],
          "private": "eyJlMmJmYjczMC1lY2FhLTExZTYtOGY4OC0zNDM2M2JjN2M0YzAiOnsiY3JlYXRlIjo2MDAwMDAwMDAwMDAsImRlbGV0ZSI6NjAwMDAwMDAwMDAwLCJ1cGRhdGUiOjYwMDAwMDAwMDAwMH19",
          "dependencies": [
            "outscale_net.vpc_DSNA",
            "outscale_security_group.sg_DSNA",
            "outscale_subnet.subnet_1"
          ]
        },
        {
          "index_key": 2,
          "schema_version": 0,
          "attributes": {
            "admin_password": "",
            "architecture": "x86_64",
            "block_device_mappings": [],
            "block_device_mappings_created": [
              {
                "bsu": {
                  "delete_on_vm_deletion": "true",
                  "link_date": "2022-08-12T15:09:41.834Z",
                  "state": "attached",
                  "volume_id": "vol-72e3a487"
                },
                "device_name": "/dev/sda1"
              }
            ],
            "bsu_optimized": false,
            "client_token": "",
            "deletion_protection": false,
            "get_admin_password": null,
            "hypervisor": "xen",
            "id": "i-fd2813aa",
            "image_id": "ami-c4255476",
            "is_source_dest_checked": true,
            "keypair_name": "",
            "launch_number": 0,
            "net_id": "vpc-9fec471d",
            "nics": [
              {
                "account_id": "289079107901",
                "delete_on_vm_deletion": true,
                "description": "Primary network interface",
                "device_number": 0,
                "is_source_dest_checked": true,
                "link_nic": [
                  {
                    "delete_on_vm_deletion": true,
                    "device_number": "0",
                    "link_nic_id": "eni-attach-448ac337",
                    "state": "attached"
                  }
                ],
                "link_public_ip": [],
                "mac_address": "aa:a0:fa:94:c4:a7",
                "net_id": "vpc-9fec471d",
                "nic_id": "eni-1a4d90e8",
                "private_dns_name": "ip-10-1-0-22.cloudgouv-eu-west-1.compute.internal",
                "private_ips": [
                  {
                    "is_primary": true,
                    "link_public_ip": [],
                    "private_dns_name": "ip-10-1-0-22.cloudgouv-eu-west-1.compute.internal",
                    "private_ip": "10.1.0.22"
                  }
                ],
                "secondary_private_ip_count": 0,
                "security_group_ids": [
                  "sg-6a03f9f5"
                ],
                "security_groups": [
                  {
                    "security_group_id": "sg-6a03f9f5",
                    "security_group_name": "DSNA"
                  }
                ],
                "state": "in-use",
                "subnet_id": "subnet-8097b422"
              }
            ],
            "os_family": "",
            "performance": "medium",
            "placement_subregion_name": "cloudgouv-eu-west-1a",
            "placement_tenancy": "default",
            "private_dns_name": "ip-10-1-0-22.cloudgouv-eu-west-1.compute.internal",
            "private_ip": "10.1.0.22",
            "private_ips": [
              "10.1.0.22"
            ],
            "product_codes": [
              "0001"
            ],
            "public_dns_name": "",
            "public_ip": "",
            "request_id": null,
            "reservation_id": "r-3d66cec3",
            "root_device_name": "/dev/sda1",
            "root_device_type": "ebs",
            "security_group_ids": [
              "sg-6a03f9f5"
            ],
            "security_group_names": null,
            "security_groups": [
              {
                "security_group_id": "sg-6a03f9f5",
                "security_group_name": "DSNA"
              }
            ],
            "state": "running",
            "state_reason": "",
            "subnet_id": "subnet-8097b422",
            "tags": [
              {
                "key": "name",
                "value": "scdsnaws3"
              }
            ],
            "timeouts": null,
            "user_data": "",
            "vm_id": "i-fd2813aa",
            "vm_initiated_shutdown_behavior": "restart",
            "vm_type": "tinav3.c4r8p3"
          },
          "sensitive_attributes": [],
          "private": "eyJlMmJmYjczMC1lY2FhLTExZTYtOGY4OC0zNDM2M2JjN2M0YzAiOnsiY3JlYXRlIjo2MDAwMDAwMDAwMDAsImRlbGV0ZSI6NjAwMDAwMDAwMDAwLCJ1cGRhdGUiOjYwMDAwMDAwMDAwMH19",
          "dependencies": [
            "outscale_net.vpc_DSNA",
            "outscale_security_group.sg_DSNA",
            "outscale_subnet.subnet_1"
          ]
        }
      ]
    },
    {
      "mode": "managed",
      "type": "outscale_volume",
      "name": "volume_rancher",
      "provider": "provider[\"registry.terraform.io/outscale-dev/outscale\"]",
      "instances": [
        {
          "index_key": 0,
          "schema_version": 0,
          "attributes": {
            "id": "vol-4b958413",
            "iops": 150,
            "linked_volumes": [],
            "request_id": null,
            "size": 50,
            "snapshot_id": "",
            "state": "available",
            "subregion_name": "cloudgouv-eu-west-1a",
            "tags": [
              {
                "key": "name",
                "value": "rancher_volume1"
              }
            ],
            "volume_id": "vol-4b958413",
            "volume_type": "standard"
          },
          "sensitive_attributes": [],
          "private": "bnVsbA==",
          "dependencies": [
            "outscale_net.vpc_DSNA",
            "outscale_security_group.sg_DSNA",
            "outscale_subnet.subnet_1",
            "outscale_vm.scdsnarancher"
          ]
        }
      ]
    },
    {
      "mode": "managed",
      "type": "outscale_volume",
      "name": "volume_storage",
      "provider": "provider[\"registry.terraform.io/outscale-dev/outscale\"]",
      "instances": [
        {
          "index_key": 0,
          "schema_version": 0,
          "attributes": {
            "id": "vol-ca00320f",
            "iops": 150,
            "linked_volumes": [],
            "request_id": null,
            "size": 50,
            "snapshot_id": "",
            "state": "available",
            "subregion_name": "cloudgouv-eu-west-1a",
            "tags": [
              {
                "key": "name",
                "value": "storage_volume1"
              }
            ],
            "volume_id": "vol-ca00320f",
            "volume_type": "standard"
          },
          "sensitive_attributes": [],
          "private": "bnVsbA==",
          "dependencies": [
            "outscale_net.vpc_DSNA",
            "outscale_security_group.sg_DSNA",
            "outscale_subnet.subnet_1",
            "outscale_vm.scdsnastorage"
          ]
        },
        {
          "index_key": 1,
          "schema_version": 0,
          "attributes": {
            "id": "vol-81ce3ac0",
            "iops": 150,
            "linked_volumes": [],
            "request_id": null,
            "size": 50,
            "snapshot_id": "",
            "state": "available",
            "subregion_name": "cloudgouv-eu-west-1a",
            "tags": [
              {
                "key": "name",
                "value": "storage_volume2"
              }
            ],
            "volume_id": "vol-81ce3ac0",
            "volume_type": "standard"
          },
          "sensitive_attributes": [],
          "private": "bnVsbA==",
          "dependencies": [
            "outscale_net.vpc_DSNA",
            "outscale_security_group.sg_DSNA",
            "outscale_subnet.subnet_1",
            "outscale_vm.scdsnastorage"
          ]
        },
        {
          "index_key": 2,
          "schema_version": 0,
          "attributes": {
            "id": "vol-b732dbe8",
            "iops": 150,
            "linked_volumes": [],
            "request_id": null,
            "size": 50,
            "snapshot_id": "",
            "state": "available",
            "subregion_name": "cloudgouv-eu-west-1a",
            "tags": [
              {
                "key": "name",
                "value": "storage_volume3"
              }
            ],
            "volume_id": "vol-b732dbe8",
            "volume_type": "standard"
          },
          "sensitive_attributes": [],
          "private": "bnVsbA==",
          "dependencies": [
            "outscale_net.vpc_DSNA",
            "outscale_security_group.sg_DSNA",
            "outscale_subnet.subnet_1",
            "outscale_vm.scdsnastorage"
          ]
        },
        {
          "index_key": 3,
          "schema_version": 0,
          "attributes": {
            "id": "vol-85e3e70e",
            "iops": 150,
            "linked_volumes": [],
            "request_id": null,
            "size": 50,
            "snapshot_id": "",
            "state": "available",
            "subregion_name": "cloudgouv-eu-west-1a",
            "tags": [
              {
                "key": "name",
                "value": "storage_volume4"
              }
            ],
            "volume_id": "vol-85e3e70e",
            "volume_type": "standard"
          },
          "sensitive_attributes": [],
          "private": "bnVsbA==",
          "dependencies": [
            "outscale_net.vpc_DSNA",
            "outscale_security_group.sg_DSNA",
            "outscale_subnet.subnet_1",
            "outscale_vm.scdsnastorage"
          ]
        },
        {
          "index_key": 4,
          "schema_version": 0,
          "attributes": {
            "id": "vol-0f815d66",
            "iops": 150,
            "linked_volumes": [],
            "request_id": null,
            "size": 50,
            "snapshot_id": "",
            "state": "available",
            "subregion_name": "cloudgouv-eu-west-1a",
            "tags": [
              {
                "key": "name",
                "value": "storage_volume5"
              }
            ],
            "volume_id": "vol-0f815d66",
            "volume_type": "standard"
          },
          "sensitive_attributes": [],
          "private": "bnVsbA==",
          "dependencies": [
            "outscale_net.vpc_DSNA",
            "outscale_security_group.sg_DSNA",
            "outscale_subnet.subnet_1",
            "outscale_vm.scdsnastorage"
          ]
        },
        {
          "index_key": 5,
          "schema_version": 0,
          "attributes": {
            "id": "vol-45cf17f4",
            "iops": 150,
            "linked_volumes": [],
            "request_id": null,
            "size": 50,
            "snapshot_id": "",
            "state": "available",
            "subregion_name": "cloudgouv-eu-west-1a",
            "tags": [
              {
                "key": "name",
                "value": "storage_volume6"
              }
            ],
            "volume_id": "vol-45cf17f4",
            "volume_type": "standard"
          },
          "sensitive_attributes": [],
          "private": "bnVsbA==",
          "dependencies": [
            "outscale_net.vpc_DSNA",
            "outscale_security_group.sg_DSNA",
            "outscale_subnet.subnet_1",
            "outscale_vm.scdsnastorage"
          ]
        },
        {
          "index_key": 6,
          "schema_version": 0,
          "attributes": {
            "id": "vol-6da03ec1",
            "iops": 150,
            "linked_volumes": [],
            "request_id": null,
            "size": 50,
            "snapshot_id": "",
            "state": "available",
            "subregion_name": "cloudgouv-eu-west-1a",
            "tags": [
              {
                "key": "name",
                "value": "storage_volume7"
              }
            ],
            "volume_id": "vol-6da03ec1",
            "volume_type": "standard"
          },
          "sensitive_attributes": [],
          "private": "bnVsbA==",
          "dependencies": [
            "outscale_net.vpc_DSNA",
            "outscale_security_group.sg_DSNA",
            "outscale_subnet.subnet_1",
            "outscale_vm.scdsnastorage"
          ]
        },
        {
          "index_key": 7,
          "schema_version": 0,
          "attributes": {
            "id": "vol-12c589d2",
            "iops": 150,
            "linked_volumes": [],
            "request_id": null,
            "size": 50,
            "snapshot_id": "",
            "state": "available",
            "subregion_name": "cloudgouv-eu-west-1a",
            "tags": [
              {
                "key": "name",
                "value": "storage_volume8"
              }
            ],
            "volume_id": "vol-12c589d2",
            "volume_type": "standard"
          },
          "sensitive_attributes": [],
          "private": "bnVsbA==",
          "dependencies": [
            "outscale_net.vpc_DSNA",
            "outscale_security_group.sg_DSNA",
            "outscale_subnet.subnet_1",
            "outscale_vm.scdsnastorage"
          ]
        },
        {
          "index_key": 8,
          "schema_version": 0,
          "attributes": {
            "id": "vol-b5cfe25f",
            "iops": 150,
            "linked_volumes": [],
            "request_id": null,
            "size": 50,
            "snapshot_id": "",
            "state": "available",
            "subregion_name": "cloudgouv-eu-west-1a",
            "tags": [
              {
                "key": "name",
                "value": "storage_volume9"
              }
            ],
            "volume_id": "vol-b5cfe25f",
            "volume_type": "standard"
          },
          "sensitive_attributes": [],
          "private": "bnVsbA==",
          "dependencies": [
            "outscale_net.vpc_DSNA",
            "outscale_security_group.sg_DSNA",
            "outscale_subnet.subnet_1",
            "outscale_vm.scdsnastorage"
          ]
        },
        {
          "index_key": 9,
          "schema_version": 0,
          "attributes": {
            "id": "vol-b6f7087e",
            "iops": 150,
            "linked_volumes": [],
            "request_id": null,
            "size": 50,
            "snapshot_id": "",
            "state": "available",
            "subregion_name": "cloudgouv-eu-west-1a",
            "tags": [
              {
                "key": "name",
                "value": "storage_volume10"
              }
            ],
            "volume_id": "vol-b6f7087e",
            "volume_type": "standard"
          },
          "sensitive_attributes": [],
          "private": "bnVsbA==",
          "dependencies": [
            "outscale_net.vpc_DSNA",
            "outscale_security_group.sg_DSNA",
            "outscale_subnet.subnet_1",
            "outscale_vm.scdsnastorage"
          ]
        },
        {
          "index_key": 10,
          "schema_version": 0,
          "attributes": {
            "id": "vol-1de9dfcc",
            "iops": 150,
            "linked_volumes": [],
            "request_id": null,
            "size": 50,
            "snapshot_id": "",
            "state": "available",
            "subregion_name": "cloudgouv-eu-west-1a",
            "tags": [
              {
                "key": "name",
                "value": "storage_volume11"
              }
            ],
            "volume_id": "vol-1de9dfcc",
            "volume_type": "standard"
          },
          "sensitive_attributes": [],
          "private": "bnVsbA==",
          "dependencies": [
            "outscale_net.vpc_DSNA",
            "outscale_security_group.sg_DSNA",
            "outscale_subnet.subnet_1",
            "outscale_vm.scdsnastorage"
          ]
        },
        {
          "index_key": 11,
          "schema_version": 0,
          "attributes": {
            "id": "vol-d56ebdf1",
            "iops": 150,
            "linked_volumes": [],
            "request_id": null,
            "size": 50,
            "snapshot_id": "",
            "state": "available",
            "subregion_name": "cloudgouv-eu-west-1a",
            "tags": [
              {
                "key": "name",
                "value": "storage_volume12"
              }
            ],
            "volume_id": "vol-d56ebdf1",
            "volume_type": "standard"
          },
          "sensitive_attributes": [],
          "private": "bnVsbA==",
          "dependencies": [
            "outscale_net.vpc_DSNA",
            "outscale_security_group.sg_DSNA",
            "outscale_subnet.subnet_1",
            "outscale_vm.scdsnastorage"
          ]
        },
        {
          "index_key": 12,
          "schema_version": 0,
          "attributes": {
            "id": "vol-69fbce2c",
            "iops": 150,
            "linked_volumes": [],
            "request_id": null,
            "size": 50,
            "snapshot_id": "",
            "state": "available",
            "subregion_name": "cloudgouv-eu-west-1a",
            "tags": [
              {
                "key": "name",
                "value": "storage_volume13"
              }
            ],
            "volume_id": "vol-69fbce2c",
            "volume_type": "standard"
          },
          "sensitive_attributes": [],
          "private": "bnVsbA==",
          "dependencies": [
            "outscale_net.vpc_DSNA",
            "outscale_security_group.sg_DSNA",
            "outscale_subnet.subnet_1",
            "outscale_vm.scdsnastorage"
          ]
        },
        {
          "index_key": 13,
          "schema_version": 0,
          "attributes": {
            "id": "vol-4be15750",
            "iops": 150,
            "linked_volumes": [],
            "request_id": null,
            "size": 50,
            "snapshot_id": "",
            "state": "available",
            "subregion_name": "cloudgouv-eu-west-1a",
            "tags": [
              {
                "key": "name",
                "value": "storage_volume14"
              }
            ],
            "volume_id": "vol-4be15750",
            "volume_type": "standard"
          },
          "sensitive_attributes": [],
          "private": "bnVsbA==",
          "dependencies": [
            "outscale_net.vpc_DSNA",
            "outscale_security_group.sg_DSNA",
            "outscale_subnet.subnet_1",
            "outscale_vm.scdsnastorage"
          ]
        },
        {
          "index_key": 14,
          "schema_version": 0,
          "attributes": {
            "id": "vol-6af71c46",
            "iops": 150,
            "linked_volumes": [],
            "request_id": null,
            "size": 50,
            "snapshot_id": "",
            "state": "available",
            "subregion_name": "cloudgouv-eu-west-1a",
            "tags": [
              {
                "key": "name",
                "value": "storage_volume15"
              }
            ],
            "volume_id": "vol-6af71c46",
            "volume_type": "standard"
          },
          "sensitive_attributes": [],
          "private": "bnVsbA==",
          "dependencies": [
            "outscale_net.vpc_DSNA",
            "outscale_security_group.sg_DSNA",
            "outscale_subnet.subnet_1",
            "outscale_vm.scdsnastorage"
          ]
        }
      ]
    }
  ]
}
